{"format_version":"1.2","terraform_version":"1.14.0","variables":{"AWS_Region":{"value":"eu-central-1"},"AWS_Zone-a":{"value":"eu-central-1a"},"AWS_Zone-b":{"value":"eu-central-1b"},"AWS_Zone-c":{"value":"eu-central-1c"},"Private_Subnet_CIDR":{"value":["10.0.4.0/24","10.0.5.0/24","10.0.6.0/24"]},"Public_Subnet_CIDR":{"value":["10.0.0.0/24","10.0.1.0/24","10.0.2.0/24"]},"S3_Bucket_Name":{"value":"s3-terraform-2026-java-artifacts1598"},"VPC_CIDR":{"value":"10.0.0.0/16"},"VPC_Name":{"value":"Eprofile-VPC"}},"planned_values":{"outputs":{"internal_ips":{"sensitive":false},"ssh_commands":{"sensitive":false},"website_url":{"sensitive":false}},"root_module":{"resources":[{"address":"aws_iam_instance_profile.ec2_profile","mode":"managed","type":"aws_iam_instance_profile","name":"ec2_profile","provider_name":"registry.terraform.io/hashicorp/aws","schema_version":0,"values":{"name":"ec2-s3-instance-profile","path":"/","role":"ec2-s3-access-role","tags":null},"sensitive_values":{"tags_all":{}}},{"address":"aws_iam_policy.s3_access_policy","mode":"managed","type":"aws_iam_policy","name":"s3_access_policy","provider_name":"registry.terraform.io/hashicorp/aws","schema_version":0,"values":{"delay_after_policy_creation_in_ms":null,"description":null,"name":"s3-access-policy","path":"/","tags":null},"sensitive_values":{"tags_all":{}},"identity_schema_version":0,"identity":{"arn":null}},{"address":"aws_iam_role.ec2_s3_role","mode":"managed","type":"aws_iam_role","name":"ec2_s3_role","provider_name":"registry.terraform.io/hashicorp/aws","schema_version":0,"values":{"assume_role_policy":"{\"Statement\":[{\"Action\":\"sts:AssumeRole\",\"Effect\":\"Allow\",\"Principal\":{\"Service\":\"ec2.amazonaws.com\"}}],\"Version\":\"2012-10-17\"}","description":null,"force_detach_policies":false,"max_session_duration":3600,"name":"ec2-s3-access-role","path":"/","permissions_boundary":null,"tags":null},"sensitive_values":{"inline_policy":[],"managed_policy_arns":[],"tags_all":{}},"identity_schema_version":0,"identity":{"account_id":null,"name":null}},{"address":"aws_iam_role_policy_attachment.ec2_s3_attachment","mode":"managed","type":"aws_iam_role_policy_attachment","name":"ec2_s3_attachment","provider_name":"registry.terraform.io/hashicorp/aws","schema_version":0,"values":{"role":"ec2-s3-access-role"},"sensitive_values":{},"identity_schema_version":0,"identity":{"account_id":null,"policy_arn":null,"role":null}},{"address":"aws_key_pair.EC2_Key_Pair","mode":"managed","type":"aws_key_pair","name":"EC2_Key_Pair","provider_name":"registry.terraform.io/hashicorp/aws","schema_version":1,"values":{"key_name":"EC2_Key_Pair","public_key":"ssh-ed25519 AAAAC3NzaC1lZDI1NTE5AAAAIKuv4J9xYFlPZqdfrQf5qCUKQ5Mx6Wk79KwTgSX4RZxv amr@JOJO","region":"eu-central-1","tags":null},"sensitive_values":{"tags_all":{}}},{"address":"aws_route53_record.db","mode":"managed","type":"aws_route53_record","name":"db","provider_name":"registry.terraform.io/hashicorp/aws","schema_version":2,"values":{"alias":[],"cidr_routing_policy":[],"failover_routing_policy":[],"geolocation_routing_policy":[],"geoproximity_routing_policy":[],"health_check_id":null,"latency_routing_policy":[],"multivalue_answer_routing_policy":null,"name":"db01.eprofile.in","set_identifier":null,"timeouts":null,"ttl":300,"type":"A","weighted_routing_policy":[]},"sensitive_values":{"alias":[],"cidr_routing_policy":[],"failover_routing_policy":[],"geolocation_routing_policy":[],"geoproximity_routing_policy":[],"latency_routing_policy":[],"records":[],"weighted_routing_policy":[]},"identity_schema_version":0,"identity":{"account_id":null,"name":null,"set_identifier":null,"type":null,"zone_id":null}},{"address":"aws_route53_record.mc","mode":"managed","type":"aws_route53_record","name":"mc","provider_name":"registry.terraform.io/hashicorp/aws","schema_version":2,"values":{"alias":[],"cidr_routing_policy":[],"failover_routing_policy":[],"geolocation_routing_policy":[],"geoproximity_routing_policy":[],"health_check_id":null,"latency_routing_policy":[],"multivalue_answer_routing_policy":null,"name":"mc01.eprofile.in","set_identifier":null,"timeouts":null,"ttl":300,"type":"A","weighted_routing_policy":[]},"sensitive_values":{"alias":[],"cidr_routing_policy":[],"failover_routing_policy":[],"geolocation_routing_policy":[],"geoproximity_routing_policy":[],"latency_routing_policy":[],"records":[],"weighted_routing_policy":[]},"identity_schema_version":0,"identity":{"account_id":null,"name":null,"set_identifier":null,"type":null,"zone_id":null}},{"address":"aws_route53_record.rmq","mode":"managed","type":"aws_route53_record","name":"rmq","provider_name":"registry.terraform.io/hashicorp/aws","schema_version":2,"values":{"alias":[],"cidr_routing_policy":[],"failover_routing_policy":[],"geolocation_routing_policy":[],"geoproximity_routing_policy":[],"health_check_id":null,"latency_routing_policy":[],"multivalue_answer_routing_policy":null,"name":"rmq01.eprofile.in","set_identifier":null,"timeouts":null,"ttl":300,"type":"A","weighted_routing_policy":[]},"sensitive_values":{"alias":[],"cidr_routing_policy":[],"failover_routing_policy":[],"geolocation_routing_policy":[],"geoproximity_routing_policy":[],"latency_routing_policy":[],"records":[],"weighted_routing_policy":[]},"identity_schema_version":0,"identity":{"account_id":null,"name":null,"set_identifier":null,"type":null,"zone_id":null}},{"address":"aws_route53_record.tomcat","mode":"managed","type":"aws_route53_record","name":"tomcat","provider_name":"registry.terraform.io/hashicorp/aws","schema_version":2,"values":{"alias":[],"cidr_routing_policy":[],"failover_routing_policy":[],"geolocation_routing_policy":[],"geoproximity_routing_policy":[],"health_check_id":null,"latency_routing_policy":[],"multivalue_answer_routing_policy":null,"name":"app01.eprofile.in","set_identifier":null,"timeouts":null,"ttl":300,"type":"A","weighted_routing_policy":[]},"sensitive_values":{"alias":[],"cidr_routing_policy":[],"failover_routing_policy":[],"geolocation_routing_policy":[],"geoproximity_routing_policy":[],"latency_routing_policy":[],"records":[],"weighted_routing_policy":[]},"identity_schema_version":0,"identity":{"account_id":null,"name":null,"set_identifier":null,"type":null,"zone_id":null}},{"address":"aws_route53_zone.private_zone","mode":"managed","type":"aws_route53_zone","name":"private_zone","provider_name":"registry.terraform.io/hashicorp/aws","schema_version":0,"values":{"comment":"Managed by Terraform","delegation_set_id":null,"force_destroy":false,"name":"eprofile.in","tags":null,"timeouts":null,"vpc":[{}]},"sensitive_values":{"name_servers":[],"tags_all":{},"vpc":[{}]}},{"address":"aws_s3_bucket.Artifact-Bucket","mode":"managed","type":"aws_s3_bucket","name":"Artifact-Bucket","provider_name":"registry.terraform.io/hashicorp/aws","schema_version":0,"values":{"bucket":"s3-terraform-2026-java-artifacts1598","force_destroy":false,"region":"eu-central-1","tags":{"Environment":"Dev","Name":"Atifact-Bucket"},"tags_all":{"Environment":"Dev","Name":"Atifact-Bucket"},"timeouts":null},"sensitive_values":{"cors_rule":[],"grant":[],"lifecycle_rule":[],"logging":[],"object_lock_configuration":[],"replication_configuration":[],"server_side_encryption_configuration":[],"tags":{},"tags_all":{},"versioning":[],"website":[]},"identity_schema_version":0,"identity":{"account_id":null,"bucket":null,"region":null}},{"address":"aws_s3_object.artifact","mode":"managed","type":"aws_s3_object","name":"artifact","provider_name":"registry.terraform.io/hashicorp/aws","schema_version":0,"values":{"cache_control":null,"checksum_algorithm":null,"content":null,"content_base64":null,"content_disposition":null,"content_encoding":null,"content_language":null,"etag":"1056b4dcbcefd62c77e7a901fbe0030e","force_destroy":false,"key":"vprofile-v2.war","metadata":null,"object_lock_legal_hold_status":null,"object_lock_mode":null,"object_lock_retain_until_date":null,"override_provider":[],"region":"eu-central-1","source":"../target/vprofile-v2.war","source_hash":null,"tags":null,"website_redirect":null},"sensitive_values":{"override_provider":[],"tags_all":{}},"identity_schema_version":0,"identity":{"account_id":null,"bucket":null,"key":null,"region":null}},{"address":"aws_security_group.Data-SG","mode":"managed","type":"aws_security_group","name":"Data-SG","provider_name":"registry.terraform.io/hashicorp/aws","schema_version":1,"values":{"description":"Allow 3306, 11211, 5672 inbound traffic from tomcat and all outbound traffic","name":"Data-SG","region":"eu-central-1","revoke_rules_on_delete":false,"tags":{"Name":"Data-SG"},"tags_all":{"Name":"Data-SG"},"timeouts":null},"sensitive_values":{"egress":[],"ingress":[],"tags":{},"tags_all":{}},"identity_schema_version":0,"identity":{"account_id":null,"id":null,"region":null}},{"address":"aws_security_group.Frontend-SG","mode":"managed","type":"aws_security_group","name":"Frontend-SG","provider_name":"registry.terraform.io/hashicorp/aws","schema_version":1,"values":{"description":"Allow SSH and HTTP inbound traffic and all outbound traffic","name":"Frontend-sg","region":"eu-central-1","revoke_rules_on_delete":false,"tags":{"Name":"Frontend-SG"},"tags_all":{"Name":"Frontend-SG"},"timeouts":null},"sensitive_values":{"egress":[],"ingress":[],"tags":{},"tags_all":{}},"identity_schema_version":0,"identity":{"account_id":null,"id":null,"region":null}},{"address":"aws_security_group.Tomcat-SG","mode":"managed","type":"aws_security_group","name":"Tomcat-SG","provider_name":"registry.terraform.io/hashicorp/aws","schema_version":1,"values":{"description":"Allow 8080 inbound traffic from Frontend and all outbound traffic","name":"Tomcat-SG","region":"eu-central-1","revoke_rules_on_delete":false,"tags":{"Name":"Tomcat-SG"},"tags_all":{"Name":"Tomcat-SG"},"timeouts":null},"sensitive_values":{"egress":[],"ingress":[],"tags":{},"tags_all":{}},"identity_schema_version":0,"identity":{"account_id":null,"id":null,"region":null}},{"address":"aws_vpc_security_group_egress_rule.allow_all_traffic_ipv4_Data","mode":"managed","type":"aws_vpc_security_group_egress_rule","name":"allow_all_traffic_ipv4_Data","provider_name":"registry.terraform.io/hashicorp/aws","schema_version":0,"values":{"cidr_ipv4":"0.0.0.0/0","cidr_ipv6":null,"description":null,"from_port":null,"ip_protocol":"-1","prefix_list_id":null,"referenced_security_group_id":null,"region":"eu-central-1","tags":null,"tags_all":{},"to_port":null},"sensitive_values":{"tags_all":{}}},{"address":"aws_vpc_security_group_egress_rule.allow_all_traffic_ipv4_frontend","mode":"managed","type":"aws_vpc_security_group_egress_rule","name":"allow_all_traffic_ipv4_frontend","provider_name":"registry.terraform.io/hashicorp/aws","schema_version":0,"values":{"cidr_ipv4":"0.0.0.0/0","cidr_ipv6":null,"description":null,"from_port":null,"ip_protocol":"-1","prefix_list_id":null,"referenced_security_group_id":null,"region":"eu-central-1","tags":null,"tags_all":{},"to_port":null},"sensitive_values":{"tags_all":{}}},{"address":"aws_vpc_security_group_egress_rule.allow_all_traffic_ipv4_tomcat","mode":"managed","type":"aws_vpc_security_group_egress_rule","name":"allow_all_traffic_ipv4_tomcat","provider_name":"registry.terraform.io/hashicorp/aws","schema_version":0,"values":{"cidr_ipv4":"0.0.0.0/0","cidr_ipv6":null,"description":null,"from_port":null,"ip_protocol":"-1","prefix_list_id":null,"referenced_security_group_id":null,"region":"eu-central-1","tags":null,"tags_all":{},"to_port":null},"sensitive_values":{"tags_all":{}}},{"address":"aws_vpc_security_group_ingress_rule.allow_11211_from_tomcat-SG","mode":"managed","type":"aws_vpc_security_group_ingress_rule","name":"allow_11211_from_tomcat-SG","provider_name":"registry.terraform.io/hashicorp/aws","schema_version":0,"values":{"cidr_ipv4":null,"cidr_ipv6":null,"description":null,"from_port":11211,"ip_protocol":"tcp","prefix_list_id":null,"region":"eu-central-1","tags":null,"tags_all":{},"to_port":11211},"sensitive_values":{"tags_all":{}}},{"address":"aws_vpc_security_group_ingress_rule.allow_3306_from_tomcat-SG","mode":"managed","type":"aws_vpc_security_group_ingress_rule","name":"allow_3306_from_tomcat-SG","provider_name":"registry.terraform.io/hashicorp/aws","schema_version":0,"values":{"cidr_ipv4":null,"cidr_ipv6":null,"description":null,"from_port":3306,"ip_protocol":"tcp","prefix_list_id":null,"region":"eu-central-1","tags":null,"tags_all":{},"to_port":3306},"sensitive_values":{"tags_all":{}}},{"address":"aws_vpc_security_group_ingress_rule.allow_5672_from_tomcat-SG","mode":"managed","type":"aws_vpc_security_group_ingress_rule","name":"allow_5672_from_tomcat-SG","provider_name":"registry.terraform.io/hashicorp/aws","schema_version":0,"values":{"cidr_ipv4":null,"cidr_ipv6":null,"description":null,"from_port":5672,"ip_protocol":"tcp","prefix_list_id":null,"region":"eu-central-1","tags":null,"tags_all":{},"to_port":5672},"sensitive_values":{"tags_all":{}}},{"address":"aws_vpc_security_group_ingress_rule.allow_8080_from_Everywhere","mode":"managed","type":"aws_vpc_security_group_ingress_rule","name":"allow_8080_from_Everywhere","provider_name":"registry.terraform.io/hashicorp/aws","schema_version":0,"values":{"cidr_ipv4":"0.0.0.0/0","cidr_ipv6":null,"description":null,"from_port":8080,"ip_protocol":"tcp","prefix_list_id":null,"referenced_security_group_id":null,"region":"eu-central-1","tags":null,"tags_all":{},"to_port":8080},"sensitive_values":{"tags_all":{}}},{"address":"aws_vpc_security_group_ingress_rule.allow_8080_from_frontend","mode":"managed","type":"aws_vpc_security_group_ingress_rule","name":"allow_8080_from_frontend","provider_name":"registry.terraform.io/hashicorp/aws","schema_version":0,"values":{"cidr_ipv4":null,"cidr_ipv6":null,"description":null,"from_port":8080,"ip_protocol":"tcp","prefix_list_id":null,"region":"eu-central-1","tags":null,"tags_all":{},"to_port":8080},"sensitive_values":{"tags_all":{}}},{"address":"aws_vpc_security_group_ingress_rule.allow_http","mode":"managed","type":"aws_vpc_security_group_ingress_rule","name":"allow_http","provider_name":"registry.terraform.io/hashicorp/aws","schema_version":0,"values":{"cidr_ipv4":"0.0.0.0/0","cidr_ipv6":null,"description":null,"from_port":80,"ip_protocol":"tcp","prefix_list_id":null,"referenced_security_group_id":null,"region":"eu-central-1","tags":null,"tags_all":{},"to_port":80},"sensitive_values":{"tags_all":{}}},{"address":"aws_vpc_security_group_ingress_rule.allow_ssh_ipv4_Data","mode":"managed","type":"aws_vpc_security_group_ingress_rule","name":"allow_ssh_ipv4_Data","provider_name":"registry.terraform.io/hashicorp/aws","schema_version":0,"values":{"cidr_ipv4":"0.0.0.0/0","cidr_ipv6":null,"description":null,"from_port":22,"ip_protocol":"tcp","prefix_list_id":null,"referenced_security_group_id":null,"region":"eu-central-1","tags":null,"tags_all":{},"to_port":22},"sensitive_values":{"tags_all":{}}},{"address":"aws_vpc_security_group_ingress_rule.allow_ssh_ipv4_frontend","mode":"managed","type":"aws_vpc_security_group_ingress_rule","name":"allow_ssh_ipv4_frontend","provider_name":"registry.terraform.io/hashicorp/aws","schema_version":0,"values":{"cidr_ipv4":"0.0.0.0/0","cidr_ipv6":null,"description":null,"from_port":22,"ip_protocol":"tcp","prefix_list_id":null,"referenced_security_group_id":null,"region":"eu-central-1","tags":null,"tags_all":{},"to_port":22},"sensitive_values":{"tags_all":{}}},{"address":"aws_vpc_security_group_ingress_rule.allow_ssh_ipv4_tomcat","mode":"managed","type":"aws_vpc_security_group_ingress_rule","name":"allow_ssh_ipv4_tomcat","provider_name":"registry.terraform.io/hashicorp/aws","schema_version":0,"values":{"cidr_ipv4":"0.0.0.0/0","cidr_ipv6":null,"description":null,"from_port":22,"ip_protocol":"tcp","prefix_list_id":null,"referenced_security_group_id":null,"region":"eu-central-1","tags":null,"tags_all":{},"to_port":22},"sensitive_values":{"tags_all":{}}},{"address":"data.aws_iam_policy_document.s3_access_policy","mode":"data","type":"aws_iam_policy_document","name":"s3_access_policy","provider_name":"registry.terraform.io/hashicorp/aws","schema_version":0,"values":{"override_json":null,"override_policy_documents":null,"policy_id":null,"source_json":null,"source_policy_documents":null,"statement":[{"actions":["s3:GetObject","s3:ListBucket"],"condition":[],"effect":"Allow","not_actions":null,"not_principals":[],"not_resources":null,"principals":[],"resources":[null,null],"sid":null}],"version":null},"sensitive_values":{"statement":[{"actions":[false,false],"condition":[],"not_principals":[],"principals":[],"resources":[false,false]}]}}],"child_modules":[{"resources":[{"address":"module.ec2_instance_memcache.aws_instance.this[0]","mode":"managed","type":"aws_instance","name":"this","index":0,"provider_name":"registry.terraform.io/hashicorp/aws","schema_version":2,"values":{"ami":"ami-0191d47ba10441f0b","credit_specification":[{"cpu_credits":null}],"enclave_options":[{}],"force_destroy":false,"get_password_data":false,"hibernation":null,"instance_type":"t2.micro","key_name":"EC2_Key_Pair","launch_template":[],"metadata_options":[{"http_endpoint":"enabled","http_protocol_ipv6":"disabled","http_put_response_hop_limit":1,"http_tokens":"required"}],"monitoring":false,"region":"eu-central-1","source_dest_check":true,"tags":{"Environment":"dev","Name":"Memcache-instance","Terraform":"true"},"tags_all":{"Environment":"dev","Name":"Memcache-instance","Terraform":"true"},"timeouts":null,"user_data":"#!/bin/bash\nsudo dnf install memcached -y\nsudo systemctl start memcached\nsudo systemctl enable memcached\nsudo systemctl status memcached\nsed -i 's/127.0.0.1/0.0.0.0/g' /etc/sysconfig/memcached\nsudo systemctl restart memcached\nsudo memcached -p 11211 -U 11111 -u memcached -d\n","user_data_replace_on_change":false,"volume_tags":{"Environment":"dev","Name":"Memcache-instance","Terraform":"true"}},"sensitive_values":{"capacity_reservation_specification":[],"cpu_options":[],"credit_specification":[{}],"ebs_block_device":[],"enclave_options":[{}],"ephemeral_block_device":[],"instance_market_options":[],"ipv6_addresses":[],"launch_template":[],"maintenance_options":[],"metadata_options":[{}],"network_interface":[],"primary_network_interface":[],"private_dns_name_options":[],"root_block_device":[],"secondary_private_ips":[],"security_groups":[],"tags":{},"tags_all":{},"volume_tags":{},"vpc_security_group_ids":[]},"identity_schema_version":0,"identity":{"account_id":null,"id":null,"region":null}}],"address":"module.ec2_instance_memcache"},{"resources":[{"address":"module.ec2_instance_mysql.aws_instance.this[0]","mode":"managed","type":"aws_instance","name":"this","index":0,"provider_name":"registry.terraform.io/hashicorp/aws","schema_version":2,"values":{"ami":"ami-0191d47ba10441f0b","credit_specification":[{"cpu_credits":null}],"enclave_options":[{}],"force_destroy":false,"get_password_data":false,"hibernation":null,"instance_type":"t2.micro","key_name":"EC2_Key_Pair","launch_template":[],"metadata_options":[{"http_endpoint":"enabled","http_protocol_ipv6":"disabled","http_put_response_hop_limit":1,"http_tokens":"required"}],"monitoring":false,"region":"eu-central-1","source_dest_check":true,"tags":{"Environment":"dev","Name":"MySQL-instance","Terraform":"true"},"tags_all":{"Environment":"dev","Name":"MySQL-instance","Terraform":"true"},"timeouts":null,"user_data":"#!/bin/bash\nDATABASE_PASS='admin123'\nsudo dnf update -y\nsudo dnf install git zip unzip -y\nsudo dnf install mariadb105-server -y\n# starting \u0026 enabling mariadb-server\nsudo systemctl start mariadb\nsudo systemctl enable mariadb\ncd /tmp/\ngit clone -b main https://github.com/hkhcoder/vprofile-project.git\n#restore the dump file for the application\nsudo mysqladmin -u root password \"$DATABASE_PASS\"\nsudo mysql -u root -p\"$DATABASE_PASS\" -e \"ALTER USER 'root'@'localhost' IDENTIFIED BY '$DATABASE_PASS'\"\nsudo mysql -u root -p\"$DATABASE_PASS\" -e \"DELETE FROM mysql.user WHERE User='root' AND Host NOT IN ('localhost', '127.0.0.1', '::1')\"\nsudo mysql -u root -p\"$DATABASE_PASS\" -e \"DELETE FROM mysql.user WHERE User=''\"\nsudo mysql -u root -p\"$DATABASE_PASS\" -e \"DELETE FROM mysql.db WHERE Db='test' OR Db='test\\_%'\"\nsudo mysql -u root -p\"$DATABASE_PASS\" -e \"FLUSH PRIVILEGES\"\nsudo mysql -u root -p\"$DATABASE_PASS\" -e \"create database accounts\"\nsudo mysql -u root -p\"$DATABASE_PASS\" -e \"grant all privileges on accounts.* TO 'admin'@'localhost' identified by 'admin123'\"\nsudo mysql -u root -p\"$DATABASE_PASS\" -e \"grant all privileges on accounts.* TO 'admin'@'%' identified by 'admin123'\"\nsudo mysql -u root -p\"$DATABASE_PASS\" accounts \u003c /tmp/vprofile-project/src/main/resources/db_backup.sql\nsudo mysql -u root -p\"$DATABASE_PASS\" -e \"FLUSH PRIVILEGES\"\n","user_data_replace_on_change":false,"volume_tags":{"Environment":"dev","Name":"MySQL-instance","Terraform":"true"}},"sensitive_values":{"capacity_reservation_specification":[],"cpu_options":[],"credit_specification":[{}],"ebs_block_device":[],"enclave_options":[{}],"ephemeral_block_device":[],"instance_market_options":[],"ipv6_addresses":[],"launch_template":[],"maintenance_options":[],"metadata_options":[{}],"network_interface":[],"primary_network_interface":[],"private_dns_name_options":[],"root_block_device":[],"secondary_private_ips":[],"security_groups":[],"tags":{},"tags_all":{},"volume_tags":{},"vpc_security_group_ids":[]},"identity_schema_version":0,"identity":{"account_id":null,"id":null,"region":null}}],"address":"module.ec2_instance_mysql"},{"resources":[{"address":"module.ec2_instance_nginx.aws_instance.this[0]","mode":"managed","type":"aws_instance","name":"this","index":0,"provider_name":"registry.terraform.io/hashicorp/aws","schema_version":2,"values":{"ami":"ami-01f79b1e4a5c64257","associate_public_ip_address":true,"credit_specification":[{"cpu_credits":null}],"enclave_options":[{}],"force_destroy":false,"get_password_data":false,"hibernation":null,"instance_type":"t2.micro","key_name":"EC2_Key_Pair","launch_template":[],"metadata_options":[{"http_endpoint":"enabled","http_protocol_ipv6":"disabled","http_put_response_hop_limit":1,"http_tokens":"required"}],"monitoring":false,"region":"eu-central-1","source_dest_check":true,"tags":{"Environment":"dev","Name":"Nginx-instance","Terraform":"true"},"tags_all":{"Environment":"dev","Name":"Nginx-instance","Terraform":"true"},"timeouts":null,"user_data":"#!/bin/bash\nsudo -i\napt update\napt install nginx -y\n\ncat \u003c\u003cEOT \u003e vproapp\nupstream vproapp {\n\n server app01.eprofile.in:8080;\n\n}\n\nserver {\n\n  listen 80;\n\nlocation / {\n\n  proxy_pass http://vproapp;\n\n}\n\n}\n\nEOT\n\nmv vproapp /etc/nginx/sites-available/vproapp\nrm -rf /etc/nginx/sites-enabled/default\nln -s /etc/nginx/sites-available/vproapp /etc/nginx/sites-enabled/vproapp\n\n#starting nginx service and firewall\nsystemctl start nginx\nsystemctl enable nginx\nsystemctl restart nginx\n","user_data_replace_on_change":false,"volume_tags":{"Environment":"dev","Name":"Nginx-instance","Terraform":"true"}},"sensitive_values":{"capacity_reservation_specification":[],"cpu_options":[],"credit_specification":[{}],"ebs_block_device":[],"enclave_options":[{}],"ephemeral_block_device":[],"instance_market_options":[],"ipv6_addresses":[],"launch_template":[],"maintenance_options":[],"metadata_options":[{}],"network_interface":[],"primary_network_interface":[],"private_dns_name_options":[],"root_block_device":[],"secondary_private_ips":[],"security_groups":[],"tags":{},"tags_all":{},"volume_tags":{},"vpc_security_group_ids":[]},"identity_schema_version":0,"identity":{"account_id":null,"id":null,"region":null}}],"address":"module.ec2_instance_nginx"},{"resources":[{"address":"module.ec2_instance_rabbitmq.aws_instance.this[0]","mode":"managed","type":"aws_instance","name":"this","index":0,"provider_name":"registry.terraform.io/hashicorp/aws","schema_version":2,"values":{"ami":"ami-0191d47ba10441f0b","credit_specification":[{"cpu_credits":null}],"enclave_options":[{}],"force_destroy":false,"get_password_data":false,"hibernation":null,"instance_type":"t2.micro","key_name":"EC2_Key_Pair","launch_template":[],"metadata_options":[{"http_endpoint":"enabled","http_protocol_ipv6":"disabled","http_put_response_hop_limit":1,"http_tokens":"required"}],"monitoring":false,"region":"eu-central-1","source_dest_check":true,"tags":{"Environment":"dev","Name":"RabbitMQ-instance","Terraform":"true"},"tags_all":{"Environment":"dev","Name":"RabbitMQ-instance","Terraform":"true"},"timeouts":null,"user_data":"#!/bin/bash\n## primary RabbitMQ signing key\nrpm --import 'https://github.com/rabbitmq/signing-keys/releases/download/3.0/rabbitmq-release-signing-key.asc'\n## modern Erlang repository\nrpm --import 'https://github.com/rabbitmq/signing-keys/releases/download/3.0/cloudsmith.rabbitmq-erlang.E495BB49CC4BBE5B.key'\n## RabbitMQ server repository\nrpm --import 'https://github.com/rabbitmq/signing-keys/releases/download/3.0/cloudsmith.rabbitmq-server.9F4587F226208342.key'\ncurl -o /etc/yum.repos.d/rabbitmq.repo https://raw.githubusercontent.com/hkhcoder/vprofile-project/refs/heads/awsliftandshift/al2023rmq.repo\ndnf update -y\n## install these dependencies from standard OS repositories\ndnf install socat logrotate -y\n## install RabbitMQ and zero dependency Erlang\ndnf install -y erlang rabbitmq-server\nsystemctl enable rabbitmq-server\nsystemctl start rabbitmq-server\nsudo sh -c 'echo \"[{rabbit, [{loopback_users, []}]}].\" \u003e /etc/rabbitmq/rabbitmq.config'\nsudo rabbitmqctl add_user test test\nsudo rabbitmqctl set_user_tags test administrator\nrabbitmqctl set_permissions -p / test \".*\" \".*\" \".*\"\n\nsudo systemctl restart rabbitmq-server\n","user_data_replace_on_change":false,"volume_tags":{"Environment":"dev","Name":"RabbitMQ-instance","Terraform":"true"}},"sensitive_values":{"capacity_reservation_specification":[],"cpu_options":[],"credit_specification":[{}],"ebs_block_device":[],"enclave_options":[{}],"ephemeral_block_device":[],"instance_market_options":[],"ipv6_addresses":[],"launch_template":[],"maintenance_options":[],"metadata_options":[{}],"network_interface":[],"primary_network_interface":[],"private_dns_name_options":[],"root_block_device":[],"secondary_private_ips":[],"security_groups":[],"tags":{},"tags_all":{},"volume_tags":{},"vpc_security_group_ids":[]},"identity_schema_version":0,"identity":{"account_id":null,"id":null,"region":null}}],"address":"module.ec2_instance_rabbitmq"},{"resources":[{"address":"module.ec2_instance_tomcat.aws_instance.this[0]","mode":"managed","type":"aws_instance","name":"this","index":0,"provider_name":"registry.terraform.io/hashicorp/aws","schema_version":2,"values":{"ami":"ami-01f79b1e4a5c64257","associate_public_ip_address":true,"credit_specification":[{"cpu_credits":null}],"enclave_options":[{}],"force_destroy":false,"get_password_data":false,"hibernation":null,"iam_instance_profile":"ec2-s3-instance-profile","instance_type":"t2.micro","key_name":"EC2_Key_Pair","launch_template":[],"metadata_options":[{"http_endpoint":"enabled","http_protocol_ipv6":"disabled","http_put_response_hop_limit":1,"http_tokens":"required"}],"monitoring":false,"region":"eu-central-1","source_dest_check":true,"tags":{"Environment":"dev","Name":"Tomcat-instance","Terraform":"true"},"tags_all":{"Environment":"dev","Name":"Tomcat-instance","Terraform":"true"},"timeouts":null,"user_data":"#!/bin/bash\nsudo apt update\nsudo apt upgrade -y\n\nsudo apt install openjdk-17-jdk -y\n\nsudo apt install tomcat10 tomcat10-admin tomcat10-docs tomcat10-common git -y\n\nsudo snap install aws-cli --classic\n\nsudo rm -rf /var/lib/tomcat10/webapps/ROOT\n\necho \"Downloading Artifact from S3...\"\naws s3 cp s3://s3-terraform-2026-java-artifacts1598/vprofile-v2.war /var/lib/tomcat10/webapps/ROOT.war\n\nsudo systemctl start tomcat10\nsudo systemctl enable tomcat10\nsudo systemctl restart tomcat10","user_data_replace_on_change":false,"volume_tags":{"Environment":"dev","Name":"Tomcat-instance","Terraform":"true"}},"sensitive_values":{"capacity_reservation_specification":[],"cpu_options":[],"credit_specification":[{}],"ebs_block_device":[],"enclave_options":[{}],"ephemeral_block_device":[],"instance_market_options":[],"ipv6_addresses":[],"launch_template":[],"maintenance_options":[],"metadata_options":[{}],"network_interface":[],"primary_network_interface":[],"private_dns_name_options":[],"root_block_device":[],"secondary_private_ips":[],"security_groups":[],"tags":{},"tags_all":{},"volume_tags":{},"vpc_security_group_ids":[]},"identity_schema_version":0,"identity":{"account_id":null,"id":null,"region":null}}],"address":"module.ec2_instance_tomcat"},{"resources":[{"address":"module.vpc.aws_default_network_acl.this[0]","mode":"managed","type":"aws_default_network_acl","name":"this","index":0,"provider_name":"registry.terraform.io/hashicorp/aws","schema_version":0,"values":{"egress":[{"action":"allow","cidr_block":"","from_port":0,"icmp_code":null,"icmp_type":null,"ipv6_cidr_block":"::/0","protocol":"-1","rule_no":101,"to_port":0},{"action":"allow","cidr_block":"0.0.0.0/0","from_port":0,"icmp_code":null,"icmp_type":null,"ipv6_cidr_block":"","protocol":"-1","rule_no":100,"to_port":0}],"ingress":[{"action":"allow","cidr_block":"","from_port":0,"icmp_code":null,"icmp_type":null,"ipv6_cidr_block":"::/0","protocol":"-1","rule_no":101,"to_port":0},{"action":"allow","cidr_block":"0.0.0.0/0","from_port":0,"icmp_code":null,"icmp_type":null,"ipv6_cidr_block":"","protocol":"-1","rule_no":100,"to_port":0}],"region":"eu-central-1","subnet_ids":null,"tags":{"Environment":"dev","Name":"Eprofile-VPC-default","Terraform":"true"},"tags_all":{"Environment":"dev","Name":"Eprofile-VPC-default","Terraform":"true"}},"sensitive_values":{"egress":[{},{}],"ingress":[{},{}],"tags":{},"tags_all":{}}},{"address":"module.vpc.aws_default_route_table.default[0]","mode":"managed","type":"aws_default_route_table","name":"default","index":0,"provider_name":"registry.terraform.io/hashicorp/aws","schema_version":0,"values":{"propagating_vgws":null,"region":"eu-central-1","tags":{"Environment":"dev","Name":"Eprofile-VPC-default","Terraform":"true"},"tags_all":{"Environment":"dev","Name":"Eprofile-VPC-default","Terraform":"true"},"timeouts":{"create":"5m","update":"5m"}},"sensitive_values":{"route":[],"tags":{},"tags_all":{},"timeouts":{}}},{"address":"module.vpc.aws_default_security_group.this[0]","mode":"managed","type":"aws_default_security_group","name":"this","index":0,"provider_name":"registry.terraform.io/hashicorp/aws","schema_version":1,"values":{"region":"eu-central-1","revoke_rules_on_delete":false,"tags":{"Environment":"dev","Name":"Eprofile-VPC-default","Terraform":"true"},"tags_all":{"Environment":"dev","Name":"Eprofile-VPC-default","Terraform":"true"}},"sensitive_values":{"egress":[],"ingress":[],"tags":{},"tags_all":{}}},{"address":"module.vpc.aws_eip.nat[0]","mode":"managed","type":"aws_eip","name":"nat","index":0,"provider_name":"registry.terraform.io/hashicorp/aws","schema_version":0,"values":{"address":null,"associate_with_private_ip":null,"customer_owned_ipv4_pool":null,"domain":"vpc","region":"eu-central-1","tags":{"Environment":"dev","Name":"Eprofile-VPC-eu-central-1a","Terraform":"true"},"tags_all":{"Environment":"dev","Name":"Eprofile-VPC-eu-central-1a","Terraform":"true"},"timeouts":null},"sensitive_values":{"tags":{},"tags_all":{}}},{"address":"module.vpc.aws_internet_gateway.this[0]","mode":"managed","type":"aws_internet_gateway","name":"this","index":0,"provider_name":"registry.terraform.io/hashicorp/aws","schema_version":0,"values":{"region":"eu-central-1","tags":{"Environment":"dev","Name":"Eprofile-VPC","Terraform":"true"},"tags_all":{"Environment":"dev","Name":"Eprofile-VPC","Terraform":"true"},"timeouts":null},"sensitive_values":{"tags":{},"tags_all":{}}},{"address":"module.vpc.aws_nat_gateway.this[0]","mode":"managed","type":"aws_nat_gateway","name":"this","index":0,"provider_name":"registry.terraform.io/hashicorp/aws","schema_version":0,"values":{"availability_zone_address":[],"connectivity_type":"public","region":"eu-central-1","tags":{"Environment":"dev","Name":"Eprofile-VPC-eu-central-1a","Terraform":"true"},"tags_all":{"Environment":"dev","Name":"Eprofile-VPC-eu-central-1a","Terraform":"true"},"timeouts":null},"sensitive_values":{"availability_zone_address":[],"regional_nat_gateway_address":[],"secondary_allocation_ids":[],"secondary_private_ip_addresses":[],"tags":{},"tags_all":{}}},{"address":"module.vpc.aws_route.private_nat_gateway[0]","mode":"managed","type":"aws_route","name":"private_nat_gateway","index":0,"provider_name":"registry.terraform.io/hashicorp/aws","schema_version":0,"values":{"carrier_gateway_id":null,"core_network_arn":null,"destination_cidr_block":"0.0.0.0/0","destination_ipv6_cidr_block":null,"destination_prefix_list_id":null,"egress_only_gateway_id":null,"gateway_id":null,"local_gateway_id":null,"region":"eu-central-1","timeouts":{"create":"5m","delete":null,"update":null},"transit_gateway_id":null,"vpc_endpoint_id":null,"vpc_peering_connection_id":null},"sensitive_values":{"timeouts":{}},"identity_schema_version":0,"identity":{"account_id":null,"destination_cidr_block":null,"destination_ipv6_cidr_block":null,"destination_prefix_list_id":null,"region":null,"route_table_id":null}},{"address":"module.vpc.aws_route.public_internet_gateway[0]","mode":"managed","type":"aws_route","name":"public_internet_gateway","index":0,"provider_name":"registry.terraform.io/hashicorp/aws","schema_version":0,"values":{"carrier_gateway_id":null,"core_network_arn":null,"destination_cidr_block":"0.0.0.0/0","destination_ipv6_cidr_block":null,"destination_prefix_list_id":null,"egress_only_gateway_id":null,"local_gateway_id":null,"nat_gateway_id":null,"region":"eu-central-1","timeouts":{"create":"5m","delete":null,"update":null},"transit_gateway_id":null,"vpc_endpoint_id":null,"vpc_peering_connection_id":null},"sensitive_values":{"timeouts":{}},"identity_schema_version":0,"identity":{"account_id":null,"destination_cidr_block":null,"destination_ipv6_cidr_block":null,"destination_prefix_list_id":null,"region":null,"route_table_id":null}},{"address":"module.vpc.aws_route_table.private[0]","mode":"managed","type":"aws_route_table","name":"private","index":0,"provider_name":"registry.terraform.io/hashicorp/aws","schema_version":0,"values":{"region":"eu-central-1","tags":{"Environment":"dev","Name":"Eprofile-VPC-private","Terraform":"true"},"tags_all":{"Environment":"dev","Name":"Eprofile-VPC-private","Terraform":"true"},"timeouts":null},"sensitive_values":{"propagating_vgws":[],"route":[],"tags":{},"tags_all":{}},"identity_schema_version":0,"identity":{"account_id":null,"id":null,"region":null}},{"address":"module.vpc.aws_route_table.public[0]","mode":"managed","type":"aws_route_table","name":"public","index":0,"provider_name":"registry.terraform.io/hashicorp/aws","schema_version":0,"values":{"region":"eu-central-1","tags":{"Environment":"dev","Name":"Eprofile-VPC-public","Terraform":"true"},"tags_all":{"Environment":"dev","Name":"Eprofile-VPC-public","Terraform":"true"},"timeouts":null},"sensitive_values":{"propagating_vgws":[],"route":[],"tags":{},"tags_all":{}},"identity_schema_version":0,"identity":{"account_id":null,"id":null,"region":null}},{"address":"module.vpc.aws_route_table_association.private[0]","mode":"managed","type":"aws_route_table_association","name":"private","index":0,"provider_name":"registry.terraform.io/hashicorp/aws","schema_version":0,"values":{"gateway_id":null,"region":"eu-central-1","timeouts":null},"sensitive_values":{}},{"address":"module.vpc.aws_route_table_association.private[1]","mode":"managed","type":"aws_route_table_association","name":"private","index":1,"provider_name":"registry.terraform.io/hashicorp/aws","schema_version":0,"values":{"gateway_id":null,"region":"eu-central-1","timeouts":null},"sensitive_values":{}},{"address":"module.vpc.aws_route_table_association.private[2]","mode":"managed","type":"aws_route_table_association","name":"private","index":2,"provider_name":"registry.terraform.io/hashicorp/aws","schema_version":0,"values":{"gateway_id":null,"region":"eu-central-1","timeouts":null},"sensitive_values":{}},{"address":"module.vpc.aws_route_table_association.public[0]","mode":"managed","type":"aws_route_table_association","name":"public","index":0,"provider_name":"registry.terraform.io/hashicorp/aws","schema_version":0,"values":{"gateway_id":null,"region":"eu-central-1","timeouts":null},"sensitive_values":{}},{"address":"module.vpc.aws_route_table_association.public[1]","mode":"managed","type":"aws_route_table_association","name":"public","index":1,"provider_name":"registry.terraform.io/hashicorp/aws","schema_version":0,"values":{"gateway_id":null,"region":"eu-central-1","timeouts":null},"sensitive_values":{}},{"address":"module.vpc.aws_route_table_association.public[2]","mode":"managed","type":"aws_route_table_association","name":"public","index":2,"provider_name":"registry.terraform.io/hashicorp/aws","schema_version":0,"values":{"gateway_id":null,"region":"eu-central-1","timeouts":null},"sensitive_values":{}},{"address":"module.vpc.aws_subnet.private[0]","mode":"managed","type":"aws_subnet","name":"private","index":0,"provider_name":"registry.terraform.io/hashicorp/aws","schema_version":1,"values":{"assign_ipv6_address_on_creation":false,"availability_zone":"eu-central-1a","cidr_block":"10.0.4.0/24","customer_owned_ipv4_pool":null,"enable_dns64":false,"enable_lni_at_device_index":null,"enable_resource_name_dns_a_record_on_launch":false,"enable_resource_name_dns_aaaa_record_on_launch":false,"ipv4_ipam_pool_id":null,"ipv4_netmask_length":null,"ipv6_ipam_pool_id":null,"ipv6_native":false,"ipv6_netmask_length":null,"map_customer_owned_ip_on_launch":null,"map_public_ip_on_launch":false,"outpost_arn":null,"region":"eu-central-1","tags":{"Environment":"dev","Name":"Eprofile-VPC-private-eu-central-1a","Terraform":"true"},"tags_all":{"Environment":"dev","Name":"Eprofile-VPC-private-eu-central-1a","Terraform":"true"},"timeouts":null},"sensitive_values":{"tags":{},"tags_all":{}},"identity_schema_version":0,"identity":{"account_id":null,"id":null,"region":null}},{"address":"module.vpc.aws_subnet.private[1]","mode":"managed","type":"aws_subnet","name":"private","index":1,"provider_name":"registry.terraform.io/hashicorp/aws","schema_version":1,"values":{"assign_ipv6_address_on_creation":false,"availability_zone":"eu-central-1b","cidr_block":"10.0.5.0/24","customer_owned_ipv4_pool":null,"enable_dns64":false,"enable_lni_at_device_index":null,"enable_resource_name_dns_a_record_on_launch":false,"enable_resource_name_dns_aaaa_record_on_launch":false,"ipv4_ipam_pool_id":null,"ipv4_netmask_length":null,"ipv6_ipam_pool_id":null,"ipv6_native":false,"ipv6_netmask_length":null,"map_customer_owned_ip_on_launch":null,"map_public_ip_on_launch":false,"outpost_arn":null,"region":"eu-central-1","tags":{"Environment":"dev","Name":"Eprofile-VPC-private-eu-central-1b","Terraform":"true"},"tags_all":{"Environment":"dev","Name":"Eprofile-VPC-private-eu-central-1b","Terraform":"true"},"timeouts":null},"sensitive_values":{"tags":{},"tags_all":{}},"identity_schema_version":0,"identity":{"account_id":null,"id":null,"region":null}},{"address":"module.vpc.aws_subnet.private[2]","mode":"managed","type":"aws_subnet","name":"private","index":2,"provider_name":"registry.terraform.io/hashicorp/aws","schema_version":1,"values":{"assign_ipv6_address_on_creation":false,"availability_zone":"eu-central-1c","cidr_block":"10.0.6.0/24","customer_owned_ipv4_pool":null,"enable_dns64":false,"enable_lni_at_device_index":null,"enable_resource_name_dns_a_record_on_launch":false,"enable_resource_name_dns_aaaa_record_on_launch":false,"ipv4_ipam_pool_id":null,"ipv4_netmask_length":null,"ipv6_ipam_pool_id":null,"ipv6_native":false,"ipv6_netmask_length":null,"map_customer_owned_ip_on_launch":null,"map_public_ip_on_launch":false,"outpost_arn":null,"region":"eu-central-1","tags":{"Environment":"dev","Name":"Eprofile-VPC-private-eu-central-1c","Terraform":"true"},"tags_all":{"Environment":"dev","Name":"Eprofile-VPC-private-eu-central-1c","Terraform":"true"},"timeouts":null},"sensitive_values":{"tags":{},"tags_all":{}},"identity_schema_version":0,"identity":{"account_id":null,"id":null,"region":null}},{"address":"module.vpc.aws_subnet.public[0]","mode":"managed","type":"aws_subnet","name":"public","index":0,"provider_name":"registry.terraform.io/hashicorp/aws","schema_version":1,"values":{"assign_ipv6_address_on_creation":false,"availability_zone":"eu-central-1a","cidr_block":"10.0.0.0/24","customer_owned_ipv4_pool":null,"enable_dns64":false,"enable_lni_at_device_index":null,"enable_resource_name_dns_a_record_on_launch":false,"enable_resource_name_dns_aaaa_record_on_launch":false,"ipv4_ipam_pool_id":null,"ipv4_netmask_length":null,"ipv6_ipam_pool_id":null,"ipv6_native":false,"ipv6_netmask_length":null,"map_customer_owned_ip_on_launch":null,"map_public_ip_on_launch":true,"outpost_arn":null,"region":"eu-central-1","tags":{"Environment":"dev","Name":"Eprofile-VPC-public-eu-central-1a","Terraform":"true"},"tags_all":{"Environment":"dev","Name":"Eprofile-VPC-public-eu-central-1a","Terraform":"true"},"timeouts":null},"sensitive_values":{"tags":{},"tags_all":{}},"identity_schema_version":0,"identity":{"account_id":null,"id":null,"region":null}},{"address":"module.vpc.aws_subnet.public[1]","mode":"managed","type":"aws_subnet","name":"public","index":1,"provider_name":"registry.terraform.io/hashicorp/aws","schema_version":1,"values":{"assign_ipv6_address_on_creation":false,"availability_zone":"eu-central-1b","cidr_block":"10.0.1.0/24","customer_owned_ipv4_pool":null,"enable_dns64":false,"enable_lni_at_device_index":null,"enable_resource_name_dns_a_record_on_launch":false,"enable_resource_name_dns_aaaa_record_on_launch":false,"ipv4_ipam_pool_id":null,"ipv4_netmask_length":null,"ipv6_ipam_pool_id":null,"ipv6_native":false,"ipv6_netmask_length":null,"map_customer_owned_ip_on_launch":null,"map_public_ip_on_launch":true,"outpost_arn":null,"region":"eu-central-1","tags":{"Environment":"dev","Name":"Eprofile-VPC-public-eu-central-1b","Terraform":"true"},"tags_all":{"Environment":"dev","Name":"Eprofile-VPC-public-eu-central-1b","Terraform":"true"},"timeouts":null},"sensitive_values":{"tags":{},"tags_all":{}},"identity_schema_version":0,"identity":{"account_id":null,"id":null,"region":null}},{"address":"module.vpc.aws_subnet.public[2]","mode":"managed","type":"aws_subnet","name":"public","index":2,"provider_name":"registry.terraform.io/hashicorp/aws","schema_version":1,"values":{"assign_ipv6_address_on_creation":false,"availability_zone":"eu-central-1c","cidr_block":"10.0.2.0/24","customer_owned_ipv4_pool":null,"enable_dns64":false,"enable_lni_at_device_index":null,"enable_resource_name_dns_a_record_on_launch":false,"enable_resource_name_dns_aaaa_record_on_launch":false,"ipv4_ipam_pool_id":null,"ipv4_netmask_length":null,"ipv6_ipam_pool_id":null,"ipv6_native":false,"ipv6_netmask_length":null,"map_customer_owned_ip_on_launch":null,"map_public_ip_on_launch":true,"outpost_arn":null,"region":"eu-central-1","tags":{"Environment":"dev","Name":"Eprofile-VPC-public-eu-central-1c","Terraform":"true"},"tags_all":{"Environment":"dev","Name":"Eprofile-VPC-public-eu-central-1c","Terraform":"true"},"timeouts":null},"sensitive_values":{"tags":{},"tags_all":{}},"identity_schema_version":0,"identity":{"account_id":null,"id":null,"region":null}},{"address":"module.vpc.aws_vpc.this[0]","mode":"managed","type":"aws_vpc","name":"this","index":0,"provider_name":"registry.terraform.io/hashicorp/aws","schema_version":1,"values":{"assign_generated_ipv6_cidr_block":null,"cidr_block":"10.0.0.0/16","enable_dns_hostnames":true,"enable_dns_support":true,"instance_tenancy":"default","ipv4_ipam_pool_id":null,"ipv4_netmask_length":null,"ipv6_ipam_pool_id":null,"ipv6_netmask_length":null,"region":"eu-central-1","tags":{"Environment":"dev","Name":"Eprofile-VPC","Terraform":"true"},"tags_all":{"Environment":"dev","Name":"Eprofile-VPC","Terraform":"true"}},"sensitive_values":{"tags":{},"tags_all":{}},"identity_schema_version":0,"identity":{"account_id":null,"id":null,"region":null}}],"address":"module.vpc"}]}},"resource_changes":[{"address":"data.aws_iam_policy_document.s3_access_policy","mode":"data","type":"aws_iam_policy_document","name":"s3_access_policy","provider_name":"registry.terraform.io/hashicorp/aws","change":{"actions":["read"],"before":null,"after":{"override_json":null,"override_policy_documents":null,"policy_id":null,"source_json":null,"source_policy_documents":null,"statement":[{"actions":["s3:GetObject","s3:ListBucket"],"condition":[],"effect":"Allow","not_actions":null,"not_principals":[],"not_resources":null,"principals":[],"resources":[null,null],"sid":null}],"version":null},"after_unknown":{"id":true,"json":true,"minified_json":true,"statement":[{"actions":[false,false],"condition":[],"not_principals":[],"principals":[],"resources":[true,true]}]},"before_sensitive":false,"after_sensitive":{"statement":[{"actions":[false,false],"condition":[],"not_principals":[],"principals":[],"resources":[false,false]}]}},"action_reason":"read_because_config_unknown"},{"address":"aws_iam_instance_profile.ec2_profile","mode":"managed","type":"aws_iam_instance_profile","name":"ec2_profile","provider_name":"registry.terraform.io/hashicorp/aws","change":{"actions":["create"],"before":null,"after":{"name":"ec2-s3-instance-profile","path":"/","role":"ec2-s3-access-role","tags":null},"after_unknown":{"arn":true,"create_date":true,"id":true,"name_prefix":true,"tags_all":true,"unique_id":true},"before_sensitive":false,"after_sensitive":{"tags_all":{}}}},{"address":"aws_iam_policy.s3_access_policy","mode":"managed","type":"aws_iam_policy","name":"s3_access_policy","provider_name":"registry.terraform.io/hashicorp/aws","change":{"actions":["create"],"before":null,"after":{"delay_after_policy_creation_in_ms":null,"description":null,"name":"s3-access-policy","path":"/","tags":null},"after_unknown":{"arn":true,"attachment_count":true,"id":true,"name_prefix":true,"policy":true,"policy_id":true,"tags_all":true},"before_sensitive":false,"after_sensitive":{"tags_all":{}},"after_identity":{"arn":null}}},{"address":"aws_iam_role.ec2_s3_role","mode":"managed","type":"aws_iam_role","name":"ec2_s3_role","provider_name":"registry.terraform.io/hashicorp/aws","change":{"actions":["create"],"before":null,"after":{"assume_role_policy":"{\"Statement\":[{\"Action\":\"sts:AssumeRole\",\"Effect\":\"Allow\",\"Principal\":{\"Service\":\"ec2.amazonaws.com\"}}],\"Version\":\"2012-10-17\"}","description":null,"force_detach_policies":false,"max_session_duration":3600,"name":"ec2-s3-access-role","path":"/","permissions_boundary":null,"tags":null},"after_unknown":{"arn":true,"create_date":true,"id":true,"inline_policy":true,"managed_policy_arns":true,"name_prefix":true,"tags_all":true,"unique_id":true},"before_sensitive":false,"after_sensitive":{"inline_policy":[],"managed_policy_arns":[],"tags_all":{}},"after_identity":{"account_id":null,"name":null}}},{"address":"aws_iam_role_policy_attachment.ec2_s3_attachment","mode":"managed","type":"aws_iam_role_policy_attachment","name":"ec2_s3_attachment","provider_name":"registry.terraform.io/hashicorp/aws","change":{"actions":["create"],"before":null,"after":{"role":"ec2-s3-access-role"},"after_unknown":{"id":true,"policy_arn":true},"before_sensitive":false,"after_sensitive":{},"after_identity":{"account_id":null,"policy_arn":null,"role":null}}},{"address":"aws_key_pair.EC2_Key_Pair","mode":"managed","type":"aws_key_pair","name":"EC2_Key_Pair","provider_name":"registry.terraform.io/hashicorp/aws","change":{"actions":["create"],"before":null,"after":{"key_name":"EC2_Key_Pair","public_key":"ssh-ed25519 AAAAC3NzaC1lZDI1NTE5AAAAIKuv4J9xYFlPZqdfrQf5qCUKQ5Mx6Wk79KwTgSX4RZxv amr@JOJO","region":"eu-central-1","tags":null},"after_unknown":{"arn":true,"fingerprint":true,"id":true,"key_name_prefix":true,"key_pair_id":true,"key_type":true,"tags_all":true},"before_sensitive":false,"after_sensitive":{"tags_all":{}}}},{"address":"aws_route53_record.db","mode":"managed","type":"aws_route53_record","name":"db","provider_name":"registry.terraform.io/hashicorp/aws","change":{"actions":["create"],"before":null,"after":{"alias":[],"cidr_routing_policy":[],"failover_routing_policy":[],"geolocation_routing_policy":[],"geoproximity_routing_policy":[],"health_check_id":null,"latency_routing_policy":[],"multivalue_answer_routing_policy":null,"name":"db01.eprofile.in","set_identifier":null,"timeouts":null,"ttl":300,"type":"A","weighted_routing_policy":[]},"after_unknown":{"alias":[],"allow_overwrite":true,"cidr_routing_policy":[],"failover_routing_policy":[],"fqdn":true,"geolocation_routing_policy":[],"geoproximity_routing_policy":[],"id":true,"latency_routing_policy":[],"records":true,"weighted_routing_policy":[],"zone_id":true},"before_sensitive":false,"after_sensitive":{"alias":[],"cidr_routing_policy":[],"failover_routing_policy":[],"geolocation_routing_policy":[],"geoproximity_routing_policy":[],"latency_routing_policy":[],"records":[],"weighted_routing_policy":[]},"after_identity":{"account_id":null,"name":null,"set_identifier":null,"type":null,"zone_id":null}}},{"address":"aws_route53_record.mc","mode":"managed","type":"aws_route53_record","name":"mc","provider_name":"registry.terraform.io/hashicorp/aws","change":{"actions":["create"],"before":null,"after":{"alias":[],"cidr_routing_policy":[],"failover_routing_policy":[],"geolocation_routing_policy":[],"geoproximity_routing_policy":[],"health_check_id":null,"latency_routing_policy":[],"multivalue_answer_routing_policy":null,"name":"mc01.eprofile.in","set_identifier":null,"timeouts":null,"ttl":300,"type":"A","weighted_routing_policy":[]},"after_unknown":{"alias":[],"allow_overwrite":true,"cidr_routing_policy":[],"failover_routing_policy":[],"fqdn":true,"geolocation_routing_policy":[],"geoproximity_routing_policy":[],"id":true,"latency_routing_policy":[],"records":true,"weighted_routing_policy":[],"zone_id":true},"before_sensitive":false,"after_sensitive":{"alias":[],"cidr_routing_policy":[],"failover_routing_policy":[],"geolocation_routing_policy":[],"geoproximity_routing_policy":[],"latency_routing_policy":[],"records":[],"weighted_routing_policy":[]},"after_identity":{"account_id":null,"name":null,"set_identifier":null,"type":null,"zone_id":null}}},{"address":"aws_route53_record.rmq","mode":"managed","type":"aws_route53_record","name":"rmq","provider_name":"registry.terraform.io/hashicorp/aws","change":{"actions":["create"],"before":null,"after":{"alias":[],"cidr_routing_policy":[],"failover_routing_policy":[],"geolocation_routing_policy":[],"geoproximity_routing_policy":[],"health_check_id":null,"latency_routing_policy":[],"multivalue_answer_routing_policy":null,"name":"rmq01.eprofile.in","set_identifier":null,"timeouts":null,"ttl":300,"type":"A","weighted_routing_policy":[]},"after_unknown":{"alias":[],"allow_overwrite":true,"cidr_routing_policy":[],"failover_routing_policy":[],"fqdn":true,"geolocation_routing_policy":[],"geoproximity_routing_policy":[],"id":true,"latency_routing_policy":[],"records":true,"weighted_routing_policy":[],"zone_id":true},"before_sensitive":false,"after_sensitive":{"alias":[],"cidr_routing_policy":[],"failover_routing_policy":[],"geolocation_routing_policy":[],"geoproximity_routing_policy":[],"latency_routing_policy":[],"records":[],"weighted_routing_policy":[]},"after_identity":{"account_id":null,"name":null,"set_identifier":null,"type":null,"zone_id":null}}},{"address":"aws_route53_record.tomcat","mode":"managed","type":"aws_route53_record","name":"tomcat","provider_name":"registry.terraform.io/hashicorp/aws","change":{"actions":["create"],"before":null,"after":{"alias":[],"cidr_routing_policy":[],"failover_routing_policy":[],"geolocation_routing_policy":[],"geoproximity_routing_policy":[],"health_check_id":null,"latency_routing_policy":[],"multivalue_answer_routing_policy":null,"name":"app01.eprofile.in","set_identifier":null,"timeouts":null,"ttl":300,"type":"A","weighted_routing_policy":[]},"after_unknown":{"alias":[],"allow_overwrite":true,"cidr_routing_policy":[],"failover_routing_policy":[],"fqdn":true,"geolocation_routing_policy":[],"geoproximity_routing_policy":[],"id":true,"latency_routing_policy":[],"records":true,"weighted_routing_policy":[],"zone_id":true},"before_sensitive":false,"after_sensitive":{"alias":[],"cidr_routing_policy":[],"failover_routing_policy":[],"geolocation_routing_policy":[],"geoproximity_routing_policy":[],"latency_routing_policy":[],"records":[],"weighted_routing_policy":[]},"after_identity":{"account_id":null,"name":null,"set_identifier":null,"type":null,"zone_id":null}}},{"address":"aws_route53_zone.private_zone","mode":"managed","type":"aws_route53_zone","name":"private_zone","provider_name":"registry.terraform.io/hashicorp/aws","change":{"actions":["create"],"before":null,"after":{"comment":"Managed by Terraform","delegation_set_id":null,"force_destroy":false,"name":"eprofile.in","tags":null,"timeouts":null,"vpc":[{}]},"after_unknown":{"arn":true,"enable_accelerated_recovery":true,"id":true,"name_servers":true,"primary_name_server":true,"tags_all":true,"vpc":[{"vpc_id":true,"vpc_region":true}],"zone_id":true},"before_sensitive":false,"after_sensitive":{"name_servers":[],"tags_all":{},"vpc":[{}]}}},{"address":"aws_s3_bucket.Artifact-Bucket","mode":"managed","type":"aws_s3_bucket","name":"Artifact-Bucket","provider_name":"registry.terraform.io/hashicorp/aws","change":{"actions":["create"],"before":null,"after":{"bucket":"s3-terraform-2026-java-artifacts1598","force_destroy":false,"region":"eu-central-1","tags":{"Environment":"Dev","Name":"Atifact-Bucket"},"tags_all":{"Environment":"Dev","Name":"Atifact-Bucket"},"timeouts":null},"after_unknown":{"acceleration_status":true,"acl":true,"arn":true,"bucket_domain_name":true,"bucket_prefix":true,"bucket_region":true,"bucket_regional_domain_name":true,"cors_rule":true,"grant":true,"hosted_zone_id":true,"id":true,"lifecycle_rule":true,"logging":true,"object_lock_configuration":true,"object_lock_enabled":true,"policy":true,"replication_configuration":true,"request_payer":true,"server_side_encryption_configuration":true,"tags":{},"tags_all":{},"versioning":true,"website":true,"website_domain":true,"website_endpoint":true},"before_sensitive":false,"after_sensitive":{"cors_rule":[],"grant":[],"lifecycle_rule":[],"logging":[],"object_lock_configuration":[],"replication_configuration":[],"server_side_encryption_configuration":[],"tags":{},"tags_all":{},"versioning":[],"website":[]},"after_identity":{"account_id":null,"bucket":null,"region":null}}},{"address":"aws_s3_object.artifact","mode":"managed","type":"aws_s3_object","name":"artifact","provider_name":"registry.terraform.io/hashicorp/aws","change":{"actions":["create"],"before":null,"after":{"cache_control":null,"checksum_algorithm":null,"content":null,"content_base64":null,"content_disposition":null,"content_encoding":null,"content_language":null,"etag":"1056b4dcbcefd62c77e7a901fbe0030e","force_destroy":false,"key":"vprofile-v2.war","metadata":null,"object_lock_legal_hold_status":null,"object_lock_mode":null,"object_lock_retain_until_date":null,"override_provider":[],"region":"eu-central-1","source":"../target/vprofile-v2.war","source_hash":null,"tags":null,"website_redirect":null},"after_unknown":{"acl":true,"arn":true,"bucket":true,"bucket_key_enabled":true,"checksum_crc32":true,"checksum_crc32c":true,"checksum_crc64nvme":true,"checksum_sha1":true,"checksum_sha256":true,"content_type":true,"id":true,"kms_key_id":true,"override_provider":[],"server_side_encryption":true,"storage_class":true,"tags_all":true,"version_id":true},"before_sensitive":false,"after_sensitive":{"override_provider":[],"tags_all":{}},"after_identity":{"account_id":null,"bucket":null,"key":null,"region":null}}},{"address":"aws_security_group.Data-SG","mode":"managed","type":"aws_security_group","name":"Data-SG","provider_name":"registry.terraform.io/hashicorp/aws","change":{"actions":["create"],"before":null,"after":{"description":"Allow 3306, 11211, 5672 inbound traffic from tomcat and all outbound traffic","name":"Data-SG","region":"eu-central-1","revoke_rules_on_delete":false,"tags":{"Name":"Data-SG"},"tags_all":{"Name":"Data-SG"},"timeouts":null},"after_unknown":{"arn":true,"egress":true,"id":true,"ingress":true,"name_prefix":true,"owner_id":true,"tags":{},"tags_all":{},"vpc_id":true},"before_sensitive":false,"after_sensitive":{"egress":[],"ingress":[],"tags":{},"tags_all":{}},"after_identity":{"account_id":null,"id":null,"region":null}}},{"address":"aws_security_group.Frontend-SG","mode":"managed","type":"aws_security_group","name":"Frontend-SG","provider_name":"registry.terraform.io/hashicorp/aws","change":{"actions":["create"],"before":null,"after":{"description":"Allow SSH and HTTP inbound traffic and all outbound traffic","name":"Frontend-sg","region":"eu-central-1","revoke_rules_on_delete":false,"tags":{"Name":"Frontend-SG"},"tags_all":{"Name":"Frontend-SG"},"timeouts":null},"after_unknown":{"arn":true,"egress":true,"id":true,"ingress":true,"name_prefix":true,"owner_id":true,"tags":{},"tags_all":{},"vpc_id":true},"before_sensitive":false,"after_sensitive":{"egress":[],"ingress":[],"tags":{},"tags_all":{}},"after_identity":{"account_id":null,"id":null,"region":null}}},{"address":"aws_security_group.Tomcat-SG","mode":"managed","type":"aws_security_group","name":"Tomcat-SG","provider_name":"registry.terraform.io/hashicorp/aws","change":{"actions":["create"],"before":null,"after":{"description":"Allow 8080 inbound traffic from Frontend and all outbound traffic","name":"Tomcat-SG","region":"eu-central-1","revoke_rules_on_delete":false,"tags":{"Name":"Tomcat-SG"},"tags_all":{"Name":"Tomcat-SG"},"timeouts":null},"after_unknown":{"arn":true,"egress":true,"id":true,"ingress":true,"name_prefix":true,"owner_id":true,"tags":{},"tags_all":{},"vpc_id":true},"before_sensitive":false,"after_sensitive":{"egress":[],"ingress":[],"tags":{},"tags_all":{}},"after_identity":{"account_id":null,"id":null,"region":null}}},{"address":"aws_vpc_security_group_egress_rule.allow_all_traffic_ipv4_Data","mode":"managed","type":"aws_vpc_security_group_egress_rule","name":"allow_all_traffic_ipv4_Data","provider_name":"registry.terraform.io/hashicorp/aws","change":{"actions":["create"],"before":null,"after":{"cidr_ipv4":"0.0.0.0/0","cidr_ipv6":null,"description":null,"from_port":null,"ip_protocol":"-1","prefix_list_id":null,"referenced_security_group_id":null,"region":"eu-central-1","tags":null,"tags_all":{},"to_port":null},"after_unknown":{"arn":true,"id":true,"security_group_id":true,"security_group_rule_id":true,"tags_all":{}},"before_sensitive":false,"after_sensitive":{"tags_all":{}}}},{"address":"aws_vpc_security_group_egress_rule.allow_all_traffic_ipv4_frontend","mode":"managed","type":"aws_vpc_security_group_egress_rule","name":"allow_all_traffic_ipv4_frontend","provider_name":"registry.terraform.io/hashicorp/aws","change":{"actions":["create"],"before":null,"after":{"cidr_ipv4":"0.0.0.0/0","cidr_ipv6":null,"description":null,"from_port":null,"ip_protocol":"-1","prefix_list_id":null,"referenced_security_group_id":null,"region":"eu-central-1","tags":null,"tags_all":{},"to_port":null},"after_unknown":{"arn":true,"id":true,"security_group_id":true,"security_group_rule_id":true,"tags_all":{}},"before_sensitive":false,"after_sensitive":{"tags_all":{}}}},{"address":"aws_vpc_security_group_egress_rule.allow_all_traffic_ipv4_tomcat","mode":"managed","type":"aws_vpc_security_group_egress_rule","name":"allow_all_traffic_ipv4_tomcat","provider_name":"registry.terraform.io/hashicorp/aws","change":{"actions":["create"],"before":null,"after":{"cidr_ipv4":"0.0.0.0/0","cidr_ipv6":null,"description":null,"from_port":null,"ip_protocol":"-1","prefix_list_id":null,"referenced_security_group_id":null,"region":"eu-central-1","tags":null,"tags_all":{},"to_port":null},"after_unknown":{"arn":true,"id":true,"security_group_id":true,"security_group_rule_id":true,"tags_all":{}},"before_sensitive":false,"after_sensitive":{"tags_all":{}}}},{"address":"aws_vpc_security_group_ingress_rule.allow_11211_from_tomcat-SG","mode":"managed","type":"aws_vpc_security_group_ingress_rule","name":"allow_11211_from_tomcat-SG","provider_name":"registry.terraform.io/hashicorp/aws","change":{"actions":["create"],"before":null,"after":{"cidr_ipv4":null,"cidr_ipv6":null,"description":null,"from_port":11211,"ip_protocol":"tcp","prefix_list_id":null,"region":"eu-central-1","tags":null,"tags_all":{},"to_port":11211},"after_unknown":{"arn":true,"id":true,"referenced_security_group_id":true,"security_group_id":true,"security_group_rule_id":true,"tags_all":{}},"before_sensitive":false,"after_sensitive":{"tags_all":{}}}},{"address":"aws_vpc_security_group_ingress_rule.allow_3306_from_tomcat-SG","mode":"managed","type":"aws_vpc_security_group_ingress_rule","name":"allow_3306_from_tomcat-SG","provider_name":"registry.terraform.io/hashicorp/aws","change":{"actions":["create"],"before":null,"after":{"cidr_ipv4":null,"cidr_ipv6":null,"description":null,"from_port":3306,"ip_protocol":"tcp","prefix_list_id":null,"region":"eu-central-1","tags":null,"tags_all":{},"to_port":3306},"after_unknown":{"arn":true,"id":true,"referenced_security_group_id":true,"security_group_id":true,"security_group_rule_id":true,"tags_all":{}},"before_sensitive":false,"after_sensitive":{"tags_all":{}}}},{"address":"aws_vpc_security_group_ingress_rule.allow_5672_from_tomcat-SG","mode":"managed","type":"aws_vpc_security_group_ingress_rule","name":"allow_5672_from_tomcat-SG","provider_name":"registry.terraform.io/hashicorp/aws","change":{"actions":["create"],"before":null,"after":{"cidr_ipv4":null,"cidr_ipv6":null,"description":null,"from_port":5672,"ip_protocol":"tcp","prefix_list_id":null,"region":"eu-central-1","tags":null,"tags_all":{},"to_port":5672},"after_unknown":{"arn":true,"id":true,"referenced_security_group_id":true,"security_group_id":true,"security_group_rule_id":true,"tags_all":{}},"before_sensitive":false,"after_sensitive":{"tags_all":{}}}},{"address":"aws_vpc_security_group_ingress_rule.allow_8080_from_Everywhere","mode":"managed","type":"aws_vpc_security_group_ingress_rule","name":"allow_8080_from_Everywhere","provider_name":"registry.terraform.io/hashicorp/aws","change":{"actions":["create"],"before":null,"after":{"cidr_ipv4":"0.0.0.0/0","cidr_ipv6":null,"description":null,"from_port":8080,"ip_protocol":"tcp","prefix_list_id":null,"referenced_security_group_id":null,"region":"eu-central-1","tags":null,"tags_all":{},"to_port":8080},"after_unknown":{"arn":true,"id":true,"security_group_id":true,"security_group_rule_id":true,"tags_all":{}},"before_sensitive":false,"after_sensitive":{"tags_all":{}}}},{"address":"aws_vpc_security_group_ingress_rule.allow_8080_from_frontend","mode":"managed","type":"aws_vpc_security_group_ingress_rule","name":"allow_8080_from_frontend","provider_name":"registry.terraform.io/hashicorp/aws","change":{"actions":["create"],"before":null,"after":{"cidr_ipv4":null,"cidr_ipv6":null,"description":null,"from_port":8080,"ip_protocol":"tcp","prefix_list_id":null,"region":"eu-central-1","tags":null,"tags_all":{},"to_port":8080},"after_unknown":{"arn":true,"id":true,"referenced_security_group_id":true,"security_group_id":true,"security_group_rule_id":true,"tags_all":{}},"before_sensitive":false,"after_sensitive":{"tags_all":{}}}},{"address":"aws_vpc_security_group_ingress_rule.allow_http","mode":"managed","type":"aws_vpc_security_group_ingress_rule","name":"allow_http","provider_name":"registry.terraform.io/hashicorp/aws","change":{"actions":["create"],"before":null,"after":{"cidr_ipv4":"0.0.0.0/0","cidr_ipv6":null,"description":null,"from_port":80,"ip_protocol":"tcp","prefix_list_id":null,"referenced_security_group_id":null,"region":"eu-central-1","tags":null,"tags_all":{},"to_port":80},"after_unknown":{"arn":true,"id":true,"security_group_id":true,"security_group_rule_id":true,"tags_all":{}},"before_sensitive":false,"after_sensitive":{"tags_all":{}}}},{"address":"aws_vpc_security_group_ingress_rule.allow_ssh_ipv4_Data","mode":"managed","type":"aws_vpc_security_group_ingress_rule","name":"allow_ssh_ipv4_Data","provider_name":"registry.terraform.io/hashicorp/aws","change":{"actions":["create"],"before":null,"after":{"cidr_ipv4":"0.0.0.0/0","cidr_ipv6":null,"description":null,"from_port":22,"ip_protocol":"tcp","prefix_list_id":null,"referenced_security_group_id":null,"region":"eu-central-1","tags":null,"tags_all":{},"to_port":22},"after_unknown":{"arn":true,"id":true,"security_group_id":true,"security_group_rule_id":true,"tags_all":{}},"before_sensitive":false,"after_sensitive":{"tags_all":{}}}},{"address":"aws_vpc_security_group_ingress_rule.allow_ssh_ipv4_frontend","mode":"managed","type":"aws_vpc_security_group_ingress_rule","name":"allow_ssh_ipv4_frontend","provider_name":"registry.terraform.io/hashicorp/aws","change":{"actions":["create"],"before":null,"after":{"cidr_ipv4":"0.0.0.0/0","cidr_ipv6":null,"description":null,"from_port":22,"ip_protocol":"tcp","prefix_list_id":null,"referenced_security_group_id":null,"region":"eu-central-1","tags":null,"tags_all":{},"to_port":22},"after_unknown":{"arn":true,"id":true,"security_group_id":true,"security_group_rule_id":true,"tags_all":{}},"before_sensitive":false,"after_sensitive":{"tags_all":{}}}},{"address":"aws_vpc_security_group_ingress_rule.allow_ssh_ipv4_tomcat","mode":"managed","type":"aws_vpc_security_group_ingress_rule","name":"allow_ssh_ipv4_tomcat","provider_name":"registry.terraform.io/hashicorp/aws","change":{"actions":["create"],"before":null,"after":{"cidr_ipv4":"0.0.0.0/0","cidr_ipv6":null,"description":null,"from_port":22,"ip_protocol":"tcp","prefix_list_id":null,"referenced_security_group_id":null,"region":"eu-central-1","tags":null,"tags_all":{},"to_port":22},"after_unknown":{"arn":true,"id":true,"security_group_id":true,"security_group_rule_id":true,"tags_all":{}},"before_sensitive":false,"after_sensitive":{"tags_all":{}}}},{"address":"module.ec2_instance_memcache.aws_instance.this[0]","module_address":"module.ec2_instance_memcache","mode":"managed","type":"aws_instance","name":"this","index":0,"provider_name":"registry.terraform.io/hashicorp/aws","change":{"actions":["create"],"before":null,"after":{"ami":"ami-0191d47ba10441f0b","credit_specification":[{"cpu_credits":null}],"enclave_options":[{}],"force_destroy":false,"get_password_data":false,"hibernation":null,"instance_type":"t2.micro","key_name":"EC2_Key_Pair","launch_template":[],"metadata_options":[{"http_endpoint":"enabled","http_protocol_ipv6":"disabled","http_put_response_hop_limit":1,"http_tokens":"required"}],"monitoring":false,"region":"eu-central-1","source_dest_check":true,"tags":{"Environment":"dev","Name":"Memcache-instance","Terraform":"true"},"tags_all":{"Environment":"dev","Name":"Memcache-instance","Terraform":"true"},"timeouts":null,"user_data":"#!/bin/bash\nsudo dnf install memcached -y\nsudo systemctl start memcached\nsudo systemctl enable memcached\nsudo systemctl status memcached\nsed -i 's/127.0.0.1/0.0.0.0/g' /etc/sysconfig/memcached\nsudo systemctl restart memcached\nsudo memcached -p 11211 -U 11111 -u memcached -d\n","user_data_replace_on_change":false,"volume_tags":{"Environment":"dev","Name":"Memcache-instance","Terraform":"true"}},"after_unknown":{"arn":true,"associate_public_ip_address":true,"availability_zone":true,"capacity_reservation_specification":true,"cpu_options":true,"credit_specification":[{}],"disable_api_stop":true,"disable_api_termination":true,"ebs_block_device":true,"ebs_optimized":true,"enable_primary_ipv6":true,"enclave_options":[{"enabled":true}],"ephemeral_block_device":true,"host_id":true,"host_resource_group_arn":true,"iam_instance_profile":true,"id":true,"instance_initiated_shutdown_behavior":true,"instance_lifecycle":true,"instance_market_options":true,"instance_state":true,"ipv6_address_count":true,"ipv6_addresses":true,"launch_template":[],"maintenance_options":true,"metadata_options":[{"instance_metadata_tags":true}],"network_interface":true,"outpost_arn":true,"password_data":true,"placement_group":true,"placement_group_id":true,"placement_partition_number":true,"primary_network_interface":true,"primary_network_interface_id":true,"private_dns":true,"private_dns_name_options":true,"private_ip":true,"public_dns":true,"public_ip":true,"root_block_device":true,"secondary_private_ips":true,"security_groups":true,"spot_instance_request_id":true,"subnet_id":true,"tags":{},"tags_all":{},"tenancy":true,"user_data_base64":true,"volume_tags":{},"vpc_security_group_ids":true},"before_sensitive":false,"after_sensitive":{"capacity_reservation_specification":[],"cpu_options":[],"credit_specification":[{}],"ebs_block_device":[],"enclave_options":[{}],"ephemeral_block_device":[],"instance_market_options":[],"ipv6_addresses":[],"launch_template":[],"maintenance_options":[],"metadata_options":[{}],"network_interface":[],"primary_network_interface":[],"private_dns_name_options":[],"root_block_device":[],"secondary_private_ips":[],"security_groups":[],"tags":{},"tags_all":{},"volume_tags":{},"vpc_security_group_ids":[]},"after_identity":{"account_id":null,"id":null,"region":null}}},{"address":"module.ec2_instance_mysql.aws_instance.this[0]","module_address":"module.ec2_instance_mysql","mode":"managed","type":"aws_instance","name":"this","index":0,"provider_name":"registry.terraform.io/hashicorp/aws","change":{"actions":["create"],"before":null,"after":{"ami":"ami-0191d47ba10441f0b","credit_specification":[{"cpu_credits":null}],"enclave_options":[{}],"force_destroy":false,"get_password_data":false,"hibernation":null,"instance_type":"t2.micro","key_name":"EC2_Key_Pair","launch_template":[],"metadata_options":[{"http_endpoint":"enabled","http_protocol_ipv6":"disabled","http_put_response_hop_limit":1,"http_tokens":"required"}],"monitoring":false,"region":"eu-central-1","source_dest_check":true,"tags":{"Environment":"dev","Name":"MySQL-instance","Terraform":"true"},"tags_all":{"Environment":"dev","Name":"MySQL-instance","Terraform":"true"},"timeouts":null,"user_data":"#!/bin/bash\nDATABASE_PASS='admin123'\nsudo dnf update -y\nsudo dnf install git zip unzip -y\nsudo dnf install mariadb105-server -y\n# starting \u0026 enabling mariadb-server\nsudo systemctl start mariadb\nsudo systemctl enable mariadb\ncd /tmp/\ngit clone -b main https://github.com/hkhcoder/vprofile-project.git\n#restore the dump file for the application\nsudo mysqladmin -u root password \"$DATABASE_PASS\"\nsudo mysql -u root -p\"$DATABASE_PASS\" -e \"ALTER USER 'root'@'localhost' IDENTIFIED BY '$DATABASE_PASS'\"\nsudo mysql -u root -p\"$DATABASE_PASS\" -e \"DELETE FROM mysql.user WHERE User='root' AND Host NOT IN ('localhost', '127.0.0.1', '::1')\"\nsudo mysql -u root -p\"$DATABASE_PASS\" -e \"DELETE FROM mysql.user WHERE User=''\"\nsudo mysql -u root -p\"$DATABASE_PASS\" -e \"DELETE FROM mysql.db WHERE Db='test' OR Db='test\\_%'\"\nsudo mysql -u root -p\"$DATABASE_PASS\" -e \"FLUSH PRIVILEGES\"\nsudo mysql -u root -p\"$DATABASE_PASS\" -e \"create database accounts\"\nsudo mysql -u root -p\"$DATABASE_PASS\" -e \"grant all privileges on accounts.* TO 'admin'@'localhost' identified by 'admin123'\"\nsudo mysql -u root -p\"$DATABASE_PASS\" -e \"grant all privileges on accounts.* TO 'admin'@'%' identified by 'admin123'\"\nsudo mysql -u root -p\"$DATABASE_PASS\" accounts \u003c /tmp/vprofile-project/src/main/resources/db_backup.sql\nsudo mysql -u root -p\"$DATABASE_PASS\" -e \"FLUSH PRIVILEGES\"\n","user_data_replace_on_change":false,"volume_tags":{"Environment":"dev","Name":"MySQL-instance","Terraform":"true"}},"after_unknown":{"arn":true,"associate_public_ip_address":true,"availability_zone":true,"capacity_reservation_specification":true,"cpu_options":true,"credit_specification":[{}],"disable_api_stop":true,"disable_api_termination":true,"ebs_block_device":true,"ebs_optimized":true,"enable_primary_ipv6":true,"enclave_options":[{"enabled":true}],"ephemeral_block_device":true,"host_id":true,"host_resource_group_arn":true,"iam_instance_profile":true,"id":true,"instance_initiated_shutdown_behavior":true,"instance_lifecycle":true,"instance_market_options":true,"instance_state":true,"ipv6_address_count":true,"ipv6_addresses":true,"launch_template":[],"maintenance_options":true,"metadata_options":[{"instance_metadata_tags":true}],"network_interface":true,"outpost_arn":true,"password_data":true,"placement_group":true,"placement_group_id":true,"placement_partition_number":true,"primary_network_interface":true,"primary_network_interface_id":true,"private_dns":true,"private_dns_name_options":true,"private_ip":true,"public_dns":true,"public_ip":true,"root_block_device":true,"secondary_private_ips":true,"security_groups":true,"spot_instance_request_id":true,"subnet_id":true,"tags":{},"tags_all":{},"tenancy":true,"user_data_base64":true,"volume_tags":{},"vpc_security_group_ids":true},"before_sensitive":false,"after_sensitive":{"capacity_reservation_specification":[],"cpu_options":[],"credit_specification":[{}],"ebs_block_device":[],"enclave_options":[{}],"ephemeral_block_device":[],"instance_market_options":[],"ipv6_addresses":[],"launch_template":[],"maintenance_options":[],"metadata_options":[{}],"network_interface":[],"primary_network_interface":[],"private_dns_name_options":[],"root_block_device":[],"secondary_private_ips":[],"security_groups":[],"tags":{},"tags_all":{},"volume_tags":{},"vpc_security_group_ids":[]},"after_identity":{"account_id":null,"id":null,"region":null}}},{"address":"module.ec2_instance_nginx.aws_instance.this[0]","module_address":"module.ec2_instance_nginx","mode":"managed","type":"aws_instance","name":"this","index":0,"provider_name":"registry.terraform.io/hashicorp/aws","change":{"actions":["create"],"before":null,"after":{"ami":"ami-01f79b1e4a5c64257","associate_public_ip_address":true,"credit_specification":[{"cpu_credits":null}],"enclave_options":[{}],"force_destroy":false,"get_password_data":false,"hibernation":null,"instance_type":"t2.micro","key_name":"EC2_Key_Pair","launch_template":[],"metadata_options":[{"http_endpoint":"enabled","http_protocol_ipv6":"disabled","http_put_response_hop_limit":1,"http_tokens":"required"}],"monitoring":false,"region":"eu-central-1","source_dest_check":true,"tags":{"Environment":"dev","Name":"Nginx-instance","Terraform":"true"},"tags_all":{"Environment":"dev","Name":"Nginx-instance","Terraform":"true"},"timeouts":null,"user_data":"#!/bin/bash\nsudo -i\napt update\napt install nginx -y\n\ncat \u003c\u003cEOT \u003e vproapp\nupstream vproapp {\n\n server app01.eprofile.in:8080;\n\n}\n\nserver {\n\n  listen 80;\n\nlocation / {\n\n  proxy_pass http://vproapp;\n\n}\n\n}\n\nEOT\n\nmv vproapp /etc/nginx/sites-available/vproapp\nrm -rf /etc/nginx/sites-enabled/default\nln -s /etc/nginx/sites-available/vproapp /etc/nginx/sites-enabled/vproapp\n\n#starting nginx service and firewall\nsystemctl start nginx\nsystemctl enable nginx\nsystemctl restart nginx\n","user_data_replace_on_change":false,"volume_tags":{"Environment":"dev","Name":"Nginx-instance","Terraform":"true"}},"after_unknown":{"arn":true,"availability_zone":true,"capacity_reservation_specification":true,"cpu_options":true,"credit_specification":[{}],"disable_api_stop":true,"disable_api_termination":true,"ebs_block_device":true,"ebs_optimized":true,"enable_primary_ipv6":true,"enclave_options":[{"enabled":true}],"ephemeral_block_device":true,"host_id":true,"host_resource_group_arn":true,"iam_instance_profile":true,"id":true,"instance_initiated_shutdown_behavior":true,"instance_lifecycle":true,"instance_market_options":true,"instance_state":true,"ipv6_address_count":true,"ipv6_addresses":true,"launch_template":[],"maintenance_options":true,"metadata_options":[{"instance_metadata_tags":true}],"network_interface":true,"outpost_arn":true,"password_data":true,"placement_group":true,"placement_group_id":true,"placement_partition_number":true,"primary_network_interface":true,"primary_network_interface_id":true,"private_dns":true,"private_dns_name_options":true,"private_ip":true,"public_dns":true,"public_ip":true,"root_block_device":true,"secondary_private_ips":true,"security_groups":true,"spot_instance_request_id":true,"subnet_id":true,"tags":{},"tags_all":{},"tenancy":true,"user_data_base64":true,"volume_tags":{},"vpc_security_group_ids":true},"before_sensitive":false,"after_sensitive":{"capacity_reservation_specification":[],"cpu_options":[],"credit_specification":[{}],"ebs_block_device":[],"enclave_options":[{}],"ephemeral_block_device":[],"instance_market_options":[],"ipv6_addresses":[],"launch_template":[],"maintenance_options":[],"metadata_options":[{}],"network_interface":[],"primary_network_interface":[],"private_dns_name_options":[],"root_block_device":[],"secondary_private_ips":[],"security_groups":[],"tags":{},"tags_all":{},"volume_tags":{},"vpc_security_group_ids":[]},"after_identity":{"account_id":null,"id":null,"region":null}}},{"address":"module.ec2_instance_rabbitmq.aws_instance.this[0]","module_address":"module.ec2_instance_rabbitmq","mode":"managed","type":"aws_instance","name":"this","index":0,"provider_name":"registry.terraform.io/hashicorp/aws","change":{"actions":["create"],"before":null,"after":{"ami":"ami-0191d47ba10441f0b","credit_specification":[{"cpu_credits":null}],"enclave_options":[{}],"force_destroy":false,"get_password_data":false,"hibernation":null,"instance_type":"t2.micro","key_name":"EC2_Key_Pair","launch_template":[],"metadata_options":[{"http_endpoint":"enabled","http_protocol_ipv6":"disabled","http_put_response_hop_limit":1,"http_tokens":"required"}],"monitoring":false,"region":"eu-central-1","source_dest_check":true,"tags":{"Environment":"dev","Name":"RabbitMQ-instance","Terraform":"true"},"tags_all":{"Environment":"dev","Name":"RabbitMQ-instance","Terraform":"true"},"timeouts":null,"user_data":"#!/bin/bash\n## primary RabbitMQ signing key\nrpm --import 'https://github.com/rabbitmq/signing-keys/releases/download/3.0/rabbitmq-release-signing-key.asc'\n## modern Erlang repository\nrpm --import 'https://github.com/rabbitmq/signing-keys/releases/download/3.0/cloudsmith.rabbitmq-erlang.E495BB49CC4BBE5B.key'\n## RabbitMQ server repository\nrpm --import 'https://github.com/rabbitmq/signing-keys/releases/download/3.0/cloudsmith.rabbitmq-server.9F4587F226208342.key'\ncurl -o /etc/yum.repos.d/rabbitmq.repo https://raw.githubusercontent.com/hkhcoder/vprofile-project/refs/heads/awsliftandshift/al2023rmq.repo\ndnf update -y\n## install these dependencies from standard OS repositories\ndnf install socat logrotate -y\n## install RabbitMQ and zero dependency Erlang\ndnf install -y erlang rabbitmq-server\nsystemctl enable rabbitmq-server\nsystemctl start rabbitmq-server\nsudo sh -c 'echo \"[{rabbit, [{loopback_users, []}]}].\" \u003e /etc/rabbitmq/rabbitmq.config'\nsudo rabbitmqctl add_user test test\nsudo rabbitmqctl set_user_tags test administrator\nrabbitmqctl set_permissions -p / test \".*\" \".*\" \".*\"\n\nsudo systemctl restart rabbitmq-server\n","user_data_replace_on_change":false,"volume_tags":{"Environment":"dev","Name":"RabbitMQ-instance","Terraform":"true"}},"after_unknown":{"arn":true,"associate_public_ip_address":true,"availability_zone":true,"capacity_reservation_specification":true,"cpu_options":true,"credit_specification":[{}],"disable_api_stop":true,"disable_api_termination":true,"ebs_block_device":true,"ebs_optimized":true,"enable_primary_ipv6":true,"enclave_options":[{"enabled":true}],"ephemeral_block_device":true,"host_id":true,"host_resource_group_arn":true,"iam_instance_profile":true,"id":true,"instance_initiated_shutdown_behavior":true,"instance_lifecycle":true,"instance_market_options":true,"instance_state":true,"ipv6_address_count":true,"ipv6_addresses":true,"launch_template":[],"maintenance_options":true,"metadata_options":[{"instance_metadata_tags":true}],"network_interface":true,"outpost_arn":true,"password_data":true,"placement_group":true,"placement_group_id":true,"placement_partition_number":true,"primary_network_interface":true,"primary_network_interface_id":true,"private_dns":true,"private_dns_name_options":true,"private_ip":true,"public_dns":true,"public_ip":true,"root_block_device":true,"secondary_private_ips":true,"security_groups":true,"spot_instance_request_id":true,"subnet_id":true,"tags":{},"tags_all":{},"tenancy":true,"user_data_base64":true,"volume_tags":{},"vpc_security_group_ids":true},"before_sensitive":false,"after_sensitive":{"capacity_reservation_specification":[],"cpu_options":[],"credit_specification":[{}],"ebs_block_device":[],"enclave_options":[{}],"ephemeral_block_device":[],"instance_market_options":[],"ipv6_addresses":[],"launch_template":[],"maintenance_options":[],"metadata_options":[{}],"network_interface":[],"primary_network_interface":[],"private_dns_name_options":[],"root_block_device":[],"secondary_private_ips":[],"security_groups":[],"tags":{},"tags_all":{},"volume_tags":{},"vpc_security_group_ids":[]},"after_identity":{"account_id":null,"id":null,"region":null}}},{"address":"module.ec2_instance_tomcat.aws_instance.this[0]","module_address":"module.ec2_instance_tomcat","mode":"managed","type":"aws_instance","name":"this","index":0,"provider_name":"registry.terraform.io/hashicorp/aws","change":{"actions":["create"],"before":null,"after":{"ami":"ami-01f79b1e4a5c64257","associate_public_ip_address":true,"credit_specification":[{"cpu_credits":null}],"enclave_options":[{}],"force_destroy":false,"get_password_data":false,"hibernation":null,"iam_instance_profile":"ec2-s3-instance-profile","instance_type":"t2.micro","key_name":"EC2_Key_Pair","launch_template":[],"metadata_options":[{"http_endpoint":"enabled","http_protocol_ipv6":"disabled","http_put_response_hop_limit":1,"http_tokens":"required"}],"monitoring":false,"region":"eu-central-1","source_dest_check":true,"tags":{"Environment":"dev","Name":"Tomcat-instance","Terraform":"true"},"tags_all":{"Environment":"dev","Name":"Tomcat-instance","Terraform":"true"},"timeouts":null,"user_data":"#!/bin/bash\nsudo apt update\nsudo apt upgrade -y\n\nsudo apt install openjdk-17-jdk -y\n\nsudo apt install tomcat10 tomcat10-admin tomcat10-docs tomcat10-common git -y\n\nsudo snap install aws-cli --classic\n\nsudo rm -rf /var/lib/tomcat10/webapps/ROOT\n\necho \"Downloading Artifact from S3...\"\naws s3 cp s3://s3-terraform-2026-java-artifacts1598/vprofile-v2.war /var/lib/tomcat10/webapps/ROOT.war\n\nsudo systemctl start tomcat10\nsudo systemctl enable tomcat10\nsudo systemctl restart tomcat10","user_data_replace_on_change":false,"volume_tags":{"Environment":"dev","Name":"Tomcat-instance","Terraform":"true"}},"after_unknown":{"arn":true,"availability_zone":true,"capacity_reservation_specification":true,"cpu_options":true,"credit_specification":[{}],"disable_api_stop":true,"disable_api_termination":true,"ebs_block_device":true,"ebs_optimized":true,"enable_primary_ipv6":true,"enclave_options":[{"enabled":true}],"ephemeral_block_device":true,"host_id":true,"host_resource_group_arn":true,"id":true,"instance_initiated_shutdown_behavior":true,"instance_lifecycle":true,"instance_market_options":true,"instance_state":true,"ipv6_address_count":true,"ipv6_addresses":true,"launch_template":[],"maintenance_options":true,"metadata_options":[{"instance_metadata_tags":true}],"network_interface":true,"outpost_arn":true,"password_data":true,"placement_group":true,"placement_group_id":true,"placement_partition_number":true,"primary_network_interface":true,"primary_network_interface_id":true,"private_dns":true,"private_dns_name_options":true,"private_ip":true,"public_dns":true,"public_ip":true,"root_block_device":true,"secondary_private_ips":true,"security_groups":true,"spot_instance_request_id":true,"subnet_id":true,"tags":{},"tags_all":{},"tenancy":true,"user_data_base64":true,"volume_tags":{},"vpc_security_group_ids":true},"before_sensitive":false,"after_sensitive":{"capacity_reservation_specification":[],"cpu_options":[],"credit_specification":[{}],"ebs_block_device":[],"enclave_options":[{}],"ephemeral_block_device":[],"instance_market_options":[],"ipv6_addresses":[],"launch_template":[],"maintenance_options":[],"metadata_options":[{}],"network_interface":[],"primary_network_interface":[],"private_dns_name_options":[],"root_block_device":[],"secondary_private_ips":[],"security_groups":[],"tags":{},"tags_all":{},"volume_tags":{},"vpc_security_group_ids":[]},"after_identity":{"account_id":null,"id":null,"region":null}}},{"address":"module.vpc.aws_default_network_acl.this[0]","module_address":"module.vpc","mode":"managed","type":"aws_default_network_acl","name":"this","index":0,"provider_name":"registry.terraform.io/hashicorp/aws","change":{"actions":["create"],"before":null,"after":{"egress":[{"action":"allow","cidr_block":"","from_port":0,"icmp_code":null,"icmp_type":null,"ipv6_cidr_block":"::/0","protocol":"-1","rule_no":101,"to_port":0},{"action":"allow","cidr_block":"0.0.0.0/0","from_port":0,"icmp_code":null,"icmp_type":null,"ipv6_cidr_block":"","protocol":"-1","rule_no":100,"to_port":0}],"ingress":[{"action":"allow","cidr_block":"","from_port":0,"icmp_code":null,"icmp_type":null,"ipv6_cidr_block":"::/0","protocol":"-1","rule_no":101,"to_port":0},{"action":"allow","cidr_block":"0.0.0.0/0","from_port":0,"icmp_code":null,"icmp_type":null,"ipv6_cidr_block":"","protocol":"-1","rule_no":100,"to_port":0}],"region":"eu-central-1","subnet_ids":null,"tags":{"Environment":"dev","Name":"Eprofile-VPC-default","Terraform":"true"},"tags_all":{"Environment":"dev","Name":"Eprofile-VPC-default","Terraform":"true"}},"after_unknown":{"arn":true,"default_network_acl_id":true,"egress":[{},{}],"id":true,"ingress":[{},{}],"owner_id":true,"tags":{},"tags_all":{},"vpc_id":true},"before_sensitive":false,"after_sensitive":{"egress":[{},{}],"ingress":[{},{}],"tags":{},"tags_all":{}}}},{"address":"module.vpc.aws_default_route_table.default[0]","module_address":"module.vpc","mode":"managed","type":"aws_default_route_table","name":"default","index":0,"provider_name":"registry.terraform.io/hashicorp/aws","change":{"actions":["create"],"before":null,"after":{"propagating_vgws":null,"region":"eu-central-1","tags":{"Environment":"dev","Name":"Eprofile-VPC-default","Terraform":"true"},"tags_all":{"Environment":"dev","Name":"Eprofile-VPC-default","Terraform":"true"},"timeouts":{"create":"5m","update":"5m"}},"after_unknown":{"arn":true,"default_route_table_id":true,"id":true,"owner_id":true,"route":true,"tags":{},"tags_all":{},"timeouts":{},"vpc_id":true},"before_sensitive":false,"after_sensitive":{"route":[],"tags":{},"tags_all":{},"timeouts":{}}}},{"address":"module.vpc.aws_default_security_group.this[0]","module_address":"module.vpc","mode":"managed","type":"aws_default_security_group","name":"this","index":0,"provider_name":"registry.terraform.io/hashicorp/aws","change":{"actions":["create"],"before":null,"after":{"region":"eu-central-1","revoke_rules_on_delete":false,"tags":{"Environment":"dev","Name":"Eprofile-VPC-default","Terraform":"true"},"tags_all":{"Environment":"dev","Name":"Eprofile-VPC-default","Terraform":"true"}},"after_unknown":{"arn":true,"description":true,"egress":true,"id":true,"ingress":true,"name":true,"name_prefix":true,"owner_id":true,"tags":{},"tags_all":{},"vpc_id":true},"before_sensitive":false,"after_sensitive":{"egress":[],"ingress":[],"tags":{},"tags_all":{}}}},{"address":"module.vpc.aws_eip.nat[0]","module_address":"module.vpc","mode":"managed","type":"aws_eip","name":"nat","index":0,"provider_name":"registry.terraform.io/hashicorp/aws","change":{"actions":["create"],"before":null,"after":{"address":null,"associate_with_private_ip":null,"customer_owned_ipv4_pool":null,"domain":"vpc","region":"eu-central-1","tags":{"Environment":"dev","Name":"Eprofile-VPC-eu-central-1a","Terraform":"true"},"tags_all":{"Environment":"dev","Name":"Eprofile-VPC-eu-central-1a","Terraform":"true"},"timeouts":null},"after_unknown":{"allocation_id":true,"arn":true,"association_id":true,"carrier_ip":true,"customer_owned_ip":true,"id":true,"instance":true,"ipam_pool_id":true,"network_border_group":true,"network_interface":true,"private_dns":true,"private_ip":true,"ptr_record":true,"public_dns":true,"public_ip":true,"public_ipv4_pool":true,"tags":{},"tags_all":{}},"before_sensitive":false,"after_sensitive":{"tags":{},"tags_all":{}}}},{"address":"module.vpc.aws_internet_gateway.this[0]","module_address":"module.vpc","mode":"managed","type":"aws_internet_gateway","name":"this","index":0,"provider_name":"registry.terraform.io/hashicorp/aws","change":{"actions":["create"],"before":null,"after":{"region":"eu-central-1","tags":{"Environment":"dev","Name":"Eprofile-VPC","Terraform":"true"},"tags_all":{"Environment":"dev","Name":"Eprofile-VPC","Terraform":"true"},"timeouts":null},"after_unknown":{"arn":true,"id":true,"owner_id":true,"tags":{},"tags_all":{},"vpc_id":true},"before_sensitive":false,"after_sensitive":{"tags":{},"tags_all":{}}}},{"address":"module.vpc.aws_nat_gateway.this[0]","module_address":"module.vpc","mode":"managed","type":"aws_nat_gateway","name":"this","index":0,"provider_name":"registry.terraform.io/hashicorp/aws","change":{"actions":["create"],"before":null,"after":{"availability_zone_address":[],"connectivity_type":"public","region":"eu-central-1","tags":{"Environment":"dev","Name":"Eprofile-VPC-eu-central-1a","Terraform":"true"},"tags_all":{"Environment":"dev","Name":"Eprofile-VPC-eu-central-1a","Terraform":"true"},"timeouts":null},"after_unknown":{"allocation_id":true,"association_id":true,"auto_provision_zones":true,"auto_scaling_ips":true,"availability_mode":true,"availability_zone_address":[],"id":true,"network_interface_id":true,"private_ip":true,"public_ip":true,"regional_nat_gateway_address":true,"regional_nat_gateway_auto_mode":true,"route_table_id":true,"secondary_allocation_ids":true,"secondary_private_ip_address_count":true,"secondary_private_ip_addresses":true,"subnet_id":true,"tags":{},"tags_all":{},"vpc_id":true},"before_sensitive":false,"after_sensitive":{"availability_zone_address":[],"regional_nat_gateway_address":[],"secondary_allocation_ids":[],"secondary_private_ip_addresses":[],"tags":{},"tags_all":{}}}},{"address":"module.vpc.aws_route.private_nat_gateway[0]","module_address":"module.vpc","mode":"managed","type":"aws_route","name":"private_nat_gateway","index":0,"provider_name":"registry.terraform.io/hashicorp/aws","change":{"actions":["create"],"before":null,"after":{"carrier_gateway_id":null,"core_network_arn":null,"destination_cidr_block":"0.0.0.0/0","destination_ipv6_cidr_block":null,"destination_prefix_list_id":null,"egress_only_gateway_id":null,"gateway_id":null,"local_gateway_id":null,"region":"eu-central-1","timeouts":{"create":"5m","delete":null,"update":null},"transit_gateway_id":null,"vpc_endpoint_id":null,"vpc_peering_connection_id":null},"after_unknown":{"id":true,"instance_id":true,"instance_owner_id":true,"nat_gateway_id":true,"network_interface_id":true,"origin":true,"route_table_id":true,"state":true,"timeouts":{}},"before_sensitive":false,"after_sensitive":{"timeouts":{}},"after_identity":{"account_id":null,"destination_cidr_block":null,"destination_ipv6_cidr_block":null,"destination_prefix_list_id":null,"region":null,"route_table_id":null}}},{"address":"module.vpc.aws_route.public_internet_gateway[0]","module_address":"module.vpc","mode":"managed","type":"aws_route","name":"public_internet_gateway","index":0,"provider_name":"registry.terraform.io/hashicorp/aws","change":{"actions":["create"],"before":null,"after":{"carrier_gateway_id":null,"core_network_arn":null,"destination_cidr_block":"0.0.0.0/0","destination_ipv6_cidr_block":null,"destination_prefix_list_id":null,"egress_only_gateway_id":null,"local_gateway_id":null,"nat_gateway_id":null,"region":"eu-central-1","timeouts":{"create":"5m","delete":null,"update":null},"transit_gateway_id":null,"vpc_endpoint_id":null,"vpc_peering_connection_id":null},"after_unknown":{"gateway_id":true,"id":true,"instance_id":true,"instance_owner_id":true,"network_interface_id":true,"origin":true,"route_table_id":true,"state":true,"timeouts":{}},"before_sensitive":false,"after_sensitive":{"timeouts":{}},"after_identity":{"account_id":null,"destination_cidr_block":null,"destination_ipv6_cidr_block":null,"destination_prefix_list_id":null,"region":null,"route_table_id":null}}},{"address":"module.vpc.aws_route_table.private[0]","module_address":"module.vpc","mode":"managed","type":"aws_route_table","name":"private","index":0,"provider_name":"registry.terraform.io/hashicorp/aws","change":{"actions":["create"],"before":null,"after":{"region":"eu-central-1","tags":{"Environment":"dev","Name":"Eprofile-VPC-private","Terraform":"true"},"tags_all":{"Environment":"dev","Name":"Eprofile-VPC-private","Terraform":"true"},"timeouts":null},"after_unknown":{"arn":true,"id":true,"owner_id":true,"propagating_vgws":true,"route":true,"tags":{},"tags_all":{},"vpc_id":true},"before_sensitive":false,"after_sensitive":{"propagating_vgws":[],"route":[],"tags":{},"tags_all":{}},"after_identity":{"account_id":null,"id":null,"region":null}}},{"address":"module.vpc.aws_route_table.public[0]","module_address":"module.vpc","mode":"managed","type":"aws_route_table","name":"public","index":0,"provider_name":"registry.terraform.io/hashicorp/aws","change":{"actions":["create"],"before":null,"after":{"region":"eu-central-1","tags":{"Environment":"dev","Name":"Eprofile-VPC-public","Terraform":"true"},"tags_all":{"Environment":"dev","Name":"Eprofile-VPC-public","Terraform":"true"},"timeouts":null},"after_unknown":{"arn":true,"id":true,"owner_id":true,"propagating_vgws":true,"route":true,"tags":{},"tags_all":{},"vpc_id":true},"before_sensitive":false,"after_sensitive":{"propagating_vgws":[],"route":[],"tags":{},"tags_all":{}},"after_identity":{"account_id":null,"id":null,"region":null}}},{"address":"module.vpc.aws_route_table_association.private[0]","module_address":"module.vpc","mode":"managed","type":"aws_route_table_association","name":"private","index":0,"provider_name":"registry.terraform.io/hashicorp/aws","change":{"actions":["create"],"before":null,"after":{"gateway_id":null,"region":"eu-central-1","timeouts":null},"after_unknown":{"id":true,"route_table_id":true,"subnet_id":true},"before_sensitive":false,"after_sensitive":{}}},{"address":"module.vpc.aws_route_table_association.private[1]","module_address":"module.vpc","mode":"managed","type":"aws_route_table_association","name":"private","index":1,"provider_name":"registry.terraform.io/hashicorp/aws","change":{"actions":["create"],"before":null,"after":{"gateway_id":null,"region":"eu-central-1","timeouts":null},"after_unknown":{"id":true,"route_table_id":true,"subnet_id":true},"before_sensitive":false,"after_sensitive":{}}},{"address":"module.vpc.aws_route_table_association.private[2]","module_address":"module.vpc","mode":"managed","type":"aws_route_table_association","name":"private","index":2,"provider_name":"registry.terraform.io/hashicorp/aws","change":{"actions":["create"],"before":null,"after":{"gateway_id":null,"region":"eu-central-1","timeouts":null},"after_unknown":{"id":true,"route_table_id":true,"subnet_id":true},"before_sensitive":false,"after_sensitive":{}}},{"address":"module.vpc.aws_route_table_association.public[0]","module_address":"module.vpc","mode":"managed","type":"aws_route_table_association","name":"public","index":0,"provider_name":"registry.terraform.io/hashicorp/aws","change":{"actions":["create"],"before":null,"after":{"gateway_id":null,"region":"eu-central-1","timeouts":null},"after_unknown":{"id":true,"route_table_id":true,"subnet_id":true},"before_sensitive":false,"after_sensitive":{}}},{"address":"module.vpc.aws_route_table_association.public[1]","module_address":"module.vpc","mode":"managed","type":"aws_route_table_association","name":"public","index":1,"provider_name":"registry.terraform.io/hashicorp/aws","change":{"actions":["create"],"before":null,"after":{"gateway_id":null,"region":"eu-central-1","timeouts":null},"after_unknown":{"id":true,"route_table_id":true,"subnet_id":true},"before_sensitive":false,"after_sensitive":{}}},{"address":"module.vpc.aws_route_table_association.public[2]","module_address":"module.vpc","mode":"managed","type":"aws_route_table_association","name":"public","index":2,"provider_name":"registry.terraform.io/hashicorp/aws","change":{"actions":["create"],"before":null,"after":{"gateway_id":null,"region":"eu-central-1","timeouts":null},"after_unknown":{"id":true,"route_table_id":true,"subnet_id":true},"before_sensitive":false,"after_sensitive":{}}},{"address":"module.vpc.aws_subnet.private[0]","module_address":"module.vpc","mode":"managed","type":"aws_subnet","name":"private","index":0,"provider_name":"registry.terraform.io/hashicorp/aws","change":{"actions":["create"],"before":null,"after":{"assign_ipv6_address_on_creation":false,"availability_zone":"eu-central-1a","cidr_block":"10.0.4.0/24","customer_owned_ipv4_pool":null,"enable_dns64":false,"enable_lni_at_device_index":null,"enable_resource_name_dns_a_record_on_launch":false,"enable_resource_name_dns_aaaa_record_on_launch":false,"ipv4_ipam_pool_id":null,"ipv4_netmask_length":null,"ipv6_ipam_pool_id":null,"ipv6_native":false,"ipv6_netmask_length":null,"map_customer_owned_ip_on_launch":null,"map_public_ip_on_launch":false,"outpost_arn":null,"region":"eu-central-1","tags":{"Environment":"dev","Name":"Eprofile-VPC-private-eu-central-1a","Terraform":"true"},"tags_all":{"Environment":"dev","Name":"Eprofile-VPC-private-eu-central-1a","Terraform":"true"},"timeouts":null},"after_unknown":{"arn":true,"availability_zone_id":true,"id":true,"ipv6_cidr_block":true,"ipv6_cidr_block_association_id":true,"owner_id":true,"private_dns_hostname_type_on_launch":true,"tags":{},"tags_all":{},"vpc_id":true},"before_sensitive":false,"after_sensitive":{"tags":{},"tags_all":{}},"after_identity":{"account_id":null,"id":null,"region":null}}},{"address":"module.vpc.aws_subnet.private[1]","module_address":"module.vpc","mode":"managed","type":"aws_subnet","name":"private","index":1,"provider_name":"registry.terraform.io/hashicorp/aws","change":{"actions":["create"],"before":null,"after":{"assign_ipv6_address_on_creation":false,"availability_zone":"eu-central-1b","cidr_block":"10.0.5.0/24","customer_owned_ipv4_pool":null,"enable_dns64":false,"enable_lni_at_device_index":null,"enable_resource_name_dns_a_record_on_launch":false,"enable_resource_name_dns_aaaa_record_on_launch":false,"ipv4_ipam_pool_id":null,"ipv4_netmask_length":null,"ipv6_ipam_pool_id":null,"ipv6_native":false,"ipv6_netmask_length":null,"map_customer_owned_ip_on_launch":null,"map_public_ip_on_launch":false,"outpost_arn":null,"region":"eu-central-1","tags":{"Environment":"dev","Name":"Eprofile-VPC-private-eu-central-1b","Terraform":"true"},"tags_all":{"Environment":"dev","Name":"Eprofile-VPC-private-eu-central-1b","Terraform":"true"},"timeouts":null},"after_unknown":{"arn":true,"availability_zone_id":true,"id":true,"ipv6_cidr_block":true,"ipv6_cidr_block_association_id":true,"owner_id":true,"private_dns_hostname_type_on_launch":true,"tags":{},"tags_all":{},"vpc_id":true},"before_sensitive":false,"after_sensitive":{"tags":{},"tags_all":{}},"after_identity":{"account_id":null,"id":null,"region":null}}},{"address":"module.vpc.aws_subnet.private[2]","module_address":"module.vpc","mode":"managed","type":"aws_subnet","name":"private","index":2,"provider_name":"registry.terraform.io/hashicorp/aws","change":{"actions":["create"],"before":null,"after":{"assign_ipv6_address_on_creation":false,"availability_zone":"eu-central-1c","cidr_block":"10.0.6.0/24","customer_owned_ipv4_pool":null,"enable_dns64":false,"enable_lni_at_device_index":null,"enable_resource_name_dns_a_record_on_launch":false,"enable_resource_name_dns_aaaa_record_on_launch":false,"ipv4_ipam_pool_id":null,"ipv4_netmask_length":null,"ipv6_ipam_pool_id":null,"ipv6_native":false,"ipv6_netmask_length":null,"map_customer_owned_ip_on_launch":null,"map_public_ip_on_launch":false,"outpost_arn":null,"region":"eu-central-1","tags":{"Environment":"dev","Name":"Eprofile-VPC-private-eu-central-1c","Terraform":"true"},"tags_all":{"Environment":"dev","Name":"Eprofile-VPC-private-eu-central-1c","Terraform":"true"},"timeouts":null},"after_unknown":{"arn":true,"availability_zone_id":true,"id":true,"ipv6_cidr_block":true,"ipv6_cidr_block_association_id":true,"owner_id":true,"private_dns_hostname_type_on_launch":true,"tags":{},"tags_all":{},"vpc_id":true},"before_sensitive":false,"after_sensitive":{"tags":{},"tags_all":{}},"after_identity":{"account_id":null,"id":null,"region":null}}},{"address":"module.vpc.aws_subnet.public[0]","module_address":"module.vpc","mode":"managed","type":"aws_subnet","name":"public","index":0,"provider_name":"registry.terraform.io/hashicorp/aws","change":{"actions":["create"],"before":null,"after":{"assign_ipv6_address_on_creation":false,"availability_zone":"eu-central-1a","cidr_block":"10.0.0.0/24","customer_owned_ipv4_pool":null,"enable_dns64":false,"enable_lni_at_device_index":null,"enable_resource_name_dns_a_record_on_launch":false,"enable_resource_name_dns_aaaa_record_on_launch":false,"ipv4_ipam_pool_id":null,"ipv4_netmask_length":null,"ipv6_ipam_pool_id":null,"ipv6_native":false,"ipv6_netmask_length":null,"map_customer_owned_ip_on_launch":null,"map_public_ip_on_launch":true,"outpost_arn":null,"region":"eu-central-1","tags":{"Environment":"dev","Name":"Eprofile-VPC-public-eu-central-1a","Terraform":"true"},"tags_all":{"Environment":"dev","Name":"Eprofile-VPC-public-eu-central-1a","Terraform":"true"},"timeouts":null},"after_unknown":{"arn":true,"availability_zone_id":true,"id":true,"ipv6_cidr_block":true,"ipv6_cidr_block_association_id":true,"owner_id":true,"private_dns_hostname_type_on_launch":true,"tags":{},"tags_all":{},"vpc_id":true},"before_sensitive":false,"after_sensitive":{"tags":{},"tags_all":{}},"after_identity":{"account_id":null,"id":null,"region":null}}},{"address":"module.vpc.aws_subnet.public[1]","module_address":"module.vpc","mode":"managed","type":"aws_subnet","name":"public","index":1,"provider_name":"registry.terraform.io/hashicorp/aws","change":{"actions":["create"],"before":null,"after":{"assign_ipv6_address_on_creation":false,"availability_zone":"eu-central-1b","cidr_block":"10.0.1.0/24","customer_owned_ipv4_pool":null,"enable_dns64":false,"enable_lni_at_device_index":null,"enable_resource_name_dns_a_record_on_launch":false,"enable_resource_name_dns_aaaa_record_on_launch":false,"ipv4_ipam_pool_id":null,"ipv4_netmask_length":null,"ipv6_ipam_pool_id":null,"ipv6_native":false,"ipv6_netmask_length":null,"map_customer_owned_ip_on_launch":null,"map_public_ip_on_launch":true,"outpost_arn":null,"region":"eu-central-1","tags":{"Environment":"dev","Name":"Eprofile-VPC-public-eu-central-1b","Terraform":"true"},"tags_all":{"Environment":"dev","Name":"Eprofile-VPC-public-eu-central-1b","Terraform":"true"},"timeouts":null},"after_unknown":{"arn":true,"availability_zone_id":true,"id":true,"ipv6_cidr_block":true,"ipv6_cidr_block_association_id":true,"owner_id":true,"private_dns_hostname_type_on_launch":true,"tags":{},"tags_all":{},"vpc_id":true},"before_sensitive":false,"after_sensitive":{"tags":{},"tags_all":{}},"after_identity":{"account_id":null,"id":null,"region":null}}},{"address":"module.vpc.aws_subnet.public[2]","module_address":"module.vpc","mode":"managed","type":"aws_subnet","name":"public","index":2,"provider_name":"registry.terraform.io/hashicorp/aws","change":{"actions":["create"],"before":null,"after":{"assign_ipv6_address_on_creation":false,"availability_zone":"eu-central-1c","cidr_block":"10.0.2.0/24","customer_owned_ipv4_pool":null,"enable_dns64":false,"enable_lni_at_device_index":null,"enable_resource_name_dns_a_record_on_launch":false,"enable_resource_name_dns_aaaa_record_on_launch":false,"ipv4_ipam_pool_id":null,"ipv4_netmask_length":null,"ipv6_ipam_pool_id":null,"ipv6_native":false,"ipv6_netmask_length":null,"map_customer_owned_ip_on_launch":null,"map_public_ip_on_launch":true,"outpost_arn":null,"region":"eu-central-1","tags":{"Environment":"dev","Name":"Eprofile-VPC-public-eu-central-1c","Terraform":"true"},"tags_all":{"Environment":"dev","Name":"Eprofile-VPC-public-eu-central-1c","Terraform":"true"},"timeouts":null},"after_unknown":{"arn":true,"availability_zone_id":true,"id":true,"ipv6_cidr_block":true,"ipv6_cidr_block_association_id":true,"owner_id":true,"private_dns_hostname_type_on_launch":true,"tags":{},"tags_all":{},"vpc_id":true},"before_sensitive":false,"after_sensitive":{"tags":{},"tags_all":{}},"after_identity":{"account_id":null,"id":null,"region":null}}},{"address":"module.vpc.aws_vpc.this[0]","module_address":"module.vpc","mode":"managed","type":"aws_vpc","name":"this","index":0,"provider_name":"registry.terraform.io/hashicorp/aws","change":{"actions":["create"],"before":null,"after":{"assign_generated_ipv6_cidr_block":null,"cidr_block":"10.0.0.0/16","enable_dns_hostnames":true,"enable_dns_support":true,"instance_tenancy":"default","ipv4_ipam_pool_id":null,"ipv4_netmask_length":null,"ipv6_ipam_pool_id":null,"ipv6_netmask_length":null,"region":"eu-central-1","tags":{"Environment":"dev","Name":"Eprofile-VPC","Terraform":"true"},"tags_all":{"Environment":"dev","Name":"Eprofile-VPC","Terraform":"true"}},"after_unknown":{"arn":true,"default_network_acl_id":true,"default_route_table_id":true,"default_security_group_id":true,"dhcp_options_id":true,"enable_network_address_usage_metrics":true,"id":true,"ipv6_association_id":true,"ipv6_cidr_block":true,"ipv6_cidr_block_network_border_group":true,"main_route_table_id":true,"owner_id":true,"tags":{},"tags_all":{}},"before_sensitive":false,"after_sensitive":{"tags":{},"tags_all":{}},"after_identity":{"account_id":null,"id":null,"region":null}}}],"output_changes":{"internal_ips":{"actions":["create"],"before":null,"after":{},"after_unknown":{"db_private":true,"mc_private":true,"rmq_private":true},"before_sensitive":false,"after_sensitive":false},"ssh_commands":{"actions":["create"],"before":null,"after":{},"after_unknown":{"mysql":true,"nginx":true,"tomcat":true},"before_sensitive":false,"after_sensitive":false},"website_url":{"actions":["create"],"before":null,"after_unknown":true,"before_sensitive":false,"after_sensitive":false}},"prior_state":{"format_version":"1.0","terraform_version":"1.14.0","values":{"root_module":{"resources":[{"address":"data.aws_iam_policy_document.ec2_assume_role","mode":"data","type":"aws_iam_policy_document","name":"ec2_assume_role","provider_name":"registry.terraform.io/hashicorp/aws","schema_version":0,"values":{"id":"2851119427","json":"{\n  \"Version\": \"2012-10-17\",\n  \"Statement\": [\n    {\n      \"Effect\": \"Allow\",\n      \"Action\": \"sts:AssumeRole\",\n      \"Principal\": {\n        \"Service\": \"ec2.amazonaws.com\"\n      }\n    }\n  ]\n}","minified_json":"{\"Version\":\"2012-10-17\",\"Statement\":[{\"Effect\":\"Allow\",\"Action\":\"sts:AssumeRole\",\"Principal\":{\"Service\":\"ec2.amazonaws.com\"}}]}","override_json":null,"override_policy_documents":null,"policy_id":null,"source_json":null,"source_policy_documents":null,"statement":[{"actions":["sts:AssumeRole"],"condition":[],"effect":"Allow","not_actions":[],"not_principals":[],"not_resources":[],"principals":[{"identifiers":["ec2.amazonaws.com"],"type":"Service"}],"resources":[],"sid":""}],"version":"2012-10-17"},"sensitive_values":{"statement":[{"actions":[false],"condition":[],"not_actions":[],"not_principals":[],"not_resources":[],"principals":[{"identifiers":[false]}],"resources":[]}]}}],"child_modules":[{"resources":[{"address":"module.ec2_instance_memcache.data.aws_partition.current","mode":"data","type":"aws_partition","name":"current","provider_name":"registry.terraform.io/hashicorp/aws","schema_version":0,"values":{"dns_suffix":"amazonaws.com","id":"aws","partition":"aws","reverse_dns_prefix":"com.amazonaws"},"sensitive_values":{}},{"address":"module.ec2_instance_memcache.data.aws_ssm_parameter.this","mode":"data","type":"aws_ssm_parameter","name":"this","provider_name":"registry.terraform.io/hashicorp/aws","schema_version":0,"values":{"arn":"arn:aws:ssm:eu-central-1::parameter/aws/service/ami-amazon-linux-latest/al2023-ami-kernel-default-x86_64","id":"/aws/service/ami-amazon-linux-latest/al2023-ami-kernel-default-x86_64","insecure_value":"ami-0191d47ba10441f0b","name":"/aws/service/ami-amazon-linux-latest/al2023-ami-kernel-default-x86_64","region":"eu-central-1","type":"String","value":"ami-0191d47ba10441f0b","version":145,"with_decryption":true},"sensitive_values":{"value":true}}],"address":"module.ec2_instance_memcache"},{"resources":[{"address":"module.ec2_instance_mysql.data.aws_partition.current","mode":"data","type":"aws_partition","name":"current","provider_name":"registry.terraform.io/hashicorp/aws","schema_version":0,"values":{"dns_suffix":"amazonaws.com","id":"aws","partition":"aws","reverse_dns_prefix":"com.amazonaws"},"sensitive_values":{}},{"address":"module.ec2_instance_mysql.data.aws_ssm_parameter.this","mode":"data","type":"aws_ssm_parameter","name":"this","provider_name":"registry.terraform.io/hashicorp/aws","schema_version":0,"values":{"arn":"arn:aws:ssm:eu-central-1::parameter/aws/service/ami-amazon-linux-latest/al2023-ami-kernel-default-x86_64","id":"/aws/service/ami-amazon-linux-latest/al2023-ami-kernel-default-x86_64","insecure_value":"ami-0191d47ba10441f0b","name":"/aws/service/ami-amazon-linux-latest/al2023-ami-kernel-default-x86_64","region":"eu-central-1","type":"String","value":"ami-0191d47ba10441f0b","version":145,"with_decryption":true},"sensitive_values":{"value":true}}],"address":"module.ec2_instance_mysql"},{"resources":[{"address":"module.ec2_instance_nginx.data.aws_partition.current","mode":"data","type":"aws_partition","name":"current","provider_name":"registry.terraform.io/hashicorp/aws","schema_version":0,"values":{"dns_suffix":"amazonaws.com","id":"aws","partition":"aws","reverse_dns_prefix":"com.amazonaws"},"sensitive_values":{}},{"address":"module.ec2_instance_nginx.data.aws_ssm_parameter.this","mode":"data","type":"aws_ssm_parameter","name":"this","provider_name":"registry.terraform.io/hashicorp/aws","schema_version":0,"values":{"arn":"arn:aws:ssm:eu-central-1::parameter/aws/service/ami-amazon-linux-latest/al2023-ami-kernel-default-x86_64","id":"/aws/service/ami-amazon-linux-latest/al2023-ami-kernel-default-x86_64","insecure_value":"ami-0191d47ba10441f0b","name":"/aws/service/ami-amazon-linux-latest/al2023-ami-kernel-default-x86_64","region":"eu-central-1","type":"String","value":"ami-0191d47ba10441f0b","version":145,"with_decryption":true},"sensitive_values":{"value":true}}],"address":"module.ec2_instance_nginx"},{"resources":[{"address":"module.ec2_instance_rabbitmq.data.aws_partition.current","mode":"data","type":"aws_partition","name":"current","provider_name":"registry.terraform.io/hashicorp/aws","schema_version":0,"values":{"dns_suffix":"amazonaws.com","id":"aws","partition":"aws","reverse_dns_prefix":"com.amazonaws"},"sensitive_values":{}},{"address":"module.ec2_instance_rabbitmq.data.aws_ssm_parameter.this","mode":"data","type":"aws_ssm_parameter","name":"this","provider_name":"registry.terraform.io/hashicorp/aws","schema_version":0,"values":{"arn":"arn:aws:ssm:eu-central-1::parameter/aws/service/ami-amazon-linux-latest/al2023-ami-kernel-default-x86_64","id":"/aws/service/ami-amazon-linux-latest/al2023-ami-kernel-default-x86_64","insecure_value":"ami-0191d47ba10441f0b","name":"/aws/service/ami-amazon-linux-latest/al2023-ami-kernel-default-x86_64","region":"eu-central-1","type":"String","value":"ami-0191d47ba10441f0b","version":145,"with_decryption":true},"sensitive_values":{"value":true}}],"address":"module.ec2_instance_rabbitmq"},{"resources":[{"address":"module.ec2_instance_tomcat.data.aws_partition.current","mode":"data","type":"aws_partition","name":"current","provider_name":"registry.terraform.io/hashicorp/aws","schema_version":0,"values":{"dns_suffix":"amazonaws.com","id":"aws","partition":"aws","reverse_dns_prefix":"com.amazonaws"},"sensitive_values":{}},{"address":"module.ec2_instance_tomcat.data.aws_ssm_parameter.this","mode":"data","type":"aws_ssm_parameter","name":"this","provider_name":"registry.terraform.io/hashicorp/aws","schema_version":0,"values":{"arn":"arn:aws:ssm:eu-central-1::parameter/aws/service/ami-amazon-linux-latest/al2023-ami-kernel-default-x86_64","id":"/aws/service/ami-amazon-linux-latest/al2023-ami-kernel-default-x86_64","insecure_value":"ami-0191d47ba10441f0b","name":"/aws/service/ami-amazon-linux-latest/al2023-ami-kernel-default-x86_64","region":"eu-central-1","type":"String","value":"ami-0191d47ba10441f0b","version":145,"with_decryption":true},"sensitive_values":{"value":true}}],"address":"module.ec2_instance_tomcat"}]}}},"configuration":{"provider_config":{"aws":{"name":"aws","full_name":"registry.terraform.io/hashicorp/aws","version_constraint":"6.31.0"}},"root_module":{"outputs":{"internal_ips":{"expression":{"references":["module.ec2_instance_mysql.private_ip","module.ec2_instance_mysql","module.ec2_instance_memcache.private_ip","module.ec2_instance_memcache","module.ec2_instance_rabbitmq.private_ip","module.ec2_instance_rabbitmq"]},"description":"Private IPs for internal communication"},"ssh_commands":{"expression":{"references":["module.ec2_instance_nginx.public_ip","module.ec2_instance_nginx","module.ec2_instance_tomcat.public_ip","module.ec2_instance_tomcat","module.ec2_instance_mysql.public_ip","module.ec2_instance_mysql"]},"description":"Copy these commands to SSH into servers"},"website_url":{"expression":{"references":["module.ec2_instance_nginx.public_ip","module.ec2_instance_nginx"]},"description":"Access the EProfile Application here"}},"resources":[{"address":"aws_iam_instance_profile.ec2_profile","mode":"managed","type":"aws_iam_instance_profile","name":"ec2_profile","provider_config_key":"aws","expressions":{"name":{"constant_value":"ec2-s3-instance-profile"},"role":{"references":["aws_iam_role.ec2_s3_role.name","aws_iam_role.ec2_s3_role"]}},"schema_version":0},{"address":"aws_iam_policy.s3_access_policy","mode":"managed","type":"aws_iam_policy","name":"s3_access_policy","provider_config_key":"aws","expressions":{"name":{"constant_value":"s3-access-policy"},"policy":{"references":["data.aws_iam_policy_document.s3_access_policy.json","data.aws_iam_policy_document.s3_access_policy"]}},"schema_version":0},{"address":"aws_iam_role.ec2_s3_role","mode":"managed","type":"aws_iam_role","name":"ec2_s3_role","provider_config_key":"aws","expressions":{"assume_role_policy":{"references":["data.aws_iam_policy_document.ec2_assume_role.json","data.aws_iam_policy_document.ec2_assume_role"]},"name":{"constant_value":"ec2-s3-access-role"}},"schema_version":0},{"address":"aws_iam_role_policy_attachment.ec2_s3_attachment","mode":"managed","type":"aws_iam_role_policy_attachment","name":"ec2_s3_attachment","provider_config_key":"aws","expressions":{"policy_arn":{"references":["aws_iam_policy.s3_access_policy.arn","aws_iam_policy.s3_access_policy"]},"role":{"references":["aws_iam_role.ec2_s3_role.name","aws_iam_role.ec2_s3_role"]}},"schema_version":0},{"address":"aws_key_pair.EC2_Key_Pair","mode":"managed","type":"aws_key_pair","name":"EC2_Key_Pair","provider_config_key":"aws","expressions":{"key_name":{"constant_value":"EC2_Key_Pair"},"public_key":{"constant_value":"ssh-ed25519 AAAAC3NzaC1lZDI1NTE5AAAAIKuv4J9xYFlPZqdfrQf5qCUKQ5Mx6Wk79KwTgSX4RZxv amr@JOJO"}},"schema_version":1},{"address":"aws_route53_record.db","mode":"managed","type":"aws_route53_record","name":"db","provider_config_key":"aws","expressions":{"name":{"constant_value":"db01.eprofile.in"},"records":{"references":["module.ec2_instance_mysql.private_ip","module.ec2_instance_mysql"]},"ttl":{"constant_value":"300"},"type":{"constant_value":"A"},"zone_id":{"references":["aws_route53_zone.private_zone.zone_id","aws_route53_zone.private_zone"]}},"schema_version":2},{"address":"aws_route53_record.mc","mode":"managed","type":"aws_route53_record","name":"mc","provider_config_key":"aws","expressions":{"name":{"constant_value":"mc01.eprofile.in"},"records":{"references":["module.ec2_instance_memcache.private_ip","module.ec2_instance_memcache"]},"ttl":{"constant_value":"300"},"type":{"constant_value":"A"},"zone_id":{"references":["aws_route53_zone.private_zone.zone_id","aws_route53_zone.private_zone"]}},"schema_version":2},{"address":"aws_route53_record.rmq","mode":"managed","type":"aws_route53_record","name":"rmq","provider_config_key":"aws","expressions":{"name":{"constant_value":"rmq01.eprofile.in"},"records":{"references":["module.ec2_instance_rabbitmq.private_ip","module.ec2_instance_rabbitmq"]},"ttl":{"constant_value":"300"},"type":{"constant_value":"A"},"zone_id":{"references":["aws_route53_zone.private_zone.zone_id","aws_route53_zone.private_zone"]}},"schema_version":2},{"address":"aws_route53_record.tomcat","mode":"managed","type":"aws_route53_record","name":"tomcat","provider_config_key":"aws","expressions":{"name":{"constant_value":"app01.eprofile.in"},"records":{"references":["module.ec2_instance_tomcat.private_ip","module.ec2_instance_tomcat"]},"ttl":{"constant_value":"300"},"type":{"constant_value":"A"},"zone_id":{"references":["aws_route53_zone.private_zone.zone_id","aws_route53_zone.private_zone"]}},"schema_version":2},{"address":"aws_route53_zone.private_zone","mode":"managed","type":"aws_route53_zone","name":"private_zone","provider_config_key":"aws","expressions":{"name":{"constant_value":"eprofile.in"},"vpc":[{"vpc_id":{"references":["module.vpc.vpc_id","module.vpc"]}}]},"schema_version":0},{"address":"aws_s3_bucket.Artifact-Bucket","mode":"managed","type":"aws_s3_bucket","name":"Artifact-Bucket","provider_config_key":"aws","expressions":{"bucket":{"references":["var.S3_Bucket_Name"]},"tags":{"constant_value":{"Environment":"Dev","Name":"Atifact-Bucket"}}},"schema_version":0},{"address":"aws_s3_object.artifact","mode":"managed","type":"aws_s3_object","name":"artifact","provider_config_key":"aws","expressions":{"bucket":{"references":["aws_s3_bucket.Artifact-Bucket.id","aws_s3_bucket.Artifact-Bucket"]},"etag":{},"key":{"constant_value":"vprofile-v2.war"},"source":{"constant_value":"../target/vprofile-v2.war"}},"schema_version":0},{"address":"aws_security_group.Data-SG","mode":"managed","type":"aws_security_group","name":"Data-SG","provider_config_key":"aws","expressions":{"description":{"constant_value":"Allow 3306, 11211, 5672 inbound traffic from tomcat and all outbound traffic"},"name":{"constant_value":"Data-SG"},"tags":{"constant_value":{"Name":"Data-SG"}},"vpc_id":{"references":["module.vpc.vpc_id","module.vpc"]}},"schema_version":1},{"address":"aws_security_group.Frontend-SG","mode":"managed","type":"aws_security_group","name":"Frontend-SG","provider_config_key":"aws","expressions":{"description":{"constant_value":"Allow SSH and HTTP inbound traffic and all outbound traffic"},"name":{"constant_value":"Frontend-sg"},"tags":{"constant_value":{"Name":"Frontend-SG"}},"vpc_id":{"references":["module.vpc.vpc_id","module.vpc"]}},"schema_version":1},{"address":"aws_security_group.Tomcat-SG","mode":"managed","type":"aws_security_group","name":"Tomcat-SG","provider_config_key":"aws","expressions":{"description":{"constant_value":"Allow 8080 inbound traffic from Frontend and all outbound traffic"},"name":{"constant_value":"Tomcat-SG"},"tags":{"constant_value":{"Name":"Tomcat-SG"}},"vpc_id":{"references":["module.vpc.vpc_id","module.vpc"]}},"schema_version":1},{"address":"aws_vpc_security_group_egress_rule.allow_all_traffic_ipv4_Data","mode":"managed","type":"aws_vpc_security_group_egress_rule","name":"allow_all_traffic_ipv4_Data","provider_config_key":"aws","expressions":{"cidr_ipv4":{"constant_value":"0.0.0.0/0"},"ip_protocol":{"constant_value":"-1"},"security_group_id":{"references":["aws_security_group.Data-SG.id","aws_security_group.Data-SG"]}},"schema_version":0},{"address":"aws_vpc_security_group_egress_rule.allow_all_traffic_ipv4_frontend","mode":"managed","type":"aws_vpc_security_group_egress_rule","name":"allow_all_traffic_ipv4_frontend","provider_config_key":"aws","expressions":{"cidr_ipv4":{"constant_value":"0.0.0.0/0"},"ip_protocol":{"constant_value":"-1"},"security_group_id":{"references":["aws_security_group.Frontend-SG.id","aws_security_group.Frontend-SG"]}},"schema_version":0},{"address":"aws_vpc_security_group_egress_rule.allow_all_traffic_ipv4_tomcat","mode":"managed","type":"aws_vpc_security_group_egress_rule","name":"allow_all_traffic_ipv4_tomcat","provider_config_key":"aws","expressions":{"cidr_ipv4":{"constant_value":"0.0.0.0/0"},"ip_protocol":{"constant_value":"-1"},"security_group_id":{"references":["aws_security_group.Tomcat-SG.id","aws_security_group.Tomcat-SG"]}},"schema_version":0},{"address":"aws_vpc_security_group_ingress_rule.allow_11211_from_tomcat-SG","mode":"managed","type":"aws_vpc_security_group_ingress_rule","name":"allow_11211_from_tomcat-SG","provider_config_key":"aws","expressions":{"from_port":{"constant_value":11211},"ip_protocol":{"constant_value":"tcp"},"referenced_security_group_id":{"references":["aws_security_group.Tomcat-SG.id","aws_security_group.Tomcat-SG"]},"security_group_id":{"references":["aws_security_group.Data-SG.id","aws_security_group.Data-SG"]},"to_port":{"constant_value":11211}},"schema_version":0},{"address":"aws_vpc_security_group_ingress_rule.allow_3306_from_tomcat-SG","mode":"managed","type":"aws_vpc_security_group_ingress_rule","name":"allow_3306_from_tomcat-SG","provider_config_key":"aws","expressions":{"from_port":{"constant_value":3306},"ip_protocol":{"constant_value":"tcp"},"referenced_security_group_id":{"references":["aws_security_group.Tomcat-SG.id","aws_security_group.Tomcat-SG"]},"security_group_id":{"references":["aws_security_group.Data-SG.id","aws_security_group.Data-SG"]},"to_port":{"constant_value":3306}},"schema_version":0},{"address":"aws_vpc_security_group_ingress_rule.allow_5672_from_tomcat-SG","mode":"managed","type":"aws_vpc_security_group_ingress_rule","name":"allow_5672_from_tomcat-SG","provider_config_key":"aws","expressions":{"from_port":{"constant_value":5672},"ip_protocol":{"constant_value":"tcp"},"referenced_security_group_id":{"references":["aws_security_group.Tomcat-SG.id","aws_security_group.Tomcat-SG"]},"security_group_id":{"references":["aws_security_group.Data-SG.id","aws_security_group.Data-SG"]},"to_port":{"constant_value":5672}},"schema_version":0},{"address":"aws_vpc_security_group_ingress_rule.allow_8080_from_Everywhere","mode":"managed","type":"aws_vpc_security_group_ingress_rule","name":"allow_8080_from_Everywhere","provider_config_key":"aws","expressions":{"cidr_ipv4":{"constant_value":"0.0.0.0/0"},"from_port":{"constant_value":8080},"ip_protocol":{"constant_value":"tcp"},"security_group_id":{"references":["aws_security_group.Tomcat-SG.id","aws_security_group.Tomcat-SG"]},"to_port":{"constant_value":8080}},"schema_version":0},{"address":"aws_vpc_security_group_ingress_rule.allow_8080_from_frontend","mode":"managed","type":"aws_vpc_security_group_ingress_rule","name":"allow_8080_from_frontend","provider_config_key":"aws","expressions":{"from_port":{"constant_value":8080},"ip_protocol":{"constant_value":"tcp"},"referenced_security_group_id":{"references":["aws_security_group.Frontend-SG.id","aws_security_group.Frontend-SG"]},"security_group_id":{"references":["aws_security_group.Tomcat-SG.id","aws_security_group.Tomcat-SG"]},"to_port":{"constant_value":8080}},"schema_version":0},{"address":"aws_vpc_security_group_ingress_rule.allow_http","mode":"managed","type":"aws_vpc_security_group_ingress_rule","name":"allow_http","provider_config_key":"aws","expressions":{"cidr_ipv4":{"constant_value":"0.0.0.0/0"},"from_port":{"constant_value":80},"ip_protocol":{"constant_value":"tcp"},"security_group_id":{"references":["aws_security_group.Frontend-SG.id","aws_security_group.Frontend-SG"]},"to_port":{"constant_value":80}},"schema_version":0},{"address":"aws_vpc_security_group_ingress_rule.allow_ssh_ipv4_Data","mode":"managed","type":"aws_vpc_security_group_ingress_rule","name":"allow_ssh_ipv4_Data","provider_config_key":"aws","expressions":{"cidr_ipv4":{"constant_value":"0.0.0.0/0"},"from_port":{"constant_value":22},"ip_protocol":{"constant_value":"tcp"},"security_group_id":{"references":["aws_security_group.Data-SG.id","aws_security_group.Data-SG"]},"to_port":{"constant_value":22}},"schema_version":0},{"address":"aws_vpc_security_group_ingress_rule.allow_ssh_ipv4_frontend","mode":"managed","type":"aws_vpc_security_group_ingress_rule","name":"allow_ssh_ipv4_frontend","provider_config_key":"aws","expressions":{"cidr_ipv4":{"constant_value":"0.0.0.0/0"},"from_port":{"constant_value":22},"ip_protocol":{"constant_value":"tcp"},"security_group_id":{"references":["aws_security_group.Frontend-SG.id","aws_security_group.Frontend-SG"]},"to_port":{"constant_value":22}},"schema_version":0},{"address":"aws_vpc_security_group_ingress_rule.allow_ssh_ipv4_tomcat","mode":"managed","type":"aws_vpc_security_group_ingress_rule","name":"allow_ssh_ipv4_tomcat","provider_config_key":"aws","expressions":{"cidr_ipv4":{"constant_value":"0.0.0.0/0"},"from_port":{"constant_value":22},"ip_protocol":{"constant_value":"tcp"},"security_group_id":{"references":["aws_security_group.Tomcat-SG.id","aws_security_group.Tomcat-SG"]},"to_port":{"constant_value":22}},"schema_version":0},{"address":"data.aws_iam_policy_document.ec2_assume_role","mode":"data","type":"aws_iam_policy_document","name":"ec2_assume_role","provider_config_key":"aws","expressions":{"statement":[{"actions":{"constant_value":["sts:AssumeRole"]},"effect":{"constant_value":"Allow"},"principals":[{"identifiers":{"constant_value":["ec2.amazonaws.com"]},"type":{"constant_value":"Service"}}]}]},"schema_version":0},{"address":"data.aws_iam_policy_document.s3_access_policy","mode":"data","type":"aws_iam_policy_document","name":"s3_access_policy","provider_config_key":"aws","expressions":{"statement":[{"actions":{"constant_value":["s3:GetObject","s3:ListBucket"]},"effect":{"constant_value":"Allow"},"resources":{"references":["aws_s3_bucket.Artifact-Bucket.arn","aws_s3_bucket.Artifact-Bucket","aws_s3_bucket.Artifact-Bucket.arn","aws_s3_bucket.Artifact-Bucket"]}}]},"schema_version":0}],"module_calls":{"ec2_instance_memcache":{"source":"terraform-aws-modules/ec2-instance/aws","expressions":{"ami":{"constant_value":"ami-0191d47ba10441f0b"},"create_security_group":{"constant_value":false},"instance_type":{"constant_value":"t2.micro"},"key_name":{"references":["aws_key_pair.EC2_Key_Pair.key_name","aws_key_pair.EC2_Key_Pair"]},"monitoring":{"constant_value":false},"name":{"constant_value":"Memcache-instance"},"subnet_id":{"references":["module.vpc.private_subnets[2]","module.vpc.private_subnets","module.vpc"]},"tags":{"constant_value":{"Environment":"dev","Terraform":"true"}},"user_data":{},"vpc_security_group_ids":{"references":["aws_security_group.Data-SG.id","aws_security_group.Data-SG"]}},"module":{"outputs":{"ami":{"expression":{"references":["aws_instance.this[0].ami","aws_instance.this[0]","aws_instance.this","aws_instance.ignore_ami[0].ami","aws_instance.ignore_ami[0]","aws_instance.ignore_ami","aws_spot_instance_request.this[0].ami","aws_spot_instance_request.this[0]","aws_spot_instance_request.this"]},"description":"AMI ID that was used to create the instance"},"arn":{"expression":{"references":["aws_instance.this[0].arn","aws_instance.this[0]","aws_instance.this","aws_instance.ignore_ami[0].arn","aws_instance.ignore_ami[0]","aws_instance.ignore_ami","aws_spot_instance_request.this[0].arn","aws_spot_instance_request.this[0]","aws_spot_instance_request.this"]},"description":"The ARN of the instance"},"availability_zone":{"expression":{"references":["local.instance_availability_zone"]},"description":"The availability zone of the created instance"},"capacity_reservation_specification":{"expression":{"references":["aws_instance.this[0].capacity_reservation_specification","aws_instance.this[0]","aws_instance.this","aws_instance.ignore_ami[0].capacity_reservation_specification","aws_instance.ignore_ami[0]","aws_instance.ignore_ami","aws_spot_instance_request.this[0].capacity_reservation_specification","aws_spot_instance_request.this[0]","aws_spot_instance_request.this"]},"description":"Capacity reservation specification of the instance"},"ebs_block_device":{"expression":{"references":["aws_instance.this[0].ebs_block_device","aws_instance.this[0]","aws_instance.this","aws_instance.ignore_ami[0].ebs_block_device","aws_instance.ignore_ami[0]","aws_instance.ignore_ami","aws_spot_instance_request.this[0].ebs_block_device","aws_spot_instance_request.this[0]","aws_spot_instance_request.this"]},"description":"EBS block device information"},"ebs_volumes":{"expression":{"references":["aws_ebs_volume.this"]},"description":"Map of EBS volumes created and their attributes"},"ephemeral_block_device":{"expression":{"references":["aws_instance.this[0].ephemeral_block_device","aws_instance.this[0]","aws_instance.this","aws_instance.ignore_ami[0].ephemeral_block_device","aws_instance.ignore_ami[0]","aws_instance.ignore_ami","aws_spot_instance_request.this[0].ephemeral_block_device","aws_spot_instance_request.this[0]","aws_spot_instance_request.this"]},"description":"Ephemeral block device information"},"iam_instance_profile_arn":{"expression":{"references":["aws_iam_instance_profile.this[0].arn","aws_iam_instance_profile.this[0]","aws_iam_instance_profile.this"]},"description":"ARN assigned by AWS to the instance profile"},"iam_instance_profile_id":{"expression":{"references":["aws_iam_instance_profile.this[0].id","aws_iam_instance_profile.this[0]","aws_iam_instance_profile.this"]},"description":"Instance profile's ID"},"iam_instance_profile_unique":{"expression":{"references":["aws_iam_instance_profile.this[0].unique_id","aws_iam_instance_profile.this[0]","aws_iam_instance_profile.this"]},"description":"Stable and unique string identifying the IAM instance profile"},"iam_role_arn":{"expression":{"references":["aws_iam_role.this[0].arn","aws_iam_role.this[0]","aws_iam_role.this"]},"description":"The Amazon Resource Name (ARN) specifying the IAM role"},"iam_role_name":{"expression":{"references":["aws_iam_role.this[0].name","aws_iam_role.this[0]","aws_iam_role.this"]},"description":"The name of the IAM role"},"iam_role_unique_id":{"expression":{"references":["aws_iam_role.this[0].unique_id","aws_iam_role.this[0]","aws_iam_role.this"]},"description":"Stable and unique string identifying the IAM role"},"id":{"expression":{"references":["local.instance_id"]},"description":"The ID of the instance"},"instance_state":{"expression":{"references":["aws_instance.this[0].instance_state","aws_instance.this[0]","aws_instance.this","aws_instance.ignore_ami[0].instance_state","aws_instance.ignore_ami[0]","aws_instance.ignore_ami","aws_spot_instance_request.this[0].instance_state","aws_spot_instance_request.this[0]","aws_spot_instance_request.this"]},"description":"The state of the instance"},"ipv6_addresses":{"expression":{"references":["aws_instance.this[0].ipv6_addresses","aws_instance.this[0]","aws_instance.this","aws_instance.ignore_ami[0].ipv6_addresses","aws_instance.ignore_ami[0]","aws_instance.ignore_ami","aws_spot_instance_request.this[0].ipv6_addresses","aws_spot_instance_request.this[0]","aws_spot_instance_request.this"]},"description":"The IPv6 address assigned to the instance, if applicable"},"outpost_arn":{"expression":{"references":["aws_instance.this[0].outpost_arn","aws_instance.this[0]","aws_instance.this","aws_instance.ignore_ami[0].outpost_arn","aws_instance.ignore_ami[0]","aws_instance.ignore_ami","aws_spot_instance_request.this[0].outpost_arn","aws_spot_instance_request.this[0]","aws_spot_instance_request.this"]},"description":"The ARN of the Outpost the instance is assigned to"},"password_data":{"expression":{"references":["aws_instance.this[0].password_data","aws_instance.this[0]","aws_instance.this","aws_instance.ignore_ami[0].password_data","aws_instance.ignore_ami[0]","aws_instance.ignore_ami","aws_spot_instance_request.this[0].password_data","aws_spot_instance_request.this[0]","aws_spot_instance_request.this"]},"description":"Base-64 encoded encrypted password data for the instance. Useful for getting the administrator password for instances running Microsoft Windows. This attribute is only exported if `get_password_data` is true"},"primary_network_interface_id":{"expression":{"references":["aws_instance.this[0].primary_network_interface_id","aws_instance.this[0]","aws_instance.this","aws_instance.ignore_ami[0].primary_network_interface_id","aws_instance.ignore_ami[0]","aws_instance.ignore_ami","aws_spot_instance_request.this[0].primary_network_interface_id","aws_spot_instance_request.this[0]","aws_spot_instance_request.this"]},"description":"The ID of the instance's primary network interface"},"private_dns":{"expression":{"references":["aws_instance.this[0].private_dns","aws_instance.this[0]","aws_instance.this","aws_instance.ignore_ami[0].private_dns","aws_instance.ignore_ami[0]","aws_instance.ignore_ami","aws_spot_instance_request.this[0].private_dns","aws_spot_instance_request.this[0]","aws_spot_instance_request.this"]},"description":"The private DNS name assigned to the instance. Can only be used inside the Amazon EC2, and only available if you've enabled DNS hostnames for your VPC"},"private_ip":{"expression":{"references":["aws_instance.this[0].private_ip","aws_instance.this[0]","aws_instance.this","aws_instance.ignore_ami[0].private_ip","aws_instance.ignore_ami[0]","aws_instance.ignore_ami","aws_spot_instance_request.this[0].private_ip","aws_spot_instance_request.this[0]","aws_spot_instance_request.this"]},"description":"The private IP address assigned to the instance"},"public_dns":{"expression":{"references":["aws_instance.this[0].public_dns","aws_instance.this[0]","aws_instance.this","aws_instance.ignore_ami[0].public_dns","aws_instance.ignore_ami[0]","aws_instance.ignore_ami","aws_spot_instance_request.this[0].public_dns","aws_spot_instance_request.this[0]","aws_spot_instance_request.this"]},"description":"The public DNS name assigned to the instance. For EC2-VPC, this is only available if you've enabled DNS hostnames for your VPC"},"public_ip":{"expression":{"references":["aws_eip.this[0].public_ip","aws_eip.this[0]","aws_eip.this","aws_instance.this[0].public_ip","aws_instance.this[0]","aws_instance.this","aws_instance.ignore_ami[0].public_ip","aws_instance.ignore_ami[0]","aws_instance.ignore_ami","aws_spot_instance_request.this[0].public_ip","aws_spot_instance_request.this[0]","aws_spot_instance_request.this"]},"description":"The public IP address assigned to the instance, if applicable."},"root_block_device":{"expression":{"references":["aws_instance.this[0].root_block_device","aws_instance.this[0]","aws_instance.this","aws_instance.ignore_ami[0].root_block_device","aws_instance.ignore_ami[0]","aws_instance.ignore_ami","aws_spot_instance_request.this[0].root_block_device","aws_spot_instance_request.this[0]","aws_spot_instance_request.this"]},"description":"Root block device information"},"security_group_arn":{"expression":{"references":["aws_security_group.this[0].arn","aws_security_group.this[0]","aws_security_group.this"]},"description":"Amazon Resource Name (ARN) of the security group"},"security_group_id":{"expression":{"references":["aws_security_group.this[0].id","aws_security_group.this[0]","aws_security_group.this"]},"description":"ID of the security group"},"spot_bid_status":{"expression":{"references":["aws_spot_instance_request.this[0].spot_bid_status","aws_spot_instance_request.this[0]","aws_spot_instance_request.this"]},"description":"The current bid status of the Spot Instance Request"},"spot_instance_id":{"expression":{"references":["aws_spot_instance_request.this[0].spot_instance_id","aws_spot_instance_request.this[0]","aws_spot_instance_request.this"]},"description":"The Instance ID (if any) that is currently fulfilling the Spot Instance request"},"spot_request_state":{"expression":{"references":["aws_spot_instance_request.this[0].spot_request_state","aws_spot_instance_request.this[0]","aws_spot_instance_request.this"]},"description":"The current request state of the Spot Instance Request"},"tags_all":{"expression":{"references":["aws_instance.this[0].tags_all","aws_instance.this[0]","aws_instance.this","aws_instance.ignore_ami[0].tags_all","aws_instance.ignore_ami[0]","aws_instance.ignore_ami","aws_spot_instance_request.this[0].tags_all","aws_spot_instance_request.this[0]","aws_spot_instance_request.this"]},"description":"A map of tags assigned to the resource, including those inherited from the provider default_tags configuration block"}},"resources":[{"address":"aws_ebs_volume.this","mode":"managed","type":"aws_ebs_volume","name":"this","provider_config_key":"aws","expressions":{"availability_zone":{"references":["local.instance_availability_zone"]},"encrypted":{"references":["each.value.encrypted","each.value"]},"final_snapshot":{"references":["each.value.final_snapshot","each.value"]},"iops":{"references":["each.value.iops","each.value"]},"kms_key_id":{"references":["each.value.kms_key_id","each.value"]},"multi_attach_enabled":{"references":["each.value.multi_attach_enabled","each.value"]},"outpost_arn":{"references":["each.value.outpost_arn","each.value"]},"region":{"references":["var.region"]},"size":{"references":["each.value.size","each.value"]},"snapshot_id":{"references":["each.value.snapshot_id","each.value"]},"tags":{"references":["var.tags","var.volume_tags","var.name","each.key","each.value.tags","each.value"]},"throughput":{"references":["each.value.throughput","each.value"]},"type":{"references":["each.value.type","each.value"]}},"schema_version":0,"for_each_expression":{"references":["var.create","var.ebs_volumes","var.ebs_volumes"]}},{"address":"aws_ec2_tag.spot_instance","mode":"managed","type":"aws_ec2_tag","name":"spot_instance","provider_config_key":"aws","expressions":{"key":{"references":["each.key"]},"resource_id":{"references":["aws_spot_instance_request.this[0].spot_instance_id","aws_spot_instance_request.this[0]","aws_spot_instance_request.this"]},"value":{"references":["each.value"]}},"schema_version":0,"for_each_expression":{"references":["local.create","var.create_spot_instance","local.instance_tags"]}},{"address":"aws_eip.this","mode":"managed","type":"aws_eip","name":"this","provider_config_key":"aws","expressions":{"domain":{"references":["var.eip_domain"]},"instance":{"references":["local.instance_id"]},"region":{"references":["var.region"]},"tags":{"references":["var.tags","var.eip_tags"]}},"schema_version":0,"count_expression":{"references":["local.create","var.create_eip","var.create_spot_instance"]}},{"address":"aws_iam_instance_profile.this","mode":"managed","type":"aws_iam_instance_profile","name":"this","provider_config_key":"aws","expressions":{"name":{"references":["var.iam_role_use_name_prefix","local.iam_role_name"]},"name_prefix":{"references":["var.iam_role_use_name_prefix","local.iam_role_name"]},"path":{"references":["var.iam_role_path"]},"role":{"references":["aws_iam_role.this[0].name","aws_iam_role.this[0]","aws_iam_role.this"]},"tags":{"references":["var.tags","var.iam_role_tags"]}},"schema_version":0,"count_expression":{"references":["var.create","var.create_iam_instance_profile"]}},{"address":"aws_iam_role.this","mode":"managed","type":"aws_iam_role","name":"this","provider_config_key":"aws","expressions":{"assume_role_policy":{"references":["data.aws_iam_policy_document.assume_role_policy[0].json","data.aws_iam_policy_document.assume_role_policy[0]","data.aws_iam_policy_document.assume_role_policy"]},"description":{"references":["var.iam_role_description"]},"force_detach_policies":{"constant_value":true},"name":{"references":["var.iam_role_use_name_prefix","local.iam_role_name"]},"name_prefix":{"references":["var.iam_role_use_name_prefix","local.iam_role_name"]},"path":{"references":["var.iam_role_path"]},"permissions_boundary":{"references":["var.iam_role_permissions_boundary"]},"tags":{"references":["var.tags","var.iam_role_tags"]}},"schema_version":0,"count_expression":{"references":["var.create","var.create_iam_instance_profile"]}},{"address":"aws_iam_role_policy_attachment.this","mode":"managed","type":"aws_iam_role_policy_attachment","name":"this","provider_config_key":"aws","expressions":{"policy_arn":{"references":["each.value"]},"role":{"references":["aws_iam_role.this[0].name","aws_iam_role.this[0]","aws_iam_role.this"]}},"schema_version":0,"for_each_expression":{"references":["var.iam_role_policies","var.create","var.create_iam_instance_profile"]}},{"address":"aws_instance.ignore_ami","mode":"managed","type":"aws_instance","name":"ignore_ami","provider_config_key":"aws","expressions":{"ami":{"references":["local.ami"]},"associate_public_ip_address":{"references":["var.associate_public_ip_address"]},"availability_zone":{"references":["var.availability_zone"]},"credit_specification":[{"cpu_credits":{"references":["local.is_t_instance_type","var.cpu_credits"]}}],"disable_api_stop":{"references":["var.disable_api_stop"]},"disable_api_termination":{"references":["var.disable_api_termination"]},"ebs_optimized":{"references":["var.ebs_optimized"]},"enable_primary_ipv6":{"references":["var.enable_primary_ipv6"]},"enclave_options":[{"enabled":{"references":["var.enclave_options_enabled"]}}],"get_password_data":{"references":["var.get_password_data"]},"hibernation":{"references":["var.hibernation"]},"host_id":{"references":["var.host_id"]},"host_resource_group_arn":{"references":["var.host_resource_group_arn"]},"iam_instance_profile":{"references":["var.create_iam_instance_profile","aws_iam_instance_profile.this[0].name","aws_iam_instance_profile.this[0]","aws_iam_instance_profile.this","var.iam_instance_profile"]},"instance_initiated_shutdown_behavior":{"references":["var.instance_initiated_shutdown_behavior"]},"instance_type":{"references":["var.instance_type"]},"ipv6_address_count":{"references":["var.ipv6_address_count"]},"ipv6_addresses":{"references":["var.ipv6_addresses"]},"key_name":{"references":["var.key_name"]},"monitoring":{"references":["var.monitoring"]},"placement_group":{"references":["var.placement_group"]},"placement_partition_number":{"references":["var.placement_partition_number"]},"private_ip":{"references":["var.private_ip"]},"region":{"references":["var.region"]},"secondary_private_ips":{"references":["var.secondary_private_ips"]},"source_dest_check":{"references":["var.network_interface","var.source_dest_check"]},"subnet_id":{"references":["var.subnet_id"]},"tags":{"references":["local.instance_tags"]},"tenancy":{"references":["var.tenancy"]},"user_data":{"references":["var.user_data"]},"user_data_base64":{"references":["var.user_data_base64"]},"user_data_replace_on_change":{"references":["var.user_data_replace_on_change"]},"volume_tags":{"references":["var.enable_volume_tags","var.tags","var.volume_tags","var.name"]},"vpc_security_group_ids":{"references":["var.network_interface","local.vpc_security_group_ids"]}},"schema_version":2,"count_expression":{"references":["local.create","var.ignore_ami_changes","var.create_spot_instance"]}},{"address":"aws_instance.this","mode":"managed","type":"aws_instance","name":"this","provider_config_key":"aws","expressions":{"ami":{"references":["local.ami"]},"associate_public_ip_address":{"references":["var.associate_public_ip_address"]},"availability_zone":{"references":["var.availability_zone"]},"credit_specification":[{"cpu_credits":{"references":["local.is_t_instance_type","var.cpu_credits"]}}],"disable_api_stop":{"references":["var.disable_api_stop"]},"disable_api_termination":{"references":["var.disable_api_termination"]},"ebs_optimized":{"references":["var.ebs_optimized"]},"enable_primary_ipv6":{"references":["var.enable_primary_ipv6"]},"enclave_options":[{"enabled":{"references":["var.enclave_options_enabled"]}}],"get_password_data":{"references":["var.get_password_data"]},"hibernation":{"references":["var.hibernation"]},"host_id":{"references":["var.host_id"]},"host_resource_group_arn":{"references":["var.host_resource_group_arn"]},"iam_instance_profile":{"references":["var.create_iam_instance_profile","aws_iam_instance_profile.this[0].name","aws_iam_instance_profile.this[0]","aws_iam_instance_profile.this","var.iam_instance_profile"]},"instance_initiated_shutdown_behavior":{"references":["var.instance_initiated_shutdown_behavior"]},"instance_type":{"references":["var.instance_type"]},"ipv6_address_count":{"references":["var.ipv6_address_count"]},"ipv6_addresses":{"references":["var.ipv6_addresses"]},"key_name":{"references":["var.key_name"]},"monitoring":{"references":["var.monitoring"]},"placement_group":{"references":["var.placement_group"]},"placement_partition_number":{"references":["var.placement_partition_number"]},"private_ip":{"references":["var.private_ip"]},"region":{"references":["var.region"]},"secondary_private_ips":{"references":["var.secondary_private_ips"]},"source_dest_check":{"references":["var.network_interface","var.source_dest_check"]},"subnet_id":{"references":["var.subnet_id"]},"tags":{"references":["local.instance_tags"]},"tenancy":{"references":["var.tenancy"]},"user_data":{"references":["var.user_data"]},"user_data_base64":{"references":["var.user_data_base64"]},"user_data_replace_on_change":{"references":["var.user_data_replace_on_change"]},"volume_tags":{"references":["var.enable_volume_tags","var.tags","var.volume_tags","var.name"]},"vpc_security_group_ids":{"references":["var.network_interface","local.vpc_security_group_ids"]}},"schema_version":2,"count_expression":{"references":["local.create","var.ignore_ami_changes","var.create_spot_instance"]}},{"address":"aws_security_group.this","mode":"managed","type":"aws_security_group","name":"this","provider_config_key":"aws","expressions":{"description":{"references":["var.security_group_description"]},"name":{"references":["var.security_group_use_name_prefix","local.security_group_name"]},"name_prefix":{"references":["var.security_group_use_name_prefix","local.security_group_name"]},"region":{"references":["var.region"]},"tags":{"references":["var.tags","local.security_group_name","var.security_group_tags"]},"vpc_id":{"references":["var.security_group_vpc_id","data.aws_subnet.this[0].vpc_id","data.aws_subnet.this[0]","data.aws_subnet.this"]}},"schema_version":1,"count_expression":{"references":["local.create_security_group"]}},{"address":"aws_spot_instance_request.this","mode":"managed","type":"aws_spot_instance_request","name":"this","provider_config_key":"aws","expressions":{"ami":{"references":["local.ami"]},"associate_public_ip_address":{"references":["var.associate_public_ip_address"]},"availability_zone":{"references":["var.availability_zone"]},"credit_specification":[{"cpu_credits":{"references":["local.is_t_instance_type","var.cpu_credits"]}}],"disable_api_stop":{"references":["var.disable_api_stop"]},"disable_api_termination":{"references":["var.disable_api_termination"]},"ebs_optimized":{"references":["var.ebs_optimized"]},"enable_primary_ipv6":{"references":["var.enable_primary_ipv6"]},"enclave_options":[{"enabled":{"references":["var.enclave_options_enabled"]}}],"get_password_data":{"references":["var.get_password_data"]},"hibernation":{"references":["var.hibernation"]},"host_id":{"references":["var.host_id"]},"host_resource_group_arn":{"references":["var.host_resource_group_arn"]},"iam_instance_profile":{"references":["var.create_iam_instance_profile","aws_iam_instance_profile.this[0].name","aws_iam_instance_profile.this[0]","aws_iam_instance_profile.this","var.iam_instance_profile"]},"instance_initiated_shutdown_behavior":{"references":["var.instance_initiated_shutdown_behavior"]},"instance_interruption_behavior":{"references":["var.spot_instance_interruption_behavior"]},"instance_type":{"references":["var.instance_type"]},"ipv6_address_count":{"references":["var.ipv6_address_count"]},"ipv6_addresses":{"references":["var.ipv6_addresses"]},"key_name":{"references":["var.key_name"]},"launch_group":{"references":["var.spot_launch_group"]},"monitoring":{"references":["var.monitoring"]},"placement_group":{"references":["var.placement_group"]},"placement_partition_number":{"references":["var.placement_partition_number"]},"private_ip":{"references":["var.private_ip"]},"region":{"references":["var.region"]},"secondary_private_ips":{"references":["var.secondary_private_ips"]},"source_dest_check":{"references":["var.network_interface","var.source_dest_check"]},"spot_price":{"references":["var.spot_price"]},"spot_type":{"references":["var.spot_type"]},"subnet_id":{"references":["var.subnet_id"]},"tags":{"references":["local.instance_tags"]},"tenancy":{"references":["var.tenancy"]},"user_data":{"references":["var.user_data"]},"user_data_base64":{"references":["var.user_data_base64"]},"user_data_replace_on_change":{"references":["var.user_data_replace_on_change"]},"valid_from":{"references":["var.spot_valid_from"]},"valid_until":{"references":["var.spot_valid_until"]},"volume_tags":{"references":["var.enable_volume_tags","var.tags","var.volume_tags","var.name"]},"vpc_security_group_ids":{"references":["var.network_interface","local.vpc_security_group_ids"]},"wait_for_fulfillment":{"references":["var.spot_wait_for_fulfillment"]}},"schema_version":0,"count_expression":{"references":["local.create","var.create_spot_instance"]}},{"address":"aws_volume_attachment.this","mode":"managed","type":"aws_volume_attachment","name":"this","provider_config_key":"aws","expressions":{"device_name":{"references":["each.value.device_name","each.value","each.key"]},"force_detach":{"references":["each.value.force_detach","each.value"]},"instance_id":{"references":["local.instance_id"]},"region":{"references":["var.region"]},"skip_destroy":{"references":["each.value.skip_destroy","each.value"]},"stop_instance_before_detaching":{"references":["each.value.stop_instance_before_detaching","each.value"]},"volume_id":{"references":["aws_ebs_volume.this","each.key"]}},"schema_version":0,"for_each_expression":{"references":["var.create","var.ebs_volumes","var.ebs_volumes"]}},{"address":"aws_vpc_security_group_egress_rule.this","mode":"managed","type":"aws_vpc_security_group_egress_rule","name":"this","provider_config_key":"aws","expressions":{"cidr_ipv4":{"references":["each.value.cidr_ipv4","each.value"]},"cidr_ipv6":{"references":["each.value.cidr_ipv6","each.value"]},"description":{"references":["each.value.description","each.value"]},"from_port":{"references":["each.value.from_port","each.value","each.value.to_port","each.value"]},"ip_protocol":{"references":["each.value.ip_protocol","each.value"]},"prefix_list_id":{"references":["each.value.prefix_list_id","each.value"]},"referenced_security_group_id":{"references":["each.value.referenced_security_group_id","each.value"]},"region":{"references":["var.region"]},"security_group_id":{"references":["aws_security_group.this[0].id","aws_security_group.this[0]","aws_security_group.this"]},"tags":{"references":["var.tags","var.security_group_tags","local.security_group_name","each.key","each.value.tags","each.value"]},"to_port":{"references":["each.value.to_port","each.value","each.value.from_port","each.value"]}},"schema_version":0,"for_each_expression":{"references":["local.create_security_group","var.security_group_egress_rules","var.security_group_egress_rules"]}},{"address":"aws_vpc_security_group_ingress_rule.this","mode":"managed","type":"aws_vpc_security_group_ingress_rule","name":"this","provider_config_key":"aws","expressions":{"cidr_ipv4":{"references":["each.value.cidr_ipv4","each.value"]},"cidr_ipv6":{"references":["each.value.cidr_ipv6","each.value"]},"description":{"references":["each.value.description","each.value"]},"from_port":{"references":["each.value.from_port","each.value","each.value.to_port","each.value"]},"ip_protocol":{"references":["each.value.ip_protocol","each.value"]},"prefix_list_id":{"references":["each.value.prefix_list_id","each.value"]},"referenced_security_group_id":{"references":["each.value.referenced_security_group_id","each.value"]},"region":{"references":["var.region"]},"security_group_id":{"references":["aws_security_group.this[0].id","aws_security_group.this[0]","aws_security_group.this"]},"tags":{"references":["var.tags","var.security_group_tags","local.security_group_name","each.key","each.value.tags","each.value"]},"to_port":{"references":["each.value.to_port","each.value","each.value.from_port","each.value"]}},"schema_version":0,"for_each_expression":{"references":["local.create_security_group","var.security_group_ingress_rules","var.security_group_ingress_rules"]}},{"address":"data.aws_iam_policy_document.assume_role_policy","mode":"data","type":"aws_iam_policy_document","name":"assume_role_policy","provider_config_key":"aws","expressions":{"statement":[{"actions":{"constant_value":["sts:AssumeRole"]},"principals":[{"identifiers":{"references":["data.aws_partition.current.dns_suffix","data.aws_partition.current"]},"type":{"constant_value":"Service"}}],"sid":{"constant_value":"EC2AssumeRole"}}]},"schema_version":0,"count_expression":{"references":["var.create","var.create_iam_instance_profile"]}},{"address":"data.aws_partition.current","mode":"data","type":"aws_partition","name":"current","provider_config_key":"aws","schema_version":0},{"address":"data.aws_ssm_parameter.this","mode":"data","type":"aws_ssm_parameter","name":"this","provider_config_key":"aws","expressions":{"name":{"references":["var.ami_ssm_parameter"]},"region":{"references":["var.region"]}},"schema_version":0},{"address":"data.aws_subnet.this","mode":"data","type":"aws_subnet","name":"this","provider_config_key":"aws","expressions":{"id":{"references":["var.subnet_id"]},"region":{"references":["var.region"]}},"schema_version":0,"count_expression":{"references":["local.create_security_group"]}}],"variables":{"ami":{"default":null,"description":"ID of AMI to use for the instance"},"ami_ssm_parameter":{"default":"/aws/service/ami-amazon-linux-latest/al2023-ami-kernel-default-x86_64","description":"SSM parameter name for the AMI ID. For Amazon Linux AMI SSM parameters see [reference](https://docs.aws.amazon.com/systems-manager/latest/userguide/parameter-store-public-parameters-ami.html)"},"associate_public_ip_address":{"default":null,"description":"Whether to associate a public IP address with an instance in a VPC"},"availability_zone":{"default":null,"description":"AZ to start the instance in"},"capacity_reservation_specification":{"default":null,"description":"Describes an instance's Capacity Reservation targeting option"},"cpu_credits":{"default":null,"description":"The credit option for CPU usage (unlimited or standard)"},"cpu_options":{"default":null,"description":"Defines CPU options to apply to the instance at launch time."},"create":{"default":true,"description":"Whether to create an instance"},"create_eip":{"default":false,"description":"Determines whether a public EIP will be created and associated with the instance."},"create_iam_instance_profile":{"default":false,"description":"Determines whether an IAM instance profile is created or to use an existing IAM instance profile"},"create_security_group":{"default":true,"description":"Determines whether a security group will be created"},"create_spot_instance":{"default":false,"description":"Depicts if the instance is a spot instance"},"disable_api_stop":{"default":null,"description":"If true, enables EC2 Instance Stop Protection"},"disable_api_termination":{"default":null,"description":"If true, enables EC2 Instance Termination Protection"},"ebs_optimized":{"default":null,"description":"If true, the launched EC2 instance will be EBS-optimized"},"ebs_volumes":{"default":null,"description":"Additional EBS volumes to attach to the instance"},"eip_domain":{"default":"vpc","description":"Indicates if this EIP is for use in VPC"},"eip_tags":{"default":{},"description":"A map of additional tags to add to the eip"},"enable_primary_ipv6":{"default":null,"description":"Whether to assign a primary IPv6 Global Unicast Address (GUA) to the instance when launched in a dual-stack or IPv6-only subnet"},"enable_volume_tags":{"default":true,"description":"Whether to enable volume tags (if enabled it conflicts with root_block_device tags)"},"enclave_options_enabled":{"default":null,"description":"Whether Nitro Enclaves will be enabled on the instance. Defaults to `false`"},"ephemeral_block_device":{"default":null,"description":"Customize Ephemeral (also known as Instance Store) volumes on the instance"},"get_password_data":{"default":null,"description":"If true, wait for password data to become available and retrieve it"},"hibernation":{"default":null,"description":"If true, the launched EC2 instance will support hibernation"},"host_id":{"default":null,"description":"ID of a dedicated host that the instance will be assigned to. Use when an instance is to be launched on a specific dedicated host"},"host_resource_group_arn":{"default":null,"description":"ARN of the host resource group in which to launch the instances. If you specify an ARN, omit the `tenancy` parameter or set it to `host`"},"iam_instance_profile":{"default":null,"description":"IAM Instance Profile to launch the instance with. Specified as the name of the Instance Profile"},"iam_role_description":{"default":null,"description":"Description of the role"},"iam_role_name":{"default":null,"description":"Name to use on IAM role created"},"iam_role_path":{"default":null,"description":"IAM role path"},"iam_role_permissions_boundary":{"default":null,"description":"ARN of the policy that is used to set the permissions boundary for the IAM role"},"iam_role_policies":{"default":{},"description":"Policies attached to the IAM role"},"iam_role_tags":{"default":{},"description":"A map of additional tags to add to the IAM role/profile created"},"iam_role_use_name_prefix":{"default":true,"description":"Determines whether the IAM role name (`iam_role_name` or `name`) is used as a prefix"},"ignore_ami_changes":{"default":false,"description":"Whether changes to the AMI ID changes should be ignored by Terraform. Note - changing this value will result in the replacement of the instance"},"instance_initiated_shutdown_behavior":{"default":null,"description":"Shutdown behavior for the instance. Amazon defaults this to stop for EBS-backed instances and terminate for instance-store instances. Cannot be set on instance-store instance"},"instance_market_options":{"default":null,"description":"The market (purchasing) option for the instance. If set, overrides the `create_spot_instance` variable"},"instance_tags":{"default":{},"description":"Additional tags for the instance"},"instance_type":{"default":"t3.micro","description":"The type of instance to start"},"ipv6_address_count":{"default":null,"description":"A number of IPv6 addresses to associate with the primary network interface. Amazon EC2 chooses the IPv6 addresses from the range of your subnet"},"ipv6_addresses":{"default":null,"description":"Specify one or more IPv6 addresses from the range of the subnet to associate with the primary network interface"},"key_name":{"default":null,"description":"Key name of the Key Pair to use for the instance; which can be managed using the `aws_key_pair` resource"},"launch_template":{"default":null,"description":"Specifies a Launch Template to configure the instance. Parameters configured on this resource will override the corresponding parameters in the Launch Template"},"maintenance_options":{"default":null,"description":"The maintenance options for the instance"},"metadata_options":{"default":{"http_endpoint":"enabled","http_protocol_ipv6":null,"http_put_response_hop_limit":1,"http_tokens":"required","instance_metadata_tags":null},"description":"Customize the metadata options of the instance"},"monitoring":{"default":null,"description":"If true, the launched EC2 instance will have detailed monitoring enabled"},"name":{"default":"","description":"Name to be used on EC2 instance created"},"network_interface":{"default":null,"description":"Customize network interfaces to be attached at instance boot time"},"placement_group":{"default":null,"description":"The Placement Group to start the instance in"},"placement_partition_number":{"default":null,"description":"Number of the partition the instance is in. Valid only if the `aws_placement_group` resource's `strategy` argument is set to `partition`"},"private_dns_name_options":{"default":null,"description":"Customize the private DNS name options of the instance"},"private_ip":{"default":null,"description":"Private IP address to associate with the instance in a VPC"},"putin_khuylo":{"default":true,"description":"Do you agree that Putin doesn't respect Ukrainian sovereignty and territorial integrity? More info: https://en.wikipedia.org/wiki/Putin_khuylo!"},"region":{"default":null,"description":"Region where the resource(s) will be managed. Defaults to the Region set in the provider configuration"},"root_block_device":{"default":null,"description":"Customize details about the root block device of the instance. See Block Devices below for details"},"secondary_private_ips":{"default":null,"description":"A list of secondary private IPv4 addresses to assign to the instance's primary network interface (eth0) in a VPC. Can only be assigned to the primary network interface (eth0) attached at instance creation, not a pre-existing network interface i.e. referenced in a `network_interface block`"},"security_group_description":{"default":null,"description":"Description of the security group"},"security_group_egress_rules":{"default":{"ipv4_default":{"cidr_ipv4":"0.0.0.0/0","cidr_ipv6":null,"description":"Allow all IPv4 traffic","from_port":null,"ip_protocol":"-1","prefix_list_id":null,"referenced_security_group_id":null,"tags":{},"to_port":null},"ipv6_default":{"cidr_ipv4":null,"cidr_ipv6":"::/0","description":"Allow all IPv6 traffic","from_port":null,"ip_protocol":"-1","prefix_list_id":null,"referenced_security_group_id":null,"tags":{},"to_port":null}},"description":"Egress rules to add to the security group"},"security_group_ingress_rules":{"default":null,"description":"Ingress rules to add to the security group"},"security_group_name":{"default":null,"description":"Name to use on security group created"},"security_group_tags":{"default":{},"description":"A map of additional tags to add to the security group created"},"security_group_use_name_prefix":{"default":true,"description":"Determines whether the security group name (`security_group_name` or `name`) is used as a prefix"},"security_group_vpc_id":{"default":null,"description":"VPC ID to create the security group in. If not set, the security group will be created in the default VPC"},"source_dest_check":{"default":null,"description":"Controls if traffic is routed to the instance when the destination address does not match the instance. Used for NAT or VPNs"},"spot_instance_interruption_behavior":{"default":null,"description":"Indicates Spot instance behavior when it is interrupted. Valid values are `terminate`, `stop`, or `hibernate`"},"spot_launch_group":{"default":null,"description":"A launch group is a group of spot instances that launch together and terminate together. If left empty instances are launched and terminated individually"},"spot_price":{"default":null,"description":"The maximum price to request on the spot market. Defaults to on-demand price"},"spot_type":{"default":null,"description":"If set to one-time, after the instance is terminated, the spot request will be closed. Default `persistent`"},"spot_valid_from":{"default":null,"description":"The start date and time of the request, in UTC RFC3339 format(for example, YYYY-MM-DDTHH:MM:SSZ)"},"spot_valid_until":{"default":null,"description":"The end date and time of the request, in UTC RFC3339 format(for example, YYYY-MM-DDTHH:MM:SSZ)"},"spot_wait_for_fulfillment":{"default":null,"description":"If set, Terraform will wait for the Spot Request to be fulfilled, and will throw an error if the timeout of 10m is reached"},"subnet_id":{"default":null,"description":"The VPC Subnet ID to launch in"},"tags":{"default":{},"description":"A mapping of tags to assign to the resource"},"tenancy":{"default":null,"description":"The tenancy of the instance (if the instance is running in a VPC). Available values: default, dedicated, host"},"timeouts":{"default":null,"description":"Define maximum timeout for creating, updating, and deleting EC2 instance resources"},"user_data":{"default":null,"description":"The user data to provide when launching the instance. Do not pass gzip-compressed data via this argument; see user_data_base64 instead"},"user_data_base64":{"default":null,"description":"Can be used instead of user_data to pass base64-encoded binary data directly. Use this instead of user_data whenever the value is not a valid UTF-8 string. For example, gzip-encoded user data must be base64-encoded and passed via this argument to avoid corruption"},"user_data_replace_on_change":{"default":null,"description":"When used in combination with user_data or user_data_base64 will trigger a destroy and recreate when set to true. Defaults to false if not set"},"volume_tags":{"default":{},"description":"A mapping of tags to assign to the devices created by the instance at launch time"},"vpc_security_group_ids":{"default":[],"description":"A list of security group IDs to associate with"}}}},"ec2_instance_mysql":{"source":"terraform-aws-modules/ec2-instance/aws","expressions":{"ami":{"constant_value":"ami-0191d47ba10441f0b"},"create_security_group":{"constant_value":false},"instance_type":{"constant_value":"t2.micro"},"key_name":{"references":["aws_key_pair.EC2_Key_Pair.key_name","aws_key_pair.EC2_Key_Pair"]},"monitoring":{"constant_value":false},"name":{"constant_value":"MySQL-instance"},"subnet_id":{"references":["module.vpc.private_subnets[2]","module.vpc.private_subnets","module.vpc"]},"tags":{"constant_value":{"Environment":"dev","Terraform":"true"}},"user_data":{},"vpc_security_group_ids":{"references":["aws_security_group.Data-SG.id","aws_security_group.Data-SG"]}},"module":{"outputs":{"ami":{"expression":{"references":["aws_instance.this[0].ami","aws_instance.this[0]","aws_instance.this","aws_instance.ignore_ami[0].ami","aws_instance.ignore_ami[0]","aws_instance.ignore_ami","aws_spot_instance_request.this[0].ami","aws_spot_instance_request.this[0]","aws_spot_instance_request.this"]},"description":"AMI ID that was used to create the instance"},"arn":{"expression":{"references":["aws_instance.this[0].arn","aws_instance.this[0]","aws_instance.this","aws_instance.ignore_ami[0].arn","aws_instance.ignore_ami[0]","aws_instance.ignore_ami","aws_spot_instance_request.this[0].arn","aws_spot_instance_request.this[0]","aws_spot_instance_request.this"]},"description":"The ARN of the instance"},"availability_zone":{"expression":{"references":["local.instance_availability_zone"]},"description":"The availability zone of the created instance"},"capacity_reservation_specification":{"expression":{"references":["aws_instance.this[0].capacity_reservation_specification","aws_instance.this[0]","aws_instance.this","aws_instance.ignore_ami[0].capacity_reservation_specification","aws_instance.ignore_ami[0]","aws_instance.ignore_ami","aws_spot_instance_request.this[0].capacity_reservation_specification","aws_spot_instance_request.this[0]","aws_spot_instance_request.this"]},"description":"Capacity reservation specification of the instance"},"ebs_block_device":{"expression":{"references":["aws_instance.this[0].ebs_block_device","aws_instance.this[0]","aws_instance.this","aws_instance.ignore_ami[0].ebs_block_device","aws_instance.ignore_ami[0]","aws_instance.ignore_ami","aws_spot_instance_request.this[0].ebs_block_device","aws_spot_instance_request.this[0]","aws_spot_instance_request.this"]},"description":"EBS block device information"},"ebs_volumes":{"expression":{"references":["aws_ebs_volume.this"]},"description":"Map of EBS volumes created and their attributes"},"ephemeral_block_device":{"expression":{"references":["aws_instance.this[0].ephemeral_block_device","aws_instance.this[0]","aws_instance.this","aws_instance.ignore_ami[0].ephemeral_block_device","aws_instance.ignore_ami[0]","aws_instance.ignore_ami","aws_spot_instance_request.this[0].ephemeral_block_device","aws_spot_instance_request.this[0]","aws_spot_instance_request.this"]},"description":"Ephemeral block device information"},"iam_instance_profile_arn":{"expression":{"references":["aws_iam_instance_profile.this[0].arn","aws_iam_instance_profile.this[0]","aws_iam_instance_profile.this"]},"description":"ARN assigned by AWS to the instance profile"},"iam_instance_profile_id":{"expression":{"references":["aws_iam_instance_profile.this[0].id","aws_iam_instance_profile.this[0]","aws_iam_instance_profile.this"]},"description":"Instance profile's ID"},"iam_instance_profile_unique":{"expression":{"references":["aws_iam_instance_profile.this[0].unique_id","aws_iam_instance_profile.this[0]","aws_iam_instance_profile.this"]},"description":"Stable and unique string identifying the IAM instance profile"},"iam_role_arn":{"expression":{"references":["aws_iam_role.this[0].arn","aws_iam_role.this[0]","aws_iam_role.this"]},"description":"The Amazon Resource Name (ARN) specifying the IAM role"},"iam_role_name":{"expression":{"references":["aws_iam_role.this[0].name","aws_iam_role.this[0]","aws_iam_role.this"]},"description":"The name of the IAM role"},"iam_role_unique_id":{"expression":{"references":["aws_iam_role.this[0].unique_id","aws_iam_role.this[0]","aws_iam_role.this"]},"description":"Stable and unique string identifying the IAM role"},"id":{"expression":{"references":["local.instance_id"]},"description":"The ID of the instance"},"instance_state":{"expression":{"references":["aws_instance.this[0].instance_state","aws_instance.this[0]","aws_instance.this","aws_instance.ignore_ami[0].instance_state","aws_instance.ignore_ami[0]","aws_instance.ignore_ami","aws_spot_instance_request.this[0].instance_state","aws_spot_instance_request.this[0]","aws_spot_instance_request.this"]},"description":"The state of the instance"},"ipv6_addresses":{"expression":{"references":["aws_instance.this[0].ipv6_addresses","aws_instance.this[0]","aws_instance.this","aws_instance.ignore_ami[0].ipv6_addresses","aws_instance.ignore_ami[0]","aws_instance.ignore_ami","aws_spot_instance_request.this[0].ipv6_addresses","aws_spot_instance_request.this[0]","aws_spot_instance_request.this"]},"description":"The IPv6 address assigned to the instance, if applicable"},"outpost_arn":{"expression":{"references":["aws_instance.this[0].outpost_arn","aws_instance.this[0]","aws_instance.this","aws_instance.ignore_ami[0].outpost_arn","aws_instance.ignore_ami[0]","aws_instance.ignore_ami","aws_spot_instance_request.this[0].outpost_arn","aws_spot_instance_request.this[0]","aws_spot_instance_request.this"]},"description":"The ARN of the Outpost the instance is assigned to"},"password_data":{"expression":{"references":["aws_instance.this[0].password_data","aws_instance.this[0]","aws_instance.this","aws_instance.ignore_ami[0].password_data","aws_instance.ignore_ami[0]","aws_instance.ignore_ami","aws_spot_instance_request.this[0].password_data","aws_spot_instance_request.this[0]","aws_spot_instance_request.this"]},"description":"Base-64 encoded encrypted password data for the instance. Useful for getting the administrator password for instances running Microsoft Windows. This attribute is only exported if `get_password_data` is true"},"primary_network_interface_id":{"expression":{"references":["aws_instance.this[0].primary_network_interface_id","aws_instance.this[0]","aws_instance.this","aws_instance.ignore_ami[0].primary_network_interface_id","aws_instance.ignore_ami[0]","aws_instance.ignore_ami","aws_spot_instance_request.this[0].primary_network_interface_id","aws_spot_instance_request.this[0]","aws_spot_instance_request.this"]},"description":"The ID of the instance's primary network interface"},"private_dns":{"expression":{"references":["aws_instance.this[0].private_dns","aws_instance.this[0]","aws_instance.this","aws_instance.ignore_ami[0].private_dns","aws_instance.ignore_ami[0]","aws_instance.ignore_ami","aws_spot_instance_request.this[0].private_dns","aws_spot_instance_request.this[0]","aws_spot_instance_request.this"]},"description":"The private DNS name assigned to the instance. Can only be used inside the Amazon EC2, and only available if you've enabled DNS hostnames for your VPC"},"private_ip":{"expression":{"references":["aws_instance.this[0].private_ip","aws_instance.this[0]","aws_instance.this","aws_instance.ignore_ami[0].private_ip","aws_instance.ignore_ami[0]","aws_instance.ignore_ami","aws_spot_instance_request.this[0].private_ip","aws_spot_instance_request.this[0]","aws_spot_instance_request.this"]},"description":"The private IP address assigned to the instance"},"public_dns":{"expression":{"references":["aws_instance.this[0].public_dns","aws_instance.this[0]","aws_instance.this","aws_instance.ignore_ami[0].public_dns","aws_instance.ignore_ami[0]","aws_instance.ignore_ami","aws_spot_instance_request.this[0].public_dns","aws_spot_instance_request.this[0]","aws_spot_instance_request.this"]},"description":"The public DNS name assigned to the instance. For EC2-VPC, this is only available if you've enabled DNS hostnames for your VPC"},"public_ip":{"expression":{"references":["aws_eip.this[0].public_ip","aws_eip.this[0]","aws_eip.this","aws_instance.this[0].public_ip","aws_instance.this[0]","aws_instance.this","aws_instance.ignore_ami[0].public_ip","aws_instance.ignore_ami[0]","aws_instance.ignore_ami","aws_spot_instance_request.this[0].public_ip","aws_spot_instance_request.this[0]","aws_spot_instance_request.this"]},"description":"The public IP address assigned to the instance, if applicable."},"root_block_device":{"expression":{"references":["aws_instance.this[0].root_block_device","aws_instance.this[0]","aws_instance.this","aws_instance.ignore_ami[0].root_block_device","aws_instance.ignore_ami[0]","aws_instance.ignore_ami","aws_spot_instance_request.this[0].root_block_device","aws_spot_instance_request.this[0]","aws_spot_instance_request.this"]},"description":"Root block device information"},"security_group_arn":{"expression":{"references":["aws_security_group.this[0].arn","aws_security_group.this[0]","aws_security_group.this"]},"description":"Amazon Resource Name (ARN) of the security group"},"security_group_id":{"expression":{"references":["aws_security_group.this[0].id","aws_security_group.this[0]","aws_security_group.this"]},"description":"ID of the security group"},"spot_bid_status":{"expression":{"references":["aws_spot_instance_request.this[0].spot_bid_status","aws_spot_instance_request.this[0]","aws_spot_instance_request.this"]},"description":"The current bid status of the Spot Instance Request"},"spot_instance_id":{"expression":{"references":["aws_spot_instance_request.this[0].spot_instance_id","aws_spot_instance_request.this[0]","aws_spot_instance_request.this"]},"description":"The Instance ID (if any) that is currently fulfilling the Spot Instance request"},"spot_request_state":{"expression":{"references":["aws_spot_instance_request.this[0].spot_request_state","aws_spot_instance_request.this[0]","aws_spot_instance_request.this"]},"description":"The current request state of the Spot Instance Request"},"tags_all":{"expression":{"references":["aws_instance.this[0].tags_all","aws_instance.this[0]","aws_instance.this","aws_instance.ignore_ami[0].tags_all","aws_instance.ignore_ami[0]","aws_instance.ignore_ami","aws_spot_instance_request.this[0].tags_all","aws_spot_instance_request.this[0]","aws_spot_instance_request.this"]},"description":"A map of tags assigned to the resource, including those inherited from the provider default_tags configuration block"}},"resources":[{"address":"aws_ebs_volume.this","mode":"managed","type":"aws_ebs_volume","name":"this","provider_config_key":"aws","expressions":{"availability_zone":{"references":["local.instance_availability_zone"]},"encrypted":{"references":["each.value.encrypted","each.value"]},"final_snapshot":{"references":["each.value.final_snapshot","each.value"]},"iops":{"references":["each.value.iops","each.value"]},"kms_key_id":{"references":["each.value.kms_key_id","each.value"]},"multi_attach_enabled":{"references":["each.value.multi_attach_enabled","each.value"]},"outpost_arn":{"references":["each.value.outpost_arn","each.value"]},"region":{"references":["var.region"]},"size":{"references":["each.value.size","each.value"]},"snapshot_id":{"references":["each.value.snapshot_id","each.value"]},"tags":{"references":["var.tags","var.volume_tags","var.name","each.key","each.value.tags","each.value"]},"throughput":{"references":["each.value.throughput","each.value"]},"type":{"references":["each.value.type","each.value"]}},"schema_version":0,"for_each_expression":{"references":["var.create","var.ebs_volumes","var.ebs_volumes"]}},{"address":"aws_ec2_tag.spot_instance","mode":"managed","type":"aws_ec2_tag","name":"spot_instance","provider_config_key":"aws","expressions":{"key":{"references":["each.key"]},"resource_id":{"references":["aws_spot_instance_request.this[0].spot_instance_id","aws_spot_instance_request.this[0]","aws_spot_instance_request.this"]},"value":{"references":["each.value"]}},"schema_version":0,"for_each_expression":{"references":["local.create","var.create_spot_instance","local.instance_tags"]}},{"address":"aws_eip.this","mode":"managed","type":"aws_eip","name":"this","provider_config_key":"aws","expressions":{"domain":{"references":["var.eip_domain"]},"instance":{"references":["local.instance_id"]},"region":{"references":["var.region"]},"tags":{"references":["var.tags","var.eip_tags"]}},"schema_version":0,"count_expression":{"references":["local.create","var.create_eip","var.create_spot_instance"]}},{"address":"aws_iam_instance_profile.this","mode":"managed","type":"aws_iam_instance_profile","name":"this","provider_config_key":"aws","expressions":{"name":{"references":["var.iam_role_use_name_prefix","local.iam_role_name"]},"name_prefix":{"references":["var.iam_role_use_name_prefix","local.iam_role_name"]},"path":{"references":["var.iam_role_path"]},"role":{"references":["aws_iam_role.this[0].name","aws_iam_role.this[0]","aws_iam_role.this"]},"tags":{"references":["var.tags","var.iam_role_tags"]}},"schema_version":0,"count_expression":{"references":["var.create","var.create_iam_instance_profile"]}},{"address":"aws_iam_role.this","mode":"managed","type":"aws_iam_role","name":"this","provider_config_key":"aws","expressions":{"assume_role_policy":{"references":["data.aws_iam_policy_document.assume_role_policy[0].json","data.aws_iam_policy_document.assume_role_policy[0]","data.aws_iam_policy_document.assume_role_policy"]},"description":{"references":["var.iam_role_description"]},"force_detach_policies":{"constant_value":true},"name":{"references":["var.iam_role_use_name_prefix","local.iam_role_name"]},"name_prefix":{"references":["var.iam_role_use_name_prefix","local.iam_role_name"]},"path":{"references":["var.iam_role_path"]},"permissions_boundary":{"references":["var.iam_role_permissions_boundary"]},"tags":{"references":["var.tags","var.iam_role_tags"]}},"schema_version":0,"count_expression":{"references":["var.create","var.create_iam_instance_profile"]}},{"address":"aws_iam_role_policy_attachment.this","mode":"managed","type":"aws_iam_role_policy_attachment","name":"this","provider_config_key":"aws","expressions":{"policy_arn":{"references":["each.value"]},"role":{"references":["aws_iam_role.this[0].name","aws_iam_role.this[0]","aws_iam_role.this"]}},"schema_version":0,"for_each_expression":{"references":["var.iam_role_policies","var.create","var.create_iam_instance_profile"]}},{"address":"aws_instance.ignore_ami","mode":"managed","type":"aws_instance","name":"ignore_ami","provider_config_key":"aws","expressions":{"ami":{"references":["local.ami"]},"associate_public_ip_address":{"references":["var.associate_public_ip_address"]},"availability_zone":{"references":["var.availability_zone"]},"credit_specification":[{"cpu_credits":{"references":["local.is_t_instance_type","var.cpu_credits"]}}],"disable_api_stop":{"references":["var.disable_api_stop"]},"disable_api_termination":{"references":["var.disable_api_termination"]},"ebs_optimized":{"references":["var.ebs_optimized"]},"enable_primary_ipv6":{"references":["var.enable_primary_ipv6"]},"enclave_options":[{"enabled":{"references":["var.enclave_options_enabled"]}}],"get_password_data":{"references":["var.get_password_data"]},"hibernation":{"references":["var.hibernation"]},"host_id":{"references":["var.host_id"]},"host_resource_group_arn":{"references":["var.host_resource_group_arn"]},"iam_instance_profile":{"references":["var.create_iam_instance_profile","aws_iam_instance_profile.this[0].name","aws_iam_instance_profile.this[0]","aws_iam_instance_profile.this","var.iam_instance_profile"]},"instance_initiated_shutdown_behavior":{"references":["var.instance_initiated_shutdown_behavior"]},"instance_type":{"references":["var.instance_type"]},"ipv6_address_count":{"references":["var.ipv6_address_count"]},"ipv6_addresses":{"references":["var.ipv6_addresses"]},"key_name":{"references":["var.key_name"]},"monitoring":{"references":["var.monitoring"]},"placement_group":{"references":["var.placement_group"]},"placement_partition_number":{"references":["var.placement_partition_number"]},"private_ip":{"references":["var.private_ip"]},"region":{"references":["var.region"]},"secondary_private_ips":{"references":["var.secondary_private_ips"]},"source_dest_check":{"references":["var.network_interface","var.source_dest_check"]},"subnet_id":{"references":["var.subnet_id"]},"tags":{"references":["local.instance_tags"]},"tenancy":{"references":["var.tenancy"]},"user_data":{"references":["var.user_data"]},"user_data_base64":{"references":["var.user_data_base64"]},"user_data_replace_on_change":{"references":["var.user_data_replace_on_change"]},"volume_tags":{"references":["var.enable_volume_tags","var.tags","var.volume_tags","var.name"]},"vpc_security_group_ids":{"references":["var.network_interface","local.vpc_security_group_ids"]}},"schema_version":2,"count_expression":{"references":["local.create","var.ignore_ami_changes","var.create_spot_instance"]}},{"address":"aws_instance.this","mode":"managed","type":"aws_instance","name":"this","provider_config_key":"aws","expressions":{"ami":{"references":["local.ami"]},"associate_public_ip_address":{"references":["var.associate_public_ip_address"]},"availability_zone":{"references":["var.availability_zone"]},"credit_specification":[{"cpu_credits":{"references":["local.is_t_instance_type","var.cpu_credits"]}}],"disable_api_stop":{"references":["var.disable_api_stop"]},"disable_api_termination":{"references":["var.disable_api_termination"]},"ebs_optimized":{"references":["var.ebs_optimized"]},"enable_primary_ipv6":{"references":["var.enable_primary_ipv6"]},"enclave_options":[{"enabled":{"references":["var.enclave_options_enabled"]}}],"get_password_data":{"references":["var.get_password_data"]},"hibernation":{"references":["var.hibernation"]},"host_id":{"references":["var.host_id"]},"host_resource_group_arn":{"references":["var.host_resource_group_arn"]},"iam_instance_profile":{"references":["var.create_iam_instance_profile","aws_iam_instance_profile.this[0].name","aws_iam_instance_profile.this[0]","aws_iam_instance_profile.this","var.iam_instance_profile"]},"instance_initiated_shutdown_behavior":{"references":["var.instance_initiated_shutdown_behavior"]},"instance_type":{"references":["var.instance_type"]},"ipv6_address_count":{"references":["var.ipv6_address_count"]},"ipv6_addresses":{"references":["var.ipv6_addresses"]},"key_name":{"references":["var.key_name"]},"monitoring":{"references":["var.monitoring"]},"placement_group":{"references":["var.placement_group"]},"placement_partition_number":{"references":["var.placement_partition_number"]},"private_ip":{"references":["var.private_ip"]},"region":{"references":["var.region"]},"secondary_private_ips":{"references":["var.secondary_private_ips"]},"source_dest_check":{"references":["var.network_interface","var.source_dest_check"]},"subnet_id":{"references":["var.subnet_id"]},"tags":{"references":["local.instance_tags"]},"tenancy":{"references":["var.tenancy"]},"user_data":{"references":["var.user_data"]},"user_data_base64":{"references":["var.user_data_base64"]},"user_data_replace_on_change":{"references":["var.user_data_replace_on_change"]},"volume_tags":{"references":["var.enable_volume_tags","var.tags","var.volume_tags","var.name"]},"vpc_security_group_ids":{"references":["var.network_interface","local.vpc_security_group_ids"]}},"schema_version":2,"count_expression":{"references":["local.create","var.ignore_ami_changes","var.create_spot_instance"]}},{"address":"aws_security_group.this","mode":"managed","type":"aws_security_group","name":"this","provider_config_key":"aws","expressions":{"description":{"references":["var.security_group_description"]},"name":{"references":["var.security_group_use_name_prefix","local.security_group_name"]},"name_prefix":{"references":["var.security_group_use_name_prefix","local.security_group_name"]},"region":{"references":["var.region"]},"tags":{"references":["var.tags","local.security_group_name","var.security_group_tags"]},"vpc_id":{"references":["var.security_group_vpc_id","data.aws_subnet.this[0].vpc_id","data.aws_subnet.this[0]","data.aws_subnet.this"]}},"schema_version":1,"count_expression":{"references":["local.create_security_group"]}},{"address":"aws_spot_instance_request.this","mode":"managed","type":"aws_spot_instance_request","name":"this","provider_config_key":"aws","expressions":{"ami":{"references":["local.ami"]},"associate_public_ip_address":{"references":["var.associate_public_ip_address"]},"availability_zone":{"references":["var.availability_zone"]},"credit_specification":[{"cpu_credits":{"references":["local.is_t_instance_type","var.cpu_credits"]}}],"disable_api_stop":{"references":["var.disable_api_stop"]},"disable_api_termination":{"references":["var.disable_api_termination"]},"ebs_optimized":{"references":["var.ebs_optimized"]},"enable_primary_ipv6":{"references":["var.enable_primary_ipv6"]},"enclave_options":[{"enabled":{"references":["var.enclave_options_enabled"]}}],"get_password_data":{"references":["var.get_password_data"]},"hibernation":{"references":["var.hibernation"]},"host_id":{"references":["var.host_id"]},"host_resource_group_arn":{"references":["var.host_resource_group_arn"]},"iam_instance_profile":{"references":["var.create_iam_instance_profile","aws_iam_instance_profile.this[0].name","aws_iam_instance_profile.this[0]","aws_iam_instance_profile.this","var.iam_instance_profile"]},"instance_initiated_shutdown_behavior":{"references":["var.instance_initiated_shutdown_behavior"]},"instance_interruption_behavior":{"references":["var.spot_instance_interruption_behavior"]},"instance_type":{"references":["var.instance_type"]},"ipv6_address_count":{"references":["var.ipv6_address_count"]},"ipv6_addresses":{"references":["var.ipv6_addresses"]},"key_name":{"references":["var.key_name"]},"launch_group":{"references":["var.spot_launch_group"]},"monitoring":{"references":["var.monitoring"]},"placement_group":{"references":["var.placement_group"]},"placement_partition_number":{"references":["var.placement_partition_number"]},"private_ip":{"references":["var.private_ip"]},"region":{"references":["var.region"]},"secondary_private_ips":{"references":["var.secondary_private_ips"]},"source_dest_check":{"references":["var.network_interface","var.source_dest_check"]},"spot_price":{"references":["var.spot_price"]},"spot_type":{"references":["var.spot_type"]},"subnet_id":{"references":["var.subnet_id"]},"tags":{"references":["local.instance_tags"]},"tenancy":{"references":["var.tenancy"]},"user_data":{"references":["var.user_data"]},"user_data_base64":{"references":["var.user_data_base64"]},"user_data_replace_on_change":{"references":["var.user_data_replace_on_change"]},"valid_from":{"references":["var.spot_valid_from"]},"valid_until":{"references":["var.spot_valid_until"]},"volume_tags":{"references":["var.enable_volume_tags","var.tags","var.volume_tags","var.name"]},"vpc_security_group_ids":{"references":["var.network_interface","local.vpc_security_group_ids"]},"wait_for_fulfillment":{"references":["var.spot_wait_for_fulfillment"]}},"schema_version":0,"count_expression":{"references":["local.create","var.create_spot_instance"]}},{"address":"aws_volume_attachment.this","mode":"managed","type":"aws_volume_attachment","name":"this","provider_config_key":"aws","expressions":{"device_name":{"references":["each.value.device_name","each.value","each.key"]},"force_detach":{"references":["each.value.force_detach","each.value"]},"instance_id":{"references":["local.instance_id"]},"region":{"references":["var.region"]},"skip_destroy":{"references":["each.value.skip_destroy","each.value"]},"stop_instance_before_detaching":{"references":["each.value.stop_instance_before_detaching","each.value"]},"volume_id":{"references":["aws_ebs_volume.this","each.key"]}},"schema_version":0,"for_each_expression":{"references":["var.create","var.ebs_volumes","var.ebs_volumes"]}},{"address":"aws_vpc_security_group_egress_rule.this","mode":"managed","type":"aws_vpc_security_group_egress_rule","name":"this","provider_config_key":"aws","expressions":{"cidr_ipv4":{"references":["each.value.cidr_ipv4","each.value"]},"cidr_ipv6":{"references":["each.value.cidr_ipv6","each.value"]},"description":{"references":["each.value.description","each.value"]},"from_port":{"references":["each.value.from_port","each.value","each.value.to_port","each.value"]},"ip_protocol":{"references":["each.value.ip_protocol","each.value"]},"prefix_list_id":{"references":["each.value.prefix_list_id","each.value"]},"referenced_security_group_id":{"references":["each.value.referenced_security_group_id","each.value"]},"region":{"references":["var.region"]},"security_group_id":{"references":["aws_security_group.this[0].id","aws_security_group.this[0]","aws_security_group.this"]},"tags":{"references":["var.tags","var.security_group_tags","local.security_group_name","each.key","each.value.tags","each.value"]},"to_port":{"references":["each.value.to_port","each.value","each.value.from_port","each.value"]}},"schema_version":0,"for_each_expression":{"references":["local.create_security_group","var.security_group_egress_rules","var.security_group_egress_rules"]}},{"address":"aws_vpc_security_group_ingress_rule.this","mode":"managed","type":"aws_vpc_security_group_ingress_rule","name":"this","provider_config_key":"aws","expressions":{"cidr_ipv4":{"references":["each.value.cidr_ipv4","each.value"]},"cidr_ipv6":{"references":["each.value.cidr_ipv6","each.value"]},"description":{"references":["each.value.description","each.value"]},"from_port":{"references":["each.value.from_port","each.value","each.value.to_port","each.value"]},"ip_protocol":{"references":["each.value.ip_protocol","each.value"]},"prefix_list_id":{"references":["each.value.prefix_list_id","each.value"]},"referenced_security_group_id":{"references":["each.value.referenced_security_group_id","each.value"]},"region":{"references":["var.region"]},"security_group_id":{"references":["aws_security_group.this[0].id","aws_security_group.this[0]","aws_security_group.this"]},"tags":{"references":["var.tags","var.security_group_tags","local.security_group_name","each.key","each.value.tags","each.value"]},"to_port":{"references":["each.value.to_port","each.value","each.value.from_port","each.value"]}},"schema_version":0,"for_each_expression":{"references":["local.create_security_group","var.security_group_ingress_rules","var.security_group_ingress_rules"]}},{"address":"data.aws_iam_policy_document.assume_role_policy","mode":"data","type":"aws_iam_policy_document","name":"assume_role_policy","provider_config_key":"aws","expressions":{"statement":[{"actions":{"constant_value":["sts:AssumeRole"]},"principals":[{"identifiers":{"references":["data.aws_partition.current.dns_suffix","data.aws_partition.current"]},"type":{"constant_value":"Service"}}],"sid":{"constant_value":"EC2AssumeRole"}}]},"schema_version":0,"count_expression":{"references":["var.create","var.create_iam_instance_profile"]}},{"address":"data.aws_partition.current","mode":"data","type":"aws_partition","name":"current","provider_config_key":"aws","schema_version":0},{"address":"data.aws_ssm_parameter.this","mode":"data","type":"aws_ssm_parameter","name":"this","provider_config_key":"aws","expressions":{"name":{"references":["var.ami_ssm_parameter"]},"region":{"references":["var.region"]}},"schema_version":0},{"address":"data.aws_subnet.this","mode":"data","type":"aws_subnet","name":"this","provider_config_key":"aws","expressions":{"id":{"references":["var.subnet_id"]},"region":{"references":["var.region"]}},"schema_version":0,"count_expression":{"references":["local.create_security_group"]}}],"variables":{"ami":{"default":null,"description":"ID of AMI to use for the instance"},"ami_ssm_parameter":{"default":"/aws/service/ami-amazon-linux-latest/al2023-ami-kernel-default-x86_64","description":"SSM parameter name for the AMI ID. For Amazon Linux AMI SSM parameters see [reference](https://docs.aws.amazon.com/systems-manager/latest/userguide/parameter-store-public-parameters-ami.html)"},"associate_public_ip_address":{"default":null,"description":"Whether to associate a public IP address with an instance in a VPC"},"availability_zone":{"default":null,"description":"AZ to start the instance in"},"capacity_reservation_specification":{"default":null,"description":"Describes an instance's Capacity Reservation targeting option"},"cpu_credits":{"default":null,"description":"The credit option for CPU usage (unlimited or standard)"},"cpu_options":{"default":null,"description":"Defines CPU options to apply to the instance at launch time."},"create":{"default":true,"description":"Whether to create an instance"},"create_eip":{"default":false,"description":"Determines whether a public EIP will be created and associated with the instance."},"create_iam_instance_profile":{"default":false,"description":"Determines whether an IAM instance profile is created or to use an existing IAM instance profile"},"create_security_group":{"default":true,"description":"Determines whether a security group will be created"},"create_spot_instance":{"default":false,"description":"Depicts if the instance is a spot instance"},"disable_api_stop":{"default":null,"description":"If true, enables EC2 Instance Stop Protection"},"disable_api_termination":{"default":null,"description":"If true, enables EC2 Instance Termination Protection"},"ebs_optimized":{"default":null,"description":"If true, the launched EC2 instance will be EBS-optimized"},"ebs_volumes":{"default":null,"description":"Additional EBS volumes to attach to the instance"},"eip_domain":{"default":"vpc","description":"Indicates if this EIP is for use in VPC"},"eip_tags":{"default":{},"description":"A map of additional tags to add to the eip"},"enable_primary_ipv6":{"default":null,"description":"Whether to assign a primary IPv6 Global Unicast Address (GUA) to the instance when launched in a dual-stack or IPv6-only subnet"},"enable_volume_tags":{"default":true,"description":"Whether to enable volume tags (if enabled it conflicts with root_block_device tags)"},"enclave_options_enabled":{"default":null,"description":"Whether Nitro Enclaves will be enabled on the instance. Defaults to `false`"},"ephemeral_block_device":{"default":null,"description":"Customize Ephemeral (also known as Instance Store) volumes on the instance"},"get_password_data":{"default":null,"description":"If true, wait for password data to become available and retrieve it"},"hibernation":{"default":null,"description":"If true, the launched EC2 instance will support hibernation"},"host_id":{"default":null,"description":"ID of a dedicated host that the instance will be assigned to. Use when an instance is to be launched on a specific dedicated host"},"host_resource_group_arn":{"default":null,"description":"ARN of the host resource group in which to launch the instances. If you specify an ARN, omit the `tenancy` parameter or set it to `host`"},"iam_instance_profile":{"default":null,"description":"IAM Instance Profile to launch the instance with. Specified as the name of the Instance Profile"},"iam_role_description":{"default":null,"description":"Description of the role"},"iam_role_name":{"default":null,"description":"Name to use on IAM role created"},"iam_role_path":{"default":null,"description":"IAM role path"},"iam_role_permissions_boundary":{"default":null,"description":"ARN of the policy that is used to set the permissions boundary for the IAM role"},"iam_role_policies":{"default":{},"description":"Policies attached to the IAM role"},"iam_role_tags":{"default":{},"description":"A map of additional tags to add to the IAM role/profile created"},"iam_role_use_name_prefix":{"default":true,"description":"Determines whether the IAM role name (`iam_role_name` or `name`) is used as a prefix"},"ignore_ami_changes":{"default":false,"description":"Whether changes to the AMI ID changes should be ignored by Terraform. Note - changing this value will result in the replacement of the instance"},"instance_initiated_shutdown_behavior":{"default":null,"description":"Shutdown behavior for the instance. Amazon defaults this to stop for EBS-backed instances and terminate for instance-store instances. Cannot be set on instance-store instance"},"instance_market_options":{"default":null,"description":"The market (purchasing) option for the instance. If set, overrides the `create_spot_instance` variable"},"instance_tags":{"default":{},"description":"Additional tags for the instance"},"instance_type":{"default":"t3.micro","description":"The type of instance to start"},"ipv6_address_count":{"default":null,"description":"A number of IPv6 addresses to associate with the primary network interface. Amazon EC2 chooses the IPv6 addresses from the range of your subnet"},"ipv6_addresses":{"default":null,"description":"Specify one or more IPv6 addresses from the range of the subnet to associate with the primary network interface"},"key_name":{"default":null,"description":"Key name of the Key Pair to use for the instance; which can be managed using the `aws_key_pair` resource"},"launch_template":{"default":null,"description":"Specifies a Launch Template to configure the instance. Parameters configured on this resource will override the corresponding parameters in the Launch Template"},"maintenance_options":{"default":null,"description":"The maintenance options for the instance"},"metadata_options":{"default":{"http_endpoint":"enabled","http_protocol_ipv6":null,"http_put_response_hop_limit":1,"http_tokens":"required","instance_metadata_tags":null},"description":"Customize the metadata options of the instance"},"monitoring":{"default":null,"description":"If true, the launched EC2 instance will have detailed monitoring enabled"},"name":{"default":"","description":"Name to be used on EC2 instance created"},"network_interface":{"default":null,"description":"Customize network interfaces to be attached at instance boot time"},"placement_group":{"default":null,"description":"The Placement Group to start the instance in"},"placement_partition_number":{"default":null,"description":"Number of the partition the instance is in. Valid only if the `aws_placement_group` resource's `strategy` argument is set to `partition`"},"private_dns_name_options":{"default":null,"description":"Customize the private DNS name options of the instance"},"private_ip":{"default":null,"description":"Private IP address to associate with the instance in a VPC"},"putin_khuylo":{"default":true,"description":"Do you agree that Putin doesn't respect Ukrainian sovereignty and territorial integrity? More info: https://en.wikipedia.org/wiki/Putin_khuylo!"},"region":{"default":null,"description":"Region where the resource(s) will be managed. Defaults to the Region set in the provider configuration"},"root_block_device":{"default":null,"description":"Customize details about the root block device of the instance. See Block Devices below for details"},"secondary_private_ips":{"default":null,"description":"A list of secondary private IPv4 addresses to assign to the instance's primary network interface (eth0) in a VPC. Can only be assigned to the primary network interface (eth0) attached at instance creation, not a pre-existing network interface i.e. referenced in a `network_interface block`"},"security_group_description":{"default":null,"description":"Description of the security group"},"security_group_egress_rules":{"default":{"ipv4_default":{"cidr_ipv4":"0.0.0.0/0","cidr_ipv6":null,"description":"Allow all IPv4 traffic","from_port":null,"ip_protocol":"-1","prefix_list_id":null,"referenced_security_group_id":null,"tags":{},"to_port":null},"ipv6_default":{"cidr_ipv4":null,"cidr_ipv6":"::/0","description":"Allow all IPv6 traffic","from_port":null,"ip_protocol":"-1","prefix_list_id":null,"referenced_security_group_id":null,"tags":{},"to_port":null}},"description":"Egress rules to add to the security group"},"security_group_ingress_rules":{"default":null,"description":"Ingress rules to add to the security group"},"security_group_name":{"default":null,"description":"Name to use on security group created"},"security_group_tags":{"default":{},"description":"A map of additional tags to add to the security group created"},"security_group_use_name_prefix":{"default":true,"description":"Determines whether the security group name (`security_group_name` or `name`) is used as a prefix"},"security_group_vpc_id":{"default":null,"description":"VPC ID to create the security group in. If not set, the security group will be created in the default VPC"},"source_dest_check":{"default":null,"description":"Controls if traffic is routed to the instance when the destination address does not match the instance. Used for NAT or VPNs"},"spot_instance_interruption_behavior":{"default":null,"description":"Indicates Spot instance behavior when it is interrupted. Valid values are `terminate`, `stop`, or `hibernate`"},"spot_launch_group":{"default":null,"description":"A launch group is a group of spot instances that launch together and terminate together. If left empty instances are launched and terminated individually"},"spot_price":{"default":null,"description":"The maximum price to request on the spot market. Defaults to on-demand price"},"spot_type":{"default":null,"description":"If set to one-time, after the instance is terminated, the spot request will be closed. Default `persistent`"},"spot_valid_from":{"default":null,"description":"The start date and time of the request, in UTC RFC3339 format(for example, YYYY-MM-DDTHH:MM:SSZ)"},"spot_valid_until":{"default":null,"description":"The end date and time of the request, in UTC RFC3339 format(for example, YYYY-MM-DDTHH:MM:SSZ)"},"spot_wait_for_fulfillment":{"default":null,"description":"If set, Terraform will wait for the Spot Request to be fulfilled, and will throw an error if the timeout of 10m is reached"},"subnet_id":{"default":null,"description":"The VPC Subnet ID to launch in"},"tags":{"default":{},"description":"A mapping of tags to assign to the resource"},"tenancy":{"default":null,"description":"The tenancy of the instance (if the instance is running in a VPC). Available values: default, dedicated, host"},"timeouts":{"default":null,"description":"Define maximum timeout for creating, updating, and deleting EC2 instance resources"},"user_data":{"default":null,"description":"The user data to provide when launching the instance. Do not pass gzip-compressed data via this argument; see user_data_base64 instead"},"user_data_base64":{"default":null,"description":"Can be used instead of user_data to pass base64-encoded binary data directly. Use this instead of user_data whenever the value is not a valid UTF-8 string. For example, gzip-encoded user data must be base64-encoded and passed via this argument to avoid corruption"},"user_data_replace_on_change":{"default":null,"description":"When used in combination with user_data or user_data_base64 will trigger a destroy and recreate when set to true. Defaults to false if not set"},"volume_tags":{"default":{},"description":"A mapping of tags to assign to the devices created by the instance at launch time"},"vpc_security_group_ids":{"default":[],"description":"A list of security group IDs to associate with"}}}},"ec2_instance_nginx":{"source":"terraform-aws-modules/ec2-instance/aws","expressions":{"ami":{"constant_value":"ami-01f79b1e4a5c64257"},"associate_public_ip_address":{"constant_value":true},"create_security_group":{"constant_value":false},"instance_type":{"constant_value":"t2.micro"},"key_name":{"references":["aws_key_pair.EC2_Key_Pair.key_name","aws_key_pair.EC2_Key_Pair"]},"monitoring":{"constant_value":false},"name":{"constant_value":"Nginx-instance"},"subnet_id":{"references":["module.vpc.public_subnets[0]","module.vpc.public_subnets","module.vpc"]},"tags":{"constant_value":{"Environment":"dev","Terraform":"true"}},"user_data":{},"vpc_security_group_ids":{"references":["aws_security_group.Frontend-SG.id","aws_security_group.Frontend-SG"]}},"module":{"outputs":{"ami":{"expression":{"references":["aws_instance.this[0].ami","aws_instance.this[0]","aws_instance.this","aws_instance.ignore_ami[0].ami","aws_instance.ignore_ami[0]","aws_instance.ignore_ami","aws_spot_instance_request.this[0].ami","aws_spot_instance_request.this[0]","aws_spot_instance_request.this"]},"description":"AMI ID that was used to create the instance"},"arn":{"expression":{"references":["aws_instance.this[0].arn","aws_instance.this[0]","aws_instance.this","aws_instance.ignore_ami[0].arn","aws_instance.ignore_ami[0]","aws_instance.ignore_ami","aws_spot_instance_request.this[0].arn","aws_spot_instance_request.this[0]","aws_spot_instance_request.this"]},"description":"The ARN of the instance"},"availability_zone":{"expression":{"references":["local.instance_availability_zone"]},"description":"The availability zone of the created instance"},"capacity_reservation_specification":{"expression":{"references":["aws_instance.this[0].capacity_reservation_specification","aws_instance.this[0]","aws_instance.this","aws_instance.ignore_ami[0].capacity_reservation_specification","aws_instance.ignore_ami[0]","aws_instance.ignore_ami","aws_spot_instance_request.this[0].capacity_reservation_specification","aws_spot_instance_request.this[0]","aws_spot_instance_request.this"]},"description":"Capacity reservation specification of the instance"},"ebs_block_device":{"expression":{"references":["aws_instance.this[0].ebs_block_device","aws_instance.this[0]","aws_instance.this","aws_instance.ignore_ami[0].ebs_block_device","aws_instance.ignore_ami[0]","aws_instance.ignore_ami","aws_spot_instance_request.this[0].ebs_block_device","aws_spot_instance_request.this[0]","aws_spot_instance_request.this"]},"description":"EBS block device information"},"ebs_volumes":{"expression":{"references":["aws_ebs_volume.this"]},"description":"Map of EBS volumes created and their attributes"},"ephemeral_block_device":{"expression":{"references":["aws_instance.this[0].ephemeral_block_device","aws_instance.this[0]","aws_instance.this","aws_instance.ignore_ami[0].ephemeral_block_device","aws_instance.ignore_ami[0]","aws_instance.ignore_ami","aws_spot_instance_request.this[0].ephemeral_block_device","aws_spot_instance_request.this[0]","aws_spot_instance_request.this"]},"description":"Ephemeral block device information"},"iam_instance_profile_arn":{"expression":{"references":["aws_iam_instance_profile.this[0].arn","aws_iam_instance_profile.this[0]","aws_iam_instance_profile.this"]},"description":"ARN assigned by AWS to the instance profile"},"iam_instance_profile_id":{"expression":{"references":["aws_iam_instance_profile.this[0].id","aws_iam_instance_profile.this[0]","aws_iam_instance_profile.this"]},"description":"Instance profile's ID"},"iam_instance_profile_unique":{"expression":{"references":["aws_iam_instance_profile.this[0].unique_id","aws_iam_instance_profile.this[0]","aws_iam_instance_profile.this"]},"description":"Stable and unique string identifying the IAM instance profile"},"iam_role_arn":{"expression":{"references":["aws_iam_role.this[0].arn","aws_iam_role.this[0]","aws_iam_role.this"]},"description":"The Amazon Resource Name (ARN) specifying the IAM role"},"iam_role_name":{"expression":{"references":["aws_iam_role.this[0].name","aws_iam_role.this[0]","aws_iam_role.this"]},"description":"The name of the IAM role"},"iam_role_unique_id":{"expression":{"references":["aws_iam_role.this[0].unique_id","aws_iam_role.this[0]","aws_iam_role.this"]},"description":"Stable and unique string identifying the IAM role"},"id":{"expression":{"references":["local.instance_id"]},"description":"The ID of the instance"},"instance_state":{"expression":{"references":["aws_instance.this[0].instance_state","aws_instance.this[0]","aws_instance.this","aws_instance.ignore_ami[0].instance_state","aws_instance.ignore_ami[0]","aws_instance.ignore_ami","aws_spot_instance_request.this[0].instance_state","aws_spot_instance_request.this[0]","aws_spot_instance_request.this"]},"description":"The state of the instance"},"ipv6_addresses":{"expression":{"references":["aws_instance.this[0].ipv6_addresses","aws_instance.this[0]","aws_instance.this","aws_instance.ignore_ami[0].ipv6_addresses","aws_instance.ignore_ami[0]","aws_instance.ignore_ami","aws_spot_instance_request.this[0].ipv6_addresses","aws_spot_instance_request.this[0]","aws_spot_instance_request.this"]},"description":"The IPv6 address assigned to the instance, if applicable"},"outpost_arn":{"expression":{"references":["aws_instance.this[0].outpost_arn","aws_instance.this[0]","aws_instance.this","aws_instance.ignore_ami[0].outpost_arn","aws_instance.ignore_ami[0]","aws_instance.ignore_ami","aws_spot_instance_request.this[0].outpost_arn","aws_spot_instance_request.this[0]","aws_spot_instance_request.this"]},"description":"The ARN of the Outpost the instance is assigned to"},"password_data":{"expression":{"references":["aws_instance.this[0].password_data","aws_instance.this[0]","aws_instance.this","aws_instance.ignore_ami[0].password_data","aws_instance.ignore_ami[0]","aws_instance.ignore_ami","aws_spot_instance_request.this[0].password_data","aws_spot_instance_request.this[0]","aws_spot_instance_request.this"]},"description":"Base-64 encoded encrypted password data for the instance. Useful for getting the administrator password for instances running Microsoft Windows. This attribute is only exported if `get_password_data` is true"},"primary_network_interface_id":{"expression":{"references":["aws_instance.this[0].primary_network_interface_id","aws_instance.this[0]","aws_instance.this","aws_instance.ignore_ami[0].primary_network_interface_id","aws_instance.ignore_ami[0]","aws_instance.ignore_ami","aws_spot_instance_request.this[0].primary_network_interface_id","aws_spot_instance_request.this[0]","aws_spot_instance_request.this"]},"description":"The ID of the instance's primary network interface"},"private_dns":{"expression":{"references":["aws_instance.this[0].private_dns","aws_instance.this[0]","aws_instance.this","aws_instance.ignore_ami[0].private_dns","aws_instance.ignore_ami[0]","aws_instance.ignore_ami","aws_spot_instance_request.this[0].private_dns","aws_spot_instance_request.this[0]","aws_spot_instance_request.this"]},"description":"The private DNS name assigned to the instance. Can only be used inside the Amazon EC2, and only available if you've enabled DNS hostnames for your VPC"},"private_ip":{"expression":{"references":["aws_instance.this[0].private_ip","aws_instance.this[0]","aws_instance.this","aws_instance.ignore_ami[0].private_ip","aws_instance.ignore_ami[0]","aws_instance.ignore_ami","aws_spot_instance_request.this[0].private_ip","aws_spot_instance_request.this[0]","aws_spot_instance_request.this"]},"description":"The private IP address assigned to the instance"},"public_dns":{"expression":{"references":["aws_instance.this[0].public_dns","aws_instance.this[0]","aws_instance.this","aws_instance.ignore_ami[0].public_dns","aws_instance.ignore_ami[0]","aws_instance.ignore_ami","aws_spot_instance_request.this[0].public_dns","aws_spot_instance_request.this[0]","aws_spot_instance_request.this"]},"description":"The public DNS name assigned to the instance. For EC2-VPC, this is only available if you've enabled DNS hostnames for your VPC"},"public_ip":{"expression":{"references":["aws_eip.this[0].public_ip","aws_eip.this[0]","aws_eip.this","aws_instance.this[0].public_ip","aws_instance.this[0]","aws_instance.this","aws_instance.ignore_ami[0].public_ip","aws_instance.ignore_ami[0]","aws_instance.ignore_ami","aws_spot_instance_request.this[0].public_ip","aws_spot_instance_request.this[0]","aws_spot_instance_request.this"]},"description":"The public IP address assigned to the instance, if applicable."},"root_block_device":{"expression":{"references":["aws_instance.this[0].root_block_device","aws_instance.this[0]","aws_instance.this","aws_instance.ignore_ami[0].root_block_device","aws_instance.ignore_ami[0]","aws_instance.ignore_ami","aws_spot_instance_request.this[0].root_block_device","aws_spot_instance_request.this[0]","aws_spot_instance_request.this"]},"description":"Root block device information"},"security_group_arn":{"expression":{"references":["aws_security_group.this[0].arn","aws_security_group.this[0]","aws_security_group.this"]},"description":"Amazon Resource Name (ARN) of the security group"},"security_group_id":{"expression":{"references":["aws_security_group.this[0].id","aws_security_group.this[0]","aws_security_group.this"]},"description":"ID of the security group"},"spot_bid_status":{"expression":{"references":["aws_spot_instance_request.this[0].spot_bid_status","aws_spot_instance_request.this[0]","aws_spot_instance_request.this"]},"description":"The current bid status of the Spot Instance Request"},"spot_instance_id":{"expression":{"references":["aws_spot_instance_request.this[0].spot_instance_id","aws_spot_instance_request.this[0]","aws_spot_instance_request.this"]},"description":"The Instance ID (if any) that is currently fulfilling the Spot Instance request"},"spot_request_state":{"expression":{"references":["aws_spot_instance_request.this[0].spot_request_state","aws_spot_instance_request.this[0]","aws_spot_instance_request.this"]},"description":"The current request state of the Spot Instance Request"},"tags_all":{"expression":{"references":["aws_instance.this[0].tags_all","aws_instance.this[0]","aws_instance.this","aws_instance.ignore_ami[0].tags_all","aws_instance.ignore_ami[0]","aws_instance.ignore_ami","aws_spot_instance_request.this[0].tags_all","aws_spot_instance_request.this[0]","aws_spot_instance_request.this"]},"description":"A map of tags assigned to the resource, including those inherited from the provider default_tags configuration block"}},"resources":[{"address":"aws_ebs_volume.this","mode":"managed","type":"aws_ebs_volume","name":"this","provider_config_key":"aws","expressions":{"availability_zone":{"references":["local.instance_availability_zone"]},"encrypted":{"references":["each.value.encrypted","each.value"]},"final_snapshot":{"references":["each.value.final_snapshot","each.value"]},"iops":{"references":["each.value.iops","each.value"]},"kms_key_id":{"references":["each.value.kms_key_id","each.value"]},"multi_attach_enabled":{"references":["each.value.multi_attach_enabled","each.value"]},"outpost_arn":{"references":["each.value.outpost_arn","each.value"]},"region":{"references":["var.region"]},"size":{"references":["each.value.size","each.value"]},"snapshot_id":{"references":["each.value.snapshot_id","each.value"]},"tags":{"references":["var.tags","var.volume_tags","var.name","each.key","each.value.tags","each.value"]},"throughput":{"references":["each.value.throughput","each.value"]},"type":{"references":["each.value.type","each.value"]}},"schema_version":0,"for_each_expression":{"references":["var.create","var.ebs_volumes","var.ebs_volumes"]}},{"address":"aws_ec2_tag.spot_instance","mode":"managed","type":"aws_ec2_tag","name":"spot_instance","provider_config_key":"aws","expressions":{"key":{"references":["each.key"]},"resource_id":{"references":["aws_spot_instance_request.this[0].spot_instance_id","aws_spot_instance_request.this[0]","aws_spot_instance_request.this"]},"value":{"references":["each.value"]}},"schema_version":0,"for_each_expression":{"references":["local.create","var.create_spot_instance","local.instance_tags"]}},{"address":"aws_eip.this","mode":"managed","type":"aws_eip","name":"this","provider_config_key":"aws","expressions":{"domain":{"references":["var.eip_domain"]},"instance":{"references":["local.instance_id"]},"region":{"references":["var.region"]},"tags":{"references":["var.tags","var.eip_tags"]}},"schema_version":0,"count_expression":{"references":["local.create","var.create_eip","var.create_spot_instance"]}},{"address":"aws_iam_instance_profile.this","mode":"managed","type":"aws_iam_instance_profile","name":"this","provider_config_key":"aws","expressions":{"name":{"references":["var.iam_role_use_name_prefix","local.iam_role_name"]},"name_prefix":{"references":["var.iam_role_use_name_prefix","local.iam_role_name"]},"path":{"references":["var.iam_role_path"]},"role":{"references":["aws_iam_role.this[0].name","aws_iam_role.this[0]","aws_iam_role.this"]},"tags":{"references":["var.tags","var.iam_role_tags"]}},"schema_version":0,"count_expression":{"references":["var.create","var.create_iam_instance_profile"]}},{"address":"aws_iam_role.this","mode":"managed","type":"aws_iam_role","name":"this","provider_config_key":"aws","expressions":{"assume_role_policy":{"references":["data.aws_iam_policy_document.assume_role_policy[0].json","data.aws_iam_policy_document.assume_role_policy[0]","data.aws_iam_policy_document.assume_role_policy"]},"description":{"references":["var.iam_role_description"]},"force_detach_policies":{"constant_value":true},"name":{"references":["var.iam_role_use_name_prefix","local.iam_role_name"]},"name_prefix":{"references":["var.iam_role_use_name_prefix","local.iam_role_name"]},"path":{"references":["var.iam_role_path"]},"permissions_boundary":{"references":["var.iam_role_permissions_boundary"]},"tags":{"references":["var.tags","var.iam_role_tags"]}},"schema_version":0,"count_expression":{"references":["var.create","var.create_iam_instance_profile"]}},{"address":"aws_iam_role_policy_attachment.this","mode":"managed","type":"aws_iam_role_policy_attachment","name":"this","provider_config_key":"aws","expressions":{"policy_arn":{"references":["each.value"]},"role":{"references":["aws_iam_role.this[0].name","aws_iam_role.this[0]","aws_iam_role.this"]}},"schema_version":0,"for_each_expression":{"references":["var.iam_role_policies","var.create","var.create_iam_instance_profile"]}},{"address":"aws_instance.ignore_ami","mode":"managed","type":"aws_instance","name":"ignore_ami","provider_config_key":"aws","expressions":{"ami":{"references":["local.ami"]},"associate_public_ip_address":{"references":["var.associate_public_ip_address"]},"availability_zone":{"references":["var.availability_zone"]},"credit_specification":[{"cpu_credits":{"references":["local.is_t_instance_type","var.cpu_credits"]}}],"disable_api_stop":{"references":["var.disable_api_stop"]},"disable_api_termination":{"references":["var.disable_api_termination"]},"ebs_optimized":{"references":["var.ebs_optimized"]},"enable_primary_ipv6":{"references":["var.enable_primary_ipv6"]},"enclave_options":[{"enabled":{"references":["var.enclave_options_enabled"]}}],"get_password_data":{"references":["var.get_password_data"]},"hibernation":{"references":["var.hibernation"]},"host_id":{"references":["var.host_id"]},"host_resource_group_arn":{"references":["var.host_resource_group_arn"]},"iam_instance_profile":{"references":["var.create_iam_instance_profile","aws_iam_instance_profile.this[0].name","aws_iam_instance_profile.this[0]","aws_iam_instance_profile.this","var.iam_instance_profile"]},"instance_initiated_shutdown_behavior":{"references":["var.instance_initiated_shutdown_behavior"]},"instance_type":{"references":["var.instance_type"]},"ipv6_address_count":{"references":["var.ipv6_address_count"]},"ipv6_addresses":{"references":["var.ipv6_addresses"]},"key_name":{"references":["var.key_name"]},"monitoring":{"references":["var.monitoring"]},"placement_group":{"references":["var.placement_group"]},"placement_partition_number":{"references":["var.placement_partition_number"]},"private_ip":{"references":["var.private_ip"]},"region":{"references":["var.region"]},"secondary_private_ips":{"references":["var.secondary_private_ips"]},"source_dest_check":{"references":["var.network_interface","var.source_dest_check"]},"subnet_id":{"references":["var.subnet_id"]},"tags":{"references":["local.instance_tags"]},"tenancy":{"references":["var.tenancy"]},"user_data":{"references":["var.user_data"]},"user_data_base64":{"references":["var.user_data_base64"]},"user_data_replace_on_change":{"references":["var.user_data_replace_on_change"]},"volume_tags":{"references":["var.enable_volume_tags","var.tags","var.volume_tags","var.name"]},"vpc_security_group_ids":{"references":["var.network_interface","local.vpc_security_group_ids"]}},"schema_version":2,"count_expression":{"references":["local.create","var.ignore_ami_changes","var.create_spot_instance"]}},{"address":"aws_instance.this","mode":"managed","type":"aws_instance","name":"this","provider_config_key":"aws","expressions":{"ami":{"references":["local.ami"]},"associate_public_ip_address":{"references":["var.associate_public_ip_address"]},"availability_zone":{"references":["var.availability_zone"]},"credit_specification":[{"cpu_credits":{"references":["local.is_t_instance_type","var.cpu_credits"]}}],"disable_api_stop":{"references":["var.disable_api_stop"]},"disable_api_termination":{"references":["var.disable_api_termination"]},"ebs_optimized":{"references":["var.ebs_optimized"]},"enable_primary_ipv6":{"references":["var.enable_primary_ipv6"]},"enclave_options":[{"enabled":{"references":["var.enclave_options_enabled"]}}],"get_password_data":{"references":["var.get_password_data"]},"hibernation":{"references":["var.hibernation"]},"host_id":{"references":["var.host_id"]},"host_resource_group_arn":{"references":["var.host_resource_group_arn"]},"iam_instance_profile":{"references":["var.create_iam_instance_profile","aws_iam_instance_profile.this[0].name","aws_iam_instance_profile.this[0]","aws_iam_instance_profile.this","var.iam_instance_profile"]},"instance_initiated_shutdown_behavior":{"references":["var.instance_initiated_shutdown_behavior"]},"instance_type":{"references":["var.instance_type"]},"ipv6_address_count":{"references":["var.ipv6_address_count"]},"ipv6_addresses":{"references":["var.ipv6_addresses"]},"key_name":{"references":["var.key_name"]},"monitoring":{"references":["var.monitoring"]},"placement_group":{"references":["var.placement_group"]},"placement_partition_number":{"references":["var.placement_partition_number"]},"private_ip":{"references":["var.private_ip"]},"region":{"references":["var.region"]},"secondary_private_ips":{"references":["var.secondary_private_ips"]},"source_dest_check":{"references":["var.network_interface","var.source_dest_check"]},"subnet_id":{"references":["var.subnet_id"]},"tags":{"references":["local.instance_tags"]},"tenancy":{"references":["var.tenancy"]},"user_data":{"references":["var.user_data"]},"user_data_base64":{"references":["var.user_data_base64"]},"user_data_replace_on_change":{"references":["var.user_data_replace_on_change"]},"volume_tags":{"references":["var.enable_volume_tags","var.tags","var.volume_tags","var.name"]},"vpc_security_group_ids":{"references":["var.network_interface","local.vpc_security_group_ids"]}},"schema_version":2,"count_expression":{"references":["local.create","var.ignore_ami_changes","var.create_spot_instance"]}},{"address":"aws_security_group.this","mode":"managed","type":"aws_security_group","name":"this","provider_config_key":"aws","expressions":{"description":{"references":["var.security_group_description"]},"name":{"references":["var.security_group_use_name_prefix","local.security_group_name"]},"name_prefix":{"references":["var.security_group_use_name_prefix","local.security_group_name"]},"region":{"references":["var.region"]},"tags":{"references":["var.tags","local.security_group_name","var.security_group_tags"]},"vpc_id":{"references":["var.security_group_vpc_id","data.aws_subnet.this[0].vpc_id","data.aws_subnet.this[0]","data.aws_subnet.this"]}},"schema_version":1,"count_expression":{"references":["local.create_security_group"]}},{"address":"aws_spot_instance_request.this","mode":"managed","type":"aws_spot_instance_request","name":"this","provider_config_key":"aws","expressions":{"ami":{"references":["local.ami"]},"associate_public_ip_address":{"references":["var.associate_public_ip_address"]},"availability_zone":{"references":["var.availability_zone"]},"credit_specification":[{"cpu_credits":{"references":["local.is_t_instance_type","var.cpu_credits"]}}],"disable_api_stop":{"references":["var.disable_api_stop"]},"disable_api_termination":{"references":["var.disable_api_termination"]},"ebs_optimized":{"references":["var.ebs_optimized"]},"enable_primary_ipv6":{"references":["var.enable_primary_ipv6"]},"enclave_options":[{"enabled":{"references":["var.enclave_options_enabled"]}}],"get_password_data":{"references":["var.get_password_data"]},"hibernation":{"references":["var.hibernation"]},"host_id":{"references":["var.host_id"]},"host_resource_group_arn":{"references":["var.host_resource_group_arn"]},"iam_instance_profile":{"references":["var.create_iam_instance_profile","aws_iam_instance_profile.this[0].name","aws_iam_instance_profile.this[0]","aws_iam_instance_profile.this","var.iam_instance_profile"]},"instance_initiated_shutdown_behavior":{"references":["var.instance_initiated_shutdown_behavior"]},"instance_interruption_behavior":{"references":["var.spot_instance_interruption_behavior"]},"instance_type":{"references":["var.instance_type"]},"ipv6_address_count":{"references":["var.ipv6_address_count"]},"ipv6_addresses":{"references":["var.ipv6_addresses"]},"key_name":{"references":["var.key_name"]},"launch_group":{"references":["var.spot_launch_group"]},"monitoring":{"references":["var.monitoring"]},"placement_group":{"references":["var.placement_group"]},"placement_partition_number":{"references":["var.placement_partition_number"]},"private_ip":{"references":["var.private_ip"]},"region":{"references":["var.region"]},"secondary_private_ips":{"references":["var.secondary_private_ips"]},"source_dest_check":{"references":["var.network_interface","var.source_dest_check"]},"spot_price":{"references":["var.spot_price"]},"spot_type":{"references":["var.spot_type"]},"subnet_id":{"references":["var.subnet_id"]},"tags":{"references":["local.instance_tags"]},"tenancy":{"references":["var.tenancy"]},"user_data":{"references":["var.user_data"]},"user_data_base64":{"references":["var.user_data_base64"]},"user_data_replace_on_change":{"references":["var.user_data_replace_on_change"]},"valid_from":{"references":["var.spot_valid_from"]},"valid_until":{"references":["var.spot_valid_until"]},"volume_tags":{"references":["var.enable_volume_tags","var.tags","var.volume_tags","var.name"]},"vpc_security_group_ids":{"references":["var.network_interface","local.vpc_security_group_ids"]},"wait_for_fulfillment":{"references":["var.spot_wait_for_fulfillment"]}},"schema_version":0,"count_expression":{"references":["local.create","var.create_spot_instance"]}},{"address":"aws_volume_attachment.this","mode":"managed","type":"aws_volume_attachment","name":"this","provider_config_key":"aws","expressions":{"device_name":{"references":["each.value.device_name","each.value","each.key"]},"force_detach":{"references":["each.value.force_detach","each.value"]},"instance_id":{"references":["local.instance_id"]},"region":{"references":["var.region"]},"skip_destroy":{"references":["each.value.skip_destroy","each.value"]},"stop_instance_before_detaching":{"references":["each.value.stop_instance_before_detaching","each.value"]},"volume_id":{"references":["aws_ebs_volume.this","each.key"]}},"schema_version":0,"for_each_expression":{"references":["var.create","var.ebs_volumes","var.ebs_volumes"]}},{"address":"aws_vpc_security_group_egress_rule.this","mode":"managed","type":"aws_vpc_security_group_egress_rule","name":"this","provider_config_key":"aws","expressions":{"cidr_ipv4":{"references":["each.value.cidr_ipv4","each.value"]},"cidr_ipv6":{"references":["each.value.cidr_ipv6","each.value"]},"description":{"references":["each.value.description","each.value"]},"from_port":{"references":["each.value.from_port","each.value","each.value.to_port","each.value"]},"ip_protocol":{"references":["each.value.ip_protocol","each.value"]},"prefix_list_id":{"references":["each.value.prefix_list_id","each.value"]},"referenced_security_group_id":{"references":["each.value.referenced_security_group_id","each.value"]},"region":{"references":["var.region"]},"security_group_id":{"references":["aws_security_group.this[0].id","aws_security_group.this[0]","aws_security_group.this"]},"tags":{"references":["var.tags","var.security_group_tags","local.security_group_name","each.key","each.value.tags","each.value"]},"to_port":{"references":["each.value.to_port","each.value","each.value.from_port","each.value"]}},"schema_version":0,"for_each_expression":{"references":["local.create_security_group","var.security_group_egress_rules","var.security_group_egress_rules"]}},{"address":"aws_vpc_security_group_ingress_rule.this","mode":"managed","type":"aws_vpc_security_group_ingress_rule","name":"this","provider_config_key":"aws","expressions":{"cidr_ipv4":{"references":["each.value.cidr_ipv4","each.value"]},"cidr_ipv6":{"references":["each.value.cidr_ipv6","each.value"]},"description":{"references":["each.value.description","each.value"]},"from_port":{"references":["each.value.from_port","each.value","each.value.to_port","each.value"]},"ip_protocol":{"references":["each.value.ip_protocol","each.value"]},"prefix_list_id":{"references":["each.value.prefix_list_id","each.value"]},"referenced_security_group_id":{"references":["each.value.referenced_security_group_id","each.value"]},"region":{"references":["var.region"]},"security_group_id":{"references":["aws_security_group.this[0].id","aws_security_group.this[0]","aws_security_group.this"]},"tags":{"references":["var.tags","var.security_group_tags","local.security_group_name","each.key","each.value.tags","each.value"]},"to_port":{"references":["each.value.to_port","each.value","each.value.from_port","each.value"]}},"schema_version":0,"for_each_expression":{"references":["local.create_security_group","var.security_group_ingress_rules","var.security_group_ingress_rules"]}},{"address":"data.aws_iam_policy_document.assume_role_policy","mode":"data","type":"aws_iam_policy_document","name":"assume_role_policy","provider_config_key":"aws","expressions":{"statement":[{"actions":{"constant_value":["sts:AssumeRole"]},"principals":[{"identifiers":{"references":["data.aws_partition.current.dns_suffix","data.aws_partition.current"]},"type":{"constant_value":"Service"}}],"sid":{"constant_value":"EC2AssumeRole"}}]},"schema_version":0,"count_expression":{"references":["var.create","var.create_iam_instance_profile"]}},{"address":"data.aws_partition.current","mode":"data","type":"aws_partition","name":"current","provider_config_key":"aws","schema_version":0},{"address":"data.aws_ssm_parameter.this","mode":"data","type":"aws_ssm_parameter","name":"this","provider_config_key":"aws","expressions":{"name":{"references":["var.ami_ssm_parameter"]},"region":{"references":["var.region"]}},"schema_version":0},{"address":"data.aws_subnet.this","mode":"data","type":"aws_subnet","name":"this","provider_config_key":"aws","expressions":{"id":{"references":["var.subnet_id"]},"region":{"references":["var.region"]}},"schema_version":0,"count_expression":{"references":["local.create_security_group"]}}],"variables":{"ami":{"default":null,"description":"ID of AMI to use for the instance"},"ami_ssm_parameter":{"default":"/aws/service/ami-amazon-linux-latest/al2023-ami-kernel-default-x86_64","description":"SSM parameter name for the AMI ID. For Amazon Linux AMI SSM parameters see [reference](https://docs.aws.amazon.com/systems-manager/latest/userguide/parameter-store-public-parameters-ami.html)"},"associate_public_ip_address":{"default":null,"description":"Whether to associate a public IP address with an instance in a VPC"},"availability_zone":{"default":null,"description":"AZ to start the instance in"},"capacity_reservation_specification":{"default":null,"description":"Describes an instance's Capacity Reservation targeting option"},"cpu_credits":{"default":null,"description":"The credit option for CPU usage (unlimited or standard)"},"cpu_options":{"default":null,"description":"Defines CPU options to apply to the instance at launch time."},"create":{"default":true,"description":"Whether to create an instance"},"create_eip":{"default":false,"description":"Determines whether a public EIP will be created and associated with the instance."},"create_iam_instance_profile":{"default":false,"description":"Determines whether an IAM instance profile is created or to use an existing IAM instance profile"},"create_security_group":{"default":true,"description":"Determines whether a security group will be created"},"create_spot_instance":{"default":false,"description":"Depicts if the instance is a spot instance"},"disable_api_stop":{"default":null,"description":"If true, enables EC2 Instance Stop Protection"},"disable_api_termination":{"default":null,"description":"If true, enables EC2 Instance Termination Protection"},"ebs_optimized":{"default":null,"description":"If true, the launched EC2 instance will be EBS-optimized"},"ebs_volumes":{"default":null,"description":"Additional EBS volumes to attach to the instance"},"eip_domain":{"default":"vpc","description":"Indicates if this EIP is for use in VPC"},"eip_tags":{"default":{},"description":"A map of additional tags to add to the eip"},"enable_primary_ipv6":{"default":null,"description":"Whether to assign a primary IPv6 Global Unicast Address (GUA) to the instance when launched in a dual-stack or IPv6-only subnet"},"enable_volume_tags":{"default":true,"description":"Whether to enable volume tags (if enabled it conflicts with root_block_device tags)"},"enclave_options_enabled":{"default":null,"description":"Whether Nitro Enclaves will be enabled on the instance. Defaults to `false`"},"ephemeral_block_device":{"default":null,"description":"Customize Ephemeral (also known as Instance Store) volumes on the instance"},"get_password_data":{"default":null,"description":"If true, wait for password data to become available and retrieve it"},"hibernation":{"default":null,"description":"If true, the launched EC2 instance will support hibernation"},"host_id":{"default":null,"description":"ID of a dedicated host that the instance will be assigned to. Use when an instance is to be launched on a specific dedicated host"},"host_resource_group_arn":{"default":null,"description":"ARN of the host resource group in which to launch the instances. If you specify an ARN, omit the `tenancy` parameter or set it to `host`"},"iam_instance_profile":{"default":null,"description":"IAM Instance Profile to launch the instance with. Specified as the name of the Instance Profile"},"iam_role_description":{"default":null,"description":"Description of the role"},"iam_role_name":{"default":null,"description":"Name to use on IAM role created"},"iam_role_path":{"default":null,"description":"IAM role path"},"iam_role_permissions_boundary":{"default":null,"description":"ARN of the policy that is used to set the permissions boundary for the IAM role"},"iam_role_policies":{"default":{},"description":"Policies attached to the IAM role"},"iam_role_tags":{"default":{},"description":"A map of additional tags to add to the IAM role/profile created"},"iam_role_use_name_prefix":{"default":true,"description":"Determines whether the IAM role name (`iam_role_name` or `name`) is used as a prefix"},"ignore_ami_changes":{"default":false,"description":"Whether changes to the AMI ID changes should be ignored by Terraform. Note - changing this value will result in the replacement of the instance"},"instance_initiated_shutdown_behavior":{"default":null,"description":"Shutdown behavior for the instance. Amazon defaults this to stop for EBS-backed instances and terminate for instance-store instances. Cannot be set on instance-store instance"},"instance_market_options":{"default":null,"description":"The market (purchasing) option for the instance. If set, overrides the `create_spot_instance` variable"},"instance_tags":{"default":{},"description":"Additional tags for the instance"},"instance_type":{"default":"t3.micro","description":"The type of instance to start"},"ipv6_address_count":{"default":null,"description":"A number of IPv6 addresses to associate with the primary network interface. Amazon EC2 chooses the IPv6 addresses from the range of your subnet"},"ipv6_addresses":{"default":null,"description":"Specify one or more IPv6 addresses from the range of the subnet to associate with the primary network interface"},"key_name":{"default":null,"description":"Key name of the Key Pair to use for the instance; which can be managed using the `aws_key_pair` resource"},"launch_template":{"default":null,"description":"Specifies a Launch Template to configure the instance. Parameters configured on this resource will override the corresponding parameters in the Launch Template"},"maintenance_options":{"default":null,"description":"The maintenance options for the instance"},"metadata_options":{"default":{"http_endpoint":"enabled","http_protocol_ipv6":null,"http_put_response_hop_limit":1,"http_tokens":"required","instance_metadata_tags":null},"description":"Customize the metadata options of the instance"},"monitoring":{"default":null,"description":"If true, the launched EC2 instance will have detailed monitoring enabled"},"name":{"default":"","description":"Name to be used on EC2 instance created"},"network_interface":{"default":null,"description":"Customize network interfaces to be attached at instance boot time"},"placement_group":{"default":null,"description":"The Placement Group to start the instance in"},"placement_partition_number":{"default":null,"description":"Number of the partition the instance is in. Valid only if the `aws_placement_group` resource's `strategy` argument is set to `partition`"},"private_dns_name_options":{"default":null,"description":"Customize the private DNS name options of the instance"},"private_ip":{"default":null,"description":"Private IP address to associate with the instance in a VPC"},"putin_khuylo":{"default":true,"description":"Do you agree that Putin doesn't respect Ukrainian sovereignty and territorial integrity? More info: https://en.wikipedia.org/wiki/Putin_khuylo!"},"region":{"default":null,"description":"Region where the resource(s) will be managed. Defaults to the Region set in the provider configuration"},"root_block_device":{"default":null,"description":"Customize details about the root block device of the instance. See Block Devices below for details"},"secondary_private_ips":{"default":null,"description":"A list of secondary private IPv4 addresses to assign to the instance's primary network interface (eth0) in a VPC. Can only be assigned to the primary network interface (eth0) attached at instance creation, not a pre-existing network interface i.e. referenced in a `network_interface block`"},"security_group_description":{"default":null,"description":"Description of the security group"},"security_group_egress_rules":{"default":{"ipv4_default":{"cidr_ipv4":"0.0.0.0/0","cidr_ipv6":null,"description":"Allow all IPv4 traffic","from_port":null,"ip_protocol":"-1","prefix_list_id":null,"referenced_security_group_id":null,"tags":{},"to_port":null},"ipv6_default":{"cidr_ipv4":null,"cidr_ipv6":"::/0","description":"Allow all IPv6 traffic","from_port":null,"ip_protocol":"-1","prefix_list_id":null,"referenced_security_group_id":null,"tags":{},"to_port":null}},"description":"Egress rules to add to the security group"},"security_group_ingress_rules":{"default":null,"description":"Ingress rules to add to the security group"},"security_group_name":{"default":null,"description":"Name to use on security group created"},"security_group_tags":{"default":{},"description":"A map of additional tags to add to the security group created"},"security_group_use_name_prefix":{"default":true,"description":"Determines whether the security group name (`security_group_name` or `name`) is used as a prefix"},"security_group_vpc_id":{"default":null,"description":"VPC ID to create the security group in. If not set, the security group will be created in the default VPC"},"source_dest_check":{"default":null,"description":"Controls if traffic is routed to the instance when the destination address does not match the instance. Used for NAT or VPNs"},"spot_instance_interruption_behavior":{"default":null,"description":"Indicates Spot instance behavior when it is interrupted. Valid values are `terminate`, `stop`, or `hibernate`"},"spot_launch_group":{"default":null,"description":"A launch group is a group of spot instances that launch together and terminate together. If left empty instances are launched and terminated individually"},"spot_price":{"default":null,"description":"The maximum price to request on the spot market. Defaults to on-demand price"},"spot_type":{"default":null,"description":"If set to one-time, after the instance is terminated, the spot request will be closed. Default `persistent`"},"spot_valid_from":{"default":null,"description":"The start date and time of the request, in UTC RFC3339 format(for example, YYYY-MM-DDTHH:MM:SSZ)"},"spot_valid_until":{"default":null,"description":"The end date and time of the request, in UTC RFC3339 format(for example, YYYY-MM-DDTHH:MM:SSZ)"},"spot_wait_for_fulfillment":{"default":null,"description":"If set, Terraform will wait for the Spot Request to be fulfilled, and will throw an error if the timeout of 10m is reached"},"subnet_id":{"default":null,"description":"The VPC Subnet ID to launch in"},"tags":{"default":{},"description":"A mapping of tags to assign to the resource"},"tenancy":{"default":null,"description":"The tenancy of the instance (if the instance is running in a VPC). Available values: default, dedicated, host"},"timeouts":{"default":null,"description":"Define maximum timeout for creating, updating, and deleting EC2 instance resources"},"user_data":{"default":null,"description":"The user data to provide when launching the instance. Do not pass gzip-compressed data via this argument; see user_data_base64 instead"},"user_data_base64":{"default":null,"description":"Can be used instead of user_data to pass base64-encoded binary data directly. Use this instead of user_data whenever the value is not a valid UTF-8 string. For example, gzip-encoded user data must be base64-encoded and passed via this argument to avoid corruption"},"user_data_replace_on_change":{"default":null,"description":"When used in combination with user_data or user_data_base64 will trigger a destroy and recreate when set to true. Defaults to false if not set"},"volume_tags":{"default":{},"description":"A mapping of tags to assign to the devices created by the instance at launch time"},"vpc_security_group_ids":{"default":[],"description":"A list of security group IDs to associate with"}}}},"ec2_instance_rabbitmq":{"source":"terraform-aws-modules/ec2-instance/aws","expressions":{"ami":{"constant_value":"ami-0191d47ba10441f0b"},"create_security_group":{"constant_value":false},"instance_type":{"constant_value":"t2.micro"},"key_name":{"references":["aws_key_pair.EC2_Key_Pair.key_name","aws_key_pair.EC2_Key_Pair"]},"monitoring":{"constant_value":false},"name":{"constant_value":"RabbitMQ-instance"},"subnet_id":{"references":["module.vpc.private_subnets[1]","module.vpc.private_subnets","module.vpc"]},"tags":{"constant_value":{"Environment":"dev","Terraform":"true"}},"user_data":{},"vpc_security_group_ids":{"references":["aws_security_group.Data-SG.id","aws_security_group.Data-SG"]}},"module":{"outputs":{"ami":{"expression":{"references":["aws_instance.this[0].ami","aws_instance.this[0]","aws_instance.this","aws_instance.ignore_ami[0].ami","aws_instance.ignore_ami[0]","aws_instance.ignore_ami","aws_spot_instance_request.this[0].ami","aws_spot_instance_request.this[0]","aws_spot_instance_request.this"]},"description":"AMI ID that was used to create the instance"},"arn":{"expression":{"references":["aws_instance.this[0].arn","aws_instance.this[0]","aws_instance.this","aws_instance.ignore_ami[0].arn","aws_instance.ignore_ami[0]","aws_instance.ignore_ami","aws_spot_instance_request.this[0].arn","aws_spot_instance_request.this[0]","aws_spot_instance_request.this"]},"description":"The ARN of the instance"},"availability_zone":{"expression":{"references":["local.instance_availability_zone"]},"description":"The availability zone of the created instance"},"capacity_reservation_specification":{"expression":{"references":["aws_instance.this[0].capacity_reservation_specification","aws_instance.this[0]","aws_instance.this","aws_instance.ignore_ami[0].capacity_reservation_specification","aws_instance.ignore_ami[0]","aws_instance.ignore_ami","aws_spot_instance_request.this[0].capacity_reservation_specification","aws_spot_instance_request.this[0]","aws_spot_instance_request.this"]},"description":"Capacity reservation specification of the instance"},"ebs_block_device":{"expression":{"references":["aws_instance.this[0].ebs_block_device","aws_instance.this[0]","aws_instance.this","aws_instance.ignore_ami[0].ebs_block_device","aws_instance.ignore_ami[0]","aws_instance.ignore_ami","aws_spot_instance_request.this[0].ebs_block_device","aws_spot_instance_request.this[0]","aws_spot_instance_request.this"]},"description":"EBS block device information"},"ebs_volumes":{"expression":{"references":["aws_ebs_volume.this"]},"description":"Map of EBS volumes created and their attributes"},"ephemeral_block_device":{"expression":{"references":["aws_instance.this[0].ephemeral_block_device","aws_instance.this[0]","aws_instance.this","aws_instance.ignore_ami[0].ephemeral_block_device","aws_instance.ignore_ami[0]","aws_instance.ignore_ami","aws_spot_instance_request.this[0].ephemeral_block_device","aws_spot_instance_request.this[0]","aws_spot_instance_request.this"]},"description":"Ephemeral block device information"},"iam_instance_profile_arn":{"expression":{"references":["aws_iam_instance_profile.this[0].arn","aws_iam_instance_profile.this[0]","aws_iam_instance_profile.this"]},"description":"ARN assigned by AWS to the instance profile"},"iam_instance_profile_id":{"expression":{"references":["aws_iam_instance_profile.this[0].id","aws_iam_instance_profile.this[0]","aws_iam_instance_profile.this"]},"description":"Instance profile's ID"},"iam_instance_profile_unique":{"expression":{"references":["aws_iam_instance_profile.this[0].unique_id","aws_iam_instance_profile.this[0]","aws_iam_instance_profile.this"]},"description":"Stable and unique string identifying the IAM instance profile"},"iam_role_arn":{"expression":{"references":["aws_iam_role.this[0].arn","aws_iam_role.this[0]","aws_iam_role.this"]},"description":"The Amazon Resource Name (ARN) specifying the IAM role"},"iam_role_name":{"expression":{"references":["aws_iam_role.this[0].name","aws_iam_role.this[0]","aws_iam_role.this"]},"description":"The name of the IAM role"},"iam_role_unique_id":{"expression":{"references":["aws_iam_role.this[0].unique_id","aws_iam_role.this[0]","aws_iam_role.this"]},"description":"Stable and unique string identifying the IAM role"},"id":{"expression":{"references":["local.instance_id"]},"description":"The ID of the instance"},"instance_state":{"expression":{"references":["aws_instance.this[0].instance_state","aws_instance.this[0]","aws_instance.this","aws_instance.ignore_ami[0].instance_state","aws_instance.ignore_ami[0]","aws_instance.ignore_ami","aws_spot_instance_request.this[0].instance_state","aws_spot_instance_request.this[0]","aws_spot_instance_request.this"]},"description":"The state of the instance"},"ipv6_addresses":{"expression":{"references":["aws_instance.this[0].ipv6_addresses","aws_instance.this[0]","aws_instance.this","aws_instance.ignore_ami[0].ipv6_addresses","aws_instance.ignore_ami[0]","aws_instance.ignore_ami","aws_spot_instance_request.this[0].ipv6_addresses","aws_spot_instance_request.this[0]","aws_spot_instance_request.this"]},"description":"The IPv6 address assigned to the instance, if applicable"},"outpost_arn":{"expression":{"references":["aws_instance.this[0].outpost_arn","aws_instance.this[0]","aws_instance.this","aws_instance.ignore_ami[0].outpost_arn","aws_instance.ignore_ami[0]","aws_instance.ignore_ami","aws_spot_instance_request.this[0].outpost_arn","aws_spot_instance_request.this[0]","aws_spot_instance_request.this"]},"description":"The ARN of the Outpost the instance is assigned to"},"password_data":{"expression":{"references":["aws_instance.this[0].password_data","aws_instance.this[0]","aws_instance.this","aws_instance.ignore_ami[0].password_data","aws_instance.ignore_ami[0]","aws_instance.ignore_ami","aws_spot_instance_request.this[0].password_data","aws_spot_instance_request.this[0]","aws_spot_instance_request.this"]},"description":"Base-64 encoded encrypted password data for the instance. Useful for getting the administrator password for instances running Microsoft Windows. This attribute is only exported if `get_password_data` is true"},"primary_network_interface_id":{"expression":{"references":["aws_instance.this[0].primary_network_interface_id","aws_instance.this[0]","aws_instance.this","aws_instance.ignore_ami[0].primary_network_interface_id","aws_instance.ignore_ami[0]","aws_instance.ignore_ami","aws_spot_instance_request.this[0].primary_network_interface_id","aws_spot_instance_request.this[0]","aws_spot_instance_request.this"]},"description":"The ID of the instance's primary network interface"},"private_dns":{"expression":{"references":["aws_instance.this[0].private_dns","aws_instance.this[0]","aws_instance.this","aws_instance.ignore_ami[0].private_dns","aws_instance.ignore_ami[0]","aws_instance.ignore_ami","aws_spot_instance_request.this[0].private_dns","aws_spot_instance_request.this[0]","aws_spot_instance_request.this"]},"description":"The private DNS name assigned to the instance. Can only be used inside the Amazon EC2, and only available if you've enabled DNS hostnames for your VPC"},"private_ip":{"expression":{"references":["aws_instance.this[0].private_ip","aws_instance.this[0]","aws_instance.this","aws_instance.ignore_ami[0].private_ip","aws_instance.ignore_ami[0]","aws_instance.ignore_ami","aws_spot_instance_request.this[0].private_ip","aws_spot_instance_request.this[0]","aws_spot_instance_request.this"]},"description":"The private IP address assigned to the instance"},"public_dns":{"expression":{"references":["aws_instance.this[0].public_dns","aws_instance.this[0]","aws_instance.this","aws_instance.ignore_ami[0].public_dns","aws_instance.ignore_ami[0]","aws_instance.ignore_ami","aws_spot_instance_request.this[0].public_dns","aws_spot_instance_request.this[0]","aws_spot_instance_request.this"]},"description":"The public DNS name assigned to the instance. For EC2-VPC, this is only available if you've enabled DNS hostnames for your VPC"},"public_ip":{"expression":{"references":["aws_eip.this[0].public_ip","aws_eip.this[0]","aws_eip.this","aws_instance.this[0].public_ip","aws_instance.this[0]","aws_instance.this","aws_instance.ignore_ami[0].public_ip","aws_instance.ignore_ami[0]","aws_instance.ignore_ami","aws_spot_instance_request.this[0].public_ip","aws_spot_instance_request.this[0]","aws_spot_instance_request.this"]},"description":"The public IP address assigned to the instance, if applicable."},"root_block_device":{"expression":{"references":["aws_instance.this[0].root_block_device","aws_instance.this[0]","aws_instance.this","aws_instance.ignore_ami[0].root_block_device","aws_instance.ignore_ami[0]","aws_instance.ignore_ami","aws_spot_instance_request.this[0].root_block_device","aws_spot_instance_request.this[0]","aws_spot_instance_request.this"]},"description":"Root block device information"},"security_group_arn":{"expression":{"references":["aws_security_group.this[0].arn","aws_security_group.this[0]","aws_security_group.this"]},"description":"Amazon Resource Name (ARN) of the security group"},"security_group_id":{"expression":{"references":["aws_security_group.this[0].id","aws_security_group.this[0]","aws_security_group.this"]},"description":"ID of the security group"},"spot_bid_status":{"expression":{"references":["aws_spot_instance_request.this[0].spot_bid_status","aws_spot_instance_request.this[0]","aws_spot_instance_request.this"]},"description":"The current bid status of the Spot Instance Request"},"spot_instance_id":{"expression":{"references":["aws_spot_instance_request.this[0].spot_instance_id","aws_spot_instance_request.this[0]","aws_spot_instance_request.this"]},"description":"The Instance ID (if any) that is currently fulfilling the Spot Instance request"},"spot_request_state":{"expression":{"references":["aws_spot_instance_request.this[0].spot_request_state","aws_spot_instance_request.this[0]","aws_spot_instance_request.this"]},"description":"The current request state of the Spot Instance Request"},"tags_all":{"expression":{"references":["aws_instance.this[0].tags_all","aws_instance.this[0]","aws_instance.this","aws_instance.ignore_ami[0].tags_all","aws_instance.ignore_ami[0]","aws_instance.ignore_ami","aws_spot_instance_request.this[0].tags_all","aws_spot_instance_request.this[0]","aws_spot_instance_request.this"]},"description":"A map of tags assigned to the resource, including those inherited from the provider default_tags configuration block"}},"resources":[{"address":"aws_ebs_volume.this","mode":"managed","type":"aws_ebs_volume","name":"this","provider_config_key":"aws","expressions":{"availability_zone":{"references":["local.instance_availability_zone"]},"encrypted":{"references":["each.value.encrypted","each.value"]},"final_snapshot":{"references":["each.value.final_snapshot","each.value"]},"iops":{"references":["each.value.iops","each.value"]},"kms_key_id":{"references":["each.value.kms_key_id","each.value"]},"multi_attach_enabled":{"references":["each.value.multi_attach_enabled","each.value"]},"outpost_arn":{"references":["each.value.outpost_arn","each.value"]},"region":{"references":["var.region"]},"size":{"references":["each.value.size","each.value"]},"snapshot_id":{"references":["each.value.snapshot_id","each.value"]},"tags":{"references":["var.tags","var.volume_tags","var.name","each.key","each.value.tags","each.value"]},"throughput":{"references":["each.value.throughput","each.value"]},"type":{"references":["each.value.type","each.value"]}},"schema_version":0,"for_each_expression":{"references":["var.create","var.ebs_volumes","var.ebs_volumes"]}},{"address":"aws_ec2_tag.spot_instance","mode":"managed","type":"aws_ec2_tag","name":"spot_instance","provider_config_key":"aws","expressions":{"key":{"references":["each.key"]},"resource_id":{"references":["aws_spot_instance_request.this[0].spot_instance_id","aws_spot_instance_request.this[0]","aws_spot_instance_request.this"]},"value":{"references":["each.value"]}},"schema_version":0,"for_each_expression":{"references":["local.create","var.create_spot_instance","local.instance_tags"]}},{"address":"aws_eip.this","mode":"managed","type":"aws_eip","name":"this","provider_config_key":"aws","expressions":{"domain":{"references":["var.eip_domain"]},"instance":{"references":["local.instance_id"]},"region":{"references":["var.region"]},"tags":{"references":["var.tags","var.eip_tags"]}},"schema_version":0,"count_expression":{"references":["local.create","var.create_eip","var.create_spot_instance"]}},{"address":"aws_iam_instance_profile.this","mode":"managed","type":"aws_iam_instance_profile","name":"this","provider_config_key":"aws","expressions":{"name":{"references":["var.iam_role_use_name_prefix","local.iam_role_name"]},"name_prefix":{"references":["var.iam_role_use_name_prefix","local.iam_role_name"]},"path":{"references":["var.iam_role_path"]},"role":{"references":["aws_iam_role.this[0].name","aws_iam_role.this[0]","aws_iam_role.this"]},"tags":{"references":["var.tags","var.iam_role_tags"]}},"schema_version":0,"count_expression":{"references":["var.create","var.create_iam_instance_profile"]}},{"address":"aws_iam_role.this","mode":"managed","type":"aws_iam_role","name":"this","provider_config_key":"aws","expressions":{"assume_role_policy":{"references":["data.aws_iam_policy_document.assume_role_policy[0].json","data.aws_iam_policy_document.assume_role_policy[0]","data.aws_iam_policy_document.assume_role_policy"]},"description":{"references":["var.iam_role_description"]},"force_detach_policies":{"constant_value":true},"name":{"references":["var.iam_role_use_name_prefix","local.iam_role_name"]},"name_prefix":{"references":["var.iam_role_use_name_prefix","local.iam_role_name"]},"path":{"references":["var.iam_role_path"]},"permissions_boundary":{"references":["var.iam_role_permissions_boundary"]},"tags":{"references":["var.tags","var.iam_role_tags"]}},"schema_version":0,"count_expression":{"references":["var.create","var.create_iam_instance_profile"]}},{"address":"aws_iam_role_policy_attachment.this","mode":"managed","type":"aws_iam_role_policy_attachment","name":"this","provider_config_key":"aws","expressions":{"policy_arn":{"references":["each.value"]},"role":{"references":["aws_iam_role.this[0].name","aws_iam_role.this[0]","aws_iam_role.this"]}},"schema_version":0,"for_each_expression":{"references":["var.iam_role_policies","var.create","var.create_iam_instance_profile"]}},{"address":"aws_instance.ignore_ami","mode":"managed","type":"aws_instance","name":"ignore_ami","provider_config_key":"aws","expressions":{"ami":{"references":["local.ami"]},"associate_public_ip_address":{"references":["var.associate_public_ip_address"]},"availability_zone":{"references":["var.availability_zone"]},"credit_specification":[{"cpu_credits":{"references":["local.is_t_instance_type","var.cpu_credits"]}}],"disable_api_stop":{"references":["var.disable_api_stop"]},"disable_api_termination":{"references":["var.disable_api_termination"]},"ebs_optimized":{"references":["var.ebs_optimized"]},"enable_primary_ipv6":{"references":["var.enable_primary_ipv6"]},"enclave_options":[{"enabled":{"references":["var.enclave_options_enabled"]}}],"get_password_data":{"references":["var.get_password_data"]},"hibernation":{"references":["var.hibernation"]},"host_id":{"references":["var.host_id"]},"host_resource_group_arn":{"references":["var.host_resource_group_arn"]},"iam_instance_profile":{"references":["var.create_iam_instance_profile","aws_iam_instance_profile.this[0].name","aws_iam_instance_profile.this[0]","aws_iam_instance_profile.this","var.iam_instance_profile"]},"instance_initiated_shutdown_behavior":{"references":["var.instance_initiated_shutdown_behavior"]},"instance_type":{"references":["var.instance_type"]},"ipv6_address_count":{"references":["var.ipv6_address_count"]},"ipv6_addresses":{"references":["var.ipv6_addresses"]},"key_name":{"references":["var.key_name"]},"monitoring":{"references":["var.monitoring"]},"placement_group":{"references":["var.placement_group"]},"placement_partition_number":{"references":["var.placement_partition_number"]},"private_ip":{"references":["var.private_ip"]},"region":{"references":["var.region"]},"secondary_private_ips":{"references":["var.secondary_private_ips"]},"source_dest_check":{"references":["var.network_interface","var.source_dest_check"]},"subnet_id":{"references":["var.subnet_id"]},"tags":{"references":["local.instance_tags"]},"tenancy":{"references":["var.tenancy"]},"user_data":{"references":["var.user_data"]},"user_data_base64":{"references":["var.user_data_base64"]},"user_data_replace_on_change":{"references":["var.user_data_replace_on_change"]},"volume_tags":{"references":["var.enable_volume_tags","var.tags","var.volume_tags","var.name"]},"vpc_security_group_ids":{"references":["var.network_interface","local.vpc_security_group_ids"]}},"schema_version":2,"count_expression":{"references":["local.create","var.ignore_ami_changes","var.create_spot_instance"]}},{"address":"aws_instance.this","mode":"managed","type":"aws_instance","name":"this","provider_config_key":"aws","expressions":{"ami":{"references":["local.ami"]},"associate_public_ip_address":{"references":["var.associate_public_ip_address"]},"availability_zone":{"references":["var.availability_zone"]},"credit_specification":[{"cpu_credits":{"references":["local.is_t_instance_type","var.cpu_credits"]}}],"disable_api_stop":{"references":["var.disable_api_stop"]},"disable_api_termination":{"references":["var.disable_api_termination"]},"ebs_optimized":{"references":["var.ebs_optimized"]},"enable_primary_ipv6":{"references":["var.enable_primary_ipv6"]},"enclave_options":[{"enabled":{"references":["var.enclave_options_enabled"]}}],"get_password_data":{"references":["var.get_password_data"]},"hibernation":{"references":["var.hibernation"]},"host_id":{"references":["var.host_id"]},"host_resource_group_arn":{"references":["var.host_resource_group_arn"]},"iam_instance_profile":{"references":["var.create_iam_instance_profile","aws_iam_instance_profile.this[0].name","aws_iam_instance_profile.this[0]","aws_iam_instance_profile.this","var.iam_instance_profile"]},"instance_initiated_shutdown_behavior":{"references":["var.instance_initiated_shutdown_behavior"]},"instance_type":{"references":["var.instance_type"]},"ipv6_address_count":{"references":["var.ipv6_address_count"]},"ipv6_addresses":{"references":["var.ipv6_addresses"]},"key_name":{"references":["var.key_name"]},"monitoring":{"references":["var.monitoring"]},"placement_group":{"references":["var.placement_group"]},"placement_partition_number":{"references":["var.placement_partition_number"]},"private_ip":{"references":["var.private_ip"]},"region":{"references":["var.region"]},"secondary_private_ips":{"references":["var.secondary_private_ips"]},"source_dest_check":{"references":["var.network_interface","var.source_dest_check"]},"subnet_id":{"references":["var.subnet_id"]},"tags":{"references":["local.instance_tags"]},"tenancy":{"references":["var.tenancy"]},"user_data":{"references":["var.user_data"]},"user_data_base64":{"references":["var.user_data_base64"]},"user_data_replace_on_change":{"references":["var.user_data_replace_on_change"]},"volume_tags":{"references":["var.enable_volume_tags","var.tags","var.volume_tags","var.name"]},"vpc_security_group_ids":{"references":["var.network_interface","local.vpc_security_group_ids"]}},"schema_version":2,"count_expression":{"references":["local.create","var.ignore_ami_changes","var.create_spot_instance"]}},{"address":"aws_security_group.this","mode":"managed","type":"aws_security_group","name":"this","provider_config_key":"aws","expressions":{"description":{"references":["var.security_group_description"]},"name":{"references":["var.security_group_use_name_prefix","local.security_group_name"]},"name_prefix":{"references":["var.security_group_use_name_prefix","local.security_group_name"]},"region":{"references":["var.region"]},"tags":{"references":["var.tags","local.security_group_name","var.security_group_tags"]},"vpc_id":{"references":["var.security_group_vpc_id","data.aws_subnet.this[0].vpc_id","data.aws_subnet.this[0]","data.aws_subnet.this"]}},"schema_version":1,"count_expression":{"references":["local.create_security_group"]}},{"address":"aws_spot_instance_request.this","mode":"managed","type":"aws_spot_instance_request","name":"this","provider_config_key":"aws","expressions":{"ami":{"references":["local.ami"]},"associate_public_ip_address":{"references":["var.associate_public_ip_address"]},"availability_zone":{"references":["var.availability_zone"]},"credit_specification":[{"cpu_credits":{"references":["local.is_t_instance_type","var.cpu_credits"]}}],"disable_api_stop":{"references":["var.disable_api_stop"]},"disable_api_termination":{"references":["var.disable_api_termination"]},"ebs_optimized":{"references":["var.ebs_optimized"]},"enable_primary_ipv6":{"references":["var.enable_primary_ipv6"]},"enclave_options":[{"enabled":{"references":["var.enclave_options_enabled"]}}],"get_password_data":{"references":["var.get_password_data"]},"hibernation":{"references":["var.hibernation"]},"host_id":{"references":["var.host_id"]},"host_resource_group_arn":{"references":["var.host_resource_group_arn"]},"iam_instance_profile":{"references":["var.create_iam_instance_profile","aws_iam_instance_profile.this[0].name","aws_iam_instance_profile.this[0]","aws_iam_instance_profile.this","var.iam_instance_profile"]},"instance_initiated_shutdown_behavior":{"references":["var.instance_initiated_shutdown_behavior"]},"instance_interruption_behavior":{"references":["var.spot_instance_interruption_behavior"]},"instance_type":{"references":["var.instance_type"]},"ipv6_address_count":{"references":["var.ipv6_address_count"]},"ipv6_addresses":{"references":["var.ipv6_addresses"]},"key_name":{"references":["var.key_name"]},"launch_group":{"references":["var.spot_launch_group"]},"monitoring":{"references":["var.monitoring"]},"placement_group":{"references":["var.placement_group"]},"placement_partition_number":{"references":["var.placement_partition_number"]},"private_ip":{"references":["var.private_ip"]},"region":{"references":["var.region"]},"secondary_private_ips":{"references":["var.secondary_private_ips"]},"source_dest_check":{"references":["var.network_interface","var.source_dest_check"]},"spot_price":{"references":["var.spot_price"]},"spot_type":{"references":["var.spot_type"]},"subnet_id":{"references":["var.subnet_id"]},"tags":{"references":["local.instance_tags"]},"tenancy":{"references":["var.tenancy"]},"user_data":{"references":["var.user_data"]},"user_data_base64":{"references":["var.user_data_base64"]},"user_data_replace_on_change":{"references":["var.user_data_replace_on_change"]},"valid_from":{"references":["var.spot_valid_from"]},"valid_until":{"references":["var.spot_valid_until"]},"volume_tags":{"references":["var.enable_volume_tags","var.tags","var.volume_tags","var.name"]},"vpc_security_group_ids":{"references":["var.network_interface","local.vpc_security_group_ids"]},"wait_for_fulfillment":{"references":["var.spot_wait_for_fulfillment"]}},"schema_version":0,"count_expression":{"references":["local.create","var.create_spot_instance"]}},{"address":"aws_volume_attachment.this","mode":"managed","type":"aws_volume_attachment","name":"this","provider_config_key":"aws","expressions":{"device_name":{"references":["each.value.device_name","each.value","each.key"]},"force_detach":{"references":["each.value.force_detach","each.value"]},"instance_id":{"references":["local.instance_id"]},"region":{"references":["var.region"]},"skip_destroy":{"references":["each.value.skip_destroy","each.value"]},"stop_instance_before_detaching":{"references":["each.value.stop_instance_before_detaching","each.value"]},"volume_id":{"references":["aws_ebs_volume.this","each.key"]}},"schema_version":0,"for_each_expression":{"references":["var.create","var.ebs_volumes","var.ebs_volumes"]}},{"address":"aws_vpc_security_group_egress_rule.this","mode":"managed","type":"aws_vpc_security_group_egress_rule","name":"this","provider_config_key":"aws","expressions":{"cidr_ipv4":{"references":["each.value.cidr_ipv4","each.value"]},"cidr_ipv6":{"references":["each.value.cidr_ipv6","each.value"]},"description":{"references":["each.value.description","each.value"]},"from_port":{"references":["each.value.from_port","each.value","each.value.to_port","each.value"]},"ip_protocol":{"references":["each.value.ip_protocol","each.value"]},"prefix_list_id":{"references":["each.value.prefix_list_id","each.value"]},"referenced_security_group_id":{"references":["each.value.referenced_security_group_id","each.value"]},"region":{"references":["var.region"]},"security_group_id":{"references":["aws_security_group.this[0].id","aws_security_group.this[0]","aws_security_group.this"]},"tags":{"references":["var.tags","var.security_group_tags","local.security_group_name","each.key","each.value.tags","each.value"]},"to_port":{"references":["each.value.to_port","each.value","each.value.from_port","each.value"]}},"schema_version":0,"for_each_expression":{"references":["local.create_security_group","var.security_group_egress_rules","var.security_group_egress_rules"]}},{"address":"aws_vpc_security_group_ingress_rule.this","mode":"managed","type":"aws_vpc_security_group_ingress_rule","name":"this","provider_config_key":"aws","expressions":{"cidr_ipv4":{"references":["each.value.cidr_ipv4","each.value"]},"cidr_ipv6":{"references":["each.value.cidr_ipv6","each.value"]},"description":{"references":["each.value.description","each.value"]},"from_port":{"references":["each.value.from_port","each.value","each.value.to_port","each.value"]},"ip_protocol":{"references":["each.value.ip_protocol","each.value"]},"prefix_list_id":{"references":["each.value.prefix_list_id","each.value"]},"referenced_security_group_id":{"references":["each.value.referenced_security_group_id","each.value"]},"region":{"references":["var.region"]},"security_group_id":{"references":["aws_security_group.this[0].id","aws_security_group.this[0]","aws_security_group.this"]},"tags":{"references":["var.tags","var.security_group_tags","local.security_group_name","each.key","each.value.tags","each.value"]},"to_port":{"references":["each.value.to_port","each.value","each.value.from_port","each.value"]}},"schema_version":0,"for_each_expression":{"references":["local.create_security_group","var.security_group_ingress_rules","var.security_group_ingress_rules"]}},{"address":"data.aws_iam_policy_document.assume_role_policy","mode":"data","type":"aws_iam_policy_document","name":"assume_role_policy","provider_config_key":"aws","expressions":{"statement":[{"actions":{"constant_value":["sts:AssumeRole"]},"principals":[{"identifiers":{"references":["data.aws_partition.current.dns_suffix","data.aws_partition.current"]},"type":{"constant_value":"Service"}}],"sid":{"constant_value":"EC2AssumeRole"}}]},"schema_version":0,"count_expression":{"references":["var.create","var.create_iam_instance_profile"]}},{"address":"data.aws_partition.current","mode":"data","type":"aws_partition","name":"current","provider_config_key":"aws","schema_version":0},{"address":"data.aws_ssm_parameter.this","mode":"data","type":"aws_ssm_parameter","name":"this","provider_config_key":"aws","expressions":{"name":{"references":["var.ami_ssm_parameter"]},"region":{"references":["var.region"]}},"schema_version":0},{"address":"data.aws_subnet.this","mode":"data","type":"aws_subnet","name":"this","provider_config_key":"aws","expressions":{"id":{"references":["var.subnet_id"]},"region":{"references":["var.region"]}},"schema_version":0,"count_expression":{"references":["local.create_security_group"]}}],"variables":{"ami":{"default":null,"description":"ID of AMI to use for the instance"},"ami_ssm_parameter":{"default":"/aws/service/ami-amazon-linux-latest/al2023-ami-kernel-default-x86_64","description":"SSM parameter name for the AMI ID. For Amazon Linux AMI SSM parameters see [reference](https://docs.aws.amazon.com/systems-manager/latest/userguide/parameter-store-public-parameters-ami.html)"},"associate_public_ip_address":{"default":null,"description":"Whether to associate a public IP address with an instance in a VPC"},"availability_zone":{"default":null,"description":"AZ to start the instance in"},"capacity_reservation_specification":{"default":null,"description":"Describes an instance's Capacity Reservation targeting option"},"cpu_credits":{"default":null,"description":"The credit option for CPU usage (unlimited or standard)"},"cpu_options":{"default":null,"description":"Defines CPU options to apply to the instance at launch time."},"create":{"default":true,"description":"Whether to create an instance"},"create_eip":{"default":false,"description":"Determines whether a public EIP will be created and associated with the instance."},"create_iam_instance_profile":{"default":false,"description":"Determines whether an IAM instance profile is created or to use an existing IAM instance profile"},"create_security_group":{"default":true,"description":"Determines whether a security group will be created"},"create_spot_instance":{"default":false,"description":"Depicts if the instance is a spot instance"},"disable_api_stop":{"default":null,"description":"If true, enables EC2 Instance Stop Protection"},"disable_api_termination":{"default":null,"description":"If true, enables EC2 Instance Termination Protection"},"ebs_optimized":{"default":null,"description":"If true, the launched EC2 instance will be EBS-optimized"},"ebs_volumes":{"default":null,"description":"Additional EBS volumes to attach to the instance"},"eip_domain":{"default":"vpc","description":"Indicates if this EIP is for use in VPC"},"eip_tags":{"default":{},"description":"A map of additional tags to add to the eip"},"enable_primary_ipv6":{"default":null,"description":"Whether to assign a primary IPv6 Global Unicast Address (GUA) to the instance when launched in a dual-stack or IPv6-only subnet"},"enable_volume_tags":{"default":true,"description":"Whether to enable volume tags (if enabled it conflicts with root_block_device tags)"},"enclave_options_enabled":{"default":null,"description":"Whether Nitro Enclaves will be enabled on the instance. Defaults to `false`"},"ephemeral_block_device":{"default":null,"description":"Customize Ephemeral (also known as Instance Store) volumes on the instance"},"get_password_data":{"default":null,"description":"If true, wait for password data to become available and retrieve it"},"hibernation":{"default":null,"description":"If true, the launched EC2 instance will support hibernation"},"host_id":{"default":null,"description":"ID of a dedicated host that the instance will be assigned to. Use when an instance is to be launched on a specific dedicated host"},"host_resource_group_arn":{"default":null,"description":"ARN of the host resource group in which to launch the instances. If you specify an ARN, omit the `tenancy` parameter or set it to `host`"},"iam_instance_profile":{"default":null,"description":"IAM Instance Profile to launch the instance with. Specified as the name of the Instance Profile"},"iam_role_description":{"default":null,"description":"Description of the role"},"iam_role_name":{"default":null,"description":"Name to use on IAM role created"},"iam_role_path":{"default":null,"description":"IAM role path"},"iam_role_permissions_boundary":{"default":null,"description":"ARN of the policy that is used to set the permissions boundary for the IAM role"},"iam_role_policies":{"default":{},"description":"Policies attached to the IAM role"},"iam_role_tags":{"default":{},"description":"A map of additional tags to add to the IAM role/profile created"},"iam_role_use_name_prefix":{"default":true,"description":"Determines whether the IAM role name (`iam_role_name` or `name`) is used as a prefix"},"ignore_ami_changes":{"default":false,"description":"Whether changes to the AMI ID changes should be ignored by Terraform. Note - changing this value will result in the replacement of the instance"},"instance_initiated_shutdown_behavior":{"default":null,"description":"Shutdown behavior for the instance. Amazon defaults this to stop for EBS-backed instances and terminate for instance-store instances. Cannot be set on instance-store instance"},"instance_market_options":{"default":null,"description":"The market (purchasing) option for the instance. If set, overrides the `create_spot_instance` variable"},"instance_tags":{"default":{},"description":"Additional tags for the instance"},"instance_type":{"default":"t3.micro","description":"The type of instance to start"},"ipv6_address_count":{"default":null,"description":"A number of IPv6 addresses to associate with the primary network interface. Amazon EC2 chooses the IPv6 addresses from the range of your subnet"},"ipv6_addresses":{"default":null,"description":"Specify one or more IPv6 addresses from the range of the subnet to associate with the primary network interface"},"key_name":{"default":null,"description":"Key name of the Key Pair to use for the instance; which can be managed using the `aws_key_pair` resource"},"launch_template":{"default":null,"description":"Specifies a Launch Template to configure the instance. Parameters configured on this resource will override the corresponding parameters in the Launch Template"},"maintenance_options":{"default":null,"description":"The maintenance options for the instance"},"metadata_options":{"default":{"http_endpoint":"enabled","http_protocol_ipv6":null,"http_put_response_hop_limit":1,"http_tokens":"required","instance_metadata_tags":null},"description":"Customize the metadata options of the instance"},"monitoring":{"default":null,"description":"If true, the launched EC2 instance will have detailed monitoring enabled"},"name":{"default":"","description":"Name to be used on EC2 instance created"},"network_interface":{"default":null,"description":"Customize network interfaces to be attached at instance boot time"},"placement_group":{"default":null,"description":"The Placement Group to start the instance in"},"placement_partition_number":{"default":null,"description":"Number of the partition the instance is in. Valid only if the `aws_placement_group` resource's `strategy` argument is set to `partition`"},"private_dns_name_options":{"default":null,"description":"Customize the private DNS name options of the instance"},"private_ip":{"default":null,"description":"Private IP address to associate with the instance in a VPC"},"putin_khuylo":{"default":true,"description":"Do you agree that Putin doesn't respect Ukrainian sovereignty and territorial integrity? More info: https://en.wikipedia.org/wiki/Putin_khuylo!"},"region":{"default":null,"description":"Region where the resource(s) will be managed. Defaults to the Region set in the provider configuration"},"root_block_device":{"default":null,"description":"Customize details about the root block device of the instance. See Block Devices below for details"},"secondary_private_ips":{"default":null,"description":"A list of secondary private IPv4 addresses to assign to the instance's primary network interface (eth0) in a VPC. Can only be assigned to the primary network interface (eth0) attached at instance creation, not a pre-existing network interface i.e. referenced in a `network_interface block`"},"security_group_description":{"default":null,"description":"Description of the security group"},"security_group_egress_rules":{"default":{"ipv4_default":{"cidr_ipv4":"0.0.0.0/0","cidr_ipv6":null,"description":"Allow all IPv4 traffic","from_port":null,"ip_protocol":"-1","prefix_list_id":null,"referenced_security_group_id":null,"tags":{},"to_port":null},"ipv6_default":{"cidr_ipv4":null,"cidr_ipv6":"::/0","description":"Allow all IPv6 traffic","from_port":null,"ip_protocol":"-1","prefix_list_id":null,"referenced_security_group_id":null,"tags":{},"to_port":null}},"description":"Egress rules to add to the security group"},"security_group_ingress_rules":{"default":null,"description":"Ingress rules to add to the security group"},"security_group_name":{"default":null,"description":"Name to use on security group created"},"security_group_tags":{"default":{},"description":"A map of additional tags to add to the security group created"},"security_group_use_name_prefix":{"default":true,"description":"Determines whether the security group name (`security_group_name` or `name`) is used as a prefix"},"security_group_vpc_id":{"default":null,"description":"VPC ID to create the security group in. If not set, the security group will be created in the default VPC"},"source_dest_check":{"default":null,"description":"Controls if traffic is routed to the instance when the destination address does not match the instance. Used for NAT or VPNs"},"spot_instance_interruption_behavior":{"default":null,"description":"Indicates Spot instance behavior when it is interrupted. Valid values are `terminate`, `stop`, or `hibernate`"},"spot_launch_group":{"default":null,"description":"A launch group is a group of spot instances that launch together and terminate together. If left empty instances are launched and terminated individually"},"spot_price":{"default":null,"description":"The maximum price to request on the spot market. Defaults to on-demand price"},"spot_type":{"default":null,"description":"If set to one-time, after the instance is terminated, the spot request will be closed. Default `persistent`"},"spot_valid_from":{"default":null,"description":"The start date and time of the request, in UTC RFC3339 format(for example, YYYY-MM-DDTHH:MM:SSZ)"},"spot_valid_until":{"default":null,"description":"The end date and time of the request, in UTC RFC3339 format(for example, YYYY-MM-DDTHH:MM:SSZ)"},"spot_wait_for_fulfillment":{"default":null,"description":"If set, Terraform will wait for the Spot Request to be fulfilled, and will throw an error if the timeout of 10m is reached"},"subnet_id":{"default":null,"description":"The VPC Subnet ID to launch in"},"tags":{"default":{},"description":"A mapping of tags to assign to the resource"},"tenancy":{"default":null,"description":"The tenancy of the instance (if the instance is running in a VPC). Available values: default, dedicated, host"},"timeouts":{"default":null,"description":"Define maximum timeout for creating, updating, and deleting EC2 instance resources"},"user_data":{"default":null,"description":"The user data to provide when launching the instance. Do not pass gzip-compressed data via this argument; see user_data_base64 instead"},"user_data_base64":{"default":null,"description":"Can be used instead of user_data to pass base64-encoded binary data directly. Use this instead of user_data whenever the value is not a valid UTF-8 string. For example, gzip-encoded user data must be base64-encoded and passed via this argument to avoid corruption"},"user_data_replace_on_change":{"default":null,"description":"When used in combination with user_data or user_data_base64 will trigger a destroy and recreate when set to true. Defaults to false if not set"},"volume_tags":{"default":{},"description":"A mapping of tags to assign to the devices created by the instance at launch time"},"vpc_security_group_ids":{"default":[],"description":"A list of security group IDs to associate with"}}}},"ec2_instance_tomcat":{"source":"terraform-aws-modules/ec2-instance/aws","expressions":{"ami":{"constant_value":"ami-01f79b1e4a5c64257"},"associate_public_ip_address":{"constant_value":true},"create_security_group":{"constant_value":false},"iam_instance_profile":{"references":["aws_iam_instance_profile.ec2_profile.name","aws_iam_instance_profile.ec2_profile"]},"instance_type":{"constant_value":"t2.micro"},"key_name":{"references":["aws_key_pair.EC2_Key_Pair.key_name","aws_key_pair.EC2_Key_Pair"]},"monitoring":{"constant_value":false},"name":{"constant_value":"Tomcat-instance"},"subnet_id":{"references":["module.vpc.public_subnets[1]","module.vpc.public_subnets","module.vpc"]},"tags":{"constant_value":{"Environment":"dev","Terraform":"true"}},"user_data":{},"vpc_security_group_ids":{"references":["aws_security_group.Tomcat-SG.id","aws_security_group.Tomcat-SG"]}},"module":{"outputs":{"ami":{"expression":{"references":["aws_instance.this[0].ami","aws_instance.this[0]","aws_instance.this","aws_instance.ignore_ami[0].ami","aws_instance.ignore_ami[0]","aws_instance.ignore_ami","aws_spot_instance_request.this[0].ami","aws_spot_instance_request.this[0]","aws_spot_instance_request.this"]},"description":"AMI ID that was used to create the instance"},"arn":{"expression":{"references":["aws_instance.this[0].arn","aws_instance.this[0]","aws_instance.this","aws_instance.ignore_ami[0].arn","aws_instance.ignore_ami[0]","aws_instance.ignore_ami","aws_spot_instance_request.this[0].arn","aws_spot_instance_request.this[0]","aws_spot_instance_request.this"]},"description":"The ARN of the instance"},"availability_zone":{"expression":{"references":["local.instance_availability_zone"]},"description":"The availability zone of the created instance"},"capacity_reservation_specification":{"expression":{"references":["aws_instance.this[0].capacity_reservation_specification","aws_instance.this[0]","aws_instance.this","aws_instance.ignore_ami[0].capacity_reservation_specification","aws_instance.ignore_ami[0]","aws_instance.ignore_ami","aws_spot_instance_request.this[0].capacity_reservation_specification","aws_spot_instance_request.this[0]","aws_spot_instance_request.this"]},"description":"Capacity reservation specification of the instance"},"ebs_block_device":{"expression":{"references":["aws_instance.this[0].ebs_block_device","aws_instance.this[0]","aws_instance.this","aws_instance.ignore_ami[0].ebs_block_device","aws_instance.ignore_ami[0]","aws_instance.ignore_ami","aws_spot_instance_request.this[0].ebs_block_device","aws_spot_instance_request.this[0]","aws_spot_instance_request.this"]},"description":"EBS block device information"},"ebs_volumes":{"expression":{"references":["aws_ebs_volume.this"]},"description":"Map of EBS volumes created and their attributes"},"ephemeral_block_device":{"expression":{"references":["aws_instance.this[0].ephemeral_block_device","aws_instance.this[0]","aws_instance.this","aws_instance.ignore_ami[0].ephemeral_block_device","aws_instance.ignore_ami[0]","aws_instance.ignore_ami","aws_spot_instance_request.this[0].ephemeral_block_device","aws_spot_instance_request.this[0]","aws_spot_instance_request.this"]},"description":"Ephemeral block device information"},"iam_instance_profile_arn":{"expression":{"references":["aws_iam_instance_profile.this[0].arn","aws_iam_instance_profile.this[0]","aws_iam_instance_profile.this"]},"description":"ARN assigned by AWS to the instance profile"},"iam_instance_profile_id":{"expression":{"references":["aws_iam_instance_profile.this[0].id","aws_iam_instance_profile.this[0]","aws_iam_instance_profile.this"]},"description":"Instance profile's ID"},"iam_instance_profile_unique":{"expression":{"references":["aws_iam_instance_profile.this[0].unique_id","aws_iam_instance_profile.this[0]","aws_iam_instance_profile.this"]},"description":"Stable and unique string identifying the IAM instance profile"},"iam_role_arn":{"expression":{"references":["aws_iam_role.this[0].arn","aws_iam_role.this[0]","aws_iam_role.this"]},"description":"The Amazon Resource Name (ARN) specifying the IAM role"},"iam_role_name":{"expression":{"references":["aws_iam_role.this[0].name","aws_iam_role.this[0]","aws_iam_role.this"]},"description":"The name of the IAM role"},"iam_role_unique_id":{"expression":{"references":["aws_iam_role.this[0].unique_id","aws_iam_role.this[0]","aws_iam_role.this"]},"description":"Stable and unique string identifying the IAM role"},"id":{"expression":{"references":["local.instance_id"]},"description":"The ID of the instance"},"instance_state":{"expression":{"references":["aws_instance.this[0].instance_state","aws_instance.this[0]","aws_instance.this","aws_instance.ignore_ami[0].instance_state","aws_instance.ignore_ami[0]","aws_instance.ignore_ami","aws_spot_instance_request.this[0].instance_state","aws_spot_instance_request.this[0]","aws_spot_instance_request.this"]},"description":"The state of the instance"},"ipv6_addresses":{"expression":{"references":["aws_instance.this[0].ipv6_addresses","aws_instance.this[0]","aws_instance.this","aws_instance.ignore_ami[0].ipv6_addresses","aws_instance.ignore_ami[0]","aws_instance.ignore_ami","aws_spot_instance_request.this[0].ipv6_addresses","aws_spot_instance_request.this[0]","aws_spot_instance_request.this"]},"description":"The IPv6 address assigned to the instance, if applicable"},"outpost_arn":{"expression":{"references":["aws_instance.this[0].outpost_arn","aws_instance.this[0]","aws_instance.this","aws_instance.ignore_ami[0].outpost_arn","aws_instance.ignore_ami[0]","aws_instance.ignore_ami","aws_spot_instance_request.this[0].outpost_arn","aws_spot_instance_request.this[0]","aws_spot_instance_request.this"]},"description":"The ARN of the Outpost the instance is assigned to"},"password_data":{"expression":{"references":["aws_instance.this[0].password_data","aws_instance.this[0]","aws_instance.this","aws_instance.ignore_ami[0].password_data","aws_instance.ignore_ami[0]","aws_instance.ignore_ami","aws_spot_instance_request.this[0].password_data","aws_spot_instance_request.this[0]","aws_spot_instance_request.this"]},"description":"Base-64 encoded encrypted password data for the instance. Useful for getting the administrator password for instances running Microsoft Windows. This attribute is only exported if `get_password_data` is true"},"primary_network_interface_id":{"expression":{"references":["aws_instance.this[0].primary_network_interface_id","aws_instance.this[0]","aws_instance.this","aws_instance.ignore_ami[0].primary_network_interface_id","aws_instance.ignore_ami[0]","aws_instance.ignore_ami","aws_spot_instance_request.this[0].primary_network_interface_id","aws_spot_instance_request.this[0]","aws_spot_instance_request.this"]},"description":"The ID of the instance's primary network interface"},"private_dns":{"expression":{"references":["aws_instance.this[0].private_dns","aws_instance.this[0]","aws_instance.this","aws_instance.ignore_ami[0].private_dns","aws_instance.ignore_ami[0]","aws_instance.ignore_ami","aws_spot_instance_request.this[0].private_dns","aws_spot_instance_request.this[0]","aws_spot_instance_request.this"]},"description":"The private DNS name assigned to the instance. Can only be used inside the Amazon EC2, and only available if you've enabled DNS hostnames for your VPC"},"private_ip":{"expression":{"references":["aws_instance.this[0].private_ip","aws_instance.this[0]","aws_instance.this","aws_instance.ignore_ami[0].private_ip","aws_instance.ignore_ami[0]","aws_instance.ignore_ami","aws_spot_instance_request.this[0].private_ip","aws_spot_instance_request.this[0]","aws_spot_instance_request.this"]},"description":"The private IP address assigned to the instance"},"public_dns":{"expression":{"references":["aws_instance.this[0].public_dns","aws_instance.this[0]","aws_instance.this","aws_instance.ignore_ami[0].public_dns","aws_instance.ignore_ami[0]","aws_instance.ignore_ami","aws_spot_instance_request.this[0].public_dns","aws_spot_instance_request.this[0]","aws_spot_instance_request.this"]},"description":"The public DNS name assigned to the instance. For EC2-VPC, this is only available if you've enabled DNS hostnames for your VPC"},"public_ip":{"expression":{"references":["aws_eip.this[0].public_ip","aws_eip.this[0]","aws_eip.this","aws_instance.this[0].public_ip","aws_instance.this[0]","aws_instance.this","aws_instance.ignore_ami[0].public_ip","aws_instance.ignore_ami[0]","aws_instance.ignore_ami","aws_spot_instance_request.this[0].public_ip","aws_spot_instance_request.this[0]","aws_spot_instance_request.this"]},"description":"The public IP address assigned to the instance, if applicable."},"root_block_device":{"expression":{"references":["aws_instance.this[0].root_block_device","aws_instance.this[0]","aws_instance.this","aws_instance.ignore_ami[0].root_block_device","aws_instance.ignore_ami[0]","aws_instance.ignore_ami","aws_spot_instance_request.this[0].root_block_device","aws_spot_instance_request.this[0]","aws_spot_instance_request.this"]},"description":"Root block device information"},"security_group_arn":{"expression":{"references":["aws_security_group.this[0].arn","aws_security_group.this[0]","aws_security_group.this"]},"description":"Amazon Resource Name (ARN) of the security group"},"security_group_id":{"expression":{"references":["aws_security_group.this[0].id","aws_security_group.this[0]","aws_security_group.this"]},"description":"ID of the security group"},"spot_bid_status":{"expression":{"references":["aws_spot_instance_request.this[0].spot_bid_status","aws_spot_instance_request.this[0]","aws_spot_instance_request.this"]},"description":"The current bid status of the Spot Instance Request"},"spot_instance_id":{"expression":{"references":["aws_spot_instance_request.this[0].spot_instance_id","aws_spot_instance_request.this[0]","aws_spot_instance_request.this"]},"description":"The Instance ID (if any) that is currently fulfilling the Spot Instance request"},"spot_request_state":{"expression":{"references":["aws_spot_instance_request.this[0].spot_request_state","aws_spot_instance_request.this[0]","aws_spot_instance_request.this"]},"description":"The current request state of the Spot Instance Request"},"tags_all":{"expression":{"references":["aws_instance.this[0].tags_all","aws_instance.this[0]","aws_instance.this","aws_instance.ignore_ami[0].tags_all","aws_instance.ignore_ami[0]","aws_instance.ignore_ami","aws_spot_instance_request.this[0].tags_all","aws_spot_instance_request.this[0]","aws_spot_instance_request.this"]},"description":"A map of tags assigned to the resource, including those inherited from the provider default_tags configuration block"}},"resources":[{"address":"aws_ebs_volume.this","mode":"managed","type":"aws_ebs_volume","name":"this","provider_config_key":"aws","expressions":{"availability_zone":{"references":["local.instance_availability_zone"]},"encrypted":{"references":["each.value.encrypted","each.value"]},"final_snapshot":{"references":["each.value.final_snapshot","each.value"]},"iops":{"references":["each.value.iops","each.value"]},"kms_key_id":{"references":["each.value.kms_key_id","each.value"]},"multi_attach_enabled":{"references":["each.value.multi_attach_enabled","each.value"]},"outpost_arn":{"references":["each.value.outpost_arn","each.value"]},"region":{"references":["var.region"]},"size":{"references":["each.value.size","each.value"]},"snapshot_id":{"references":["each.value.snapshot_id","each.value"]},"tags":{"references":["var.tags","var.volume_tags","var.name","each.key","each.value.tags","each.value"]},"throughput":{"references":["each.value.throughput","each.value"]},"type":{"references":["each.value.type","each.value"]}},"schema_version":0,"for_each_expression":{"references":["var.create","var.ebs_volumes","var.ebs_volumes"]}},{"address":"aws_ec2_tag.spot_instance","mode":"managed","type":"aws_ec2_tag","name":"spot_instance","provider_config_key":"aws","expressions":{"key":{"references":["each.key"]},"resource_id":{"references":["aws_spot_instance_request.this[0].spot_instance_id","aws_spot_instance_request.this[0]","aws_spot_instance_request.this"]},"value":{"references":["each.value"]}},"schema_version":0,"for_each_expression":{"references":["local.create","var.create_spot_instance","local.instance_tags"]}},{"address":"aws_eip.this","mode":"managed","type":"aws_eip","name":"this","provider_config_key":"aws","expressions":{"domain":{"references":["var.eip_domain"]},"instance":{"references":["local.instance_id"]},"region":{"references":["var.region"]},"tags":{"references":["var.tags","var.eip_tags"]}},"schema_version":0,"count_expression":{"references":["local.create","var.create_eip","var.create_spot_instance"]}},{"address":"aws_iam_instance_profile.this","mode":"managed","type":"aws_iam_instance_profile","name":"this","provider_config_key":"aws","expressions":{"name":{"references":["var.iam_role_use_name_prefix","local.iam_role_name"]},"name_prefix":{"references":["var.iam_role_use_name_prefix","local.iam_role_name"]},"path":{"references":["var.iam_role_path"]},"role":{"references":["aws_iam_role.this[0].name","aws_iam_role.this[0]","aws_iam_role.this"]},"tags":{"references":["var.tags","var.iam_role_tags"]}},"schema_version":0,"count_expression":{"references":["var.create","var.create_iam_instance_profile"]}},{"address":"aws_iam_role.this","mode":"managed","type":"aws_iam_role","name":"this","provider_config_key":"aws","expressions":{"assume_role_policy":{"references":["data.aws_iam_policy_document.assume_role_policy[0].json","data.aws_iam_policy_document.assume_role_policy[0]","data.aws_iam_policy_document.assume_role_policy"]},"description":{"references":["var.iam_role_description"]},"force_detach_policies":{"constant_value":true},"name":{"references":["var.iam_role_use_name_prefix","local.iam_role_name"]},"name_prefix":{"references":["var.iam_role_use_name_prefix","local.iam_role_name"]},"path":{"references":["var.iam_role_path"]},"permissions_boundary":{"references":["var.iam_role_permissions_boundary"]},"tags":{"references":["var.tags","var.iam_role_tags"]}},"schema_version":0,"count_expression":{"references":["var.create","var.create_iam_instance_profile"]}},{"address":"aws_iam_role_policy_attachment.this","mode":"managed","type":"aws_iam_role_policy_attachment","name":"this","provider_config_key":"aws","expressions":{"policy_arn":{"references":["each.value"]},"role":{"references":["aws_iam_role.this[0].name","aws_iam_role.this[0]","aws_iam_role.this"]}},"schema_version":0,"for_each_expression":{"references":["var.iam_role_policies","var.create","var.create_iam_instance_profile"]}},{"address":"aws_instance.ignore_ami","mode":"managed","type":"aws_instance","name":"ignore_ami","provider_config_key":"aws","expressions":{"ami":{"references":["local.ami"]},"associate_public_ip_address":{"references":["var.associate_public_ip_address"]},"availability_zone":{"references":["var.availability_zone"]},"credit_specification":[{"cpu_credits":{"references":["local.is_t_instance_type","var.cpu_credits"]}}],"disable_api_stop":{"references":["var.disable_api_stop"]},"disable_api_termination":{"references":["var.disable_api_termination"]},"ebs_optimized":{"references":["var.ebs_optimized"]},"enable_primary_ipv6":{"references":["var.enable_primary_ipv6"]},"enclave_options":[{"enabled":{"references":["var.enclave_options_enabled"]}}],"get_password_data":{"references":["var.get_password_data"]},"hibernation":{"references":["var.hibernation"]},"host_id":{"references":["var.host_id"]},"host_resource_group_arn":{"references":["var.host_resource_group_arn"]},"iam_instance_profile":{"references":["var.create_iam_instance_profile","aws_iam_instance_profile.this[0].name","aws_iam_instance_profile.this[0]","aws_iam_instance_profile.this","var.iam_instance_profile"]},"instance_initiated_shutdown_behavior":{"references":["var.instance_initiated_shutdown_behavior"]},"instance_type":{"references":["var.instance_type"]},"ipv6_address_count":{"references":["var.ipv6_address_count"]},"ipv6_addresses":{"references":["var.ipv6_addresses"]},"key_name":{"references":["var.key_name"]},"monitoring":{"references":["var.monitoring"]},"placement_group":{"references":["var.placement_group"]},"placement_partition_number":{"references":["var.placement_partition_number"]},"private_ip":{"references":["var.private_ip"]},"region":{"references":["var.region"]},"secondary_private_ips":{"references":["var.secondary_private_ips"]},"source_dest_check":{"references":["var.network_interface","var.source_dest_check"]},"subnet_id":{"references":["var.subnet_id"]},"tags":{"references":["local.instance_tags"]},"tenancy":{"references":["var.tenancy"]},"user_data":{"references":["var.user_data"]},"user_data_base64":{"references":["var.user_data_base64"]},"user_data_replace_on_change":{"references":["var.user_data_replace_on_change"]},"volume_tags":{"references":["var.enable_volume_tags","var.tags","var.volume_tags","var.name"]},"vpc_security_group_ids":{"references":["var.network_interface","local.vpc_security_group_ids"]}},"schema_version":2,"count_expression":{"references":["local.create","var.ignore_ami_changes","var.create_spot_instance"]}},{"address":"aws_instance.this","mode":"managed","type":"aws_instance","name":"this","provider_config_key":"aws","expressions":{"ami":{"references":["local.ami"]},"associate_public_ip_address":{"references":["var.associate_public_ip_address"]},"availability_zone":{"references":["var.availability_zone"]},"credit_specification":[{"cpu_credits":{"references":["local.is_t_instance_type","var.cpu_credits"]}}],"disable_api_stop":{"references":["var.disable_api_stop"]},"disable_api_termination":{"references":["var.disable_api_termination"]},"ebs_optimized":{"references":["var.ebs_optimized"]},"enable_primary_ipv6":{"references":["var.enable_primary_ipv6"]},"enclave_options":[{"enabled":{"references":["var.enclave_options_enabled"]}}],"get_password_data":{"references":["var.get_password_data"]},"hibernation":{"references":["var.hibernation"]},"host_id":{"references":["var.host_id"]},"host_resource_group_arn":{"references":["var.host_resource_group_arn"]},"iam_instance_profile":{"references":["var.create_iam_instance_profile","aws_iam_instance_profile.this[0].name","aws_iam_instance_profile.this[0]","aws_iam_instance_profile.this","var.iam_instance_profile"]},"instance_initiated_shutdown_behavior":{"references":["var.instance_initiated_shutdown_behavior"]},"instance_type":{"references":["var.instance_type"]},"ipv6_address_count":{"references":["var.ipv6_address_count"]},"ipv6_addresses":{"references":["var.ipv6_addresses"]},"key_name":{"references":["var.key_name"]},"monitoring":{"references":["var.monitoring"]},"placement_group":{"references":["var.placement_group"]},"placement_partition_number":{"references":["var.placement_partition_number"]},"private_ip":{"references":["var.private_ip"]},"region":{"references":["var.region"]},"secondary_private_ips":{"references":["var.secondary_private_ips"]},"source_dest_check":{"references":["var.network_interface","var.source_dest_check"]},"subnet_id":{"references":["var.subnet_id"]},"tags":{"references":["local.instance_tags"]},"tenancy":{"references":["var.tenancy"]},"user_data":{"references":["var.user_data"]},"user_data_base64":{"references":["var.user_data_base64"]},"user_data_replace_on_change":{"references":["var.user_data_replace_on_change"]},"volume_tags":{"references":["var.enable_volume_tags","var.tags","var.volume_tags","var.name"]},"vpc_security_group_ids":{"references":["var.network_interface","local.vpc_security_group_ids"]}},"schema_version":2,"count_expression":{"references":["local.create","var.ignore_ami_changes","var.create_spot_instance"]}},{"address":"aws_security_group.this","mode":"managed","type":"aws_security_group","name":"this","provider_config_key":"aws","expressions":{"description":{"references":["var.security_group_description"]},"name":{"references":["var.security_group_use_name_prefix","local.security_group_name"]},"name_prefix":{"references":["var.security_group_use_name_prefix","local.security_group_name"]},"region":{"references":["var.region"]},"tags":{"references":["var.tags","local.security_group_name","var.security_group_tags"]},"vpc_id":{"references":["var.security_group_vpc_id","data.aws_subnet.this[0].vpc_id","data.aws_subnet.this[0]","data.aws_subnet.this"]}},"schema_version":1,"count_expression":{"references":["local.create_security_group"]}},{"address":"aws_spot_instance_request.this","mode":"managed","type":"aws_spot_instance_request","name":"this","provider_config_key":"aws","expressions":{"ami":{"references":["local.ami"]},"associate_public_ip_address":{"references":["var.associate_public_ip_address"]},"availability_zone":{"references":["var.availability_zone"]},"credit_specification":[{"cpu_credits":{"references":["local.is_t_instance_type","var.cpu_credits"]}}],"disable_api_stop":{"references":["var.disable_api_stop"]},"disable_api_termination":{"references":["var.disable_api_termination"]},"ebs_optimized":{"references":["var.ebs_optimized"]},"enable_primary_ipv6":{"references":["var.enable_primary_ipv6"]},"enclave_options":[{"enabled":{"references":["var.enclave_options_enabled"]}}],"get_password_data":{"references":["var.get_password_data"]},"hibernation":{"references":["var.hibernation"]},"host_id":{"references":["var.host_id"]},"host_resource_group_arn":{"references":["var.host_resource_group_arn"]},"iam_instance_profile":{"references":["var.create_iam_instance_profile","aws_iam_instance_profile.this[0].name","aws_iam_instance_profile.this[0]","aws_iam_instance_profile.this","var.iam_instance_profile"]},"instance_initiated_shutdown_behavior":{"references":["var.instance_initiated_shutdown_behavior"]},"instance_interruption_behavior":{"references":["var.spot_instance_interruption_behavior"]},"instance_type":{"references":["var.instance_type"]},"ipv6_address_count":{"references":["var.ipv6_address_count"]},"ipv6_addresses":{"references":["var.ipv6_addresses"]},"key_name":{"references":["var.key_name"]},"launch_group":{"references":["var.spot_launch_group"]},"monitoring":{"references":["var.monitoring"]},"placement_group":{"references":["var.placement_group"]},"placement_partition_number":{"references":["var.placement_partition_number"]},"private_ip":{"references":["var.private_ip"]},"region":{"references":["var.region"]},"secondary_private_ips":{"references":["var.secondary_private_ips"]},"source_dest_check":{"references":["var.network_interface","var.source_dest_check"]},"spot_price":{"references":["var.spot_price"]},"spot_type":{"references":["var.spot_type"]},"subnet_id":{"references":["var.subnet_id"]},"tags":{"references":["local.instance_tags"]},"tenancy":{"references":["var.tenancy"]},"user_data":{"references":["var.user_data"]},"user_data_base64":{"references":["var.user_data_base64"]},"user_data_replace_on_change":{"references":["var.user_data_replace_on_change"]},"valid_from":{"references":["var.spot_valid_from"]},"valid_until":{"references":["var.spot_valid_until"]},"volume_tags":{"references":["var.enable_volume_tags","var.tags","var.volume_tags","var.name"]},"vpc_security_group_ids":{"references":["var.network_interface","local.vpc_security_group_ids"]},"wait_for_fulfillment":{"references":["var.spot_wait_for_fulfillment"]}},"schema_version":0,"count_expression":{"references":["local.create","var.create_spot_instance"]}},{"address":"aws_volume_attachment.this","mode":"managed","type":"aws_volume_attachment","name":"this","provider_config_key":"aws","expressions":{"device_name":{"references":["each.value.device_name","each.value","each.key"]},"force_detach":{"references":["each.value.force_detach","each.value"]},"instance_id":{"references":["local.instance_id"]},"region":{"references":["var.region"]},"skip_destroy":{"references":["each.value.skip_destroy","each.value"]},"stop_instance_before_detaching":{"references":["each.value.stop_instance_before_detaching","each.value"]},"volume_id":{"references":["aws_ebs_volume.this","each.key"]}},"schema_version":0,"for_each_expression":{"references":["var.create","var.ebs_volumes","var.ebs_volumes"]}},{"address":"aws_vpc_security_group_egress_rule.this","mode":"managed","type":"aws_vpc_security_group_egress_rule","name":"this","provider_config_key":"aws","expressions":{"cidr_ipv4":{"references":["each.value.cidr_ipv4","each.value"]},"cidr_ipv6":{"references":["each.value.cidr_ipv6","each.value"]},"description":{"references":["each.value.description","each.value"]},"from_port":{"references":["each.value.from_port","each.value","each.value.to_port","each.value"]},"ip_protocol":{"references":["each.value.ip_protocol","each.value"]},"prefix_list_id":{"references":["each.value.prefix_list_id","each.value"]},"referenced_security_group_id":{"references":["each.value.referenced_security_group_id","each.value"]},"region":{"references":["var.region"]},"security_group_id":{"references":["aws_security_group.this[0].id","aws_security_group.this[0]","aws_security_group.this"]},"tags":{"references":["var.tags","var.security_group_tags","local.security_group_name","each.key","each.value.tags","each.value"]},"to_port":{"references":["each.value.to_port","each.value","each.value.from_port","each.value"]}},"schema_version":0,"for_each_expression":{"references":["local.create_security_group","var.security_group_egress_rules","var.security_group_egress_rules"]}},{"address":"aws_vpc_security_group_ingress_rule.this","mode":"managed","type":"aws_vpc_security_group_ingress_rule","name":"this","provider_config_key":"aws","expressions":{"cidr_ipv4":{"references":["each.value.cidr_ipv4","each.value"]},"cidr_ipv6":{"references":["each.value.cidr_ipv6","each.value"]},"description":{"references":["each.value.description","each.value"]},"from_port":{"references":["each.value.from_port","each.value","each.value.to_port","each.value"]},"ip_protocol":{"references":["each.value.ip_protocol","each.value"]},"prefix_list_id":{"references":["each.value.prefix_list_id","each.value"]},"referenced_security_group_id":{"references":["each.value.referenced_security_group_id","each.value"]},"region":{"references":["var.region"]},"security_group_id":{"references":["aws_security_group.this[0].id","aws_security_group.this[0]","aws_security_group.this"]},"tags":{"references":["var.tags","var.security_group_tags","local.security_group_name","each.key","each.value.tags","each.value"]},"to_port":{"references":["each.value.to_port","each.value","each.value.from_port","each.value"]}},"schema_version":0,"for_each_expression":{"references":["local.create_security_group","var.security_group_ingress_rules","var.security_group_ingress_rules"]}},{"address":"data.aws_iam_policy_document.assume_role_policy","mode":"data","type":"aws_iam_policy_document","name":"assume_role_policy","provider_config_key":"aws","expressions":{"statement":[{"actions":{"constant_value":["sts:AssumeRole"]},"principals":[{"identifiers":{"references":["data.aws_partition.current.dns_suffix","data.aws_partition.current"]},"type":{"constant_value":"Service"}}],"sid":{"constant_value":"EC2AssumeRole"}}]},"schema_version":0,"count_expression":{"references":["var.create","var.create_iam_instance_profile"]}},{"address":"data.aws_partition.current","mode":"data","type":"aws_partition","name":"current","provider_config_key":"aws","schema_version":0},{"address":"data.aws_ssm_parameter.this","mode":"data","type":"aws_ssm_parameter","name":"this","provider_config_key":"aws","expressions":{"name":{"references":["var.ami_ssm_parameter"]},"region":{"references":["var.region"]}},"schema_version":0},{"address":"data.aws_subnet.this","mode":"data","type":"aws_subnet","name":"this","provider_config_key":"aws","expressions":{"id":{"references":["var.subnet_id"]},"region":{"references":["var.region"]}},"schema_version":0,"count_expression":{"references":["local.create_security_group"]}}],"variables":{"ami":{"default":null,"description":"ID of AMI to use for the instance"},"ami_ssm_parameter":{"default":"/aws/service/ami-amazon-linux-latest/al2023-ami-kernel-default-x86_64","description":"SSM parameter name for the AMI ID. For Amazon Linux AMI SSM parameters see [reference](https://docs.aws.amazon.com/systems-manager/latest/userguide/parameter-store-public-parameters-ami.html)"},"associate_public_ip_address":{"default":null,"description":"Whether to associate a public IP address with an instance in a VPC"},"availability_zone":{"default":null,"description":"AZ to start the instance in"},"capacity_reservation_specification":{"default":null,"description":"Describes an instance's Capacity Reservation targeting option"},"cpu_credits":{"default":null,"description":"The credit option for CPU usage (unlimited or standard)"},"cpu_options":{"default":null,"description":"Defines CPU options to apply to the instance at launch time."},"create":{"default":true,"description":"Whether to create an instance"},"create_eip":{"default":false,"description":"Determines whether a public EIP will be created and associated with the instance."},"create_iam_instance_profile":{"default":false,"description":"Determines whether an IAM instance profile is created or to use an existing IAM instance profile"},"create_security_group":{"default":true,"description":"Determines whether a security group will be created"},"create_spot_instance":{"default":false,"description":"Depicts if the instance is a spot instance"},"disable_api_stop":{"default":null,"description":"If true, enables EC2 Instance Stop Protection"},"disable_api_termination":{"default":null,"description":"If true, enables EC2 Instance Termination Protection"},"ebs_optimized":{"default":null,"description":"If true, the launched EC2 instance will be EBS-optimized"},"ebs_volumes":{"default":null,"description":"Additional EBS volumes to attach to the instance"},"eip_domain":{"default":"vpc","description":"Indicates if this EIP is for use in VPC"},"eip_tags":{"default":{},"description":"A map of additional tags to add to the eip"},"enable_primary_ipv6":{"default":null,"description":"Whether to assign a primary IPv6 Global Unicast Address (GUA) to the instance when launched in a dual-stack or IPv6-only subnet"},"enable_volume_tags":{"default":true,"description":"Whether to enable volume tags (if enabled it conflicts with root_block_device tags)"},"enclave_options_enabled":{"default":null,"description":"Whether Nitro Enclaves will be enabled on the instance. Defaults to `false`"},"ephemeral_block_device":{"default":null,"description":"Customize Ephemeral (also known as Instance Store) volumes on the instance"},"get_password_data":{"default":null,"description":"If true, wait for password data to become available and retrieve it"},"hibernation":{"default":null,"description":"If true, the launched EC2 instance will support hibernation"},"host_id":{"default":null,"description":"ID of a dedicated host that the instance will be assigned to. Use when an instance is to be launched on a specific dedicated host"},"host_resource_group_arn":{"default":null,"description":"ARN of the host resource group in which to launch the instances. If you specify an ARN, omit the `tenancy` parameter or set it to `host`"},"iam_instance_profile":{"default":null,"description":"IAM Instance Profile to launch the instance with. Specified as the name of the Instance Profile"},"iam_role_description":{"default":null,"description":"Description of the role"},"iam_role_name":{"default":null,"description":"Name to use on IAM role created"},"iam_role_path":{"default":null,"description":"IAM role path"},"iam_role_permissions_boundary":{"default":null,"description":"ARN of the policy that is used to set the permissions boundary for the IAM role"},"iam_role_policies":{"default":{},"description":"Policies attached to the IAM role"},"iam_role_tags":{"default":{},"description":"A map of additional tags to add to the IAM role/profile created"},"iam_role_use_name_prefix":{"default":true,"description":"Determines whether the IAM role name (`iam_role_name` or `name`) is used as a prefix"},"ignore_ami_changes":{"default":false,"description":"Whether changes to the AMI ID changes should be ignored by Terraform. Note - changing this value will result in the replacement of the instance"},"instance_initiated_shutdown_behavior":{"default":null,"description":"Shutdown behavior for the instance. Amazon defaults this to stop for EBS-backed instances and terminate for instance-store instances. Cannot be set on instance-store instance"},"instance_market_options":{"default":null,"description":"The market (purchasing) option for the instance. If set, overrides the `create_spot_instance` variable"},"instance_tags":{"default":{},"description":"Additional tags for the instance"},"instance_type":{"default":"t3.micro","description":"The type of instance to start"},"ipv6_address_count":{"default":null,"description":"A number of IPv6 addresses to associate with the primary network interface. Amazon EC2 chooses the IPv6 addresses from the range of your subnet"},"ipv6_addresses":{"default":null,"description":"Specify one or more IPv6 addresses from the range of the subnet to associate with the primary network interface"},"key_name":{"default":null,"description":"Key name of the Key Pair to use for the instance; which can be managed using the `aws_key_pair` resource"},"launch_template":{"default":null,"description":"Specifies a Launch Template to configure the instance. Parameters configured on this resource will override the corresponding parameters in the Launch Template"},"maintenance_options":{"default":null,"description":"The maintenance options for the instance"},"metadata_options":{"default":{"http_endpoint":"enabled","http_protocol_ipv6":null,"http_put_response_hop_limit":1,"http_tokens":"required","instance_metadata_tags":null},"description":"Customize the metadata options of the instance"},"monitoring":{"default":null,"description":"If true, the launched EC2 instance will have detailed monitoring enabled"},"name":{"default":"","description":"Name to be used on EC2 instance created"},"network_interface":{"default":null,"description":"Customize network interfaces to be attached at instance boot time"},"placement_group":{"default":null,"description":"The Placement Group to start the instance in"},"placement_partition_number":{"default":null,"description":"Number of the partition the instance is in. Valid only if the `aws_placement_group` resource's `strategy` argument is set to `partition`"},"private_dns_name_options":{"default":null,"description":"Customize the private DNS name options of the instance"},"private_ip":{"default":null,"description":"Private IP address to associate with the instance in a VPC"},"putin_khuylo":{"default":true,"description":"Do you agree that Putin doesn't respect Ukrainian sovereignty and territorial integrity? More info: https://en.wikipedia.org/wiki/Putin_khuylo!"},"region":{"default":null,"description":"Region where the resource(s) will be managed. Defaults to the Region set in the provider configuration"},"root_block_device":{"default":null,"description":"Customize details about the root block device of the instance. See Block Devices below for details"},"secondary_private_ips":{"default":null,"description":"A list of secondary private IPv4 addresses to assign to the instance's primary network interface (eth0) in a VPC. Can only be assigned to the primary network interface (eth0) attached at instance creation, not a pre-existing network interface i.e. referenced in a `network_interface block`"},"security_group_description":{"default":null,"description":"Description of the security group"},"security_group_egress_rules":{"default":{"ipv4_default":{"cidr_ipv4":"0.0.0.0/0","cidr_ipv6":null,"description":"Allow all IPv4 traffic","from_port":null,"ip_protocol":"-1","prefix_list_id":null,"referenced_security_group_id":null,"tags":{},"to_port":null},"ipv6_default":{"cidr_ipv4":null,"cidr_ipv6":"::/0","description":"Allow all IPv6 traffic","from_port":null,"ip_protocol":"-1","prefix_list_id":null,"referenced_security_group_id":null,"tags":{},"to_port":null}},"description":"Egress rules to add to the security group"},"security_group_ingress_rules":{"default":null,"description":"Ingress rules to add to the security group"},"security_group_name":{"default":null,"description":"Name to use on security group created"},"security_group_tags":{"default":{},"description":"A map of additional tags to add to the security group created"},"security_group_use_name_prefix":{"default":true,"description":"Determines whether the security group name (`security_group_name` or `name`) is used as a prefix"},"security_group_vpc_id":{"default":null,"description":"VPC ID to create the security group in. If not set, the security group will be created in the default VPC"},"source_dest_check":{"default":null,"description":"Controls if traffic is routed to the instance when the destination address does not match the instance. Used for NAT or VPNs"},"spot_instance_interruption_behavior":{"default":null,"description":"Indicates Spot instance behavior when it is interrupted. Valid values are `terminate`, `stop`, or `hibernate`"},"spot_launch_group":{"default":null,"description":"A launch group is a group of spot instances that launch together and terminate together. If left empty instances are launched and terminated individually"},"spot_price":{"default":null,"description":"The maximum price to request on the spot market. Defaults to on-demand price"},"spot_type":{"default":null,"description":"If set to one-time, after the instance is terminated, the spot request will be closed. Default `persistent`"},"spot_valid_from":{"default":null,"description":"The start date and time of the request, in UTC RFC3339 format(for example, YYYY-MM-DDTHH:MM:SSZ)"},"spot_valid_until":{"default":null,"description":"The end date and time of the request, in UTC RFC3339 format(for example, YYYY-MM-DDTHH:MM:SSZ)"},"spot_wait_for_fulfillment":{"default":null,"description":"If set, Terraform will wait for the Spot Request to be fulfilled, and will throw an error if the timeout of 10m is reached"},"subnet_id":{"default":null,"description":"The VPC Subnet ID to launch in"},"tags":{"default":{},"description":"A mapping of tags to assign to the resource"},"tenancy":{"default":null,"description":"The tenancy of the instance (if the instance is running in a VPC). Available values: default, dedicated, host"},"timeouts":{"default":null,"description":"Define maximum timeout for creating, updating, and deleting EC2 instance resources"},"user_data":{"default":null,"description":"The user data to provide when launching the instance. Do not pass gzip-compressed data via this argument; see user_data_base64 instead"},"user_data_base64":{"default":null,"description":"Can be used instead of user_data to pass base64-encoded binary data directly. Use this instead of user_data whenever the value is not a valid UTF-8 string. For example, gzip-encoded user data must be base64-encoded and passed via this argument to avoid corruption"},"user_data_replace_on_change":{"default":null,"description":"When used in combination with user_data or user_data_base64 will trigger a destroy and recreate when set to true. Defaults to false if not set"},"volume_tags":{"default":{},"description":"A mapping of tags to assign to the devices created by the instance at launch time"},"vpc_security_group_ids":{"default":[],"description":"A list of security group IDs to associate with"}}}},"vpc":{"source":"terraform-aws-modules/vpc/aws","expressions":{"azs":{"references":["var.AWS_Zone-a","var.AWS_Zone-b","var.AWS_Zone-c"]},"cidr":{"references":["var.VPC_CIDR"]},"enable_dns_hostnames":{"constant_value":true},"enable_dns_support":{"constant_value":true},"enable_nat_gateway":{"constant_value":true},"enable_vpn_gateway":{"constant_value":false},"map_public_ip_on_launch":{"constant_value":true},"name":{"references":["var.VPC_Name"]},"private_subnets":{"references":["var.Private_Subnet_CIDR"]},"public_subnets":{"references":["var.Public_Subnet_CIDR"]},"single_nat_gateway":{"constant_value":true},"tags":{"constant_value":{"Environment":"dev","Terraform":"true"}}},"module":{"outputs":{"azs":{"expression":{"references":["var.azs"]},"description":"A list of availability zones specified as argument to this module"},"cgw_arns":{"expression":{"references":["aws_customer_gateway.this"]},"description":"List of ARNs of Customer Gateway"},"cgw_ids":{"expression":{"references":["aws_customer_gateway.this"]},"description":"List of IDs of Customer Gateway"},"database_internet_gateway_route_id":{"expression":{"references":["aws_route.database_internet_gateway[0].id","aws_route.database_internet_gateway[0]","aws_route.database_internet_gateway"]},"description":"ID of the database internet gateway route"},"database_ipv6_egress_route_id":{"expression":{"references":["aws_route.database_ipv6_egress[0].id","aws_route.database_ipv6_egress[0]","aws_route.database_ipv6_egress"]},"description":"ID of the database IPv6 egress route"},"database_nat_gateway_route_ids":{"expression":{"references":["aws_route.database_nat_gateway"]},"description":"List of IDs of the database nat gateway route"},"database_network_acl_arn":{"expression":{"references":["aws_network_acl.database[0].arn","aws_network_acl.database[0]","aws_network_acl.database"]},"description":"ARN of the database network ACL"},"database_network_acl_id":{"expression":{"references":["aws_network_acl.database[0].id","aws_network_acl.database[0]","aws_network_acl.database"]},"description":"ID of the database network ACL"},"database_route_table_association_ids":{"expression":{"references":["aws_route_table_association.database"]},"description":"List of IDs of the database route table association"},"database_route_table_ids":{"expression":{"references":["aws_route_table.database","aws_route_table.database","aws_route_table.private"]},"description":"List of IDs of database route tables"},"database_subnet_arns":{"expression":{"references":["aws_subnet.database"]},"description":"List of ARNs of database subnets"},"database_subnet_group":{"expression":{"references":["aws_db_subnet_group.database[0].id","aws_db_subnet_group.database[0]","aws_db_subnet_group.database"]},"description":"ID of database subnet group"},"database_subnet_group_name":{"expression":{"references":["aws_db_subnet_group.database[0].name","aws_db_subnet_group.database[0]","aws_db_subnet_group.database"]},"description":"Name of database subnet group"},"database_subnet_objects":{"expression":{"references":["aws_subnet.database"]},"description":"A list of all database subnets, containing the full objects."},"database_subnets":{"expression":{"references":["aws_subnet.database"]},"description":"List of IDs of database subnets"},"database_subnets_cidr_blocks":{"expression":{"references":["aws_subnet.database"]},"description":"List of cidr_blocks of database subnets"},"database_subnets_ipv6_cidr_blocks":{"expression":{"references":["aws_subnet.database"]},"description":"List of IPv6 cidr_blocks of database subnets in an IPv6 enabled VPC"},"default_network_acl_id":{"expression":{"references":["aws_vpc.this[0].default_network_acl_id","aws_vpc.this[0]","aws_vpc.this"]},"description":"The ID of the default network ACL"},"default_route_table_id":{"expression":{"references":["aws_vpc.this[0].default_route_table_id","aws_vpc.this[0]","aws_vpc.this"]},"description":"The ID of the default route table"},"default_security_group_id":{"expression":{"references":["aws_vpc.this[0].default_security_group_id","aws_vpc.this[0]","aws_vpc.this"]},"description":"The ID of the security group created by default on VPC creation"},"default_vpc_arn":{"expression":{"references":["aws_default_vpc.this[0].arn","aws_default_vpc.this[0]","aws_default_vpc.this"]},"description":"The ARN of the Default VPC"},"default_vpc_cidr_block":{"expression":{"references":["aws_default_vpc.this[0].cidr_block","aws_default_vpc.this[0]","aws_default_vpc.this"]},"description":"The CIDR block of the Default VPC"},"default_vpc_default_network_acl_id":{"expression":{"references":["aws_default_vpc.this[0].default_network_acl_id","aws_default_vpc.this[0]","aws_default_vpc.this"]},"description":"The ID of the default network ACL of the Default VPC"},"default_vpc_default_route_table_id":{"expression":{"references":["aws_default_vpc.this[0].default_route_table_id","aws_default_vpc.this[0]","aws_default_vpc.this"]},"description":"The ID of the default route table of the Default VPC"},"default_vpc_default_security_group_id":{"expression":{"references":["aws_default_vpc.this[0].default_security_group_id","aws_default_vpc.this[0]","aws_default_vpc.this"]},"description":"The ID of the security group created by default on Default VPC creation"},"default_vpc_enable_dns_hostnames":{"expression":{"references":["aws_default_vpc.this[0].enable_dns_hostnames","aws_default_vpc.this[0]","aws_default_vpc.this"]},"description":"Whether or not the Default VPC has DNS hostname support"},"default_vpc_enable_dns_support":{"expression":{"references":["aws_default_vpc.this[0].enable_dns_support","aws_default_vpc.this[0]","aws_default_vpc.this"]},"description":"Whether or not the Default VPC has DNS support"},"default_vpc_id":{"expression":{"references":["aws_default_vpc.this[0].id","aws_default_vpc.this[0]","aws_default_vpc.this"]},"description":"The ID of the Default VPC"},"default_vpc_instance_tenancy":{"expression":{"references":["aws_default_vpc.this[0].instance_tenancy","aws_default_vpc.this[0]","aws_default_vpc.this"]},"description":"Tenancy of instances spin up within Default VPC"},"default_vpc_main_route_table_id":{"expression":{"references":["aws_default_vpc.this[0].main_route_table_id","aws_default_vpc.this[0]","aws_default_vpc.this"]},"description":"The ID of the main route table associated with the Default VPC"},"dhcp_options_id":{"expression":{"references":["aws_vpc_dhcp_options.this[0].id","aws_vpc_dhcp_options.this[0]","aws_vpc_dhcp_options.this"]},"description":"The ID of the DHCP options"},"egress_only_internet_gateway_id":{"expression":{"references":["aws_egress_only_internet_gateway.this[0].id","aws_egress_only_internet_gateway.this[0]","aws_egress_only_internet_gateway.this"]},"description":"The ID of the egress only Internet Gateway"},"elasticache_network_acl_arn":{"expression":{"references":["aws_network_acl.elasticache[0].arn","aws_network_acl.elasticache[0]","aws_network_acl.elasticache"]},"description":"ARN of the elasticache network ACL"},"elasticache_network_acl_id":{"expression":{"references":["aws_network_acl.elasticache[0].id","aws_network_acl.elasticache[0]","aws_network_acl.elasticache"]},"description":"ID of the elasticache network ACL"},"elasticache_route_table_association_ids":{"expression":{"references":["aws_route_table_association.elasticache"]},"description":"List of IDs of the elasticache route table association"},"elasticache_route_table_ids":{"expression":{"references":["aws_route_table.elasticache","local.private_route_table_ids"]},"description":"List of IDs of elasticache route tables"},"elasticache_subnet_arns":{"expression":{"references":["aws_subnet.elasticache"]},"description":"List of ARNs of elasticache subnets"},"elasticache_subnet_group":{"expression":{"references":["aws_elasticache_subnet_group.elasticache[0].id","aws_elasticache_subnet_group.elasticache[0]","aws_elasticache_subnet_group.elasticache"]},"description":"ID of elasticache subnet group"},"elasticache_subnet_group_name":{"expression":{"references":["aws_elasticache_subnet_group.elasticache[0].name","aws_elasticache_subnet_group.elasticache[0]","aws_elasticache_subnet_group.elasticache"]},"description":"Name of elasticache subnet group"},"elasticache_subnet_objects":{"expression":{"references":["aws_subnet.elasticache"]},"description":"A list of all elasticache subnets, containing the full objects."},"elasticache_subnets":{"expression":{"references":["aws_subnet.elasticache"]},"description":"List of IDs of elasticache subnets"},"elasticache_subnets_cidr_blocks":{"expression":{"references":["aws_subnet.elasticache"]},"description":"List of cidr_blocks of elasticache subnets"},"elasticache_subnets_ipv6_cidr_blocks":{"expression":{"references":["aws_subnet.elasticache"]},"description":"List of IPv6 cidr_blocks of elasticache subnets in an IPv6 enabled VPC"},"igw_arn":{"expression":{"references":["aws_internet_gateway.this[0].arn","aws_internet_gateway.this[0]","aws_internet_gateway.this"]},"description":"The ARN of the Internet Gateway"},"igw_id":{"expression":{"references":["aws_internet_gateway.this[0].id","aws_internet_gateway.this[0]","aws_internet_gateway.this"]},"description":"The ID of the Internet Gateway"},"intra_network_acl_arn":{"expression":{"references":["aws_network_acl.intra[0].arn","aws_network_acl.intra[0]","aws_network_acl.intra"]},"description":"ARN of the intra network ACL"},"intra_network_acl_id":{"expression":{"references":["aws_network_acl.intra[0].id","aws_network_acl.intra[0]","aws_network_acl.intra"]},"description":"ID of the intra network ACL"},"intra_route_table_association_ids":{"expression":{"references":["aws_route_table_association.intra"]},"description":"List of IDs of the intra route table association"},"intra_route_table_ids":{"expression":{"references":["aws_route_table.intra"]},"description":"List of IDs of intra route tables"},"intra_subnet_arns":{"expression":{"references":["aws_subnet.intra"]},"description":"List of ARNs of intra subnets"},"intra_subnet_objects":{"expression":{"references":["aws_subnet.intra"]},"description":"A list of all intra subnets, containing the full objects."},"intra_subnets":{"expression":{"references":["aws_subnet.intra"]},"description":"List of IDs of intra subnets"},"intra_subnets_cidr_blocks":{"expression":{"references":["aws_subnet.intra"]},"description":"List of cidr_blocks of intra subnets"},"intra_subnets_ipv6_cidr_blocks":{"expression":{"references":["aws_subnet.intra"]},"description":"List of IPv6 cidr_blocks of intra subnets in an IPv6 enabled VPC"},"name":{"expression":{"references":["var.name"]},"description":"The name of the VPC specified as argument to this module"},"nat_ids":{"expression":{"references":["aws_eip.nat"]},"description":"List of allocation ID of Elastic IPs created for AWS NAT Gateway"},"nat_public_ips":{"expression":{"references":["var.reuse_nat_ips","var.external_nat_ips","aws_eip.nat"]},"description":"List of public Elastic IPs created for AWS NAT Gateway"},"natgw_ids":{"expression":{"references":["aws_nat_gateway.this"]},"description":"List of NAT Gateway IDs"},"natgw_interface_ids":{"expression":{"references":["aws_nat_gateway.this"]},"description":"List of Network Interface IDs assigned to NAT Gateways"},"outpost_network_acl_arn":{"expression":{"references":["aws_network_acl.outpost[0].arn","aws_network_acl.outpost[0]","aws_network_acl.outpost"]},"description":"ARN of the outpost network ACL"},"outpost_network_acl_id":{"expression":{"references":["aws_network_acl.outpost[0].id","aws_network_acl.outpost[0]","aws_network_acl.outpost"]},"description":"ID of the outpost network ACL"},"outpost_subnet_arns":{"expression":{"references":["aws_subnet.outpost"]},"description":"List of ARNs of outpost subnets"},"outpost_subnet_objects":{"expression":{"references":["aws_subnet.outpost"]},"description":"A list of all outpost subnets, containing the full objects."},"outpost_subnets":{"expression":{"references":["aws_subnet.outpost"]},"description":"List of IDs of outpost subnets"},"outpost_subnets_cidr_blocks":{"expression":{"references":["aws_subnet.outpost"]},"description":"List of cidr_blocks of outpost subnets"},"outpost_subnets_ipv6_cidr_blocks":{"expression":{"references":["aws_subnet.outpost"]},"description":"List of IPv6 cidr_blocks of outpost subnets in an IPv6 enabled VPC"},"private_ipv6_egress_route_ids":{"expression":{"references":["aws_route.private_ipv6_egress"]},"description":"List of IDs of the ipv6 egress route"},"private_nat_gateway_route_ids":{"expression":{"references":["aws_route.private_nat_gateway"]},"description":"List of IDs of the private nat gateway route"},"private_network_acl_arn":{"expression":{"references":["aws_network_acl.private[0].arn","aws_network_acl.private[0]","aws_network_acl.private"]},"description":"ARN of the private network ACL"},"private_network_acl_id":{"expression":{"references":["aws_network_acl.private[0].id","aws_network_acl.private[0]","aws_network_acl.private"]},"description":"ID of the private network ACL"},"private_route_table_association_ids":{"expression":{"references":["aws_route_table_association.private"]},"description":"List of IDs of the private route table association"},"private_route_table_ids":{"expression":{"references":["local.private_route_table_ids"]},"description":"List of IDs of private route tables"},"private_subnet_arns":{"expression":{"references":["aws_subnet.private"]},"description":"List of ARNs of private subnets"},"private_subnet_objects":{"expression":{"references":["aws_subnet.private"]},"description":"A list of all private subnets, containing the full objects."},"private_subnets":{"expression":{"references":["aws_subnet.private"]},"description":"List of IDs of private subnets"},"private_subnets_cidr_blocks":{"expression":{"references":["aws_subnet.private"]},"description":"List of cidr_blocks of private subnets"},"private_subnets_ipv6_cidr_blocks":{"expression":{"references":["aws_subnet.private"]},"description":"List of IPv6 cidr_blocks of private subnets in an IPv6 enabled VPC"},"public_internet_gateway_ipv6_route_id":{"expression":{"references":["aws_route.public_internet_gateway_ipv6[0].id","aws_route.public_internet_gateway_ipv6[0]","aws_route.public_internet_gateway_ipv6"]},"description":"ID of the IPv6 internet gateway route"},"public_internet_gateway_route_id":{"expression":{"references":["aws_route.public_internet_gateway[0].id","aws_route.public_internet_gateway[0]","aws_route.public_internet_gateway"]},"description":"ID of the internet gateway route"},"public_network_acl_arn":{"expression":{"references":["aws_network_acl.public[0].arn","aws_network_acl.public[0]","aws_network_acl.public"]},"description":"ARN of the public network ACL"},"public_network_acl_id":{"expression":{"references":["aws_network_acl.public[0].id","aws_network_acl.public[0]","aws_network_acl.public"]},"description":"ID of the public network ACL"},"public_route_table_association_ids":{"expression":{"references":["aws_route_table_association.public"]},"description":"List of IDs of the public route table association"},"public_route_table_ids":{"expression":{"references":["local.public_route_table_ids"]},"description":"List of IDs of public route tables"},"public_subnet_arns":{"expression":{"references":["aws_subnet.public"]},"description":"List of ARNs of public subnets"},"public_subnet_objects":{"expression":{"references":["aws_subnet.public"]},"description":"A list of all public subnets, containing the full objects."},"public_subnets":{"expression":{"references":["aws_subnet.public"]},"description":"List of IDs of public subnets"},"public_subnets_cidr_blocks":{"expression":{"references":["aws_subnet.public"]},"description":"List of cidr_blocks of public subnets"},"public_subnets_ipv6_cidr_blocks":{"expression":{"references":["aws_subnet.public"]},"description":"List of IPv6 cidr_blocks of public subnets in an IPv6 enabled VPC"},"redshift_network_acl_arn":{"expression":{"references":["aws_network_acl.redshift[0].arn","aws_network_acl.redshift[0]","aws_network_acl.redshift"]},"description":"ARN of the redshift network ACL"},"redshift_network_acl_id":{"expression":{"references":["aws_network_acl.redshift[0].id","aws_network_acl.redshift[0]","aws_network_acl.redshift"]},"description":"ID of the redshift network ACL"},"redshift_public_route_table_association_ids":{"expression":{"references":["aws_route_table_association.redshift_public"]},"description":"List of IDs of the public redshift route table association"},"redshift_route_table_association_ids":{"expression":{"references":["aws_route_table_association.redshift"]},"description":"List of IDs of the redshift route table association"},"redshift_route_table_ids":{"expression":{"references":["local.redshift_route_table_ids","local.redshift_route_table_ids","var.enable_public_redshift","local.public_route_table_ids","local.private_route_table_ids"]},"description":"List of IDs of redshift route tables"},"redshift_subnet_arns":{"expression":{"references":["aws_subnet.redshift"]},"description":"List of ARNs of redshift subnets"},"redshift_subnet_group":{"expression":{"references":["aws_redshift_subnet_group.redshift[0].id","aws_redshift_subnet_group.redshift[0]","aws_redshift_subnet_group.redshift"]},"description":"ID of redshift subnet group"},"redshift_subnet_objects":{"expression":{"references":["aws_subnet.redshift"]},"description":"A list of all redshift subnets, containing the full objects."},"redshift_subnets":{"expression":{"references":["aws_subnet.redshift"]},"description":"List of IDs of redshift subnets"},"redshift_subnets_cidr_blocks":{"expression":{"references":["aws_subnet.redshift"]},"description":"List of cidr_blocks of redshift subnets"},"redshift_subnets_ipv6_cidr_blocks":{"expression":{"references":["aws_subnet.redshift"]},"description":"List of IPv6 cidr_blocks of redshift subnets in an IPv6 enabled VPC"},"this_customer_gateway":{"expression":{"references":["aws_customer_gateway.this"]},"description":"Map of Customer Gateway attributes"},"vgw_arn":{"expression":{"references":["aws_vpn_gateway.this[0].arn","aws_vpn_gateway.this[0]","aws_vpn_gateway.this"]},"description":"The ARN of the VPN Gateway"},"vgw_id":{"expression":{"references":["aws_vpn_gateway.this[0].id","aws_vpn_gateway.this[0]","aws_vpn_gateway.this","aws_vpn_gateway_attachment.this[0].vpn_gateway_id","aws_vpn_gateway_attachment.this[0]","aws_vpn_gateway_attachment.this"]},"description":"The ID of the VPN Gateway"},"vpc_arn":{"expression":{"references":["aws_vpc.this[0].arn","aws_vpc.this[0]","aws_vpc.this"]},"description":"The ARN of the VPC"},"vpc_block_public_access_exclusions":{"expression":{"references":["aws_vpc_block_public_access_exclusion.this"]},"description":"A map of VPC block public access exclusions"},"vpc_cidr_block":{"expression":{"references":["aws_vpc.this[0].cidr_block","aws_vpc.this[0]","aws_vpc.this"]},"description":"The CIDR block of the VPC"},"vpc_enable_dns_hostnames":{"expression":{"references":["aws_vpc.this[0].enable_dns_hostnames","aws_vpc.this[0]","aws_vpc.this"]},"description":"Whether or not the VPC has DNS hostname support"},"vpc_enable_dns_support":{"expression":{"references":["aws_vpc.this[0].enable_dns_support","aws_vpc.this[0]","aws_vpc.this"]},"description":"Whether or not the VPC has DNS support"},"vpc_flow_log_cloudwatch_iam_role_arn":{"expression":{"references":["local.flow_log_iam_role_arn"]},"description":"The ARN of the IAM role used when pushing logs to Cloudwatch log group"},"vpc_flow_log_deliver_cross_account_role":{"expression":{"references":["aws_flow_log.this[0].deliver_cross_account_role","aws_flow_log.this[0]","aws_flow_log.this"]},"description":"The ARN of the IAM role used when pushing logs cross account"},"vpc_flow_log_destination_arn":{"expression":{"references":["local.flow_log_destination_arn"]},"description":"The ARN of the destination for VPC Flow Logs"},"vpc_flow_log_destination_type":{"expression":{"references":["var.flow_log_destination_type"]},"description":"The type of the destination for VPC Flow Logs"},"vpc_flow_log_id":{"expression":{"references":["aws_flow_log.this[0].id","aws_flow_log.this[0]","aws_flow_log.this"]},"description":"The ID of the Flow Log resource"},"vpc_id":{"expression":{"references":["aws_vpc.this[0].id","aws_vpc.this[0]","aws_vpc.this"]},"description":"The ID of the VPC"},"vpc_instance_tenancy":{"expression":{"references":["aws_vpc.this[0].instance_tenancy","aws_vpc.this[0]","aws_vpc.this"]},"description":"Tenancy of instances spin up within VPC"},"vpc_ipv6_association_id":{"expression":{"references":["aws_vpc.this[0].ipv6_association_id","aws_vpc.this[0]","aws_vpc.this"]},"description":"The association ID for the IPv6 CIDR block"},"vpc_ipv6_cidr_block":{"expression":{"references":["aws_vpc.this[0].ipv6_cidr_block","aws_vpc.this[0]","aws_vpc.this"]},"description":"The IPv6 CIDR block"},"vpc_main_route_table_id":{"expression":{"references":["aws_vpc.this[0].main_route_table_id","aws_vpc.this[0]","aws_vpc.this"]},"description":"The ID of the main route table associated with this VPC"},"vpc_owner_id":{"expression":{"references":["aws_vpc.this[0].owner_id","aws_vpc.this[0]","aws_vpc.this"]},"description":"The ID of the AWS account that owns the VPC"},"vpc_secondary_cidr_blocks":{"expression":{"references":["aws_vpc_ipv4_cidr_block_association.this"]},"description":"List of secondary CIDR blocks of the VPC"}},"resources":[{"address":"aws_cloudwatch_log_group.flow_log","mode":"managed","type":"aws_cloudwatch_log_group","name":"flow_log","provider_config_key":"aws","expressions":{"kms_key_id":{"references":["var.flow_log_cloudwatch_log_group_kms_key_id"]},"log_group_class":{"references":["var.flow_log_cloudwatch_log_group_class"]},"name":{"references":["var.flow_log_cloudwatch_log_group_name_prefix","local.flow_log_cloudwatch_log_group_name_suffix"]},"region":{"references":["var.region"]},"retention_in_days":{"references":["var.flow_log_cloudwatch_log_group_retention_in_days"]},"skip_destroy":{"references":["var.flow_log_cloudwatch_log_group_skip_destroy"]},"tags":{"references":["var.tags","var.vpc_flow_log_tags"]}},"schema_version":0,"count_expression":{"references":["local.create_flow_log_cloudwatch_log_group"]}},{"address":"aws_customer_gateway.this","mode":"managed","type":"aws_customer_gateway","name":"this","provider_config_key":"aws","expressions":{"bgp_asn":{"references":["each.value"]},"bgp_asn_extended":{"references":["each.value"]},"device_name":{"references":["each.value"]},"ip_address":{"references":["each.value[\"ip_address\"]","each.value"]},"region":{"references":["var.region"]},"tags":{"references":["var.name","each.key","var.tags","var.customer_gateway_tags"]},"type":{"constant_value":"ipsec.1"}},"schema_version":0,"for_each_expression":{"references":["var.customer_gateways"]}},{"address":"aws_db_subnet_group.database","mode":"managed","type":"aws_db_subnet_group","name":"database","provider_config_key":"aws","expressions":{"description":{"references":["var.name"]},"name":{"references":["var.database_subnet_group_name","var.name"]},"region":{"references":["var.region"]},"subnet_ids":{"references":["aws_subnet.database"]},"tags":{"references":["var.database_subnet_group_name","var.name","var.tags","var.database_subnet_group_tags"]}},"schema_version":0,"count_expression":{"references":["local.create_database_subnets","var.create_database_subnet_group"]}},{"address":"aws_default_network_acl.this","mode":"managed","type":"aws_default_network_acl","name":"this","provider_config_key":"aws","expressions":{"default_network_acl_id":{"references":["aws_vpc.this[0].default_network_acl_id","aws_vpc.this[0]","aws_vpc.this"]},"region":{"references":["var.region"]},"subnet_ids":{"constant_value":null},"tags":{"references":["var.default_network_acl_name","var.name","var.tags","var.default_network_acl_tags"]}},"schema_version":0,"count_expression":{"references":["local.create_vpc","var.manage_default_network_acl"]}},{"address":"aws_default_route_table.default","mode":"managed","type":"aws_default_route_table","name":"default","provider_config_key":"aws","expressions":{"default_route_table_id":{"references":["aws_vpc.this[0].default_route_table_id","aws_vpc.this[0]","aws_vpc.this"]},"propagating_vgws":{"references":["var.default_route_table_propagating_vgws"]},"region":{"references":["var.region"]},"tags":{"references":["var.default_route_table_name","var.name","var.tags","var.default_route_table_tags"]},"timeouts":{"create":{"constant_value":"5m"},"update":{"constant_value":"5m"}}},"schema_version":0,"count_expression":{"references":["local.create_vpc","var.manage_default_route_table"]}},{"address":"aws_default_security_group.this","mode":"managed","type":"aws_default_security_group","name":"this","provider_config_key":"aws","expressions":{"region":{"references":["var.region"]},"tags":{"references":["var.default_security_group_name","var.name","var.tags","var.default_security_group_tags"]},"vpc_id":{"references":["aws_vpc.this[0].id","aws_vpc.this[0]","aws_vpc.this"]}},"schema_version":1,"count_expression":{"references":["local.create_vpc","var.manage_default_security_group"]}},{"address":"aws_default_vpc.this","mode":"managed","type":"aws_default_vpc","name":"this","provider_config_key":"aws","expressions":{"enable_dns_hostnames":{"references":["var.default_vpc_enable_dns_hostnames"]},"enable_dns_support":{"references":["var.default_vpc_enable_dns_support"]},"region":{"references":["var.region"]},"tags":{"references":["var.default_vpc_name","var.tags","var.default_vpc_tags"]}},"schema_version":1,"count_expression":{"references":["var.manage_default_vpc"]}},{"address":"aws_egress_only_internet_gateway.this","mode":"managed","type":"aws_egress_only_internet_gateway","name":"this","provider_config_key":"aws","expressions":{"region":{"references":["var.region"]},"tags":{"references":["var.name","var.tags","var.igw_tags"]},"vpc_id":{"references":["local.vpc_id"]}},"schema_version":0,"count_expression":{"references":["local.create_vpc","var.create_egress_only_igw","var.enable_ipv6","local.max_subnet_length"]}},{"address":"aws_eip.nat","mode":"managed","type":"aws_eip","name":"nat","provider_config_key":"aws","expressions":{"domain":{"constant_value":"vpc"},"region":{"references":["var.region"]},"tags":{"references":["var.name","var.azs","var.single_nat_gateway","count.index","var.tags","var.nat_eip_tags"]}},"schema_version":0,"count_expression":{"references":["local.create_vpc","var.enable_nat_gateway","var.reuse_nat_ips","local.nat_gateway_count"]},"depends_on":["aws_internet_gateway.this"]},{"address":"aws_elasticache_subnet_group.elasticache","mode":"managed","type":"aws_elasticache_subnet_group","name":"elasticache","provider_config_key":"aws","expressions":{"description":{"references":["var.name"]},"name":{"references":["var.elasticache_subnet_group_name","var.name"]},"region":{"references":["var.region"]},"subnet_ids":{"references":["aws_subnet.elasticache"]},"tags":{"references":["var.elasticache_subnet_group_name","var.name","var.tags","var.elasticache_subnet_group_tags"]}},"schema_version":0,"count_expression":{"references":["local.create_elasticache_subnets","var.create_elasticache_subnet_group"]}},{"address":"aws_flow_log.this","mode":"managed","type":"aws_flow_log","name":"this","provider_config_key":"aws","expressions":{"deliver_cross_account_role":{"references":["var.flow_log_deliver_cross_account_role"]},"iam_role_arn":{"references":["local.flow_log_iam_role_arn"]},"log_destination":{"references":["local.flow_log_destination_arn"]},"log_destination_type":{"references":["var.flow_log_destination_type"]},"log_format":{"references":["var.flow_log_log_format"]},"max_aggregation_interval":{"references":["var.flow_log_max_aggregation_interval"]},"region":{"references":["var.region"]},"tags":{"references":["var.tags","var.vpc_flow_log_tags"]},"traffic_type":{"references":["var.flow_log_traffic_type"]},"vpc_id":{"references":["local.vpc_id"]}},"schema_version":1,"count_expression":{"references":["local.enable_flow_log"]}},{"address":"aws_iam_policy.vpc_flow_log_cloudwatch","mode":"managed","type":"aws_iam_policy","name":"vpc_flow_log_cloudwatch","provider_config_key":"aws","expressions":{"name":{"references":["var.vpc_flow_log_iam_policy_use_name_prefix","var.vpc_flow_log_iam_policy_name"]},"name_prefix":{"references":["var.vpc_flow_log_iam_policy_use_name_prefix","var.vpc_flow_log_iam_policy_name"]},"policy":{"references":["data.aws_iam_policy_document.vpc_flow_log_cloudwatch[0].json","data.aws_iam_policy_document.vpc_flow_log_cloudwatch[0]","data.aws_iam_policy_document.vpc_flow_log_cloudwatch"]},"tags":{"references":["var.tags","var.vpc_flow_log_tags"]}},"schema_version":0,"count_expression":{"references":["local.create_flow_log_cloudwatch_iam_role"]}},{"address":"aws_iam_role.vpc_flow_log_cloudwatch","mode":"managed","type":"aws_iam_role","name":"vpc_flow_log_cloudwatch","provider_config_key":"aws","expressions":{"assume_role_policy":{"references":["data.aws_iam_policy_document.flow_log_cloudwatch_assume_role[0].json","data.aws_iam_policy_document.flow_log_cloudwatch_assume_role[0]","data.aws_iam_policy_document.flow_log_cloudwatch_assume_role"]},"name":{"references":["var.vpc_flow_log_iam_role_use_name_prefix","var.vpc_flow_log_iam_role_name"]},"name_prefix":{"references":["var.vpc_flow_log_iam_role_use_name_prefix","var.vpc_flow_log_iam_role_name"]},"path":{"references":["var.vpc_flow_log_iam_role_path"]},"permissions_boundary":{"references":["var.vpc_flow_log_permissions_boundary"]},"tags":{"references":["var.tags","var.vpc_flow_log_tags"]}},"schema_version":0,"count_expression":{"references":["local.create_flow_log_cloudwatch_iam_role"]}},{"address":"aws_iam_role_policy_attachment.vpc_flow_log_cloudwatch","mode":"managed","type":"aws_iam_role_policy_attachment","name":"vpc_flow_log_cloudwatch","provider_config_key":"aws","expressions":{"policy_arn":{"references":["aws_iam_policy.vpc_flow_log_cloudwatch[0].arn","aws_iam_policy.vpc_flow_log_cloudwatch[0]","aws_iam_policy.vpc_flow_log_cloudwatch"]},"role":{"references":["aws_iam_role.vpc_flow_log_cloudwatch[0].name","aws_iam_role.vpc_flow_log_cloudwatch[0]","aws_iam_role.vpc_flow_log_cloudwatch"]}},"schema_version":0,"count_expression":{"references":["local.create_flow_log_cloudwatch_iam_role"]}},{"address":"aws_internet_gateway.this","mode":"managed","type":"aws_internet_gateway","name":"this","provider_config_key":"aws","expressions":{"region":{"references":["var.region"]},"tags":{"references":["var.name","var.tags","var.igw_tags"]},"vpc_id":{"references":["local.vpc_id"]}},"schema_version":0,"count_expression":{"references":["local.create_public_subnets","var.create_igw"]}},{"address":"aws_nat_gateway.this","mode":"managed","type":"aws_nat_gateway","name":"this","provider_config_key":"aws","expressions":{"allocation_id":{"references":["local.nat_gateway_ips","var.single_nat_gateway","count.index"]},"region":{"references":["var.region"]},"subnet_id":{"references":["aws_subnet.public","var.single_nat_gateway","count.index"]},"tags":{"references":["var.name","var.azs","var.single_nat_gateway","count.index","var.tags","var.nat_gateway_tags"]}},"schema_version":0,"count_expression":{"references":["local.create_vpc","var.enable_nat_gateway","local.nat_gateway_count"]},"depends_on":["aws_internet_gateway.this"]},{"address":"aws_network_acl.database","mode":"managed","type":"aws_network_acl","name":"database","provider_config_key":"aws","expressions":{"region":{"references":["var.region"]},"subnet_ids":{"references":["aws_subnet.database"]},"tags":{"references":["var.name","var.database_subnet_suffix","var.tags","var.database_acl_tags"]},"vpc_id":{"references":["local.vpc_id"]}},"schema_version":0,"count_expression":{"references":["local.create_database_network_acl"]}},{"address":"aws_network_acl.elasticache","mode":"managed","type":"aws_network_acl","name":"elasticache","provider_config_key":"aws","expressions":{"region":{"references":["var.region"]},"subnet_ids":{"references":["aws_subnet.elasticache"]},"tags":{"references":["var.name","var.elasticache_subnet_suffix","var.tags","var.elasticache_acl_tags"]},"vpc_id":{"references":["local.vpc_id"]}},"schema_version":0,"count_expression":{"references":["local.create_elasticache_network_acl"]}},{"address":"aws_network_acl.intra","mode":"managed","type":"aws_network_acl","name":"intra","provider_config_key":"aws","expressions":{"region":{"references":["var.region"]},"subnet_ids":{"references":["aws_subnet.intra"]},"tags":{"references":["var.name","var.intra_subnet_suffix","var.tags","var.intra_acl_tags"]},"vpc_id":{"references":["local.vpc_id"]}},"schema_version":0,"count_expression":{"references":["local.create_intra_network_acl"]}},{"address":"aws_network_acl.outpost","mode":"managed","type":"aws_network_acl","name":"outpost","provider_config_key":"aws","expressions":{"region":{"references":["var.region"]},"subnet_ids":{"references":["aws_subnet.outpost"]},"tags":{"references":["var.name","var.outpost_subnet_suffix","var.tags","var.outpost_acl_tags"]},"vpc_id":{"references":["local.vpc_id"]}},"schema_version":0,"count_expression":{"references":["local.create_outpost_network_acl"]}},{"address":"aws_network_acl.private","mode":"managed","type":"aws_network_acl","name":"private","provider_config_key":"aws","expressions":{"region":{"references":["var.region"]},"subnet_ids":{"references":["aws_subnet.private"]},"tags":{"references":["var.name","var.private_subnet_suffix","var.tags","var.private_acl_tags"]},"vpc_id":{"references":["local.vpc_id"]}},"schema_version":0,"count_expression":{"references":["local.create_private_network_acl"]}},{"address":"aws_network_acl.public","mode":"managed","type":"aws_network_acl","name":"public","provider_config_key":"aws","expressions":{"region":{"references":["var.region"]},"subnet_ids":{"references":["aws_subnet.public"]},"tags":{"references":["var.name","var.public_subnet_suffix","var.tags","var.public_acl_tags"]},"vpc_id":{"references":["local.vpc_id"]}},"schema_version":0,"count_expression":{"references":["local.create_public_subnets","var.public_dedicated_network_acl"]}},{"address":"aws_network_acl.redshift","mode":"managed","type":"aws_network_acl","name":"redshift","provider_config_key":"aws","expressions":{"region":{"references":["var.region"]},"subnet_ids":{"references":["aws_subnet.redshift"]},"tags":{"references":["var.name","var.redshift_subnet_suffix","var.tags","var.redshift_acl_tags"]},"vpc_id":{"references":["local.vpc_id"]}},"schema_version":0,"count_expression":{"references":["local.create_redshift_network_acl"]}},{"address":"aws_network_acl_rule.database_inbound","mode":"managed","type":"aws_network_acl_rule","name":"database_inbound","provider_config_key":"aws","expressions":{"cidr_block":{"references":["var.database_inbound_acl_rules","count.index"]},"egress":{"constant_value":false},"from_port":{"references":["var.database_inbound_acl_rules","count.index"]},"icmp_code":{"references":["var.database_inbound_acl_rules","count.index"]},"icmp_type":{"references":["var.database_inbound_acl_rules","count.index"]},"ipv6_cidr_block":{"references":["var.database_inbound_acl_rules","count.index"]},"network_acl_id":{"references":["aws_network_acl.database[0].id","aws_network_acl.database[0]","aws_network_acl.database"]},"protocol":{"references":["var.database_inbound_acl_rules","count.index"]},"region":{"references":["var.region"]},"rule_action":{"references":["var.database_inbound_acl_rules","count.index"]},"rule_number":{"references":["var.database_inbound_acl_rules","count.index"]},"to_port":{"references":["var.database_inbound_acl_rules","count.index"]}},"schema_version":0,"count_expression":{"references":["local.create_database_network_acl","var.database_inbound_acl_rules"]}},{"address":"aws_network_acl_rule.database_outbound","mode":"managed","type":"aws_network_acl_rule","name":"database_outbound","provider_config_key":"aws","expressions":{"cidr_block":{"references":["var.database_outbound_acl_rules","count.index"]},"egress":{"constant_value":true},"from_port":{"references":["var.database_outbound_acl_rules","count.index"]},"icmp_code":{"references":["var.database_outbound_acl_rules","count.index"]},"icmp_type":{"references":["var.database_outbound_acl_rules","count.index"]},"ipv6_cidr_block":{"references":["var.database_outbound_acl_rules","count.index"]},"network_acl_id":{"references":["aws_network_acl.database[0].id","aws_network_acl.database[0]","aws_network_acl.database"]},"protocol":{"references":["var.database_outbound_acl_rules","count.index"]},"region":{"references":["var.region"]},"rule_action":{"references":["var.database_outbound_acl_rules","count.index"]},"rule_number":{"references":["var.database_outbound_acl_rules","count.index"]},"to_port":{"references":["var.database_outbound_acl_rules","count.index"]}},"schema_version":0,"count_expression":{"references":["local.create_database_network_acl","var.database_outbound_acl_rules"]}},{"address":"aws_network_acl_rule.elasticache_inbound","mode":"managed","type":"aws_network_acl_rule","name":"elasticache_inbound","provider_config_key":"aws","expressions":{"cidr_block":{"references":["var.elasticache_inbound_acl_rules","count.index"]},"egress":{"constant_value":false},"from_port":{"references":["var.elasticache_inbound_acl_rules","count.index"]},"icmp_code":{"references":["var.elasticache_inbound_acl_rules","count.index"]},"icmp_type":{"references":["var.elasticache_inbound_acl_rules","count.index"]},"ipv6_cidr_block":{"references":["var.elasticache_inbound_acl_rules","count.index"]},"network_acl_id":{"references":["aws_network_acl.elasticache[0].id","aws_network_acl.elasticache[0]","aws_network_acl.elasticache"]},"protocol":{"references":["var.elasticache_inbound_acl_rules","count.index"]},"region":{"references":["var.region"]},"rule_action":{"references":["var.elasticache_inbound_acl_rules","count.index"]},"rule_number":{"references":["var.elasticache_inbound_acl_rules","count.index"]},"to_port":{"references":["var.elasticache_inbound_acl_rules","count.index"]}},"schema_version":0,"count_expression":{"references":["local.create_elasticache_network_acl","var.elasticache_inbound_acl_rules"]}},{"address":"aws_network_acl_rule.elasticache_outbound","mode":"managed","type":"aws_network_acl_rule","name":"elasticache_outbound","provider_config_key":"aws","expressions":{"cidr_block":{"references":["var.elasticache_outbound_acl_rules","count.index"]},"egress":{"constant_value":true},"from_port":{"references":["var.elasticache_outbound_acl_rules","count.index"]},"icmp_code":{"references":["var.elasticache_outbound_acl_rules","count.index"]},"icmp_type":{"references":["var.elasticache_outbound_acl_rules","count.index"]},"ipv6_cidr_block":{"references":["var.elasticache_outbound_acl_rules","count.index"]},"network_acl_id":{"references":["aws_network_acl.elasticache[0].id","aws_network_acl.elasticache[0]","aws_network_acl.elasticache"]},"protocol":{"references":["var.elasticache_outbound_acl_rules","count.index"]},"region":{"references":["var.region"]},"rule_action":{"references":["var.elasticache_outbound_acl_rules","count.index"]},"rule_number":{"references":["var.elasticache_outbound_acl_rules","count.index"]},"to_port":{"references":["var.elasticache_outbound_acl_rules","count.index"]}},"schema_version":0,"count_expression":{"references":["local.create_elasticache_network_acl","var.elasticache_outbound_acl_rules"]}},{"address":"aws_network_acl_rule.intra_inbound","mode":"managed","type":"aws_network_acl_rule","name":"intra_inbound","provider_config_key":"aws","expressions":{"cidr_block":{"references":["var.intra_inbound_acl_rules","count.index"]},"egress":{"constant_value":false},"from_port":{"references":["var.intra_inbound_acl_rules","count.index"]},"icmp_code":{"references":["var.intra_inbound_acl_rules","count.index"]},"icmp_type":{"references":["var.intra_inbound_acl_rules","count.index"]},"ipv6_cidr_block":{"references":["var.intra_inbound_acl_rules","count.index"]},"network_acl_id":{"references":["aws_network_acl.intra[0].id","aws_network_acl.intra[0]","aws_network_acl.intra"]},"protocol":{"references":["var.intra_inbound_acl_rules","count.index"]},"region":{"references":["var.region"]},"rule_action":{"references":["var.intra_inbound_acl_rules","count.index"]},"rule_number":{"references":["var.intra_inbound_acl_rules","count.index"]},"to_port":{"references":["var.intra_inbound_acl_rules","count.index"]}},"schema_version":0,"count_expression":{"references":["local.create_intra_network_acl","var.intra_inbound_acl_rules"]}},{"address":"aws_network_acl_rule.intra_outbound","mode":"managed","type":"aws_network_acl_rule","name":"intra_outbound","provider_config_key":"aws","expressions":{"cidr_block":{"references":["var.intra_outbound_acl_rules","count.index"]},"egress":{"constant_value":true},"from_port":{"references":["var.intra_outbound_acl_rules","count.index"]},"icmp_code":{"references":["var.intra_outbound_acl_rules","count.index"]},"icmp_type":{"references":["var.intra_outbound_acl_rules","count.index"]},"ipv6_cidr_block":{"references":["var.intra_outbound_acl_rules","count.index"]},"network_acl_id":{"references":["aws_network_acl.intra[0].id","aws_network_acl.intra[0]","aws_network_acl.intra"]},"protocol":{"references":["var.intra_outbound_acl_rules","count.index"]},"region":{"references":["var.region"]},"rule_action":{"references":["var.intra_outbound_acl_rules","count.index"]},"rule_number":{"references":["var.intra_outbound_acl_rules","count.index"]},"to_port":{"references":["var.intra_outbound_acl_rules","count.index"]}},"schema_version":0,"count_expression":{"references":["local.create_intra_network_acl","var.intra_outbound_acl_rules"]}},{"address":"aws_network_acl_rule.outpost_inbound","mode":"managed","type":"aws_network_acl_rule","name":"outpost_inbound","provider_config_key":"aws","expressions":{"cidr_block":{"references":["var.outpost_inbound_acl_rules","count.index"]},"egress":{"constant_value":false},"from_port":{"references":["var.outpost_inbound_acl_rules","count.index"]},"icmp_code":{"references":["var.outpost_inbound_acl_rules","count.index"]},"icmp_type":{"references":["var.outpost_inbound_acl_rules","count.index"]},"ipv6_cidr_block":{"references":["var.outpost_inbound_acl_rules","count.index"]},"network_acl_id":{"references":["aws_network_acl.outpost[0].id","aws_network_acl.outpost[0]","aws_network_acl.outpost"]},"protocol":{"references":["var.outpost_inbound_acl_rules","count.index"]},"region":{"references":["var.region"]},"rule_action":{"references":["var.outpost_inbound_acl_rules","count.index"]},"rule_number":{"references":["var.outpost_inbound_acl_rules","count.index"]},"to_port":{"references":["var.outpost_inbound_acl_rules","count.index"]}},"schema_version":0,"count_expression":{"references":["local.create_outpost_network_acl","var.outpost_inbound_acl_rules"]}},{"address":"aws_network_acl_rule.outpost_outbound","mode":"managed","type":"aws_network_acl_rule","name":"outpost_outbound","provider_config_key":"aws","expressions":{"cidr_block":{"references":["var.outpost_outbound_acl_rules","count.index"]},"egress":{"constant_value":true},"from_port":{"references":["var.outpost_outbound_acl_rules","count.index"]},"icmp_code":{"references":["var.outpost_outbound_acl_rules","count.index"]},"icmp_type":{"references":["var.outpost_outbound_acl_rules","count.index"]},"ipv6_cidr_block":{"references":["var.outpost_outbound_acl_rules","count.index"]},"network_acl_id":{"references":["aws_network_acl.outpost[0].id","aws_network_acl.outpost[0]","aws_network_acl.outpost"]},"protocol":{"references":["var.outpost_outbound_acl_rules","count.index"]},"region":{"references":["var.region"]},"rule_action":{"references":["var.outpost_outbound_acl_rules","count.index"]},"rule_number":{"references":["var.outpost_outbound_acl_rules","count.index"]},"to_port":{"references":["var.outpost_outbound_acl_rules","count.index"]}},"schema_version":0,"count_expression":{"references":["local.create_outpost_network_acl","var.outpost_outbound_acl_rules"]}},{"address":"aws_network_acl_rule.private_inbound","mode":"managed","type":"aws_network_acl_rule","name":"private_inbound","provider_config_key":"aws","expressions":{"cidr_block":{"references":["var.private_inbound_acl_rules","count.index"]},"egress":{"constant_value":false},"from_port":{"references":["var.private_inbound_acl_rules","count.index"]},"icmp_code":{"references":["var.private_inbound_acl_rules","count.index"]},"icmp_type":{"references":["var.private_inbound_acl_rules","count.index"]},"ipv6_cidr_block":{"references":["var.private_inbound_acl_rules","count.index"]},"network_acl_id":{"references":["aws_network_acl.private[0].id","aws_network_acl.private[0]","aws_network_acl.private"]},"protocol":{"references":["var.private_inbound_acl_rules","count.index"]},"region":{"references":["var.region"]},"rule_action":{"references":["var.private_inbound_acl_rules","count.index"]},"rule_number":{"references":["var.private_inbound_acl_rules","count.index"]},"to_port":{"references":["var.private_inbound_acl_rules","count.index"]}},"schema_version":0,"count_expression":{"references":["local.create_private_network_acl","var.private_inbound_acl_rules"]}},{"address":"aws_network_acl_rule.private_outbound","mode":"managed","type":"aws_network_acl_rule","name":"private_outbound","provider_config_key":"aws","expressions":{"cidr_block":{"references":["var.private_outbound_acl_rules","count.index"]},"egress":{"constant_value":true},"from_port":{"references":["var.private_outbound_acl_rules","count.index"]},"icmp_code":{"references":["var.private_outbound_acl_rules","count.index"]},"icmp_type":{"references":["var.private_outbound_acl_rules","count.index"]},"ipv6_cidr_block":{"references":["var.private_outbound_acl_rules","count.index"]},"network_acl_id":{"references":["aws_network_acl.private[0].id","aws_network_acl.private[0]","aws_network_acl.private"]},"protocol":{"references":["var.private_outbound_acl_rules","count.index"]},"region":{"references":["var.region"]},"rule_action":{"references":["var.private_outbound_acl_rules","count.index"]},"rule_number":{"references":["var.private_outbound_acl_rules","count.index"]},"to_port":{"references":["var.private_outbound_acl_rules","count.index"]}},"schema_version":0,"count_expression":{"references":["local.create_private_network_acl","var.private_outbound_acl_rules"]}},{"address":"aws_network_acl_rule.public_inbound","mode":"managed","type":"aws_network_acl_rule","name":"public_inbound","provider_config_key":"aws","expressions":{"cidr_block":{"references":["var.public_inbound_acl_rules","count.index"]},"egress":{"constant_value":false},"from_port":{"references":["var.public_inbound_acl_rules","count.index"]},"icmp_code":{"references":["var.public_inbound_acl_rules","count.index"]},"icmp_type":{"references":["var.public_inbound_acl_rules","count.index"]},"ipv6_cidr_block":{"references":["var.public_inbound_acl_rules","count.index"]},"network_acl_id":{"references":["aws_network_acl.public[0].id","aws_network_acl.public[0]","aws_network_acl.public"]},"protocol":{"references":["var.public_inbound_acl_rules","count.index"]},"region":{"references":["var.region"]},"rule_action":{"references":["var.public_inbound_acl_rules","count.index"]},"rule_number":{"references":["var.public_inbound_acl_rules","count.index"]},"to_port":{"references":["var.public_inbound_acl_rules","count.index"]}},"schema_version":0,"count_expression":{"references":["local.create_public_subnets","var.public_dedicated_network_acl","var.public_inbound_acl_rules"]}},{"address":"aws_network_acl_rule.public_outbound","mode":"managed","type":"aws_network_acl_rule","name":"public_outbound","provider_config_key":"aws","expressions":{"cidr_block":{"references":["var.public_outbound_acl_rules","count.index"]},"egress":{"constant_value":true},"from_port":{"references":["var.public_outbound_acl_rules","count.index"]},"icmp_code":{"references":["var.public_outbound_acl_rules","count.index"]},"icmp_type":{"references":["var.public_outbound_acl_rules","count.index"]},"ipv6_cidr_block":{"references":["var.public_outbound_acl_rules","count.index"]},"network_acl_id":{"references":["aws_network_acl.public[0].id","aws_network_acl.public[0]","aws_network_acl.public"]},"protocol":{"references":["var.public_outbound_acl_rules","count.index"]},"region":{"references":["var.region"]},"rule_action":{"references":["var.public_outbound_acl_rules","count.index"]},"rule_number":{"references":["var.public_outbound_acl_rules","count.index"]},"to_port":{"references":["var.public_outbound_acl_rules","count.index"]}},"schema_version":0,"count_expression":{"references":["local.create_public_subnets","var.public_dedicated_network_acl","var.public_outbound_acl_rules"]}},{"address":"aws_network_acl_rule.redshift_inbound","mode":"managed","type":"aws_network_acl_rule","name":"redshift_inbound","provider_config_key":"aws","expressions":{"cidr_block":{"references":["var.redshift_inbound_acl_rules","count.index"]},"egress":{"constant_value":false},"from_port":{"references":["var.redshift_inbound_acl_rules","count.index"]},"icmp_code":{"references":["var.redshift_inbound_acl_rules","count.index"]},"icmp_type":{"references":["var.redshift_inbound_acl_rules","count.index"]},"ipv6_cidr_block":{"references":["var.redshift_inbound_acl_rules","count.index"]},"network_acl_id":{"references":["aws_network_acl.redshift[0].id","aws_network_acl.redshift[0]","aws_network_acl.redshift"]},"protocol":{"references":["var.redshift_inbound_acl_rules","count.index"]},"region":{"references":["var.region"]},"rule_action":{"references":["var.redshift_inbound_acl_rules","count.index"]},"rule_number":{"references":["var.redshift_inbound_acl_rules","count.index"]},"to_port":{"references":["var.redshift_inbound_acl_rules","count.index"]}},"schema_version":0,"count_expression":{"references":["local.create_redshift_network_acl","var.redshift_inbound_acl_rules"]}},{"address":"aws_network_acl_rule.redshift_outbound","mode":"managed","type":"aws_network_acl_rule","name":"redshift_outbound","provider_config_key":"aws","expressions":{"cidr_block":{"references":["var.redshift_outbound_acl_rules","count.index"]},"egress":{"constant_value":true},"from_port":{"references":["var.redshift_outbound_acl_rules","count.index"]},"icmp_code":{"references":["var.redshift_outbound_acl_rules","count.index"]},"icmp_type":{"references":["var.redshift_outbound_acl_rules","count.index"]},"ipv6_cidr_block":{"references":["var.redshift_outbound_acl_rules","count.index"]},"network_acl_id":{"references":["aws_network_acl.redshift[0].id","aws_network_acl.redshift[0]","aws_network_acl.redshift"]},"protocol":{"references":["var.redshift_outbound_acl_rules","count.index"]},"region":{"references":["var.region"]},"rule_action":{"references":["var.redshift_outbound_acl_rules","count.index"]},"rule_number":{"references":["var.redshift_outbound_acl_rules","count.index"]},"to_port":{"references":["var.redshift_outbound_acl_rules","count.index"]}},"schema_version":0,"count_expression":{"references":["local.create_redshift_network_acl","var.redshift_outbound_acl_rules"]}},{"address":"aws_redshift_subnet_group.redshift","mode":"managed","type":"aws_redshift_subnet_group","name":"redshift","provider_config_key":"aws","expressions":{"description":{"references":["var.name"]},"name":{"references":["var.redshift_subnet_group_name","var.name"]},"region":{"references":["var.region"]},"subnet_ids":{"references":["aws_subnet.redshift"]},"tags":{"references":["var.redshift_subnet_group_name","var.name","var.tags","var.redshift_subnet_group_tags"]}},"schema_version":0,"count_expression":{"references":["local.create_redshift_subnets","var.create_redshift_subnet_group"]}},{"address":"aws_route.database_dns64_nat_gateway","mode":"managed","type":"aws_route","name":"database_dns64_nat_gateway","provider_config_key":"aws","expressions":{"destination_ipv6_cidr_block":{"constant_value":"64:ff9b::/96"},"nat_gateway_id":{"references":["aws_nat_gateway.this","count.index"]},"region":{"references":["var.region"]},"route_table_id":{"references":["aws_route_table.database","count.index"]},"timeouts":{"create":{"constant_value":"5m"}}},"schema_version":0,"count_expression":{"references":["local.create_database_route_table","var.create_database_internet_gateway_route","var.create_database_nat_gateway_route","var.enable_nat_gateway","var.enable_ipv6","var.private_subnet_enable_dns64","var.single_nat_gateway","local.len_database_subnets"]}},{"address":"aws_route.database_internet_gateway","mode":"managed","type":"aws_route","name":"database_internet_gateway","provider_config_key":"aws","expressions":{"destination_cidr_block":{"constant_value":"0.0.0.0/0"},"gateway_id":{"references":["aws_internet_gateway.this[0].id","aws_internet_gateway.this[0]","aws_internet_gateway.this"]},"region":{"references":["var.region"]},"route_table_id":{"references":["aws_route_table.database[0].id","aws_route_table.database[0]","aws_route_table.database"]},"timeouts":{"create":{"constant_value":"5m"}}},"schema_version":0,"count_expression":{"references":["local.create_database_route_table","var.create_igw","var.create_database_internet_gateway_route","var.create_database_nat_gateway_route"]}},{"address":"aws_route.database_ipv6_egress","mode":"managed","type":"aws_route","name":"database_ipv6_egress","provider_config_key":"aws","expressions":{"destination_ipv6_cidr_block":{"constant_value":"::/0"},"egress_only_gateway_id":{"references":["aws_egress_only_internet_gateway.this[0].id","aws_egress_only_internet_gateway.this[0]","aws_egress_only_internet_gateway.this"]},"region":{"references":["var.region"]},"route_table_id":{"references":["aws_route_table.database[0].id","aws_route_table.database[0]","aws_route_table.database"]},"timeouts":{"create":{"constant_value":"5m"}}},"schema_version":0,"count_expression":{"references":["local.create_database_route_table","var.create_egress_only_igw","var.enable_ipv6","var.create_database_internet_gateway_route"]}},{"address":"aws_route.database_nat_gateway","mode":"managed","type":"aws_route","name":"database_nat_gateway","provider_config_key":"aws","expressions":{"destination_cidr_block":{"constant_value":"0.0.0.0/0"},"nat_gateway_id":{"references":["aws_nat_gateway.this","count.index"]},"region":{"references":["var.region"]},"route_table_id":{"references":["aws_route_table.database","count.index"]},"timeouts":{"create":{"constant_value":"5m"}}},"schema_version":0,"count_expression":{"references":["local.create_database_route_table","var.create_database_internet_gateway_route","var.create_database_nat_gateway_route","var.enable_nat_gateway","var.single_nat_gateway","local.len_database_subnets"]}},{"address":"aws_route.private_dns64_nat_gateway","mode":"managed","type":"aws_route","name":"private_dns64_nat_gateway","provider_config_key":"aws","expressions":{"destination_ipv6_cidr_block":{"constant_value":"64:ff9b::/96"},"nat_gateway_id":{"references":["aws_nat_gateway.this","count.index"]},"region":{"references":["var.region"]},"route_table_id":{"references":["aws_route_table.private","count.index"]},"timeouts":{"create":{"constant_value":"5m"}}},"schema_version":0,"count_expression":{"references":["local.create_vpc","var.enable_nat_gateway","var.enable_ipv6","var.private_subnet_enable_dns64","local.nat_gateway_count"]}},{"address":"aws_route.private_ipv6_egress","mode":"managed","type":"aws_route","name":"private_ipv6_egress","provider_config_key":"aws","expressions":{"destination_ipv6_cidr_block":{"constant_value":"::/0"},"egress_only_gateway_id":{"references":["aws_egress_only_internet_gateway.this"]},"region":{"references":["var.region"]},"route_table_id":{"references":["aws_route_table.private","count.index"]}},"schema_version":0,"count_expression":{"references":["local.create_vpc","var.create_egress_only_igw","var.enable_ipv6","local.len_private_subnets","local.nat_gateway_count"]}},{"address":"aws_route.private_nat_gateway","mode":"managed","type":"aws_route","name":"private_nat_gateway","provider_config_key":"aws","expressions":{"destination_cidr_block":{"references":["var.nat_gateway_destination_cidr_block"]},"nat_gateway_id":{"references":["aws_nat_gateway.this","count.index"]},"region":{"references":["var.region"]},"route_table_id":{"references":["aws_route_table.private","count.index"]},"timeouts":{"create":{"constant_value":"5m"}}},"schema_version":0,"count_expression":{"references":["local.create_vpc","var.enable_nat_gateway","var.create_private_nat_gateway_route","local.nat_gateway_count"]}},{"address":"aws_route.public_internet_gateway","mode":"managed","type":"aws_route","name":"public_internet_gateway","provider_config_key":"aws","expressions":{"destination_cidr_block":{"constant_value":"0.0.0.0/0"},"gateway_id":{"references":["aws_internet_gateway.this[0].id","aws_internet_gateway.this[0]","aws_internet_gateway.this"]},"region":{"references":["var.region"]},"route_table_id":{"references":["aws_route_table.public","count.index"]},"timeouts":{"create":{"constant_value":"5m"}}},"schema_version":0,"count_expression":{"references":["local.create_public_subnets","var.create_igw","local.num_public_route_tables"]}},{"address":"aws_route.public_internet_gateway_ipv6","mode":"managed","type":"aws_route","name":"public_internet_gateway_ipv6","provider_config_key":"aws","expressions":{"destination_ipv6_cidr_block":{"constant_value":"::/0"},"gateway_id":{"references":["aws_internet_gateway.this[0].id","aws_internet_gateway.this[0]","aws_internet_gateway.this"]},"region":{"references":["var.region"]},"route_table_id":{"references":["aws_route_table.public","count.index"]}},"schema_version":0,"count_expression":{"references":["local.create_public_subnets","var.create_igw","var.enable_ipv6","local.num_public_route_tables"]}},{"address":"aws_route_table.database","mode":"managed","type":"aws_route_table","name":"database","provider_config_key":"aws","expressions":{"region":{"references":["var.region"]},"tags":{"references":["var.single_nat_gateway","var.create_database_internet_gateway_route","var.name","var.database_subnet_suffix","var.name","var.database_subnet_suffix","var.azs","count.index","var.tags","var.database_route_table_tags"]},"vpc_id":{"references":["local.vpc_id"]}},"schema_version":0,"count_expression":{"references":["local.create_database_route_table","var.single_nat_gateway","var.create_database_internet_gateway_route","local.len_database_subnets"]}},{"address":"aws_route_table.elasticache","mode":"managed","type":"aws_route_table","name":"elasticache","provider_config_key":"aws","expressions":{"region":{"references":["var.region"]},"tags":{"references":["var.name","var.elasticache_subnet_suffix","var.tags","var.elasticache_route_table_tags"]},"vpc_id":{"references":["local.vpc_id"]}},"schema_version":0,"count_expression":{"references":["local.create_elasticache_route_table"]}},{"address":"aws_route_table.intra","mode":"managed","type":"aws_route_table","name":"intra","provider_config_key":"aws","expressions":{"region":{"references":["var.region"]},"tags":{"references":["var.create_multiple_intra_route_tables","var.name","var.intra_subnet_suffix","var.azs","count.index","var.name","var.intra_subnet_suffix","var.tags","var.intra_route_table_tags"]},"vpc_id":{"references":["local.vpc_id"]}},"schema_version":0,"count_expression":{"references":["local.create_intra_subnets","local.num_intra_route_tables"]}},{"address":"aws_route_table.private","mode":"managed","type":"aws_route_table","name":"private","provider_config_key":"aws","expressions":{"region":{"references":["var.region"]},"tags":{"references":["var.single_nat_gateway","var.name","var.private_subnet_suffix","var.name","var.private_subnet_suffix","var.azs","count.index","var.tags","var.private_route_table_tags"]},"vpc_id":{"references":["local.vpc_id"]}},"schema_version":0,"count_expression":{"references":["local.create_private_subnets","local.max_subnet_length","local.nat_gateway_count"]}},{"address":"aws_route_table.public","mode":"managed","type":"aws_route_table","name":"public","provider_config_key":"aws","expressions":{"region":{"references":["var.region"]},"tags":{"references":["var.create_multiple_public_route_tables","var.name","var.public_subnet_suffix","var.azs","count.index","var.name","var.public_subnet_suffix","var.tags","var.public_route_table_tags"]},"vpc_id":{"references":["local.vpc_id"]}},"schema_version":0,"count_expression":{"references":["local.create_public_subnets","local.num_public_route_tables"]}},{"address":"aws_route_table.redshift","mode":"managed","type":"aws_route_table","name":"redshift","provider_config_key":"aws","expressions":{"region":{"references":["var.region"]},"tags":{"references":["var.name","var.redshift_subnet_suffix","var.tags","var.redshift_route_table_tags"]},"vpc_id":{"references":["local.vpc_id"]}},"schema_version":0,"count_expression":{"references":["local.create_redshift_route_table"]}},{"address":"aws_route_table_association.database","mode":"managed","type":"aws_route_table_association","name":"database","provider_config_key":"aws","expressions":{"region":{"references":["var.region"]},"route_table_id":{"references":["aws_route_table.database","aws_route_table.private","var.create_database_subnet_route_table","var.single_nat_gateway","var.create_database_internet_gateway_route","count.index","count.index"]},"subnet_id":{"references":["aws_subnet.database","count.index"]}},"schema_version":0,"count_expression":{"references":["local.create_database_subnets","local.len_database_subnets"]}},{"address":"aws_route_table_association.elasticache","mode":"managed","type":"aws_route_table_association","name":"elasticache","provider_config_key":"aws","expressions":{"region":{"references":["var.region"]},"route_table_id":{"references":["aws_route_table.elasticache","aws_route_table.private","var.single_nat_gateway","var.create_elasticache_subnet_route_table","count.index"]},"subnet_id":{"references":["aws_subnet.elasticache","count.index"]}},"schema_version":0,"count_expression":{"references":["local.create_elasticache_subnets","local.len_elasticache_subnets"]}},{"address":"aws_route_table_association.intra","mode":"managed","type":"aws_route_table_association","name":"intra","provider_config_key":"aws","expressions":{"region":{"references":["var.region"]},"route_table_id":{"references":["aws_route_table.intra","var.create_multiple_intra_route_tables","count.index"]},"subnet_id":{"references":["aws_subnet.intra","count.index"]}},"schema_version":0,"count_expression":{"references":["local.create_intra_subnets","local.len_intra_subnets"]}},{"address":"aws_route_table_association.outpost","mode":"managed","type":"aws_route_table_association","name":"outpost","provider_config_key":"aws","expressions":{"region":{"references":["var.region"]},"route_table_id":{"references":["aws_route_table.private","var.single_nat_gateway","count.index"]},"subnet_id":{"references":["aws_subnet.outpost","count.index"]}},"schema_version":0,"count_expression":{"references":["local.create_outpost_subnets","local.len_outpost_subnets"]}},{"address":"aws_route_table_association.private","mode":"managed","type":"aws_route_table_association","name":"private","provider_config_key":"aws","expressions":{"region":{"references":["var.region"]},"route_table_id":{"references":["aws_route_table.private","var.single_nat_gateway","count.index"]},"subnet_id":{"references":["aws_subnet.private","count.index"]}},"schema_version":0,"count_expression":{"references":["local.create_private_subnets","local.len_private_subnets"]}},{"address":"aws_route_table_association.public","mode":"managed","type":"aws_route_table_association","name":"public","provider_config_key":"aws","expressions":{"region":{"references":["var.region"]},"route_table_id":{"references":["aws_route_table.public","var.create_multiple_public_route_tables","count.index"]},"subnet_id":{"references":["aws_subnet.public","count.index"]}},"schema_version":0,"count_expression":{"references":["local.create_public_subnets","local.len_public_subnets"]}},{"address":"aws_route_table_association.redshift","mode":"managed","type":"aws_route_table_association","name":"redshift","provider_config_key":"aws","expressions":{"region":{"references":["var.region"]},"route_table_id":{"references":["aws_route_table.redshift","aws_route_table.private","var.single_nat_gateway","var.create_redshift_subnet_route_table","count.index"]},"subnet_id":{"references":["aws_subnet.redshift","count.index"]}},"schema_version":0,"count_expression":{"references":["local.create_redshift_subnets","var.enable_public_redshift","local.len_redshift_subnets"]}},{"address":"aws_route_table_association.redshift_public","mode":"managed","type":"aws_route_table_association","name":"redshift_public","provider_config_key":"aws","expressions":{"region":{"references":["var.region"]},"route_table_id":{"references":["aws_route_table.redshift","aws_route_table.public","var.single_nat_gateway","var.create_redshift_subnet_route_table","count.index"]},"subnet_id":{"references":["aws_subnet.redshift","count.index"]}},"schema_version":0,"count_expression":{"references":["local.create_redshift_subnets","var.enable_public_redshift","local.len_redshift_subnets"]}},{"address":"aws_subnet.database","mode":"managed","type":"aws_subnet","name":"database","provider_config_key":"aws","expressions":{"assign_ipv6_address_on_creation":{"references":["var.enable_ipv6","var.database_subnet_ipv6_native","var.database_subnet_assign_ipv6_address_on_creation"]},"availability_zone":{"references":["var.azs","count.index","var.azs","count.index"]},"availability_zone_id":{"references":["var.azs","count.index","var.azs","count.index"]},"cidr_block":{"references":["var.database_subnet_ipv6_native","var.database_subnets","count.index"]},"enable_dns64":{"references":["var.enable_ipv6","var.database_subnet_enable_dns64"]},"enable_resource_name_dns_a_record_on_launch":{"references":["var.database_subnet_ipv6_native","var.database_subnet_enable_resource_name_dns_a_record_on_launch"]},"enable_resource_name_dns_aaaa_record_on_launch":{"references":["var.enable_ipv6","var.database_subnet_enable_resource_name_dns_aaaa_record_on_launch"]},"ipv6_cidr_block":{"references":["var.enable_ipv6","var.database_subnet_ipv6_prefixes","aws_vpc.this[0].ipv6_cidr_block","aws_vpc.this[0]","aws_vpc.this","var.database_subnet_ipv6_prefixes","count.index"]},"ipv6_native":{"references":["var.enable_ipv6","var.database_subnet_ipv6_native"]},"private_dns_hostname_type_on_launch":{"references":["var.database_subnet_private_dns_hostname_type_on_launch"]},"region":{"references":["var.region"]},"tags":{"references":["var.database_subnet_names","count.index","var.name","var.database_subnet_suffix","var.azs","count.index","var.tags","var.database_subnet_tags"]},"vpc_id":{"references":["local.vpc_id"]}},"schema_version":1,"count_expression":{"references":["local.create_database_subnets","local.len_database_subnets"]}},{"address":"aws_subnet.elasticache","mode":"managed","type":"aws_subnet","name":"elasticache","provider_config_key":"aws","expressions":{"assign_ipv6_address_on_creation":{"references":["var.enable_ipv6","var.elasticache_subnet_ipv6_native","var.elasticache_subnet_assign_ipv6_address_on_creation"]},"availability_zone":{"references":["var.azs","count.index","var.azs","count.index"]},"availability_zone_id":{"references":["var.azs","count.index","var.azs","count.index"]},"cidr_block":{"references":["var.elasticache_subnet_ipv6_native","var.elasticache_subnets","count.index"]},"enable_dns64":{"references":["var.enable_ipv6","var.elasticache_subnet_enable_dns64"]},"enable_resource_name_dns_a_record_on_launch":{"references":["var.elasticache_subnet_ipv6_native","var.elasticache_subnet_enable_resource_name_dns_a_record_on_launch"]},"enable_resource_name_dns_aaaa_record_on_launch":{"references":["var.enable_ipv6","var.elasticache_subnet_enable_resource_name_dns_aaaa_record_on_launch"]},"ipv6_cidr_block":{"references":["var.enable_ipv6","var.elasticache_subnet_ipv6_prefixes","aws_vpc.this[0].ipv6_cidr_block","aws_vpc.this[0]","aws_vpc.this","var.elasticache_subnet_ipv6_prefixes","count.index"]},"ipv6_native":{"references":["var.enable_ipv6","var.elasticache_subnet_ipv6_native"]},"private_dns_hostname_type_on_launch":{"references":["var.elasticache_subnet_private_dns_hostname_type_on_launch"]},"region":{"references":["var.region"]},"tags":{"references":["var.elasticache_subnet_names","count.index","var.name","var.elasticache_subnet_suffix","var.azs","count.index","var.tags","var.elasticache_subnet_tags"]},"vpc_id":{"references":["local.vpc_id"]}},"schema_version":1,"count_expression":{"references":["local.create_elasticache_subnets","local.len_elasticache_subnets"]}},{"address":"aws_subnet.intra","mode":"managed","type":"aws_subnet","name":"intra","provider_config_key":"aws","expressions":{"assign_ipv6_address_on_creation":{"references":["var.enable_ipv6","var.intra_subnet_ipv6_native","var.intra_subnet_assign_ipv6_address_on_creation"]},"availability_zone":{"references":["var.azs","count.index","var.azs","count.index"]},"availability_zone_id":{"references":["var.azs","count.index","var.azs","count.index"]},"cidr_block":{"references":["var.intra_subnet_ipv6_native","var.intra_subnets","count.index"]},"enable_dns64":{"references":["var.enable_ipv6","var.intra_subnet_enable_dns64"]},"enable_resource_name_dns_a_record_on_launch":{"references":["var.intra_subnet_ipv6_native","var.intra_subnet_enable_resource_name_dns_a_record_on_launch"]},"enable_resource_name_dns_aaaa_record_on_launch":{"references":["var.enable_ipv6","var.intra_subnet_enable_resource_name_dns_aaaa_record_on_launch"]},"ipv6_cidr_block":{"references":["var.enable_ipv6","var.intra_subnet_ipv6_prefixes","aws_vpc.this[0].ipv6_cidr_block","aws_vpc.this[0]","aws_vpc.this","var.intra_subnet_ipv6_prefixes","count.index"]},"ipv6_native":{"references":["var.enable_ipv6","var.intra_subnet_ipv6_native"]},"private_dns_hostname_type_on_launch":{"references":["var.intra_subnet_private_dns_hostname_type_on_launch"]},"region":{"references":["var.region"]},"tags":{"references":["var.intra_subnet_names","count.index","var.name","var.intra_subnet_suffix","var.azs","count.index","var.tags","var.intra_subnet_tags"]},"vpc_id":{"references":["local.vpc_id"]}},"schema_version":1,"count_expression":{"references":["local.create_intra_subnets","local.len_intra_subnets"]}},{"address":"aws_subnet.outpost","mode":"managed","type":"aws_subnet","name":"outpost","provider_config_key":"aws","expressions":{"assign_ipv6_address_on_creation":{"references":["var.enable_ipv6","var.outpost_subnet_ipv6_native","var.outpost_subnet_assign_ipv6_address_on_creation"]},"availability_zone":{"references":["var.outpost_az"]},"cidr_block":{"references":["var.outpost_subnet_ipv6_native","var.outpost_subnets","count.index"]},"customer_owned_ipv4_pool":{"references":["var.customer_owned_ipv4_pool"]},"enable_dns64":{"references":["var.enable_ipv6","var.outpost_subnet_enable_dns64"]},"enable_resource_name_dns_a_record_on_launch":{"references":["var.outpost_subnet_ipv6_native","var.outpost_subnet_enable_resource_name_dns_a_record_on_launch"]},"enable_resource_name_dns_aaaa_record_on_launch":{"references":["var.enable_ipv6","var.outpost_subnet_enable_resource_name_dns_aaaa_record_on_launch"]},"ipv6_cidr_block":{"references":["var.enable_ipv6","var.outpost_subnet_ipv6_prefixes","aws_vpc.this[0].ipv6_cidr_block","aws_vpc.this[0]","aws_vpc.this","var.outpost_subnet_ipv6_prefixes","count.index"]},"ipv6_native":{"references":["var.enable_ipv6","var.outpost_subnet_ipv6_native"]},"map_customer_owned_ip_on_launch":{"references":["var.map_customer_owned_ip_on_launch"]},"outpost_arn":{"references":["var.outpost_arn"]},"private_dns_hostname_type_on_launch":{"references":["var.outpost_subnet_private_dns_hostname_type_on_launch"]},"region":{"references":["var.region"]},"tags":{"references":["var.outpost_subnet_names","count.index","var.name","var.outpost_subnet_suffix","var.outpost_az","var.tags","var.outpost_subnet_tags"]},"vpc_id":{"references":["local.vpc_id"]}},"schema_version":1,"count_expression":{"references":["local.create_outpost_subnets","local.len_outpost_subnets"]}},{"address":"aws_subnet.private","mode":"managed","type":"aws_subnet","name":"private","provider_config_key":"aws","expressions":{"assign_ipv6_address_on_creation":{"references":["var.enable_ipv6","var.private_subnet_ipv6_native","var.private_subnet_assign_ipv6_address_on_creation"]},"availability_zone":{"references":["var.azs","count.index","var.azs","count.index"]},"availability_zone_id":{"references":["var.azs","count.index","var.azs","count.index"]},"cidr_block":{"references":["var.private_subnet_ipv6_native","var.private_subnets","count.index"]},"enable_dns64":{"references":["var.enable_ipv6","var.private_subnet_enable_dns64"]},"enable_resource_name_dns_a_record_on_launch":{"references":["var.private_subnet_ipv6_native","var.private_subnet_enable_resource_name_dns_a_record_on_launch"]},"enable_resource_name_dns_aaaa_record_on_launch":{"references":["var.enable_ipv6","var.private_subnet_enable_resource_name_dns_aaaa_record_on_launch"]},"ipv6_cidr_block":{"references":["var.enable_ipv6","var.private_subnet_ipv6_prefixes","aws_vpc.this[0].ipv6_cidr_block","aws_vpc.this[0]","aws_vpc.this","var.private_subnet_ipv6_prefixes","count.index"]},"ipv6_native":{"references":["var.enable_ipv6","var.private_subnet_ipv6_native"]},"private_dns_hostname_type_on_launch":{"references":["var.private_subnet_private_dns_hostname_type_on_launch"]},"region":{"references":["var.region"]},"tags":{"references":["var.private_subnet_names","count.index","var.name","var.private_subnet_suffix","var.azs","count.index","var.tags","var.private_subnet_tags","var.private_subnet_tags_per_az","var.azs","count.index"]},"vpc_id":{"references":["local.vpc_id"]}},"schema_version":1,"count_expression":{"references":["local.create_private_subnets","local.len_private_subnets"]}},{"address":"aws_subnet.public","mode":"managed","type":"aws_subnet","name":"public","provider_config_key":"aws","expressions":{"assign_ipv6_address_on_creation":{"references":["var.enable_ipv6","var.public_subnet_ipv6_native","var.public_subnet_assign_ipv6_address_on_creation"]},"availability_zone":{"references":["var.azs","count.index","var.azs","count.index"]},"availability_zone_id":{"references":["var.azs","count.index","var.azs","count.index"]},"cidr_block":{"references":["var.public_subnet_ipv6_native","var.public_subnets","count.index"]},"enable_dns64":{"references":["var.enable_ipv6","var.public_subnet_enable_dns64"]},"enable_resource_name_dns_a_record_on_launch":{"references":["var.public_subnet_ipv6_native","var.public_subnet_enable_resource_name_dns_a_record_on_launch"]},"enable_resource_name_dns_aaaa_record_on_launch":{"references":["var.enable_ipv6","var.public_subnet_enable_resource_name_dns_aaaa_record_on_launch"]},"ipv6_cidr_block":{"references":["var.enable_ipv6","var.public_subnet_ipv6_prefixes","aws_vpc.this[0].ipv6_cidr_block","aws_vpc.this[0]","aws_vpc.this","var.public_subnet_ipv6_prefixes","count.index"]},"ipv6_native":{"references":["var.enable_ipv6","var.public_subnet_ipv6_native"]},"map_public_ip_on_launch":{"references":["var.map_public_ip_on_launch"]},"private_dns_hostname_type_on_launch":{"references":["var.public_subnet_private_dns_hostname_type_on_launch"]},"region":{"references":["var.region"]},"tags":{"references":["var.public_subnet_names","count.index","var.name","var.public_subnet_suffix","var.azs","count.index","var.tags","var.public_subnet_tags","var.public_subnet_tags_per_az","var.azs","count.index"]},"vpc_id":{"references":["local.vpc_id"]}},"schema_version":1,"count_expression":{"references":["local.create_public_subnets","var.one_nat_gateway_per_az","local.len_public_subnets","var.azs","local.len_public_subnets"]}},{"address":"aws_subnet.redshift","mode":"managed","type":"aws_subnet","name":"redshift","provider_config_key":"aws","expressions":{"assign_ipv6_address_on_creation":{"references":["var.enable_ipv6","var.redshift_subnet_ipv6_native","var.redshift_subnet_assign_ipv6_address_on_creation"]},"availability_zone":{"references":["var.azs","count.index","var.azs","count.index"]},"availability_zone_id":{"references":["var.azs","count.index","var.azs","count.index"]},"cidr_block":{"references":["var.redshift_subnet_ipv6_native","var.redshift_subnets","count.index"]},"enable_dns64":{"references":["var.enable_ipv6","var.redshift_subnet_enable_dns64"]},"enable_resource_name_dns_a_record_on_launch":{"references":["var.redshift_subnet_ipv6_native","var.redshift_subnet_enable_resource_name_dns_a_record_on_launch"]},"enable_resource_name_dns_aaaa_record_on_launch":{"references":["var.enable_ipv6","var.redshift_subnet_enable_resource_name_dns_aaaa_record_on_launch"]},"ipv6_cidr_block":{"references":["var.enable_ipv6","var.redshift_subnet_ipv6_prefixes","aws_vpc.this[0].ipv6_cidr_block","aws_vpc.this[0]","aws_vpc.this","var.redshift_subnet_ipv6_prefixes","count.index"]},"ipv6_native":{"references":["var.enable_ipv6","var.redshift_subnet_ipv6_native"]},"private_dns_hostname_type_on_launch":{"references":["var.redshift_subnet_private_dns_hostname_type_on_launch"]},"region":{"references":["var.region"]},"tags":{"references":["var.redshift_subnet_names","count.index","var.name","var.redshift_subnet_suffix","var.azs","count.index","var.tags","var.redshift_subnet_tags"]},"vpc_id":{"references":["local.vpc_id"]}},"schema_version":1,"count_expression":{"references":["local.create_redshift_subnets","local.len_redshift_subnets"]}},{"address":"aws_vpc.this","mode":"managed","type":"aws_vpc","name":"this","provider_config_key":"aws","expressions":{"assign_generated_ipv6_cidr_block":{"references":["var.enable_ipv6","var.use_ipam_pool"]},"cidr_block":{"references":["var.use_ipam_pool","var.cidr"]},"enable_dns_hostnames":{"references":["var.enable_dns_hostnames"]},"enable_dns_support":{"references":["var.enable_dns_support"]},"enable_network_address_usage_metrics":{"references":["var.enable_network_address_usage_metrics"]},"instance_tenancy":{"references":["var.instance_tenancy"]},"ipv4_ipam_pool_id":{"references":["var.ipv4_ipam_pool_id"]},"ipv4_netmask_length":{"references":["var.ipv4_netmask_length"]},"ipv6_cidr_block":{"references":["var.ipv6_cidr"]},"ipv6_cidr_block_network_border_group":{"references":["var.ipv6_cidr_block_network_border_group"]},"ipv6_ipam_pool_id":{"references":["var.ipv6_ipam_pool_id"]},"ipv6_netmask_length":{"references":["var.ipv6_netmask_length"]},"region":{"references":["var.region"]},"tags":{"references":["var.name","var.tags","var.vpc_tags"]}},"schema_version":1,"count_expression":{"references":["local.create_vpc"]}},{"address":"aws_vpc_block_public_access_exclusion.this","mode":"managed","type":"aws_vpc_block_public_access_exclusion","name":"this","provider_config_key":"aws","expressions":{"internet_gateway_exclusion_mode":{"references":["each.value.internet_gateway_exclusion_mode","each.value"]},"region":{"references":["var.region"]},"subnet_id":{"references":["each.value.exclude_subnet","each.value","aws_subnet.private","aws_subnet.public","aws_subnet.database","aws_subnet.redshift","aws_subnet.elasticache","aws_subnet.intra","aws_subnet.outpost","each.value.subnet_type","each.value","each.value.subnet_index","each.value"]},"tags":{"references":["var.tags","each.value.tags","each.value"]},"vpc_id":{"references":["each.value.exclude_vpc","each.value","local.vpc_id"]}},"schema_version":0,"for_each_expression":{"references":["var.vpc_block_public_access_exclusions","local.create_vpc"]}},{"address":"aws_vpc_block_public_access_options.this","mode":"managed","type":"aws_vpc_block_public_access_options","name":"this","provider_config_key":"aws","expressions":{"internet_gateway_block_mode":{"references":["var.vpc_block_public_access_options[\"internet_gateway_block_mode\"]","var.vpc_block_public_access_options"]},"region":{"references":["var.region"]}},"schema_version":0,"count_expression":{"references":["local.create_vpc","var.vpc_block_public_access_options"]}},{"address":"aws_vpc_dhcp_options.this","mode":"managed","type":"aws_vpc_dhcp_options","name":"this","provider_config_key":"aws","expressions":{"domain_name":{"references":["var.dhcp_options_domain_name"]},"domain_name_servers":{"references":["var.dhcp_options_domain_name_servers"]},"ipv6_address_preferred_lease_time":{"references":["var.dhcp_options_ipv6_address_preferred_lease_time"]},"netbios_name_servers":{"references":["var.dhcp_options_netbios_name_servers"]},"netbios_node_type":{"references":["var.dhcp_options_netbios_node_type"]},"ntp_servers":{"references":["var.dhcp_options_ntp_servers"]},"region":{"references":["var.region"]},"tags":{"references":["var.name","var.tags","var.dhcp_options_tags"]}},"schema_version":0,"count_expression":{"references":["local.create_vpc","var.enable_dhcp_options"]}},{"address":"aws_vpc_dhcp_options_association.this","mode":"managed","type":"aws_vpc_dhcp_options_association","name":"this","provider_config_key":"aws","expressions":{"dhcp_options_id":{"references":["aws_vpc_dhcp_options.this[0].id","aws_vpc_dhcp_options.this[0]","aws_vpc_dhcp_options.this"]},"region":{"references":["var.region"]},"vpc_id":{"references":["local.vpc_id"]}},"schema_version":0,"count_expression":{"references":["local.create_vpc","var.enable_dhcp_options"]}},{"address":"aws_vpc_ipv4_cidr_block_association.this","mode":"managed","type":"aws_vpc_ipv4_cidr_block_association","name":"this","provider_config_key":"aws","expressions":{"cidr_block":{"references":["var.secondary_cidr_blocks","count.index"]},"region":{"references":["var.region"]},"vpc_id":{"references":["aws_vpc.this[0].id","aws_vpc.this[0]","aws_vpc.this"]}},"schema_version":0,"count_expression":{"references":["local.create_vpc","var.secondary_cidr_blocks","var.secondary_cidr_blocks"]}},{"address":"aws_vpn_gateway.this","mode":"managed","type":"aws_vpn_gateway","name":"this","provider_config_key":"aws","expressions":{"amazon_side_asn":{"references":["var.amazon_side_asn"]},"availability_zone":{"references":["var.vpn_gateway_az"]},"region":{"references":["var.region"]},"tags":{"references":["var.name","var.tags","var.vpn_gateway_tags"]},"vpc_id":{"references":["local.vpc_id"]}},"schema_version":0,"count_expression":{"references":["local.create_vpc","var.enable_vpn_gateway"]}},{"address":"aws_vpn_gateway_attachment.this","mode":"managed","type":"aws_vpn_gateway_attachment","name":"this","provider_config_key":"aws","expressions":{"region":{"references":["var.region"]},"vpc_id":{"references":["local.vpc_id"]},"vpn_gateway_id":{"references":["var.vpn_gateway_id"]}},"schema_version":0,"count_expression":{"references":["var.vpn_gateway_id"]}},{"address":"aws_vpn_gateway_route_propagation.intra","mode":"managed","type":"aws_vpn_gateway_route_propagation","name":"intra","provider_config_key":"aws","expressions":{"region":{"references":["var.region"]},"route_table_id":{"references":["aws_route_table.intra","count.index"]},"vpn_gateway_id":{"references":["aws_vpn_gateway.this","aws_vpn_gateway_attachment.this","count.index"]}},"schema_version":0,"count_expression":{"references":["local.create_vpc","var.propagate_intra_route_tables_vgw","var.enable_vpn_gateway","var.vpn_gateway_id","local.len_intra_subnets"]}},{"address":"aws_vpn_gateway_route_propagation.private","mode":"managed","type":"aws_vpn_gateway_route_propagation","name":"private","provider_config_key":"aws","expressions":{"region":{"references":["var.region"]},"route_table_id":{"references":["aws_route_table.private","count.index"]},"vpn_gateway_id":{"references":["aws_vpn_gateway.this","aws_vpn_gateway_attachment.this","count.index"]}},"schema_version":0,"count_expression":{"references":["local.create_vpc","var.propagate_private_route_tables_vgw","var.enable_vpn_gateway","var.vpn_gateway_id","local.len_private_subnets"]}},{"address":"aws_vpn_gateway_route_propagation.public","mode":"managed","type":"aws_vpn_gateway_route_propagation","name":"public","provider_config_key":"aws","expressions":{"region":{"references":["var.region"]},"route_table_id":{"references":["aws_route_table.public","count.index"]},"vpn_gateway_id":{"references":["aws_vpn_gateway.this","aws_vpn_gateway_attachment.this","count.index"]}},"schema_version":0,"count_expression":{"references":["local.create_vpc","var.propagate_public_route_tables_vgw","var.enable_vpn_gateway","var.vpn_gateway_id"]}},{"address":"data.aws_caller_identity.current","mode":"data","type":"aws_caller_identity","name":"current","provider_config_key":"aws","schema_version":0,"count_expression":{"references":["var.create_vpc","var.enable_flow_log"]}},{"address":"data.aws_iam_policy_document.flow_log_cloudwatch_assume_role","mode":"data","type":"aws_iam_policy_document","name":"flow_log_cloudwatch_assume_role","provider_config_key":"aws","expressions":{"statement":[{"actions":{"constant_value":["sts:AssumeRole"]},"effect":{"constant_value":"Allow"},"principals":[{"identifiers":{"constant_value":["vpc-flow-logs.amazonaws.com"]},"type":{"constant_value":"Service"}}],"sid":{"constant_value":"AWSVPCFlowLogsAssumeRole"}}]},"schema_version":0,"count_expression":{"references":["local.create_flow_log_cloudwatch_iam_role"]}},{"address":"data.aws_iam_policy_document.vpc_flow_log_cloudwatch","mode":"data","type":"aws_iam_policy_document","name":"vpc_flow_log_cloudwatch","provider_config_key":"aws","expressions":{"statement":[{"actions":{"constant_value":["logs:CreateLogStream","logs:PutLogEvents","logs:DescribeLogGroups","logs:DescribeLogStreams"]},"effect":{"constant_value":"Allow"},"resources":{"references":["local.flow_log_group_arns"]},"sid":{"constant_value":"AWSVPCFlowLogsPushToCloudWatch"}}]},"schema_version":0,"count_expression":{"references":["local.create_flow_log_cloudwatch_iam_role"]}},{"address":"data.aws_partition.current","mode":"data","type":"aws_partition","name":"current","provider_config_key":"aws","schema_version":0,"count_expression":{"references":["var.create_vpc","var.enable_flow_log"]}},{"address":"data.aws_region.current","mode":"data","type":"aws_region","name":"current","provider_config_key":"aws","expressions":{"region":{"references":["var.region"]}},"schema_version":0,"count_expression":{"references":["var.create_vpc","var.enable_flow_log"]}}],"variables":{"amazon_side_asn":{"default":"64512","description":"The Autonomous System Number (ASN) for the Amazon side of the gateway. By default the virtual private gateway is created with the current default Amazon ASN"},"azs":{"default":[],"description":"A list of availability zones names or ids in the region"},"cidr":{"default":"10.0.0.0/16","description":"(Optional) The IPv4 CIDR block for the VPC. CIDR can be explicitly set or it can be derived from IPAM using `ipv4_netmask_length` \u0026 `ipv4_ipam_pool_id`"},"create_database_internet_gateway_route":{"default":false,"description":"Controls if an internet gateway route for public database access should be created"},"create_database_nat_gateway_route":{"default":false,"description":"Controls if a nat gateway route should be created to give internet access to the database subnets"},"create_database_subnet_group":{"default":true,"description":"Controls if database subnet group should be created (n.b. database_subnets must also be set)"},"create_database_subnet_route_table":{"default":false,"description":"Controls if separate route table for database should be created"},"create_egress_only_igw":{"default":true,"description":"Controls if an Egress Only Internet Gateway is created and its related routes"},"create_elasticache_subnet_group":{"default":true,"description":"Controls if elasticache subnet group should be created"},"create_elasticache_subnet_route_table":{"default":false,"description":"Controls if separate route table for elasticache should be created"},"create_flow_log_cloudwatch_iam_role":{"default":false,"description":"Whether to create IAM role for VPC Flow Logs"},"create_flow_log_cloudwatch_log_group":{"default":false,"description":"Whether to create CloudWatch log group for VPC Flow Logs"},"create_igw":{"default":true,"description":"Controls if an Internet Gateway is created for public subnets and the related routes that connect them"},"create_multiple_intra_route_tables":{"default":false,"description":"Indicates whether to create a separate route table for each intra subnet. Default: `false`"},"create_multiple_public_route_tables":{"default":false,"description":"Indicates whether to create a separate route table for each public subnet. Default: `false`"},"create_private_nat_gateway_route":{"default":true,"description":"Controls if a nat gateway route should be created to give internet access to the private subnets"},"create_redshift_subnet_group":{"default":true,"description":"Controls if redshift subnet group should be created"},"create_redshift_subnet_route_table":{"default":false,"description":"Controls if separate route table for redshift should be created"},"create_vpc":{"default":true,"description":"Controls if VPC should be created (it affects almost all resources)"},"customer_gateway_tags":{"default":{},"description":"Additional tags for the Customer Gateway"},"customer_gateways":{"default":{},"description":"Maps of Customer Gateway's attributes (BGP ASN and Gateway's Internet-routable external IP address)"},"customer_owned_ipv4_pool":{"default":null,"description":"The customer owned IPv4 address pool. Typically used with the `map_customer_owned_ip_on_launch` argument. The `outpost_arn` argument must be specified when configured"},"database_acl_tags":{"default":{},"description":"Additional tags for the database subnets network ACL"},"database_dedicated_network_acl":{"default":false,"description":"Whether to use dedicated network ACL (not default) and custom rules for database subnets"},"database_inbound_acl_rules":{"default":[{"cidr_block":"0.0.0.0/0","from_port":"0","protocol":"-1","rule_action":"allow","rule_number":"100","to_port":"0"}],"description":"Database subnets inbound network ACL rules"},"database_outbound_acl_rules":{"default":[{"cidr_block":"0.0.0.0/0","from_port":"0","protocol":"-1","rule_action":"allow","rule_number":"100","to_port":"0"}],"description":"Database subnets outbound network ACL rules"},"database_route_table_tags":{"default":{},"description":"Additional tags for the database route tables"},"database_subnet_assign_ipv6_address_on_creation":{"default":false,"description":"Specify true to indicate that network interfaces created in the specified subnet should be assigned an IPv6 address. Default is `false`"},"database_subnet_enable_dns64":{"default":true,"description":"Indicates whether DNS queries made to the Amazon-provided DNS Resolver in this subnet should return synthetic IPv6 addresses for IPv4-only destinations. Default: `true`"},"database_subnet_enable_resource_name_dns_a_record_on_launch":{"default":false,"description":"Indicates whether to respond to DNS queries for instance hostnames with DNS A records. Default: `false`"},"database_subnet_enable_resource_name_dns_aaaa_record_on_launch":{"default":true,"description":"Indicates whether to respond to DNS queries for instance hostnames with DNS AAAA records. Default: `true`"},"database_subnet_group_name":{"default":null,"description":"Name of database subnet group"},"database_subnet_group_tags":{"default":{},"description":"Additional tags for the database subnet group"},"database_subnet_ipv6_native":{"default":false,"description":"Indicates whether to create an IPv6-only subnet. Default: `false`"},"database_subnet_ipv6_prefixes":{"default":[],"description":"Assigns IPv6 database subnet id based on the Amazon provided /56 prefix base 10 integer (0-256). Must be of equal length to the corresponding IPv4 subnet list"},"database_subnet_names":{"default":[],"description":"Explicit values to use in the Name tag on database subnets. If empty, Name tags are generated"},"database_subnet_private_dns_hostname_type_on_launch":{"default":null,"description":"The type of hostnames to assign to instances in the subnet at launch. For IPv6-only subnets, an instance DNS name must be based on the instance ID. For dual-stack and IPv4-only subnets, you can specify whether DNS names use the instance IPv4 address or the instance ID. Valid values: `ip-name`, `resource-name`"},"database_subnet_suffix":{"default":"db","description":"Suffix to append to database subnets name"},"database_subnet_tags":{"default":{},"description":"Additional tags for the database subnets"},"database_subnets":{"default":[],"description":"A list of database subnets inside the VPC"},"default_network_acl_egress":{"default":[{"action":"allow","cidr_block":"0.0.0.0/0","from_port":"0","protocol":"-1","rule_no":"100","to_port":"0"},{"action":"allow","from_port":"0","ipv6_cidr_block":"::/0","protocol":"-1","rule_no":"101","to_port":"0"}],"description":"List of maps of egress rules to set on the Default Network ACL"},"default_network_acl_ingress":{"default":[{"action":"allow","cidr_block":"0.0.0.0/0","from_port":"0","protocol":"-1","rule_no":"100","to_port":"0"},{"action":"allow","from_port":"0","ipv6_cidr_block":"::/0","protocol":"-1","rule_no":"101","to_port":"0"}],"description":"List of maps of ingress rules to set on the Default Network ACL"},"default_network_acl_name":{"default":null,"description":"Name to be used on the Default Network ACL"},"default_network_acl_tags":{"default":{},"description":"Additional tags for the Default Network ACL"},"default_route_table_name":{"default":null,"description":"Name to be used on the default route table"},"default_route_table_propagating_vgws":{"default":[],"description":"List of virtual gateways for propagation"},"default_route_table_routes":{"default":[],"description":"Configuration block of routes. See https://registry.terraform.io/providers/hashicorp/aws/latest/docs/resources/default_route_table#route"},"default_route_table_tags":{"default":{},"description":"Additional tags for the default route table"},"default_security_group_egress":{"default":[],"description":"List of maps of egress rules to set on the default security group"},"default_security_group_ingress":{"default":[],"description":"List of maps of ingress rules to set on the default security group"},"default_security_group_name":{"default":null,"description":"Name to be used on the default security group"},"default_security_group_tags":{"default":{},"description":"Additional tags for the default security group"},"default_vpc_enable_dns_hostnames":{"default":true,"description":"Should be true to enable DNS hostnames in the Default VPC"},"default_vpc_enable_dns_support":{"default":true,"description":"Should be true to enable DNS support in the Default VPC"},"default_vpc_name":{"default":null,"description":"Name to be used on the Default VPC"},"default_vpc_tags":{"default":{},"description":"Additional tags for the Default VPC"},"dhcp_options_domain_name":{"default":"","description":"Specifies DNS name for DHCP options set (requires enable_dhcp_options set to true)"},"dhcp_options_domain_name_servers":{"default":["AmazonProvidedDNS"],"description":"Specify a list of DNS server addresses for DHCP options set, default to AWS provided (requires enable_dhcp_options set to true)"},"dhcp_options_ipv6_address_preferred_lease_time":{"default":null,"description":"How frequently, in seconds, a running instance with an IPv6 assigned to it goes through DHCPv6 lease renewal (requires enable_dhcp_options set to true)"},"dhcp_options_netbios_name_servers":{"default":[],"description":"Specify a list of netbios servers for DHCP options set (requires enable_dhcp_options set to true)"},"dhcp_options_netbios_node_type":{"default":"","description":"Specify netbios node_type for DHCP options set (requires enable_dhcp_options set to true)"},"dhcp_options_ntp_servers":{"default":[],"description":"Specify a list of NTP servers for DHCP options set (requires enable_dhcp_options set to true)"},"dhcp_options_tags":{"default":{},"description":"Additional tags for the DHCP option set (requires enable_dhcp_options set to true)"},"elasticache_acl_tags":{"default":{},"description":"Additional tags for the elasticache subnets network ACL"},"elasticache_dedicated_network_acl":{"default":false,"description":"Whether to use dedicated network ACL (not default) and custom rules for elasticache subnets"},"elasticache_inbound_acl_rules":{"default":[{"cidr_block":"0.0.0.0/0","from_port":"0","protocol":"-1","rule_action":"allow","rule_number":"100","to_port":"0"}],"description":"Elasticache subnets inbound network ACL rules"},"elasticache_outbound_acl_rules":{"default":[{"cidr_block":"0.0.0.0/0","from_port":"0","protocol":"-1","rule_action":"allow","rule_number":"100","to_port":"0"}],"description":"Elasticache subnets outbound network ACL rules"},"elasticache_route_table_tags":{"default":{},"description":"Additional tags for the elasticache route tables"},"elasticache_subnet_assign_ipv6_address_on_creation":{"default":false,"description":"Specify true to indicate that network interfaces created in the specified subnet should be assigned an IPv6 address. Default is `false`"},"elasticache_subnet_enable_dns64":{"default":true,"description":"Indicates whether DNS queries made to the Amazon-provided DNS Resolver in this subnet should return synthetic IPv6 addresses for IPv4-only destinations. Default: `true`"},"elasticache_subnet_enable_resource_name_dns_a_record_on_launch":{"default":false,"description":"Indicates whether to respond to DNS queries for instance hostnames with DNS A records. Default: `false`"},"elasticache_subnet_enable_resource_name_dns_aaaa_record_on_launch":{"default":true,"description":"Indicates whether to respond to DNS queries for instance hostnames with DNS AAAA records. Default: `true`"},"elasticache_subnet_group_name":{"default":null,"description":"Name of elasticache subnet group"},"elasticache_subnet_group_tags":{"default":{},"description":"Additional tags for the elasticache subnet group"},"elasticache_subnet_ipv6_native":{"default":false,"description":"Indicates whether to create an IPv6-only subnet. Default: `false`"},"elasticache_subnet_ipv6_prefixes":{"default":[],"description":"Assigns IPv6 elasticache subnet id based on the Amazon provided /56 prefix base 10 integer (0-256). Must be of equal length to the corresponding IPv4 subnet list"},"elasticache_subnet_names":{"default":[],"description":"Explicit values to use in the Name tag on elasticache subnets. If empty, Name tags are generated"},"elasticache_subnet_private_dns_hostname_type_on_launch":{"default":null,"description":"The type of hostnames to assign to instances in the subnet at launch. For IPv6-only subnets, an instance DNS name must be based on the instance ID. For dual-stack and IPv4-only subnets, you can specify whether DNS names use the instance IPv4 address or the instance ID. Valid values: `ip-name`, `resource-name`"},"elasticache_subnet_suffix":{"default":"elasticache","description":"Suffix to append to elasticache subnets name"},"elasticache_subnet_tags":{"default":{},"description":"Additional tags for the elasticache subnets"},"elasticache_subnets":{"default":[],"description":"A list of elasticache subnets inside the VPC"},"enable_dhcp_options":{"default":false,"description":"Should be true if you want to specify a DHCP options set with a custom domain name, DNS servers, NTP servers, netbios servers, and/or netbios server type"},"enable_dns_hostnames":{"default":true,"description":"Should be true to enable DNS hostnames in the VPC"},"enable_dns_support":{"default":true,"description":"Should be true to enable DNS support in the VPC"},"enable_flow_log":{"default":false,"description":"Whether or not to enable VPC Flow Logs"},"enable_ipv6":{"default":false,"description":"Requests an Amazon-provided IPv6 CIDR block with a /56 prefix length for the VPC. You cannot specify the range of IP addresses, or the size of the CIDR block"},"enable_nat_gateway":{"default":false,"description":"Should be true if you want to provision NAT Gateways for each of your private networks"},"enable_network_address_usage_metrics":{"default":null,"description":"Determines whether network address usage metrics are enabled for the VPC"},"enable_public_redshift":{"default":false,"description":"Controls if redshift should have public routing table"},"enable_vpn_gateway":{"default":false,"description":"Should be true if you want to create a new VPN Gateway resource and attach it to the VPC"},"external_nat_ip_ids":{"default":[],"description":"List of EIP IDs to be assigned to the NAT Gateways (used in combination with reuse_nat_ips)"},"external_nat_ips":{"default":[],"description":"List of EIPs to be used for `nat_public_ips` output (used in combination with reuse_nat_ips and external_nat_ip_ids)"},"flow_log_cloudwatch_iam_role_arn":{"default":"","description":"The ARN for the IAM role that's used to post flow logs to a CloudWatch Logs log group. When flow_log_destination_arn is set to ARN of Cloudwatch Logs, this argument needs to be provided"},"flow_log_cloudwatch_iam_role_conditions":{"default":[],"description":"Additional conditions of the CloudWatch role assumption policy"},"flow_log_cloudwatch_log_group_class":{"default":null,"description":"Specified the log class of the log group. Possible values are: STANDARD or INFREQUENT_ACCESS"},"flow_log_cloudwatch_log_group_kms_key_id":{"default":null,"description":"The ARN of the KMS Key to use when encrypting log data for VPC flow logs"},"flow_log_cloudwatch_log_group_name_prefix":{"default":"/aws/vpc-flow-log/","description":"Specifies the name prefix of CloudWatch Log Group for VPC flow logs"},"flow_log_cloudwatch_log_group_name_suffix":{"default":"","description":"Specifies the name suffix of CloudWatch Log Group for VPC flow logs"},"flow_log_cloudwatch_log_group_retention_in_days":{"default":null,"description":"Specifies the number of days you want to retain log events in the specified log group for VPC flow logs"},"flow_log_cloudwatch_log_group_skip_destroy":{"default":false,"description":" Set to true if you do not wish the log group (and any logs it may contain) to be deleted at destroy time, and instead just remove the log group from the Terraform state"},"flow_log_deliver_cross_account_role":{"default":null,"description":"(Optional) ARN of the IAM role that allows Amazon EC2 to publish flow logs across accounts."},"flow_log_destination_arn":{"default":"","description":"The ARN of the CloudWatch log group or S3 bucket where VPC Flow Logs will be pushed. If this ARN is a S3 bucket the appropriate permissions need to be set on that bucket's policy. When create_flow_log_cloudwatch_log_group is set to false this argument must be provided"},"flow_log_destination_type":{"default":"cloud-watch-logs","description":"Type of flow log destination. Can be s3, kinesis-data-firehose or cloud-watch-logs"},"flow_log_file_format":{"default":null,"description":"(Optional) The format for the flow log. Valid values: `plain-text`, `parquet`"},"flow_log_hive_compatible_partitions":{"default":false,"description":"(Optional) Indicates whether to use Hive-compatible prefixes for flow logs stored in Amazon S3"},"flow_log_log_format":{"default":null,"description":"The fields to include in the flow log record, in the order in which they should appear"},"flow_log_max_aggregation_interval":{"default":600,"description":"The maximum interval of time during which a flow of packets is captured and aggregated into a flow log record. Valid Values: `60` seconds or `600` seconds"},"flow_log_per_hour_partition":{"default":false,"description":"(Optional) Indicates whether to partition the flow log per hour. This reduces the cost and response time for queries"},"flow_log_traffic_type":{"default":"ALL","description":"The type of traffic to capture. Valid values: ACCEPT, REJECT, ALL"},"igw_tags":{"default":{},"description":"Additional tags for the internet gateway"},"instance_tenancy":{"default":"default","description":"A tenancy option for instances launched into the VPC"},"intra_acl_tags":{"default":{},"description":"Additional tags for the intra subnets network ACL"},"intra_dedicated_network_acl":{"default":false,"description":"Whether to use dedicated network ACL (not default) and custom rules for intra subnets"},"intra_inbound_acl_rules":{"default":[{"cidr_block":"0.0.0.0/0","from_port":"0","protocol":"-1","rule_action":"allow","rule_number":"100","to_port":"0"}],"description":"Intra subnets inbound network ACLs"},"intra_outbound_acl_rules":{"default":[{"cidr_block":"0.0.0.0/0","from_port":"0","protocol":"-1","rule_action":"allow","rule_number":"100","to_port":"0"}],"description":"Intra subnets outbound network ACLs"},"intra_route_table_tags":{"default":{},"description":"Additional tags for the intra route tables"},"intra_subnet_assign_ipv6_address_on_creation":{"default":false,"description":"Specify true to indicate that network interfaces created in the specified subnet should be assigned an IPv6 address. Default is `false`"},"intra_subnet_enable_dns64":{"default":true,"description":"Indicates whether DNS queries made to the Amazon-provided DNS Resolver in this subnet should return synthetic IPv6 addresses for IPv4-only destinations. Default: `true`"},"intra_subnet_enable_resource_name_dns_a_record_on_launch":{"default":false,"description":"Indicates whether to respond to DNS queries for instance hostnames with DNS A records. Default: `false`"},"intra_subnet_enable_resource_name_dns_aaaa_record_on_launch":{"default":true,"description":"Indicates whether to respond to DNS queries for instance hostnames with DNS AAAA records. Default: `true`"},"intra_subnet_ipv6_native":{"default":false,"description":"Indicates whether to create an IPv6-only subnet. Default: `false`"},"intra_subnet_ipv6_prefixes":{"default":[],"description":"Assigns IPv6 intra subnet id based on the Amazon provided /56 prefix base 10 integer (0-256). Must be of equal length to the corresponding IPv4 subnet list"},"intra_subnet_names":{"default":[],"description":"Explicit values to use in the Name tag on intra subnets. If empty, Name tags are generated"},"intra_subnet_private_dns_hostname_type_on_launch":{"default":null,"description":"The type of hostnames to assign to instances in the subnet at launch. For IPv6-only subnets, an instance DNS name must be based on the instance ID. For dual-stack and IPv4-only subnets, you can specify whether DNS names use the instance IPv4 address or the instance ID. Valid values: `ip-name`, `resource-name`"},"intra_subnet_suffix":{"default":"intra","description":"Suffix to append to intra subnets name"},"intra_subnet_tags":{"default":{},"description":"Additional tags for the intra subnets"},"intra_subnets":{"default":[],"description":"A list of intra subnets inside the VPC"},"ipv4_ipam_pool_id":{"default":null,"description":"(Optional) The ID of an IPv4 IPAM pool you want to use for allocating this VPC's CIDR"},"ipv4_netmask_length":{"default":null,"description":"(Optional) The netmask length of the IPv4 CIDR you want to allocate to this VPC. Requires specifying a ipv4_ipam_pool_id"},"ipv6_cidr":{"default":null,"description":"(Optional) IPv6 CIDR block to request from an IPAM Pool. Can be set explicitly or derived from IPAM using `ipv6_netmask_length`"},"ipv6_cidr_block_network_border_group":{"default":null,"description":"By default when an IPv6 CIDR is assigned to a VPC a default ipv6_cidr_block_network_border_group will be set to the region of the VPC. This can be changed to restrict advertisement of public addresses to specific Network Border Groups such as LocalZones"},"ipv6_ipam_pool_id":{"default":null,"description":"(Optional) IPAM Pool ID for a IPv6 pool. Conflicts with `assign_generated_ipv6_cidr_block`"},"ipv6_netmask_length":{"default":null,"description":"(Optional) Netmask length to request from IPAM Pool. Conflicts with `ipv6_cidr_block`. This can be omitted if IPAM pool as a `allocation_default_netmask_length` set. Valid values: `56`"},"manage_default_network_acl":{"default":true,"description":"Should be true to adopt and manage Default Network ACL"},"manage_default_route_table":{"default":true,"description":"Should be true to manage default route table"},"manage_default_security_group":{"default":true,"description":"Should be true to adopt and manage default security group"},"manage_default_vpc":{"default":false,"description":"Should be true to adopt and manage Default VPC"},"map_customer_owned_ip_on_launch":{"default":false,"description":"Specify true to indicate that network interfaces created in the subnet should be assigned a customer owned IP address. The `customer_owned_ipv4_pool` and `outpost_arn` arguments must be specified when set to `true`. Default is `false`"},"map_public_ip_on_launch":{"default":false,"description":"Specify true to indicate that instances launched into the subnet should be assigned a public IP address. Default is `false`"},"name":{"default":"","description":"Name to be used on all the resources as identifier"},"nat_eip_tags":{"default":{},"description":"Additional tags for the NAT EIP"},"nat_gateway_destination_cidr_block":{"default":"0.0.0.0/0","description":"Used to pass a custom destination route for private NAT Gateway. If not specified, the default 0.0.0.0/0 is used as a destination route"},"nat_gateway_tags":{"default":{},"description":"Additional tags for the NAT gateways"},"one_nat_gateway_per_az":{"default":false,"description":"Should be true if you want only one NAT Gateway per availability zone. Requires `var.azs` to be set, and the number of `public_subnets` created to be greater than or equal to the number of availability zones specified in `var.azs`"},"outpost_acl_tags":{"default":{},"description":"Additional tags for the outpost subnets network ACL"},"outpost_arn":{"default":null,"description":"ARN of Outpost you want to create a subnet in"},"outpost_az":{"default":null,"description":"AZ where Outpost is anchored"},"outpost_dedicated_network_acl":{"default":false,"description":"Whether to use dedicated network ACL (not default) and custom rules for outpost subnets"},"outpost_inbound_acl_rules":{"default":[{"cidr_block":"0.0.0.0/0","from_port":"0","protocol":"-1","rule_action":"allow","rule_number":"100","to_port":"0"}],"description":"Outpost subnets inbound network ACLs"},"outpost_outbound_acl_rules":{"default":[{"cidr_block":"0.0.0.0/0","from_port":"0","protocol":"-1","rule_action":"allow","rule_number":"100","to_port":"0"}],"description":"Outpost subnets outbound network ACLs"},"outpost_subnet_assign_ipv6_address_on_creation":{"default":false,"description":"Specify true to indicate that network interfaces created in the specified subnet should be assigned an IPv6 address. Default is `false`"},"outpost_subnet_enable_dns64":{"default":true,"description":"Indicates whether DNS queries made to the Amazon-provided DNS Resolver in this subnet should return synthetic IPv6 addresses for IPv4-only destinations. Default: `true`"},"outpost_subnet_enable_resource_name_dns_a_record_on_launch":{"default":false,"description":"Indicates whether to respond to DNS queries for instance hostnames with DNS A records. Default: `false`"},"outpost_subnet_enable_resource_name_dns_aaaa_record_on_launch":{"default":true,"description":"Indicates whether to respond to DNS queries for instance hostnames with DNS AAAA records. Default: `true`"},"outpost_subnet_ipv6_native":{"default":false,"description":"Indicates whether to create an IPv6-only subnet. Default: `false`"},"outpost_subnet_ipv6_prefixes":{"default":[],"description":"Assigns IPv6 outpost subnet id based on the Amazon provided /56 prefix base 10 integer (0-256). Must be of equal length to the corresponding IPv4 subnet list"},"outpost_subnet_names":{"default":[],"description":"Explicit values to use in the Name tag on outpost subnets. If empty, Name tags are generated"},"outpost_subnet_private_dns_hostname_type_on_launch":{"default":null,"description":"The type of hostnames to assign to instances in the subnet at launch. For IPv6-only subnets, an instance DNS name must be based on the instance ID. For dual-stack and IPv4-only subnets, you can specify whether DNS names use the instance IPv4 address or the instance ID. Valid values: `ip-name`, `resource-name`"},"outpost_subnet_suffix":{"default":"outpost","description":"Suffix to append to outpost subnets name"},"outpost_subnet_tags":{"default":{},"description":"Additional tags for the outpost subnets"},"outpost_subnets":{"default":[],"description":"A list of outpost subnets inside the VPC"},"private_acl_tags":{"default":{},"description":"Additional tags for the private subnets network ACL"},"private_dedicated_network_acl":{"default":false,"description":"Whether to use dedicated network ACL (not default) and custom rules for private subnets"},"private_inbound_acl_rules":{"default":[{"cidr_block":"0.0.0.0/0","from_port":"0","protocol":"-1","rule_action":"allow","rule_number":"100","to_port":"0"}],"description":"Private subnets inbound network ACLs"},"private_outbound_acl_rules":{"default":[{"cidr_block":"0.0.0.0/0","from_port":"0","protocol":"-1","rule_action":"allow","rule_number":"100","to_port":"0"}],"description":"Private subnets outbound network ACLs"},"private_route_table_tags":{"default":{},"description":"Additional tags for the private route tables"},"private_subnet_assign_ipv6_address_on_creation":{"default":false,"description":"Specify true to indicate that network interfaces created in the specified subnet should be assigned an IPv6 address. Default is `false`"},"private_subnet_enable_dns64":{"default":true,"description":"Indicates whether DNS queries made to the Amazon-provided DNS Resolver in this subnet should return synthetic IPv6 addresses for IPv4-only destinations. Default: `true`"},"private_subnet_enable_resource_name_dns_a_record_on_launch":{"default":false,"description":"Indicates whether to respond to DNS queries for instance hostnames with DNS A records. Default: `false`"},"private_subnet_enable_resource_name_dns_aaaa_record_on_launch":{"default":true,"description":"Indicates whether to respond to DNS queries for instance hostnames with DNS AAAA records. Default: `true`"},"private_subnet_ipv6_native":{"default":false,"description":"Indicates whether to create an IPv6-only subnet. Default: `false`"},"private_subnet_ipv6_prefixes":{"default":[],"description":"Assigns IPv6 private subnet id based on the Amazon provided /56 prefix base 10 integer (0-256). Must be of equal length to the corresponding IPv4 subnet list"},"private_subnet_names":{"default":[],"description":"Explicit values to use in the Name tag on private subnets. If empty, Name tags are generated"},"private_subnet_private_dns_hostname_type_on_launch":{"default":null,"description":"The type of hostnames to assign to instances in the subnet at launch. For IPv6-only subnets, an instance DNS name must be based on the instance ID. For dual-stack and IPv4-only subnets, you can specify whether DNS names use the instance IPv4 address or the instance ID. Valid values: `ip-name`, `resource-name`"},"private_subnet_suffix":{"default":"private","description":"Suffix to append to private subnets name"},"private_subnet_tags":{"default":{},"description":"Additional tags for the private subnets"},"private_subnet_tags_per_az":{"default":{},"description":"Additional tags for the private subnets where the primary key is the AZ"},"private_subnets":{"default":[],"description":"A list of private subnets inside the VPC"},"propagate_intra_route_tables_vgw":{"default":false,"description":"Should be true if you want route table propagation"},"propagate_private_route_tables_vgw":{"default":false,"description":"Should be true if you want route table propagation"},"propagate_public_route_tables_vgw":{"default":false,"description":"Should be true if you want route table propagation"},"public_acl_tags":{"default":{},"description":"Additional tags for the public subnets network ACL"},"public_dedicated_network_acl":{"default":false,"description":"Whether to use dedicated network ACL (not default) and custom rules for public subnets"},"public_inbound_acl_rules":{"default":[{"cidr_block":"0.0.0.0/0","from_port":"0","protocol":"-1","rule_action":"allow","rule_number":"100","to_port":"0"}],"description":"Public subnets inbound network ACLs"},"public_outbound_acl_rules":{"default":[{"cidr_block":"0.0.0.0/0","from_port":"0","protocol":"-1","rule_action":"allow","rule_number":"100","to_port":"0"}],"description":"Public subnets outbound network ACLs"},"public_route_table_tags":{"default":{},"description":"Additional tags for the public route tables"},"public_subnet_assign_ipv6_address_on_creation":{"default":false,"description":"Specify true to indicate that network interfaces created in the specified subnet should be assigned an IPv6 address. Default is `false`"},"public_subnet_enable_dns64":{"default":true,"description":"Indicates whether DNS queries made to the Amazon-provided DNS Resolver in this subnet should return synthetic IPv6 addresses for IPv4-only destinations. Default: `true`"},"public_subnet_enable_resource_name_dns_a_record_on_launch":{"default":false,"description":"Indicates whether to respond to DNS queries for instance hostnames with DNS A records. Default: `false`"},"public_subnet_enable_resource_name_dns_aaaa_record_on_launch":{"default":true,"description":"Indicates whether to respond to DNS queries for instance hostnames with DNS AAAA records. Default: `true`"},"public_subnet_ipv6_native":{"default":false,"description":"Indicates whether to create an IPv6-only subnet. Default: `false`"},"public_subnet_ipv6_prefixes":{"default":[],"description":"Assigns IPv6 public subnet id based on the Amazon provided /56 prefix base 10 integer (0-256). Must be of equal length to the corresponding IPv4 subnet list"},"public_subnet_names":{"default":[],"description":"Explicit values to use in the Name tag on public subnets. If empty, Name tags are generated"},"public_subnet_private_dns_hostname_type_on_launch":{"default":null,"description":"The type of hostnames to assign to instances in the subnet at launch. For IPv6-only subnets, an instance DNS name must be based on the instance ID. For dual-stack and IPv4-only subnets, you can specify whether DNS names use the instance IPv4 address or the instance ID. Valid values: `ip-name`, `resource-name`"},"public_subnet_suffix":{"default":"public","description":"Suffix to append to public subnets name"},"public_subnet_tags":{"default":{},"description":"Additional tags for the public subnets"},"public_subnet_tags_per_az":{"default":{},"description":"Additional tags for the public subnets where the primary key is the AZ"},"public_subnets":{"default":[],"description":"A list of public subnets inside the VPC"},"putin_khuylo":{"default":true,"description":"Do you agree that Putin doesn't respect Ukrainian sovereignty and territorial integrity? More info: https://en.wikipedia.org/wiki/Putin_khuylo!"},"redshift_acl_tags":{"default":{},"description":"Additional tags for the redshift subnets network ACL"},"redshift_dedicated_network_acl":{"default":false,"description":"Whether to use dedicated network ACL (not default) and custom rules for redshift subnets"},"redshift_inbound_acl_rules":{"default":[{"cidr_block":"0.0.0.0/0","from_port":"0","protocol":"-1","rule_action":"allow","rule_number":"100","to_port":"0"}],"description":"Redshift subnets inbound network ACL rules"},"redshift_outbound_acl_rules":{"default":[{"cidr_block":"0.0.0.0/0","from_port":"0","protocol":"-1","rule_action":"allow","rule_number":"100","to_port":"0"}],"description":"Redshift subnets outbound network ACL rules"},"redshift_route_table_tags":{"default":{},"description":"Additional tags for the redshift route tables"},"redshift_subnet_assign_ipv6_address_on_creation":{"default":false,"description":"Specify true to indicate that network interfaces created in the specified subnet should be assigned an IPv6 address. Default is `false`"},"redshift_subnet_enable_dns64":{"default":true,"description":"Indicates whether DNS queries made to the Amazon-provided DNS Resolver in this subnet should return synthetic IPv6 addresses for IPv4-only destinations. Default: `true`"},"redshift_subnet_enable_resource_name_dns_a_record_on_launch":{"default":false,"description":"Indicates whether to respond to DNS queries for instance hostnames with DNS A records. Default: `false`"},"redshift_subnet_enable_resource_name_dns_aaaa_record_on_launch":{"default":true,"description":"Indicates whether to respond to DNS queries for instance hostnames with DNS AAAA records. Default: `true`"},"redshift_subnet_group_name":{"default":null,"description":"Name of redshift subnet group"},"redshift_subnet_group_tags":{"default":{},"description":"Additional tags for the redshift subnet group"},"redshift_subnet_ipv6_native":{"default":false,"description":"Indicates whether to create an IPv6-only subnet. Default: `false`"},"redshift_subnet_ipv6_prefixes":{"default":[],"description":"Assigns IPv6 redshift subnet id based on the Amazon provided /56 prefix base 10 integer (0-256). Must be of equal length to the corresponding IPv4 subnet list"},"redshift_subnet_names":{"default":[],"description":"Explicit values to use in the Name tag on redshift subnets. If empty, Name tags are generated"},"redshift_subnet_private_dns_hostname_type_on_launch":{"default":null,"description":"The type of hostnames to assign to instances in the subnet at launch. For IPv6-only subnets, an instance DNS name must be based on the instance ID. For dual-stack and IPv4-only subnets, you can specify whether DNS names use the instance IPv4 address or the instance ID. Valid values: `ip-name`, `resource-name`"},"redshift_subnet_suffix":{"default":"redshift","description":"Suffix to append to redshift subnets name"},"redshift_subnet_tags":{"default":{},"description":"Additional tags for the redshift subnets"},"redshift_subnets":{"default":[],"description":"A list of redshift subnets inside the VPC"},"region":{"default":null,"description":"Region where the resource(s) will be managed. Defaults to the region set in the provider configuration"},"reuse_nat_ips":{"default":false,"description":"Should be true if you don't want EIPs to be created for your NAT Gateways and will instead pass them in via the 'external_nat_ip_ids' variable"},"secondary_cidr_blocks":{"default":[],"description":"List of secondary CIDR blocks to associate with the VPC to extend the IP Address pool"},"single_nat_gateway":{"default":false,"description":"Should be true if you want to provision a single shared NAT Gateway across all of your private networks"},"tags":{"default":{},"description":"A map of tags to add to all resources"},"use_ipam_pool":{"default":false,"description":"Determines whether IPAM pool is used for CIDR allocation"},"vpc_block_public_access_exclusions":{"default":{},"description":"A map of VPC block public access exclusions"},"vpc_block_public_access_options":{"default":{},"description":"A map of VPC block public access options"},"vpc_flow_log_iam_policy_name":{"default":"vpc-flow-log-to-cloudwatch","description":"Name of the IAM policy"},"vpc_flow_log_iam_policy_use_name_prefix":{"default":true,"description":"Determines whether the name of the IAM policy (`vpc_flow_log_iam_policy_name`) is used as a prefix"},"vpc_flow_log_iam_role_name":{"default":"vpc-flow-log-role","description":"Name to use on the VPC Flow Log IAM role created"},"vpc_flow_log_iam_role_path":{"default":null,"description":"The path for the VPC Flow Log IAM Role"},"vpc_flow_log_iam_role_use_name_prefix":{"default":true,"description":"Determines whether the IAM role name (`vpc_flow_log_iam_role_name_name`) is used as a prefix"},"vpc_flow_log_permissions_boundary":{"default":null,"description":"The ARN of the Permissions Boundary for the VPC Flow Log IAM Role"},"vpc_flow_log_tags":{"default":{},"description":"Additional tags for the VPC Flow Logs"},"vpc_tags":{"default":{},"description":"Additional tags for the VPC"},"vpn_gateway_az":{"default":null,"description":"The Availability Zone for the VPN Gateway"},"vpn_gateway_id":{"default":"","description":"ID of VPN Gateway to attach to the VPC"},"vpn_gateway_tags":{"default":{},"description":"Additional tags for the VPN gateway"}}}}},"variables":{"AWS_Region":{"default":"eu-central-1"},"AWS_Zone-a":{"default":"eu-central-1a"},"AWS_Zone-b":{"default":"eu-central-1b"},"AWS_Zone-c":{"default":"eu-central-1c"},"Private_Subnet_CIDR":{"default":["10.0.4.0/24","10.0.5.0/24","10.0.6.0/24"]},"Public_Subnet_CIDR":{"default":["10.0.0.0/24","10.0.1.0/24","10.0.2.0/24"]},"S3_Bucket_Name":{"default":"s3-terraform-2026-java-artifacts1598"},"VPC_CIDR":{"default":"10.0.0.0/16"},"VPC_Name":{"default":"Eprofile-VPC"}}}},"relevant_attributes":[{"resource":"module.ec2_instance_memcache.aws_instance.this[0]","attribute":["public_ip"]},{"resource":"module.ec2_instance_rabbitmq.aws_instance.ignore_ami[0]","attribute":["tags_all"]},{"resource":"module.ec2_instance_memcache.aws_instance.ignore_ami[0]","attribute":["ephemeral_block_device"]},{"resource":"module.ec2_instance_memcache.aws_instance.ignore_ami[0]","attribute":["password_data"]},{"resource":"module.ec2_instance_tomcat.aws_instance.this[0]","attribute":["capacity_reservation_specification"]},{"resource":"module.ec2_instance_tomcat.aws_instance.this[0]","attribute":["private_dns"]},{"resource":"module.vpc.aws_vpc.this[0]","attribute":["default_route_table_id"]},{"resource":"aws_iam_instance_profile.ec2_profile","attribute":["name"]},{"resource":"module.ec2_instance_mysql.aws_spot_instance_request.this[0]","attribute":["arn"]},{"resource":"module.ec2_instance_tomcat.aws_instance.ignore_ami[0]","attribute":["ipv6_addresses"]},{"resource":"module.ec2_instance_tomcat.aws_spot_instance_request.this[0]","attribute":["tags_all"]},{"resource":"module.ec2_instance_mysql.aws_instance.ignore_ami[0]","attribute":["ephemeral_block_device"]},{"resource":"module.ec2_instance_rabbitmq.aws_instance.this[0]","attribute":["private_ip"]},{"resource":"aws_s3_bucket.Artifact-Bucket","attribute":["arn"]},{"resource":"module.ec2_instance_tomcat.data.aws_ssm_parameter.this","attribute":["value"]},{"resource":"module.ec2_instance_memcache.aws_spot_instance_request.this[0]","attribute":["ipv6_addresses"]},{"resource":"aws_iam_policy.s3_access_policy","attribute":["arn"]},{"resource":"module.ec2_instance_memcache.aws_ebs_volume.this","attribute":[]},{"resource":"module.ec2_instance_nginx.aws_instance.ignore_ami[0]","attribute":["id"]},{"resource":"aws_security_group.Frontend-SG","attribute":["id"]},{"resource":"module.ec2_instance_memcache.data.aws_ssm_parameter.this","attribute":["value"]},{"resource":"module.ec2_instance_memcache.aws_instance.ignore_ami[0]","attribute":["primary_network_interface_id"]},{"resource":"module.vpc.aws_route_table.elasticache","attribute":[]},{"resource":"module.vpc.aws_vpc.this[0]","attribute":["ipv6_association_id"]},{"resource":"module.ec2_instance_mysql.aws_instance.ignore_ami[0]","attribute":["public_dns"]},{"resource":"module.ec2_instance_memcache.aws_spot_instance_request.this[0]","attribute":["availability_zone"]},{"resource":"module.ec2_instance_rabbitmq.aws_instance.this[0]","attribute":["arn"]},{"resource":"module.ec2_instance_nginx.aws_security_group.this[0]","attribute":["id"]},{"resource":"aws_security_group.Data-SG","attribute":["id"]},{"resource":"module.ec2_instance_mysql.aws_eip.this[0]","attribute":["public_ip"]},{"resource":"module.ec2_instance_mysql.aws_instance.this[0]","attribute":["ami"]},{"resource":"module.ec2_instance_tomcat.aws_instance.ignore_ami[0]","attribute":["password_data"]},{"resource":"module.ec2_instance_mysql.aws_instance.ignore_ami[0]","attribute":["instance_state"]},{"resource":"module.ec2_instance_rabbitmq.aws_security_group.this[0]","attribute":["id"]},{"resource":"module.ec2_instance_rabbitmq.aws_spot_instance_request.this[0]","attribute":["arn"]},{"resource":"module.ec2_instance_rabbitmq.aws_instance.ignore_ami[0]","attribute":["id"]},{"resource":"module.ec2_instance_rabbitmq.aws_instance.this[0]","attribute":["ephemeral_block_device"]},{"resource":"module.ec2_instance_mysql.aws_instance.this[0]","attribute":["capacity_reservation_specification"]},{"resource":"module.ec2_instance_nginx.aws_spot_instance_request.this[0]","attribute":["public_dns"]},{"resource":"module.ec2_instance_tomcat.aws_instance.this[0]","attribute":["public_dns"]},{"resource":"module.ec2_instance_mysql.aws_instance.this[0]","attribute":["outpost_arn"]},{"resource":"module.ec2_instance_memcache.aws_instance.this[0]","attribute":["ipv6_addresses"]},{"resource":"module.ec2_instance_tomcat.aws_instance.ignore_ami[0]","attribute":["root_block_device"]},{"resource":"module.ec2_instance_mysql.aws_instance.ignore_ami[0]","attribute":["ebs_block_device"]},{"resource":"module.ec2_instance_rabbitmq.aws_spot_instance_request.this[0]","attribute":["capacity_reservation_specification"]},{"resource":"module.vpc.aws_route_table_association.redshift","attribute":[]},{"resource":"module.ec2_instance_tomcat.aws_spot_instance_request.this[0]","attribute":["ephemeral_block_device"]},{"resource":"module.vpc.aws_subnet.redshift","attribute":[]},{"resource":"module.vpc.aws_vpc.this[0]","attribute":["owner_id"]},{"resource":"module.ec2_instance_tomcat.aws_instance.ignore_ami[0]","attribute":["tags_all"]},{"resource":"module.ec2_instance_mysql.aws_spot_instance_request.this[0]","attribute":["tags_all"]},{"resource":"module.vpc.aws_route_table_association.elasticache","attribute":[]},{"resource":"module.vpc.aws_customer_gateway.this","attribute":[]},{"resource":"module.ec2_instance_nginx.aws_instance.ignore_ami[0]","attribute":["availability_zone"]},{"resource":"module.ec2_instance_mysql.aws_instance.this[0]","attribute":["id"]},{"resource":"module.ec2_instance_mysql.aws_spot_instance_request.this[0]","attribute":["availability_zone"]},{"resource":"module.ec2_instance_tomcat.aws_instance.ignore_ami[0]","attribute":["public_dns"]},{"resource":"module.ec2_instance_mysql.data.aws_ssm_parameter.this","attribute":["value"]},{"resource":"module.ec2_instance_tomcat.aws_spot_instance_request.this[0]","attribute":["capacity_reservation_specification"]},{"resource":"module.vpc.aws_internet_gateway.this[0]","attribute":["id"]},{"resource":"module.ec2_instance_nginx.aws_instance.this[0]","attribute":["ebs_block_device"]},{"resource":"module.vpc.aws_route.private_nat_gateway","attribute":[]},{"resource":"module.ec2_instance_memcache.aws_instance.ignore_ami[0]","attribute":["ami"]},{"resource":"module.ec2_instance_memcache.aws_instance.this[0]","attribute":["primary_network_interface_id"]},{"resource":"module.ec2_instance_tomcat.aws_spot_instance_request.this[0]","attribute":["ebs_block_device"]},{"resource":"module.ec2_instance_nginx.aws_instance.ignore_ami[0]","attribute":["tags_all"]},{"resource":"module.ec2_instance_rabbitmq.aws_instance.this[0]","attribute":["tags_all"]},{"resource":"module.ec2_instance_nginx.aws_instance.this[0]","attribute":["private_ip"]},{"resource":"module.ec2_instance_mysql.aws_instance.this[0]","attribute":["public_dns"]},{"resource":"module.ec2_instance_mysql.aws_spot_instance_request.this[0]","attribute":["private_ip"]},{"resource":"module.ec2_instance_mysql.aws_spot_instance_request.this[0]","attribute":["outpost_arn"]},{"resource":"module.ec2_instance_tomcat.aws_instance.this[0]","attribute":["ami"]},{"resource":"module.ec2_instance_rabbitmq.aws_spot_instance_request.this[0]","attribute":["public_dns"]},{"resource":"module.ec2_instance_mysql.aws_instance.this[0]","attribute":["instance_state"]},{"resource":"module.ec2_instance_rabbitmq.aws_instance.ignore_ami[0]","attribute":["arn"]},{"resource":"module.ec2_instance_tomcat.aws_instance.ignore_ami[0]","attribute":["arn"]},{"resource":"module.ec2_instance_nginx.aws_iam_instance_profile.this[0]","attribute":["name"]},{"resource":"module.ec2_instance_nginx.aws_instance.this[0]","attribute":["primary_network_interface_id"]},{"resource":"module.ec2_instance_nginx.aws_instance.this[0]","attribute":["password_data"]},{"resource":"module.ec2_instance_tomcat.aws_spot_instance_request.this[0]","attribute":["password_data"]},{"resource":"module.ec2_instance_nginx.aws_instance.ignore_ami[0]","attribute":["capacity_reservation_specification"]},{"resource":"module.ec2_instance_memcache.aws_security_group.this[0]","attribute":["id"]},{"resource":"module.ec2_instance_rabbitmq.aws_spot_instance_request.this[0]","attribute":["private_dns"]},{"resource":"module.ec2_instance_tomcat.aws_instance.this[0]","attribute":["private_ip"]},{"resource":"module.ec2_instance_memcache.aws_instance.ignore_ami[0]","attribute":["private_dns"]},{"resource":"module.ec2_instance_mysql.aws_instance.this[0]","attribute":["password_data"]},{"resource":"module.ec2_instance_nginx.aws_instance.ignore_ami[0]","attribute":["ami"]},{"resource":"module.ec2_instance_nginx.aws_spot_instance_request.this[0]","attribute":["outpost_arn"]},{"resource":"module.ec2_instance_nginx.aws_instance.ignore_ami[0]","attribute":["ipv6_addresses"]},{"resource":"module.ec2_instance_nginx.aws_instance.ignore_ami[0]","attribute":["arn"]},{"resource":"module.ec2_instance_memcache.aws_instance.ignore_ami[0]","attribute":["private_ip"]},{"resource":"data.aws_iam_policy_document.ec2_assume_role","attribute":["json"]},{"resource":"module.ec2_instance_nginx.aws_spot_instance_request.this[0]","attribute":["availability_zone"]},{"resource":"module.ec2_instance_rabbitmq.aws_instance.this[0]","attribute":["public_ip"]},{"resource":"module.ec2_instance_rabbitmq.aws_ebs_volume.this","attribute":[]},{"resource":"module.ec2_instance_memcache.aws_spot_instance_request.this[0]","attribute":["ami"]},{"resource":"module.ec2_instance_rabbitmq.aws_instance.ignore_ami[0]","attribute":["private_dns"]},{"resource":"module.ec2_instance_nginx.aws_instance.ignore_ami[0]","attribute":["outpost_arn"]},{"resource":"module.ec2_instance_rabbitmq.aws_spot_instance_request.this[0]","attribute":["spot_instance_id"]},{"resource":"data.aws_iam_policy_document.s3_access_policy","attribute":["json"]},{"resource":"module.ec2_instance_memcache.aws_instance.this[0]","attribute":["ebs_block_device"]},{"resource":"module.vpc.aws_cloudwatch_log_group.flow_log[0]","attribute":["arn"]},{"resource":"module.ec2_instance_nginx.aws_instance.this[0]","attribute":["public_ip"]},{"resource":"module.ec2_instance_mysql.aws_ebs_volume.this","attribute":[]},{"resource":"module.ec2_instance_memcache.aws_spot_instance_request.this[0]","attribute":["spot_instance_id"]},{"resource":"module.ec2_instance_mysql.aws_instance.this[0]","attribute":["ebs_block_device"]},{"resource":"module.ec2_instance_tomcat.aws_spot_instance_request.this[0]","attribute":["instance_state"]},{"resource":"module.vpc.aws_vpc_ipv4_cidr_block_association.this[0]","attribute":["vpc_id"]},{"resource":"module.ec2_instance_rabbitmq.data.aws_ssm_parameter.this","attribute":["value"]},{"resource":"module.ec2_instance_nginx.aws_instance.this[0]","attribute":["arn"]},{"resource":"module.ec2_instance_rabbitmq.aws_spot_instance_request.this[0]","attribute":["private_ip"]},{"resource":"module.ec2_instance_tomcat.aws_instance.this[0]","attribute":["outpost_arn"]},{"resource":"module.vpc.aws_vpc.this[0]","attribute":["id"]},{"resource":"module.ec2_instance_memcache.aws_instance.ignore_ami[0]","attribute":["capacity_reservation_specification"]},{"resource":"module.ec2_instance_mysql.aws_spot_instance_request.this[0]","attribute":["public_dns"]},{"resource":"module.ec2_instance_rabbitmq.aws_instance.ignore_ami[0]","attribute":["private_ip"]},{"resource":"module.ec2_instance_rabbitmq.aws_instance.ignore_ami[0]","attribute":["root_block_device"]},{"resource":"module.ec2_instance_nginx.aws_instance.ignore_ami[0]","attribute":["public_ip"]},{"resource":"module.ec2_instance_rabbitmq.aws_instance.ignore_ami[0]","attribute":["ami"]},{"resource":"module.ec2_instance_rabbitmq.aws_instance.this[0]","attribute":["ami"]},{"resource":"module.ec2_instance_memcache.aws_instance.this[0]","attribute":["public_dns"]},{"resource":"module.ec2_instance_nginx.aws_spot_instance_request.this[0]","attribute":["public_ip"]},{"resource":"aws_s3_bucket.Artifact-Bucket","attribute":["id"]},{"resource":"module.ec2_instance_memcache.aws_instance.ignore_ami[0]","attribute":["id"]},{"resource":"module.ec2_instance_rabbitmq.aws_spot_instance_request.this[0]","attribute":["root_block_device"]},{"resource":"module.ec2_instance_tomcat.aws_spot_instance_request.this[0]","attribute":["spot_instance_id"]},{"resource":"module.ec2_instance_nginx.data.aws_ssm_parameter.this","attribute":["value"]},{"resource":"module.ec2_instance_memcache.aws_instance.this[0]","attribute":["tags_all"]},{"resource":"module.vpc.aws_route_table.database","attribute":[]},{"resource":"module.ec2_instance_mysql.aws_instance.ignore_ami[0]","attribute":["outpost_arn"]},{"resource":"module.ec2_instance_nginx.aws_instance.this[0]","attribute":["tags_all"]},{"resource":"module.ec2_instance_tomcat.aws_instance.this[0]","attribute":["public_ip"]},{"resource":"module.ec2_instance_mysql.aws_instance.ignore_ami[0]","attribute":["availability_zone"]},{"resource":"module.ec2_instance_rabbitmq.aws_instance.ignore_ami[0]","attribute":["capacity_reservation_specification"]},{"resource":"module.ec2_instance_tomcat.aws_instance.ignore_ami[0]","attribute":["availability_zone"]},{"resource":"module.ec2_instance_nginx.aws_spot_instance_request.this[0]","attribute":["private_ip"]},{"resource":"module.ec2_instance_nginx.aws_spot_instance_request.this[0]","attribute":["primary_network_interface_id"]},{"resource":"module.ec2_instance_memcache.aws_eip.this[0]","attribute":["public_ip"]},{"resource":"module.ec2_instance_rabbitmq.aws_instance.this[0]","attribute":["capacity_reservation_specification"]},{"resource":"module.ec2_instance_rabbitmq.aws_instance.ignore_ami[0]","attribute":["availability_zone"]},{"resource":"module.ec2_instance_memcache.aws_instance.this[0]","attribute":["ephemeral_block_device"]},{"resource":"module.ec2_instance_mysql.aws_spot_instance_request.this[0]","attribute":["spot_instance_id"]},{"resource":"module.ec2_instance_rabbitmq.aws_spot_instance_request.this[0]","attribute":["availability_zone"]},{"resource":"module.ec2_instance_memcache.aws_spot_instance_request.this[0]","attribute":["arn"]},{"resource":"module.ec2_instance_tomcat.aws_instance.this[0]","attribute":["availability_zone"]},{"resource":"module.ec2_instance_memcache.aws_spot_instance_request.this[0]","attribute":["instance_state"]},{"resource":"module.ec2_instance_memcache.aws_spot_instance_request.this[0]","attribute":["root_block_device"]},{"resource":"module.ec2_instance_tomcat.aws_instance.this[0]","attribute":["instance_state"]},{"resource":"module.ec2_instance_rabbitmq.aws_instance.this[0]","attribute":["ebs_block_device"]},{"resource":"module.ec2_instance_memcache.aws_instance.ignore_ami[0]","attribute":["public_ip"]},{"resource":"module.ec2_instance_nginx.aws_spot_instance_request.this[0]","attribute":["password_data"]},{"resource":"module.ec2_instance_rabbitmq.aws_spot_instance_request.this[0]","attribute":["ami"]},{"resource":"module.ec2_instance_tomcat.aws_security_group.this[0]","attribute":["id"]},{"resource":"module.ec2_instance_mysql.aws_instance.ignore_ami[0]","attribute":["tags_all"]},{"resource":"module.ec2_instance_tomcat.aws_instance.this[0]","attribute":["ebs_block_device"]},{"resource":"module.vpc.aws_route.database_nat_gateway","attribute":[]},{"resource":"module.vpc.aws_route_table_association.redshift_public","attribute":[]},{"resource":"module.ec2_instance_rabbitmq.aws_spot_instance_request.this[0]","attribute":["primary_network_interface_id"]},{"resource":"module.vpc.aws_subnet.intra","attribute":[]},{"resource":"module.ec2_instance_tomcat.aws_eip.this[0]","attribute":["public_ip"]},{"resource":"module.ec2_instance_tomcat.aws_instance.this[0]","attribute":["password_data"]},{"resource":"module.vpc.aws_vpc.this[0]","attribute":["arn"]},{"resource":"module.ec2_instance_memcache.aws_instance.this[0]","attribute":["outpost_arn"]},{"resource":"module.vpc.aws_route.public_internet_gateway[0]","attribute":["id"]},{"resource":"module.ec2_instance_memcache.aws_spot_instance_request.this[0]","attribute":["private_dns"]},{"resource":"module.ec2_instance_tomcat.aws_spot_instance_request.this[0]","attribute":["availability_zone"]},{"resource":"module.vpc.aws_route_table.public","attribute":[]},{"resource":"module.ec2_instance_memcache.aws_instance.this[0]","attribute":["instance_state"]},{"resource":"module.ec2_instance_memcache.aws_spot_instance_request.this[0]","attribute":["capacity_reservation_specification"]},{"resource":"module.vpc.aws_route_table_association.private","attribute":[]},{"resource":"module.ec2_instance_mysql.aws_instance.ignore_ami[0]","attribute":["private_ip"]},{"resource":"module.ec2_instance_nginx.aws_eip.this[0]","attribute":["public_ip"]},{"resource":"module.ec2_instance_nginx.aws_instance.this[0]","attribute":["id"]},{"resource":"module.vpc.aws_vpc.this[0]","attribute":["main_route_table_id"]},{"resource":"module.ec2_instance_memcache.aws_instance.this[0]","attribute":["private_ip"]},{"resource":"module.vpc.aws_vpc_block_public_access_exclusion.this","attribute":[]},{"resource":"module.ec2_instance_mysql.aws_spot_instance_request.this[0]","attribute":["public_ip"]},{"resource":"module.ec2_instance_nginx.aws_instance.this[0]","attribute":["ipv6_addresses"]},{"resource":"module.ec2_instance_nginx.aws_spot_instance_request.this[0]","attribute":["capacity_reservation_specification"]},{"resource":"module.ec2_instance_tomcat.aws_instance.this[0]","attribute":["root_block_device"]},{"resource":"module.ec2_instance_rabbitmq.aws_instance.ignore_ami[0]","attribute":["public_ip"]},{"resource":"module.ec2_instance_memcache.aws_spot_instance_request.this[0]","attribute":["primary_network_interface_id"]},{"resource":"module.ec2_instance_tomcat.aws_instance.this[0]","attribute":["primary_network_interface_id"]},{"resource":"module.vpc.aws_route_table.intra","attribute":[]},{"resource":"module.ec2_instance_nginx.aws_instance.this[0]","attribute":["instance_state"]},{"resource":"module.ec2_instance_nginx.aws_instance.this[0]","attribute":["ephemeral_block_device"]},{"resource":"module.ec2_instance_nginx.aws_spot_instance_request.this[0]","attribute":["ami"]},{"resource":"module.ec2_instance_nginx.aws_spot_instance_request.this[0]","attribute":["ephemeral_block_device"]},{"resource":"module.ec2_instance_memcache.aws_instance.ignore_ami[0]","attribute":["tags_all"]},{"resource":"module.ec2_instance_mysql.aws_instance.ignore_ami[0]","attribute":["ami"]},{"resource":"module.ec2_instance_tomcat.aws_spot_instance_request.this[0]","attribute":["arn"]},{"resource":"module.vpc.aws_route.private_ipv6_egress","attribute":[]},{"resource":"module.ec2_instance_mysql.aws_spot_instance_request.this[0]","attribute":["capacity_reservation_specification"]},{"resource":"module.ec2_instance_memcache.aws_instance.ignore_ami[0]","attribute":["root_block_device"]},{"resource":"module.ec2_instance_tomcat.aws_instance.ignore_ami[0]","attribute":["ephemeral_block_device"]},{"resource":"module.ec2_instance_nginx.aws_spot_instance_request.this[0]","attribute":["private_dns"]},{"resource":"module.ec2_instance_nginx.aws_spot_instance_request.this[0]","attribute":["instance_state"]},{"resource":"module.ec2_instance_mysql.aws_instance.ignore_ami[0]","attribute":["primary_network_interface_id"]},{"resource":"module.ec2_instance_mysql.aws_instance.this[0]","attribute":["public_ip"]},{"resource":"module.ec2_instance_rabbitmq.aws_spot_instance_request.this[0]","attribute":["outpost_arn"]},{"resource":"module.ec2_instance_mysql.aws_spot_instance_request.this[0]","attribute":["password_data"]},{"resource":"module.ec2_instance_memcache.aws_instance.this[0]","attribute":["arn"]},{"resource":"module.ec2_instance_tomcat.aws_spot_instance_request.this[0]","attribute":["outpost_arn"]},{"resource":"module.ec2_instance_rabbitmq.aws_instance.this[0]","attribute":["instance_state"]},{"resource":"module.ec2_instance_rabbitmq.aws_spot_instance_request.this[0]","attribute":["password_data"]},{"resource":"module.ec2_instance_mysql.aws_instance.ignore_ami[0]","attribute":["public_ip"]},{"resource":"module.ec2_instance_rabbitmq.aws_spot_instance_request.this[0]","attribute":["tags_all"]},{"resource":"aws_security_group.Tomcat-SG","attribute":["id"]},{"resource":"module.ec2_instance_rabbitmq.aws_instance.ignore_ami[0]","attribute":["primary_network_interface_id"]},{"resource":"module.ec2_instance_memcache.aws_spot_instance_request.this[0]","attribute":["password_data"]},{"resource":"module.vpc.aws_subnet.public","attribute":[]},{"resource":"module.ec2_instance_rabbitmq.aws_eip.this[0]","attribute":["public_ip"]},{"resource":"module.ec2_instance_mysql.aws_iam_instance_profile.this[0]","attribute":["name"]},{"resource":"module.vpc.aws_nat_gateway.this","attribute":[]},{"resource":"module.ec2_instance_mysql.aws_spot_instance_request.this[0]","attribute":["root_block_device"]},{"resource":"module.vpc.aws_route_table.private","attribute":[]},{"resource":"module.ec2_instance_memcache.aws_spot_instance_request.this[0]","attribute":["tags_all"]},{"resource":"module.ec2_instance_mysql.aws_instance.ignore_ami[0]","attribute":["ipv6_addresses"]},{"resource":"module.ec2_instance_mysql.aws_spot_instance_request.this[0]","attribute":["ephemeral_block_device"]},{"resource":"module.ec2_instance_memcache.aws_instance.this[0]","attribute":["private_dns"]},{"resource":"module.ec2_instance_memcache.aws_instance.this[0]","attribute":["ami"]},{"resource":"module.ec2_instance_tomcat.aws_spot_instance_request.this[0]","attribute":["private_ip"]},{"resource":"module.ec2_instance_nginx.aws_spot_instance_request.this[0]","attribute":["ipv6_addresses"]},{"resource":"module.ec2_instance_memcache.aws_spot_instance_request.this[0]","attribute":["ebs_block_device"]},{"resource":"module.ec2_instance_tomcat.aws_instance.ignore_ami[0]","attribute":["ami"]},{"resource":"module.vpc.aws_subnet.database","attribute":[]},{"resource":"module.vpc.aws_route_table_association.public","attribute":[]},{"resource":"module.vpc.aws_vpc.this[0]","attribute":["instance_tenancy"]},{"resource":"module.ec2_instance_rabbitmq.aws_instance.this[0]","attribute":["private_dns"]},{"resource":"module.ec2_instance_tomcat.aws_spot_instance_request.this[0]","attribute":["ipv6_addresses"]},{"resource":"module.ec2_instance_tomcat.aws_instance.ignore_ami[0]","attribute":["capacity_reservation_specification"]},{"resource":"module.vpc.aws_vpc.this[0]","attribute":["enable_dns_hostnames"]},{"resource":"module.ec2_instance_mysql.aws_instance.this[0]","attribute":["ipv6_addresses"]},{"resource":"module.ec2_instance_mysql.aws_instance.this[0]","attribute":["private_ip"]},{"resource":"module.vpc.aws_eip.nat","attribute":[]},{"resource":"module.ec2_instance_nginx.aws_instance.ignore_ami[0]","attribute":["ebs_block_device"]},{"resource":"module.ec2_instance_tomcat.aws_instance.ignore_ami[0]","attribute":["private_dns"]},{"resource":"module.ec2_instance_tomcat.aws_spot_instance_request.this[0]","attribute":["primary_network_interface_id"]},{"resource":"module.ec2_instance_nginx.aws_instance.this[0]","attribute":["private_dns"]},{"resource":"module.ec2_instance_nginx.aws_instance.this[0]","attribute":["root_block_device"]},{"resource":"module.vpc.aws_vpc.this[0]","attribute":["enable_dns_support"]},{"resource":"module.ec2_instance_nginx.aws_ebs_volume.this","attribute":[]},{"resource":"module.ec2_instance_nginx.aws_spot_instance_request.this[0]","attribute":["root_block_device"]},{"resource":"module.vpc.aws_subnet.elasticache","attribute":[]},{"resource":"module.ec2_instance_memcache.aws_instance.ignore_ami[0]","attribute":["outpost_arn"]},{"resource":"module.ec2_instance_tomcat.aws_spot_instance_request.this[0]","attribute":["private_dns"]},{"resource":"module.ec2_instance_mysql.aws_spot_instance_request.this[0]","attribute":["primary_network_interface_id"]},{"resource":"module.ec2_instance_rabbitmq.aws_instance.ignore_ami[0]","attribute":["public_dns"]},{"resource":"module.ec2_instance_rabbitmq.aws_instance.this[0]","attribute":["outpost_arn"]},{"resource":"module.ec2_instance_tomcat.aws_instance.ignore_ami[0]","attribute":["instance_state"]},{"resource":"module.ec2_instance_tomcat.aws_instance.this[0]","attribute":["ipv6_addresses"]},{"resource":"module.ec2_instance_memcache.aws_iam_instance_profile.this[0]","attribute":["name"]},{"resource":"module.ec2_instance_mysql.aws_security_group.this[0]","attribute":["id"]},{"resource":"module.ec2_instance_rabbitmq.aws_instance.this[0]","attribute":["id"]},{"resource":"module.ec2_instance_rabbitmq.aws_instance.ignore_ami[0]","attribute":["ipv6_addresses"]},{"resource":"module.ec2_instance_tomcat.aws_instance.ignore_ami[0]","attribute":["id"]},{"resource":"module.ec2_instance_memcache.aws_spot_instance_request.this[0]","attribute":["public_dns"]},{"resource":"module.ec2_instance_memcache.aws_instance.this[0]","attribute":["capacity_reservation_specification"]},{"resource":"module.ec2_instance_tomcat.aws_instance.this[0]","attribute":["tags_all"]},{"resource":"module.ec2_instance_memcache.aws_spot_instance_request.this[0]","attribute":["outpost_arn"]},{"resource":"module.vpc.aws_egress_only_internet_gateway.this","attribute":[]},{"resource":"module.ec2_instance_memcache.aws_instance.ignore_ami[0]","attribute":["ebs_block_device"]},{"resource":"module.ec2_instance_rabbitmq.aws_instance.this[0]","attribute":["root_block_device"]},{"resource":"module.ec2_instance_mysql.aws_spot_instance_request.this[0]","attribute":["ipv6_addresses"]},{"resource":"module.vpc.aws_vpc.this[0]","attribute":["default_network_acl_id"]},{"resource":"module.vpc.aws_vpc_ipv4_cidr_block_association.this","attribute":[]},{"resource":"module.ec2_instance_memcache.aws_instance.this[0]","attribute":["availability_zone"]},{"resource":"module.vpc.aws_route_table.redshift","attribute":[]},{"resource":"module.ec2_instance_nginx.aws_instance.this[0]","attribute":["outpost_arn"]},{"resource":"module.ec2_instance_tomcat.aws_instance.ignore_ami[0]","attribute":["outpost_arn"]},{"resource":"module.ec2_instance_tomcat.aws_instance.ignore_ami[0]","attribute":["public_ip"]},{"resource":"module.ec2_instance_mysql.aws_spot_instance_request.this[0]","attribute":["ebs_block_device"]},{"resource":"module.ec2_instance_nginx.aws_instance.ignore_ami[0]","attribute":["ephemeral_block_device"]},{"resource":"module.ec2_instance_rabbitmq.aws_instance.ignore_ami[0]","attribute":["ebs_block_device"]},{"resource":"module.ec2_instance_memcache.aws_instance.ignore_ami[0]","attribute":["availability_zone"]},{"resource":"module.ec2_instance_memcache.aws_instance.this[0]","attribute":["root_block_device"]},{"resource":"module.vpc.aws_vpc.this[0]","attribute":["cidr_block"]},{"resource":"module.vpc.aws_vpc.this[0]","attribute":["ipv6_cidr_block"]},{"resource":"module.ec2_instance_memcache.aws_spot_instance_request.this[0]","attribute":["ephemeral_block_device"]},{"resource":"module.vpc.aws_subnet.outpost","attribute":[]},{"resource":"module.ec2_instance_nginx.aws_instance.ignore_ami[0]","attribute":["primary_network_interface_id"]},{"resource":"module.ec2_instance_memcache.aws_spot_instance_request.this[0]","attribute":["public_ip"]},{"resource":"module.ec2_instance_nginx.aws_instance.this[0]","attribute":["public_dns"]},{"resource":"module.ec2_instance_nginx.aws_instance.ignore_ami[0]","attribute":["root_block_device"]},{"resource":"module.ec2_instance_nginx.aws_spot_instance_request.this[0]","attribute":["arn"]},{"resource":"module.ec2_instance_mysql.aws_instance.ignore_ami[0]","attribute":["id"]},{"resource":"module.ec2_instance_nginx.aws_instance.this[0]","attribute":["availability_zone"]},{"resource":"module.ec2_instance_rabbitmq.aws_iam_instance_profile.this[0]","attribute":["name"]},{"resource":"module.ec2_instance_mysql.aws_instance.ignore_ami[0]","attribute":["arn"]},{"resource":"module.ec2_instance_mysql.aws_instance.this[0]","attribute":["private_dns"]},{"resource":"module.ec2_instance_memcache.aws_instance.ignore_ami[0]","attribute":["ipv6_addresses"]},{"resource":"module.ec2_instance_nginx.aws_spot_instance_request.this[0]","attribute":["ebs_block_device"]},{"resource":"module.vpc.aws_route_table_association.intra","attribute":[]},{"resource":"module.vpc.aws_route_table_association.database","attribute":[]},{"resource":"module.ec2_instance_memcache.aws_spot_instance_request.this[0]","attribute":["private_ip"]},{"resource":"module.ec2_instance_mysql.aws_instance.this[0]","attribute":["root_block_device"]},{"resource":"module.ec2_instance_memcache.aws_instance.this[0]","attribute":["password_data"]},{"resource":"module.ec2_instance_mysql.aws_spot_instance_request.this[0]","attribute":["ami"]},{"resource":"module.ec2_instance_mysql.aws_instance.this[0]","attribute":["ephemeral_block_device"]},{"resource":"module.ec2_instance_mysql.aws_instance.this[0]","attribute":["primary_network_interface_id"]},{"resource":"module.ec2_instance_tomcat.aws_spot_instance_request.this[0]","attribute":["public_dns"]},{"resource":"module.ec2_instance_rabbitmq.aws_instance.ignore_ami[0]","attribute":["outpost_arn"]},{"resource":"module.ec2_instance_tomcat.aws_instance.this[0]","attribute":["ephemeral_block_device"]},{"resource":"module.ec2_instance_rabbitmq.aws_instance.ignore_ami[0]","attribute":["password_data"]},{"resource":"module.ec2_instance_rabbitmq.aws_instance.this[0]","attribute":["availability_zone"]},{"resource":"module.ec2_instance_mysql.aws_instance.ignore_ami[0]","attribute":["private_dns"]},{"resource":"module.ec2_instance_mysql.aws_instance.this[0]","attribute":["arn"]},{"resource":"module.ec2_instance_tomcat.aws_iam_instance_profile.this[0]","attribute":["name"]},{"resource":"module.ec2_instance_nginx.aws_instance.ignore_ami[0]","attribute":["instance_state"]},{"resource":"module.ec2_instance_nginx.aws_instance.ignore_ami[0]","attribute":["private_dns"]},{"resource":"module.ec2_instance_nginx.aws_instance.ignore_ami[0]","attribute":["password_data"]},{"resource":"module.ec2_instance_memcache.aws_instance.ignore_ami[0]","attribute":["instance_state"]},{"resource":"module.vpc.aws_vpc.this[0]","attribute":["default_security_group_id"]},{"resource":"module.ec2_instance_memcache.aws_instance.this[0]","attribute":["id"]},{"resource":"module.ec2_instance_memcache.aws_instance.ignore_ami[0]","attribute":["arn"]},{"resource":"module.ec2_instance_rabbitmq.aws_instance.this[0]","attribute":["password_data"]},{"resource":"module.ec2_instance_mysql.aws_spot_instance_request.this[0]","attribute":["private_dns"]},{"resource":"module.ec2_instance_rabbitmq.aws_spot_instance_request.this[0]","attribute":["ipv6_addresses"]},{"resource":"aws_route53_zone.private_zone","attribute":["zone_id"]},{"resource":"module.ec2_instance_nginx.aws_instance.ignore_ami[0]","attribute":["private_ip"]},{"resource":"module.ec2_instance_mysql.aws_instance.this[0]","attribute":["tags_all"]},{"resource":"module.ec2_instance_tomcat.aws_spot_instance_request.this[0]","attribute":["root_block_device"]},{"resource":"aws_key_pair.EC2_Key_Pair","attribute":["key_name"]},{"resource":"module.ec2_instance_mysql.aws_instance.ignore_ami[0]","attribute":["capacity_reservation_specification"]},{"resource":"module.ec2_instance_nginx.aws_instance.ignore_ami[0]","attribute":["public_dns"]},{"resource":"module.ec2_instance_rabbitmq.aws_instance.this[0]","attribute":["ipv6_addresses"]},{"resource":"module.ec2_instance_mysql.aws_instance.ignore_ami[0]","attribute":["password_data"]},{"resource":"module.vpc.aws_subnet.private","attribute":[]},{"resource":"module.ec2_instance_mysql.aws_spot_instance_request.this[0]","attribute":["instance_state"]},{"resource":"module.ec2_instance_rabbitmq.aws_instance.this[0]","attribute":["public_dns"]},{"resource":"module.ec2_instance_tomcat.aws_ebs_volume.this","attribute":[]},{"resource":"module.ec2_instance_memcache.aws_instance.ignore_ami[0]","attribute":["public_dns"]},{"resource":"module.ec2_instance_nginx.aws_instance.this[0]","attribute":["capacity_reservation_specification"]},{"resource":"module.ec2_instance_mysql.aws_instance.ignore_ami[0]","attribute":["root_block_device"]},{"resource":"module.ec2_instance_mysql.aws_instance.this[0]","attribute":["availability_zone"]},{"resource":"module.ec2_instance_tomcat.aws_spot_instance_request.this[0]","attribute":["public_ip"]},{"resource":"module.vpc.aws_iam_role.vpc_flow_log_cloudwatch[0]","attribute":["arn"]},{"resource":"module.ec2_instance_nginx.aws_instance.this[0]","attribute":["ami"]},{"resource":"module.ec2_instance_tomcat.aws_instance.ignore_ami[0]","attribute":["ebs_block_device"]},{"resource":"module.ec2_instance_tomcat.aws_instance.ignore_ami[0]","attribute":["primary_network_interface_id"]},{"resource":"module.ec2_instance_tomcat.aws_instance.this[0]","attribute":["id"]},{"resource":"aws_iam_role.ec2_s3_role","attribute":["name"]},{"resource":"module.ec2_instance_rabbitmq.aws_instance.ignore_ami[0]","attribute":["instance_state"]},{"resource":"module.ec2_instance_tomcat.aws_instance.ignore_ami[0]","attribute":["private_ip"]},{"resource":"module.ec2_instance_rabbitmq.aws_instance.ignore_ami[0]","attribute":["ephemeral_block_device"]},{"resource":"module.ec2_instance_rabbitmq.aws_spot_instance_request.this[0]","attribute":["ephemeral_block_device"]},{"resource":"module.ec2_instance_nginx.aws_spot_instance_request.this[0]","attribute":["tags_all"]},{"resource":"module.ec2_instance_rabbitmq.aws_spot_instance_request.this[0]","attribute":["instance_state"]},{"resource":"module.ec2_instance_tomcat.aws_spot_instance_request.this[0]","attribute":["ami"]},{"resource":"module.ec2_instance_nginx.aws_spot_instance_request.this[0]","attribute":["spot_instance_id"]},{"resource":"module.ec2_instance_rabbitmq.aws_instance.this[0]","attribute":["primary_network_interface_id"]},{"resource":"module.ec2_instance_rabbitmq.aws_spot_instance_request.this[0]","attribute":["ebs_block_device"]},{"resource":"module.ec2_instance_tomcat.aws_instance.this[0]","attribute":["arn"]},{"resource":"module.vpc.aws_internet_gateway.this[0]","attribute":["arn"]},{"resource":"module.ec2_instance_rabbitmq.aws_spot_instance_request.this[0]","attribute":["public_ip"]}],"timestamp":"2026-02-06T18:19:51Z","applyable":true,"complete":true,"errored":false}
